{
  "version": 4,
  "terraform_version": "1.10.4",
  "serial": 627,
  "lineage": "2e7a54cd-72de-c5b1-ebb4-32f7107729f2",
  "outputs": {
    "aurora_cluster_endpoint": {
      "value": "prod-aurora-cluster.cluster-cpm0usuo43vo.eu-central-1.rds.amazonaws.com",
      "type": "string"
    },
    "aurora_proxy_endpoint": {
      "value": "widget-prod-proxy.proxy-cpm0usuo43vo.eu-central-1.rds.amazonaws.com",
      "type": "string"
    },
    "bastion_public_ip": {
      "value": "",
      "type": "string"
    },
    "cluster_arn": {
      "value": "arn:aws:rds:eu-central-1:585008045756:cluster:prod-aurora-cluster",
      "type": "string",
      "sensitive": true
    },
    "cluster_id": {
      "value": "prod-aurora-cluster",
      "type": "string",
      "sensitive": true
    },
    "convert10_service_name": {
      "value": "convert10-ecs-svc-tf",
      "type": "string"
    },
    "convert10_task_definition": {
      "value": "arn:aws:ecs:eu-central-1:585008045756:task-definition/convert10-ecs-task-tf:11",
      "type": "string"
    },
    "database_endpoint": {
      "value": "prod-aurora-cluster.cluster-cpm0usuo43vo.eu-central-1.rds.amazonaws.com",
      "type": "string",
      "sensitive": true
    },
    "database_user_policy_arns": {
      "value": {},
      "type": [
        "object",
        {}
      ]
    },
    "ecr_image_digest": {
      "value": "585008045756.dkr.ecr.eu-central-1.amazonaws.com/cap-frontend",
      "type": "string"
    },
    "ecs_task_execution_role_arn": {
      "value": "arn:aws:iam::585008045756:role/ecs-task-execution-prod",
      "type": "string"
    },
    "ecs_task_role_arn": {
      "value": "arn:aws:iam::585008045756:role/ecs-task-role-prod",
      "type": "string"
    },
    "nat_gateway_monitoring": {
      "value": {
        "alarms": {
          "bandwidth": "arn:aws:cloudwatch:eu-central-1:585008045756:alarm:widget-prod-nat-bandwidth",
          "connection_count": "arn:aws:cloudwatch:eu-central-1:585008045756:alarm:widget-prod-nat-connection-count"
        },
        "dashboard": "widget-prod-nat-gateway"
      },
      "type": [
        "object",
        {
          "alarms": [
            "object",
            {
              "bandwidth": "string",
              "connection_count": "string"
            }
          ],
          "dashboard": "string"
        }
      ]
    },
    "peering_route_tables": {
      "value": {
        "core_private": [],
        "core_public": [],
        "tenant": [
          "rtb-08534ce96b970dddb",
          "rtb-09664e6b5aed6cf15"
        ]
      },
      "type": [
        "object",
        {
          "core_private": [
            "list",
            "string"
          ],
          "core_public": [
            "list",
            "string"
          ],
          "tenant": [
            "list",
            "string"
          ]
        }
      ]
    },
    "repository_arn": {
      "value": "arn:aws:ecr:eu-central-1:585008045756:repository/cap-frontend",
      "type": "string"
    },
    "repository_url": {
      "value": "585008045756.dkr.ecr.eu-central-1.amazonaws.com/cap-frontend",
      "type": "string"
    },
    "rooftopsolar_alb_dns": {
      "value": "rooftopsolar-alb-tf-521028936.eu-central-1.elb.amazonaws.com",
      "type": "string"
    },
    "rooftopsolar_target_group_arn": {
      "value": "arn:aws:elasticloadbalancing:eu-central-1:585008045756:targetgroup/rooftopsolar-alb-tg-tf/55ffb3cea5cf1576",
      "type": "string"
    },
    "route_tables": {
      "value": {
        "core": {
          "all": [
            "rtb-0768e8943a7786aa6",
            "rtb-0e698154f7121ce54",
            "rtb-05e4595cb2358b2a7"
          ],
          "private": "rtb-0768e8943a7786aa6",
          "public": "rtb-05e4595cb2358b2a7"
        },
        "tenant": {
          "all": [
            "rtb-08534ce96b970dddb",
            "rtb-09664e6b5aed6cf15"
          ]
        }
      },
      "type": [
        "object",
        {
          "core": [
            "object",
            {
              "all": [
                "list",
                "string"
              ],
              "private": "string",
              "public": "string"
            }
          ],
          "tenant": [
            "object",
            {
              "all": [
                "list",
                "string"
              ]
            }
          ]
        }
      ]
    },
    "security_group_ids": {
      "value": {
        "alb": "sg-008eceb1f3ac91ba8",
        "aurora": "sg-0674c99eb6fee5b54",
        "aurora_sg": "sg-079087c133832d9bf",
        "bastion": "sg-009581a9868fbc17e",
        "ecs": "sg-03109b7ee9b920fdf",
        "lambda": "sg-04871d0b05ab55be5",
        "rds_proxy": "sg-04dfa66b0e403d3ae",
        "vpce": "sg-028aeb160aa580052"
      },
      "type": [
        "object",
        {
          "alb": "string",
          "aurora": "string",
          "aurora_sg": "string",
          "bastion": "string",
          "ecs": "string",
          "lambda": "string",
          "rds_proxy": "string",
          "vpce": "string"
        }
      ]
    },
    "subnet_configuration": {
      "value": {
        "public_subnet_ids": [
          "subnet-0d04432ad172243bc",
          "subnet-092e9fd61ec4c5af4",
          "subnet-0e8eb16ae00c3b12a"
        ],
        "vpc_id": "vpc-04ceed96ed33eb80a"
      },
      "type": [
        "object",
        {
          "public_subnet_ids": [
            "list",
            "string"
          ],
          "vpc_id": "string"
        }
      ]
    },
    "subnet_ids": {
      "value": {
        "core": {
          "private": [
            "subnet-0521f8466a40b394c",
            "subnet-0197df41affb2d92d"
          ],
          "public": [
            "subnet-0d04432ad172243bc",
            "subnet-0e8eb16ae00c3b12a",
            "subnet-092e9fd61ec4c5af4"
          ]
        },
        "tenant": {
          "public": [
            "subnet-0d5d4058e1666af96",
            "subnet-0d4698641acfa6129",
            "subnet-04bc4e13bebad4eb2"
          ]
        }
      },
      "type": [
        "object",
        {
          "core": [
            "object",
            {
              "private": [
                "tuple",
                [
                  "string",
                  "string"
                ]
              ],
              "public": [
                "tuple",
                [
                  "string",
                  "string",
                  "string"
                ]
              ]
            }
          ],
          "tenant": [
            "object",
            {
              "public": [
                "tuple",
                [
                  "string",
                  "string",
                  "string"
                ]
              ]
            }
          ]
        }
      ]
    },
    "transit_gateway_info": {
      "value": {
        "attachments": {
          "core": {
            "id": "tgw-attach-0f462b6ee7dc544a6"
          },
          "tenant": {
            "id": "tgw-attach-03218bafea6e4e0ad"
          }
        },
        "id": "tgw-06f70755505b588f0",
        "route_table_id": "tgw-rtb-01de4f6de661c0c5c"
      },
      "type": [
        "object",
        {
          "attachments": [
            "object",
            {
              "core": [
                "object",
                {
                  "id": "string"
                }
              ],
              "tenant": [
                "object",
                {
                  "id": "string"
                }
              ]
            }
          ],
          "id": "string",
          "route_table_id": "string"
        }
      ]
    },
    "vpc_configuration": {
      "value": {
        "core_vpc": {
          "cidr_block": "10.0.0.0/16",
          "id": "vpc-04ceed96ed33eb80a",
          "state": null
        },
        "tenant_vpc": {
          "cidr_block": "10.0.0.0/16",
          "id": "vpc-00fcae467a4f3d877",
          "state": null
        }
      },
      "type": [
        "object",
        {
          "core_vpc": [
            "object",
            {
              "cidr_block": "string",
              "id": "string",
              "state": "string"
            }
          ],
          "tenant_vpc": [
            "object",
            {
              "cidr_block": "string",
              "id": "string",
              "state": "string"
            }
          ]
        }
      ]
    },
    "vpc_id": {
      "value": {
        "core": "vpc-04ceed96ed33eb80a",
        "tenant": "vpc-060c95fd47920a4d2"
      },
      "type": [
        "object",
        {
          "core": "string",
          "tenant": "string"
        }
      ]
    },
    "vpc_peering_connection_id": {
      "value": "pcx-0edb8ebdce879f0c9",
      "type": "string"
    },
    "zohlar_alb_dns": {
      "value": "zohlar-alb-tf-47858471.eu-central-1.elb.amazonaws.com",
      "type": "string"
    },
    "zohlar_service_name": {
      "value": "zohlar-ecs-svc-tf",
      "type": "string"
    },
    "zohlar_target_group_arn": {
      "value": "arn:aws:elasticloadbalancing:eu-central-1:585008045756:targetgroup/zohlar-alb-tg-tf/e9b10157ae2f7fac",
      "type": "string"
    },
    "zohlar_task_definition": {
      "value": "arn:aws:ecs:eu-central-1:585008045756:task-definition/zohlar-ecs-task-tf:31",
      "type": "string"
    },
    "zohlar_vpc_config": {
      "value": {
        "alb_vpc_id": "vpc-04ceed96ed33eb80a",
        "subnets": [
          "subnet-0d04432ad172243bc",
          "subnet-092e9fd61ec4c5af4",
          "subnet-0e8eb16ae00c3b12a"
        ],
        "target_group_vpc_id": "vpc-04ceed96ed33eb80a"
      },
      "type": [
        "object",
        {
          "alb_vpc_id": "string",
          "subnets": [
            "list",
            "string"
          ],
          "target_group_vpc_id": "string"
        }
      ]
    },
    "zohlar_vpc_id": {
      "value": "vpc-04ceed96ed33eb80a",
      "type": "string"
    }
  },
  "resources": [
    {
      "mode": "data",
      "type": "aws_ami",
      "name": "amazonlinux",
      "provider": "provider[\"registry.terraform.io/hashicorp/aws\"]",
      "instances": [
        {
          "schema_version": 0,
          "attributes": {
            "architecture": "x86_64",
            "arn": "arn:aws:ec2:eu-central-1::image/ami-0ca50f9d8d19bf076",
            "block_device_mappings": [
              {
                "device_name": "/dev/xvda",
                "ebs": {
                  "delete_on_termination": "true",
                  "encrypted": "false",
                  "iops": "0",
                  "snapshot_id": "snap-025a34d4d86f8cd27",
                  "throughput": "0",
                  "volume_size": "8",
                  "volume_type": "gp2"
                },
                "no_device": "",
                "virtual_name": ""
              }
            ],
            "boot_mode": "",
            "creation_date": "2025-01-16T20:53:34.000Z",
            "deprecation_time": "2025-07-01T00:00:00.000Z",
            "description": "Amazon Linux 2 AMI 2.0.20250116.0 x86_64 HVM gp2",
            "ena_support": true,
            "executable_users": null,
            "filter": [
              {
                "name": "name",
                "values": [
                  "amzn2-ami-hvm-*-x86_64-gp2"
                ]
              },
              {
                "name": "virtualization-type",
                "values": [
                  "hvm"
                ]
              }
            ],
            "hypervisor": "xen",
            "id": "ami-0ca50f9d8d19bf076",
            "image_id": "ami-0ca50f9d8d19bf076",
            "image_location": "amazon/amzn2-ami-hvm-2.0.20250116.0-x86_64-gp2",
            "image_owner_alias": "amazon",
            "image_type": "machine",
            "imds_support": "",
            "include_deprecated": false,
            "kernel_id": "",
            "most_recent": true,
            "name": "amzn2-ami-hvm-2.0.20250116.0-x86_64-gp2",
            "name_regex": null,
            "owner_id": "137112412989",
            "owners": [
              "amazon"
            ],
            "platform": "",
            "platform_details": "Linux/UNIX",
            "product_codes": [],
            "public": true,
            "ramdisk_id": "",
            "root_device_name": "/dev/xvda",
            "root_device_type": "ebs",
            "root_snapshot_id": "snap-025a34d4d86f8cd27",
            "sriov_net_support": "simple",
            "state": "available",
            "state_reason": {
              "code": "UNSET",
              "message": "UNSET"
            },
            "tags": {},
            "timeouts": null,
            "tpm_support": "",
            "usage_operation": "RunInstances",
            "virtualization_type": "hvm"
          },
          "sensitive_attributes": []
        }
      ]
    },
    {
      "mode": "data",
      "type": "aws_availability_zones",
      "name": "available",
      "provider": "provider[\"registry.terraform.io/hashicorp/aws\"]",
      "instances": [
        {
          "schema_version": 0,
          "attributes": {
            "all_availability_zones": null,
            "exclude_names": null,
            "exclude_zone_ids": null,
            "filter": null,
            "group_names": [
              "eu-central-1"
            ],
            "id": "eu-central-1",
            "names": [
              "eu-central-1a",
              "eu-central-1b",
              "eu-central-1c"
            ],
            "state": "available",
            "timeouts": null,
            "zone_ids": [
              "euc1-az2",
              "euc1-az3",
              "euc1-az1"
            ]
          },
          "sensitive_attributes": []
        }
      ]
    },
    {
      "mode": "data",
      "type": "aws_caller_identity",
      "name": "current",
      "provider": "provider[\"registry.terraform.io/hashicorp/aws\"]",
      "instances": [
        {
          "schema_version": 0,
          "attributes": {
            "account_id": "585008045756",
            "arn": "arn:aws:iam::585008045756:user/system/terraform-user",
            "id": "585008045756",
            "user_id": "AIDAYQNJSL26DAZWLWE5O"
          },
          "sensitive_attributes": []
        }
      ]
    },
    {
      "mode": "data",
      "type": "aws_iam_policy",
      "name": "scraper_policy",
      "provider": "provider[\"registry.terraform.io/hashicorp/aws\"]",
      "instances": [
        {
          "schema_version": 0,
          "attributes": {
            "arn": "arn:aws:iam::585008045756:policy/agaile-scraper-policy",
            "attachment_count": 1,
            "description": "Policy document for scraper role",
            "id": "arn:aws:iam::585008045756:policy/agaile-scraper-policy",
            "name": "agaile-scraper-policy",
            "path": "/",
            "path_prefix": null,
            "policy": "{\"Statement\":[{\"Action\":[\"s3:PutObject\",\"s3:ListObjectsV2\",\"s3:ListBucket\",\"s3:GetObject\",\"s3:DeleteObject\"],\"Effect\":\"Allow\",\"Resource\":[\"arn:aws:s3:::agaile-shared-prod-scraper-data-b06bff1c/*\",\"arn:aws:s3:::agaile-shared-prod-scraper-data-b06bff1c\"],\"Sid\":\"S3Access\"},{\"Action\":\"s3:ListAllMyBuckets\",\"Effect\":\"Allow\",\"Resource\":\"*\",\"Sid\":\"S3ListAllBuckets\"},{\"Action\":\"secretsmanager:GetSecretValue\",\"Effect\":\"Allow\",\"Resource\":\"arn:aws:secretsmanager:eu-central-1:585008045756:secret:*-scraper-secrets-*\",\"Sid\":\"ScraperSecretsAccess\"},{\"Action\":\"secretsmanager:ListSecrets\",\"Effect\":\"Allow\",\"Resource\":\"*\",\"Sid\":\"SecretsListAccess\"},{\"Action\":\"rds:DescribeDBClusters\",\"Effect\":\"Allow\",\"Resource\":\"arn:aws:rds:eu-central-1:585008045756:*\",\"Sid\":\"RDSAccess\"},{\"Action\":[\"ec2:DescribeInstances\",\"ec2:DescribeInstanceTypes\",\"ec2:DescribeInstanceStatus\",\"ec2:DescribeInstanceAttribute\"],\"Effect\":\"Allow\",\"Resource\":\"*\",\"Sid\":\"EC2Access\"},{\"Action\":\"ssm:StartSession\",\"Effect\":\"Allow\",\"Resource\":\"*\",\"Sid\":\"SSMAccess\"},{\"Action\":[\"dynamodb:Scan\",\"dynamodb:Query\",\"dynamodb:GetItem\",\"dynamodb:ConditionCheckItem\",\"dynamodb:BatchGetItem\"],\"Effect\":\"Allow\",\"Resource\":\"arn:aws:dynamodb:eu-central-1:585008045756:table/*\",\"Sid\":\"DynamoDBReadAccess\"},{\"Action\":\"bedrock:InvokeModel\",\"Effect\":\"Allow\",\"Resource\":\"arn:aws:bedrock:eu-central-1::foundation-model/*\",\"Sid\":\"BedrockAccess\"}],\"Version\":\"2012-10-17\"}",
            "policy_id": "ANPAYQNJSL26NVWGDUCKO",
            "tags": {
              "Tenant": "agaile-shared-prod"
            }
          },
          "sensitive_attributes": []
        }
      ]
    },
    {
      "mode": "data",
      "type": "aws_iam_policy_document",
      "name": "agaile",
      "provider": "provider[\"registry.terraform.io/hashicorp/aws\"]",
      "instances": [
        {
          "schema_version": 0,
          "attributes": {
            "id": "1793545970",
            "json": "{\n  \"Version\": \"2012-10-17\",\n  \"Statement\": [\n    {\n      \"Sid\": \"PublicReadGetObject\",\n      \"Effect\": \"Allow\",\n      \"Action\": \"s3:GetObject\",\n      \"Resource\": \"arn:aws:s3:::agaile-prod-bucket/*\",\n      \"Principal\": \"*\"\n    }\n  ]\n}",
            "override_json": null,
            "override_policy_documents": null,
            "policy_id": null,
            "source_json": null,
            "source_policy_documents": null,
            "statement": [
              {
                "actions": [
                  "s3:GetObject"
                ],
                "condition": [],
                "effect": "Allow",
                "not_actions": [],
                "not_principals": [],
                "not_resources": [],
                "principals": [
                  {
                    "identifiers": [
                      "*"
                    ],
                    "type": "*"
                  }
                ],
                "resources": [
                  "arn:aws:s3:::agaile-prod-bucket/*"
                ],
                "sid": "PublicReadGetObject"
              }
            ],
            "version": "2012-10-17"
          },
          "sensitive_attributes": []
        }
      ]
    },
    {
      "mode": "data",
      "type": "aws_iam_policy_document",
      "name": "convert10",
      "provider": "provider[\"registry.terraform.io/hashicorp/aws\"]",
      "instances": [
        {
          "schema_version": 0,
          "attributes": {
            "id": "3575133693",
            "json": "{\n  \"Version\": \"2012-10-17\",\n  \"Statement\": [\n    {\n      \"Sid\": \"PublicReadGetObject\",\n      \"Effect\": \"Allow\",\n      \"Action\": \"s3:GetObject\",\n      \"Resource\": \"arn:aws:s3:::convert10-prod-bucket/*\",\n      \"Principal\": \"*\"\n    }\n  ]\n}",
            "override_json": null,
            "override_policy_documents": null,
            "policy_id": null,
            "source_json": null,
            "source_policy_documents": null,
            "statement": [
              {
                "actions": [
                  "s3:GetObject"
                ],
                "condition": [],
                "effect": "Allow",
                "not_actions": [],
                "not_principals": [],
                "not_resources": [],
                "principals": [
                  {
                    "identifiers": [
                      "*"
                    ],
                    "type": "*"
                  }
                ],
                "resources": [
                  "arn:aws:s3:::convert10-prod-bucket/*"
                ],
                "sid": "PublicReadGetObject"
              }
            ],
            "version": "2012-10-17"
          },
          "sensitive_attributes": []
        }
      ]
    },
    {
      "mode": "data",
      "type": "aws_iam_policy_document",
      "name": "terraform_user_additional",
      "provider": "provider[\"registry.terraform.io/hashicorp/aws\"]",
      "instances": [
        {
          "schema_version": 0,
          "attributes": {
            "id": "2534617516",
            "json": "{\n  \"Version\": \"2012-10-17\",\n  \"Statement\": [\n    {\n      \"Effect\": \"Allow\",\n      \"Action\": [\n        \"apigateway:PUT\",\n        \"apigateway:POST\",\n        \"apigateway:GET\",\n        \"apigateway:DELETE\"\n      ],\n      \"Resource\": \"*\"\n    }\n  ]\n}",
            "override_json": null,
            "override_policy_documents": null,
            "policy_id": null,
            "source_json": null,
            "source_policy_documents": null,
            "statement": [
              {
                "actions": [
                  "apigateway:DELETE",
                  "apigateway:GET",
                  "apigateway:POST",
                  "apigateway:PUT"
                ],
                "condition": [],
                "effect": "Allow",
                "not_actions": [],
                "not_principals": [],
                "not_resources": [],
                "principals": [],
                "resources": [
                  "*"
                ],
                "sid": ""
              }
            ],
            "version": "2012-10-17"
          },
          "sensitive_attributes": []
        }
      ]
    },
    {
      "mode": "data",
      "type": "aws_iam_policy_document",
      "name": "vpc_endpoints",
      "provider": "provider[\"registry.terraform.io/hashicorp/aws\"]",
      "instances": [
        {
          "schema_version": 0,
          "attributes": {
            "id": "3335733779",
            "json": "{\n  \"Version\": \"2012-10-17\",\n  \"Statement\": [\n    {\n      \"Effect\": \"Allow\",\n      \"Resource\": [\n        \"arn:aws:ec2:eu-central-1:585008045756:vpc/vpc-04ceed96ed33eb80a/*\",\n        \"arn:aws:ec2:eu-central-1:585008045756:vpc/vpc-00fcae467a4f3d877/*\",\n        \"arn:aws:ec2:eu-central-1:585008045756:vpc-endpoint/*\"\n      ]\n    }\n  ]\n}",
            "override_json": null,
            "override_policy_documents": null,
            "policy_id": null,
            "source_json": null,
            "source_policy_documents": null,
            "statement": [
              {
                "actions": [],
                "condition": [],
                "effect": "Allow",
                "not_actions": [],
                "not_principals": [],
                "not_resources": [],
                "principals": [],
                "resources": [
                  "arn:aws:ec2:eu-central-1:585008045756:vpc-endpoint/*",
                  "arn:aws:ec2:eu-central-1:585008045756:vpc/vpc-00fcae467a4f3d877/*",
                  "arn:aws:ec2:eu-central-1:585008045756:vpc/vpc-04ceed96ed33eb80a/*"
                ],
                "sid": ""
              }
            ],
            "version": "2012-10-17"
          },
          "sensitive_attributes": []
        }
      ]
    },
    {
      "mode": "data",
      "type": "aws_iam_role",
      "name": "scraper_role",
      "provider": "provider[\"registry.terraform.io/hashicorp/aws\"]",
      "instances": [
        {
          "schema_version": 0,
          "attributes": {
            "arn": "arn:aws:iam::585008045756:role/agaile-shared-scraper-role",
            "assume_role_policy": "{\"Version\":\"2012-10-17\",\"Statement\":[{\"Sid\":\"GHRunnerAssumeRole\",\"Effect\":\"Allow\",\"Principal\":{\"AWS\":\"arn:aws:iam::585008045756:role/runner-agaile-tenants\"},\"Action\":[\"sts:TagSession\",\"sts:AssumeRole\"]}]}",
            "create_date": "2024-12-01T17:45:52Z",
            "description": "",
            "id": "agaile-shared-scraper-role",
            "max_session_duration": 3600,
            "name": "agaile-shared-scraper-role",
            "path": "/",
            "permissions_boundary": "",
            "role_last_used": [
              {
                "last_used_date": "",
                "region": ""
              }
            ],
            "tags": {
              "Tenant": "agaile-shared-prod"
            },
            "unique_id": "AROAYQNJSL26HWMNFRV64"
          },
          "sensitive_attributes": []
        }
      ]
    },
    {
      "mode": "data",
      "type": "aws_internet_gateway",
      "name": "existing",
      "provider": "provider[\"registry.terraform.io/hashicorp/aws\"]",
      "instances": [
        {
          "schema_version": 0,
          "attributes": {
            "arn": "arn:aws:ec2:eu-central-1:585008045756:internet-gateway/igw-008088de67bb0bb0a",
            "attachments": [
              {
                "state": "available",
                "vpc_id": "vpc-04ceed96ed33eb80a"
              }
            ],
            "filter": [
              {
                "name": "attachment.vpc-id",
                "values": [
                  "vpc-04ceed96ed33eb80a"
                ]
              }
            ],
            "id": "igw-008088de67bb0bb0a",
            "internet_gateway_id": "igw-008088de67bb0bb0a",
            "owner_id": "585008045756",
            "tags": {
              "Environment": "prod",
              "Name": "agile-prod-vpc",
              "Terraform": "true"
            },
            "timeouts": null
          },
          "sensitive_attributes": []
        }
      ]
    },
    {
      "mode": "data",
      "type": "aws_region",
      "name": "current",
      "provider": "provider[\"registry.terraform.io/hashicorp/aws\"]",
      "instances": [
        {
          "schema_version": 0,
          "attributes": {
            "description": "Europe (Frankfurt)",
            "endpoint": "ec2.eu-central-1.amazonaws.com",
            "id": "eu-central-1",
            "name": "eu-central-1"
          },
          "sensitive_attributes": []
        }
      ]
    },
    {
      "mode": "data",
      "type": "aws_route53_zone",
      "name": "main",
      "provider": "provider[\"registry.terraform.io/hashicorp/aws\"].us-east-1",
      "instances": [
        {
          "schema_version": 0,
          "attributes": {
            "arn": "arn:aws:route53:::hostedzone/Z093218527DMKJQUNVLVO",
            "caller_reference": "terraform-20241212163346797200000004",
            "comment": "Managed by Terraform",
            "id": "Z093218527DMKJQUNVLVO",
            "linked_service_description": null,
            "linked_service_principal": null,
            "name": "widget.agaile.ai",
            "name_servers": [
              "ns-904.awsdns-49.net",
              "ns-1432.awsdns-51.org",
              "ns-1949.awsdns-51.co.uk",
              "ns-166.awsdns-20.com"
            ],
            "primary_name_server": "ns-904.awsdns-49.net",
            "private_zone": false,
            "resource_record_set_count": 10,
            "tags": {
              "Environment": "prod",
              "Name": "widget-prod-zone",
              "Terraform": "true"
            },
            "vpc_id": null,
            "zone_id": "Z093218527DMKJQUNVLVO"
          },
          "sensitive_attributes": []
        }
      ]
    },
    {
      "mode": "data",
      "type": "aws_route_table",
      "name": "private",
      "provider": "provider[\"registry.terraform.io/hashicorp/aws\"]",
      "instances": [
        {
          "schema_version": 0,
          "attributes": {
            "arn": "arn:aws:ec2:eu-central-1:585008045756:route-table/rtb-0768e8943a7786aa6",
            "associations": [
              {
                "gateway_id": "",
                "main": false,
                "route_table_association_id": "rtbassoc-02380e7c65e6be7cc",
                "route_table_id": "rtb-0768e8943a7786aa6",
                "subnet_id": "subnet-0521f8466a40b394c"
              },
              {
                "gateway_id": "",
                "main": false,
                "route_table_association_id": "rtbassoc-01cc238715d3f6c5f",
                "route_table_id": "rtb-0768e8943a7786aa6",
                "subnet_id": "subnet-0197df41affb2d92d"
              },
              {
                "gateway_id": "",
                "main": false,
                "route_table_association_id": "rtbassoc-06bd023df402665c7",
                "route_table_id": "rtb-0768e8943a7786aa6",
                "subnet_id": "subnet-03b10924d502d91b6"
              }
            ],
            "filter": [
              {
                "name": "route-table-id",
                "values": [
                  "rtb-0768e8943a7786aa6"
                ]
              }
            ],
            "gateway_id": null,
            "id": "rtb-0768e8943a7786aa6",
            "owner_id": "585008045756",
            "route_table_id": "rtb-0768e8943a7786aa6",
            "routes": [
              {
                "carrier_gateway_id": "",
                "cidr_block": "0.0.0.0/0",
                "core_network_arn": "",
                "destination_prefix_list_id": "",
                "egress_only_gateway_id": "",
                "gateway_id": "",
                "instance_id": "",
                "ipv6_cidr_block": "",
                "local_gateway_id": "",
                "nat_gateway_id": "nat-0f70cb5b97ed02551",
                "network_interface_id": "",
                "transit_gateway_id": "",
                "vpc_endpoint_id": "",
                "vpc_peering_connection_id": ""
              }
            ],
            "subnet_id": null,
            "tags": {
              "Environment": "prod",
              "Name": "agile-prod-vpc-private",
              "Terraform": "true"
            },
            "timeouts": null,
            "vpc_id": "vpc-04ceed96ed33eb80a"
          },
          "sensitive_attributes": []
        }
      ]
    },
    {
      "mode": "data",
      "type": "aws_route_table",
      "name": "public",
      "provider": "provider[\"registry.terraform.io/hashicorp/aws\"]",
      "instances": [
        {
          "schema_version": 0,
          "attributes": {
            "arn": "arn:aws:ec2:eu-central-1:585008045756:route-table/rtb-05e4595cb2358b2a7",
            "associations": [
              {
                "gateway_id": "",
                "main": false,
                "route_table_association_id": "rtbassoc-0cd574c76a2c47d54",
                "route_table_id": "rtb-05e4595cb2358b2a7",
                "subnet_id": "subnet-092e9fd61ec4c5af4"
              },
              {
                "gateway_id": "",
                "main": false,
                "route_table_association_id": "rtbassoc-0fbb097b90fe4241b",
                "route_table_id": "rtb-05e4595cb2358b2a7",
                "subnet_id": "subnet-0d04432ad172243bc"
              },
              {
                "gateway_id": "",
                "main": false,
                "route_table_association_id": "rtbassoc-043c0bfddab05e7a4",
                "route_table_id": "rtb-05e4595cb2358b2a7",
                "subnet_id": "subnet-0e8eb16ae00c3b12a"
              }
            ],
            "filter": [
              {
                "name": "route-table-id",
                "values": [
                  "rtb-05e4595cb2358b2a7"
                ]
              }
            ],
            "gateway_id": null,
            "id": "rtb-05e4595cb2358b2a7",
            "owner_id": "585008045756",
            "route_table_id": "rtb-05e4595cb2358b2a7",
            "routes": [
              {
                "carrier_gateway_id": "",
                "cidr_block": "0.0.0.0/0",
                "core_network_arn": "",
                "destination_prefix_list_id": "",
                "egress_only_gateway_id": "",
                "gateway_id": "igw-008088de67bb0bb0a",
                "instance_id": "",
                "ipv6_cidr_block": "",
                "local_gateway_id": "",
                "nat_gateway_id": "",
                "network_interface_id": "",
                "transit_gateway_id": "",
                "vpc_endpoint_id": "",
                "vpc_peering_connection_id": ""
              }
            ],
            "subnet_id": null,
            "tags": {
              "Environment": "prod",
              "Name": "agile-prod-vpc-public",
              "Terraform": "true"
            },
            "timeouts": null,
            "vpc_id": "vpc-04ceed96ed33eb80a"
          },
          "sensitive_attributes": []
        }
      ]
    },
    {
      "mode": "data",
      "type": "aws_route_tables",
      "name": "core",
      "provider": "provider[\"registry.terraform.io/hashicorp/aws\"]",
      "instances": [
        {
          "schema_version": 0,
          "attributes": {
            "filter": null,
            "id": "eu-central-1",
            "ids": [
              "rtb-0768e8943a7786aa6",
              "rtb-0e698154f7121ce54",
              "rtb-05e4595cb2358b2a7"
            ],
            "tags": {
              "Environment": "prod"
            },
            "timeouts": null,
            "vpc_id": "vpc-04ceed96ed33eb80a"
          },
          "sensitive_attributes": []
        }
      ]
    },
    {
      "mode": "data",
      "type": "aws_route_tables",
      "name": "core_private",
      "provider": "provider[\"registry.terraform.io/hashicorp/aws\"]",
      "instances": [
        {
          "schema_version": 0,
          "attributes": {
            "filter": [
              {
                "name": "tag:Type",
                "values": [
                  "private"
                ]
              }
            ],
            "id": "eu-central-1",
            "ids": [],
            "tags": null,
            "timeouts": null,
            "vpc_id": "vpc-04ceed96ed33eb80a"
          },
          "sensitive_attributes": []
        }
      ]
    },
    {
      "mode": "data",
      "type": "aws_route_tables",
      "name": "core_public",
      "provider": "provider[\"registry.terraform.io/hashicorp/aws\"]",
      "instances": [
        {
          "schema_version": 0,
          "attributes": {
            "filter": [
              {
                "name": "tag:Type",
                "values": [
                  "public"
                ]
              }
            ],
            "id": "eu-central-1",
            "ids": [],
            "tags": null,
            "timeouts": null,
            "vpc_id": "vpc-04ceed96ed33eb80a"
          },
          "sensitive_attributes": []
        }
      ]
    },
    {
      "mode": "data",
      "type": "aws_route_tables",
      "name": "tenant_all",
      "provider": "provider[\"registry.terraform.io/hashicorp/aws\"]",
      "instances": [
        {
          "schema_version": 0,
          "attributes": {
            "filter": null,
            "id": "eu-central-1",
            "ids": [
              "rtb-08534ce96b970dddb",
              "rtb-09664e6b5aed6cf15"
            ],
            "tags": null,
            "timeouts": null,
            "vpc_id": "vpc-00fcae467a4f3d877"
          },
          "sensitive_attributes": []
        }
      ]
    },
    {
      "mode": "data",
      "type": "aws_security_group",
      "name": "alb",
      "provider": "provider[\"registry.terraform.io/hashicorp/aws\"]",
      "instances": [
        {
          "schema_version": 0,
          "attributes": {
            "arn": "arn:aws:ec2:eu-central-1:585008045756:security-group/sg-0b2bc8f0fd3c28994",
            "description": "Security Group for the ALB",
            "filter": null,
            "id": "sg-0b2bc8f0fd3c28994",
            "name": "agaile-sg-alb-tf",
            "tags": {
              "Name": "agaile-sg-alb-tf"
            },
            "timeouts": null,
            "vpc_id": "vpc-00fcae467a4f3d877"
          },
          "sensitive_attributes": []
        }
      ]
    },
    {
      "mode": "data",
      "type": "aws_security_group",
      "name": "lambda",
      "provider": "provider[\"registry.terraform.io/hashicorp/aws\"]",
      "instances": [
        {
          "schema_version": 0,
          "attributes": {
            "arn": "arn:aws:ec2:eu-central-1:585008045756:security-group/sg-004bc883b88f8e3df",
            "description": "Security group for Lambda functions",
            "filter": null,
            "id": "sg-004bc883b88f8e3df",
            "name": "lambda-prod-sg",
            "tags": {
              "Environment": "prod",
              "Name": "lambda-prod-sg"
            },
            "timeouts": null,
            "vpc_id": "vpc-04ceed96ed33eb80a"
          },
          "sensitive_attributes": []
        }
      ]
    },
    {
      "mode": "data",
      "type": "aws_subnet",
      "name": "private",
      "provider": "provider[\"registry.terraform.io/hashicorp/aws\"]",
      "instances": [
        {
          "index_key": 0,
          "schema_version": 0,
          "attributes": {
            "arn": "arn:aws:ec2:eu-central-1:585008045756:subnet/subnet-03b10924d502d91b6",
            "assign_ipv6_address_on_creation": false,
            "availability_zone": "eu-central-1a",
            "availability_zone_id": "euc1-az2",
            "available_ip_address_count": 234,
            "cidr_block": "10.0.1.0/24",
            "customer_owned_ipv4_pool": "",
            "default_for_az": false,
            "enable_dns64": false,
            "enable_lni_at_device_index": 0,
            "enable_resource_name_dns_a_record_on_launch": false,
            "enable_resource_name_dns_aaaa_record_on_launch": false,
            "filter": null,
            "id": "subnet-03b10924d502d91b6",
            "ipv6_cidr_block": "",
            "ipv6_cidr_block_association_id": "",
            "ipv6_native": false,
            "map_customer_owned_ip_on_launch": false,
            "map_public_ip_on_launch": false,
            "outpost_arn": "",
            "owner_id": "585008045756",
            "private_dns_hostname_type_on_launch": "ip-name",
            "state": "available",
            "tags": {
              "Environment": "prod",
              "Name": "agile-prod-vpc-private-eu-central-1a",
              "Terraform": "true",
              "Type": "private",
              "kubernetes.io/role/internal-elb": "1"
            },
            "timeouts": null,
            "vpc_id": "vpc-04ceed96ed33eb80a"
          },
          "sensitive_attributes": []
        },
        {
          "index_key": 1,
          "schema_version": 0,
          "attributes": {
            "arn": "arn:aws:ec2:eu-central-1:585008045756:subnet/subnet-0521f8466a40b394c",
            "assign_ipv6_address_on_creation": false,
            "availability_zone": "eu-central-1b",
            "availability_zone_id": "euc1-az3",
            "available_ip_address_count": 236,
            "cidr_block": "10.0.2.0/24",
            "customer_owned_ipv4_pool": "",
            "default_for_az": false,
            "enable_dns64": false,
            "enable_lni_at_device_index": 0,
            "enable_resource_name_dns_a_record_on_launch": false,
            "enable_resource_name_dns_aaaa_record_on_launch": false,
            "filter": null,
            "id": "subnet-0521f8466a40b394c",
            "ipv6_cidr_block": "",
            "ipv6_cidr_block_association_id": "",
            "ipv6_native": false,
            "map_customer_owned_ip_on_launch": false,
            "map_public_ip_on_launch": false,
            "outpost_arn": "",
            "owner_id": "585008045756",
            "private_dns_hostname_type_on_launch": "ip-name",
            "state": "available",
            "tags": {
              "Environment": "prod",
              "Name": "agile-prod-vpc-private-eu-central-1b",
              "Terraform": "true",
              "Type": "private",
              "kubernetes.io/role/internal-elb": "1"
            },
            "timeouts": null,
            "vpc_id": "vpc-04ceed96ed33eb80a"
          },
          "sensitive_attributes": []
        },
        {
          "index_key": 2,
          "schema_version": 0,
          "attributes": {
            "arn": "arn:aws:ec2:eu-central-1:585008045756:subnet/subnet-0197df41affb2d92d",
            "assign_ipv6_address_on_creation": false,
            "availability_zone": "eu-central-1c",
            "availability_zone_id": "euc1-az1",
            "available_ip_address_count": 238,
            "cidr_block": "10.0.3.0/24",
            "customer_owned_ipv4_pool": "",
            "default_for_az": false,
            "enable_dns64": false,
            "enable_lni_at_device_index": 0,
            "enable_resource_name_dns_a_record_on_launch": false,
            "enable_resource_name_dns_aaaa_record_on_launch": false,
            "filter": null,
            "id": "subnet-0197df41affb2d92d",
            "ipv6_cidr_block": "",
            "ipv6_cidr_block_association_id": "",
            "ipv6_native": false,
            "map_customer_owned_ip_on_launch": false,
            "map_public_ip_on_launch": false,
            "outpost_arn": "",
            "owner_id": "585008045756",
            "private_dns_hostname_type_on_launch": "ip-name",
            "state": "available",
            "tags": {
              "Environment": "prod",
              "Name": "agile-prod-vpc-private-eu-central-1c",
              "Terraform": "true",
              "Type": "private",
              "kubernetes.io/role/internal-elb": "1"
            },
            "timeouts": null,
            "vpc_id": "vpc-04ceed96ed33eb80a"
          },
          "sensitive_attributes": []
        }
      ]
    },
    {
      "mode": "data",
      "type": "aws_subnet",
      "name": "private_a",
      "provider": "provider[\"registry.terraform.io/hashicorp/aws\"]",
      "instances": [
        {
          "schema_version": 0,
          "attributes": {
            "arn": "arn:aws:ec2:eu-central-1:585008045756:subnet/subnet-03b10924d502d91b6",
            "assign_ipv6_address_on_creation": false,
            "availability_zone": "eu-central-1a",
            "availability_zone_id": "euc1-az2",
            "available_ip_address_count": 234,
            "cidr_block": "10.0.1.0/24",
            "customer_owned_ipv4_pool": "",
            "default_for_az": false,
            "enable_dns64": false,
            "enable_lni_at_device_index": 0,
            "enable_resource_name_dns_a_record_on_launch": false,
            "enable_resource_name_dns_aaaa_record_on_launch": false,
            "filter": [
              {
                "name": "tag:Name",
                "values": [
                  "*private*1a"
                ]
              }
            ],
            "id": "subnet-03b10924d502d91b6",
            "ipv6_cidr_block": "",
            "ipv6_cidr_block_association_id": "",
            "ipv6_native": false,
            "map_customer_owned_ip_on_launch": false,
            "map_public_ip_on_launch": false,
            "outpost_arn": "",
            "owner_id": "585008045756",
            "private_dns_hostname_type_on_launch": "ip-name",
            "state": "available",
            "tags": {
              "Environment": "prod",
              "Name": "agile-prod-vpc-private-eu-central-1a",
              "Terraform": "true",
              "Type": "private",
              "kubernetes.io/role/internal-elb": "1"
            },
            "timeouts": null,
            "vpc_id": "vpc-04ceed96ed33eb80a"
          },
          "sensitive_attributes": []
        }
      ]
    },
    {
      "mode": "data",
      "type": "aws_subnet",
      "name": "private_b",
      "provider": "provider[\"registry.terraform.io/hashicorp/aws\"]",
      "instances": [
        {
          "schema_version": 0,
          "attributes": {
            "arn": "arn:aws:ec2:eu-central-1:585008045756:subnet/subnet-0521f8466a40b394c",
            "assign_ipv6_address_on_creation": false,
            "availability_zone": "eu-central-1b",
            "availability_zone_id": "euc1-az3",
            "available_ip_address_count": 236,
            "cidr_block": "10.0.2.0/24",
            "customer_owned_ipv4_pool": "",
            "default_for_az": false,
            "enable_dns64": false,
            "enable_lni_at_device_index": 0,
            "enable_resource_name_dns_a_record_on_launch": false,
            "enable_resource_name_dns_aaaa_record_on_launch": false,
            "filter": [
              {
                "name": "tag:Name",
                "values": [
                  "*private*1b"
                ]
              }
            ],
            "id": "subnet-0521f8466a40b394c",
            "ipv6_cidr_block": "",
            "ipv6_cidr_block_association_id": "",
            "ipv6_native": false,
            "map_customer_owned_ip_on_launch": false,
            "map_public_ip_on_launch": false,
            "outpost_arn": "",
            "owner_id": "585008045756",
            "private_dns_hostname_type_on_launch": "ip-name",
            "state": "available",
            "tags": {
              "Environment": "prod",
              "Name": "agile-prod-vpc-private-eu-central-1b",
              "Terraform": "true",
              "Type": "private",
              "kubernetes.io/role/internal-elb": "1"
            },
            "timeouts": null,
            "vpc_id": "vpc-04ceed96ed33eb80a"
          },
          "sensitive_attributes": []
        }
      ]
    },
    {
      "mode": "data",
      "type": "aws_subnets",
      "name": "public",
      "provider": "provider[\"registry.terraform.io/hashicorp/aws\"]",
      "instances": [
        {
          "schema_version": 0,
          "attributes": {
            "filter": [
              {
                "name": "tag:Type",
                "values": [
                  "public"
                ]
              },
              {
                "name": "vpc-id",
                "values": [
                  "vpc-04ceed96ed33eb80a"
                ]
              }
            ],
            "id": "eu-central-1",
            "ids": [
              "subnet-0d04432ad172243bc",
              "subnet-092e9fd61ec4c5af4",
              "subnet-0e8eb16ae00c3b12a"
            ],
            "tags": null,
            "timeouts": null
          },
          "sensitive_attributes": []
        }
      ]
    },
    {
      "mode": "data",
      "type": "aws_subnets",
      "name": "zohlar_public",
      "provider": "provider[\"registry.terraform.io/hashicorp/aws\"]",
      "instances": [
        {
          "schema_version": 0,
          "attributes": {
            "filter": [
              {
                "name": "tag:Type",
                "values": [
                  "public"
                ]
              },
              {
                "name": "vpc-id",
                "values": [
                  "vpc-04ceed96ed33eb80a"
                ]
              }
            ],
            "id": "eu-central-1",
            "ids": [
              "subnet-0d04432ad172243bc",
              "subnet-092e9fd61ec4c5af4",
              "subnet-0e8eb16ae00c3b12a"
            ],
            "tags": null,
            "timeouts": null
          },
          "sensitive_attributes": []
        }
      ]
    },
    {
      "mode": "data",
      "type": "aws_vpc",
      "name": "core",
      "provider": "provider[\"registry.terraform.io/hashicorp/aws\"]",
      "instances": [
        {
          "schema_version": 0,
          "attributes": {
            "arn": "arn:aws:ec2:eu-central-1:585008045756:vpc/vpc-04ceed96ed33eb80a",
            "cidr_block": "10.0.0.0/16",
            "cidr_block_associations": [
              {
                "association_id": "vpc-cidr-assoc-0e0895d50d397a79e",
                "cidr_block": "10.0.0.0/16",
                "state": "associated"
              }
            ],
            "default": false,
            "dhcp_options_id": "dopt-05f3a6f19e8da5597",
            "enable_dns_hostnames": true,
            "enable_dns_support": true,
            "enable_network_address_usage_metrics": false,
            "filter": null,
            "id": "vpc-04ceed96ed33eb80a",
            "instance_tenancy": "default",
            "ipv6_association_id": "",
            "ipv6_cidr_block": "",
            "main_route_table_id": "rtb-0e698154f7121ce54",
            "owner_id": "585008045756",
            "state": null,
            "tags": {
              "Environment": "prod",
              "Name": "agile-prod-vpc",
              "Terraform": "true"
            },
            "timeouts": null
          },
          "sensitive_attributes": []
        }
      ]
    },
    {
      "mode": "data",
      "type": "aws_vpc",
      "name": "tenant",
      "provider": "provider[\"registry.terraform.io/hashicorp/aws\"]",
      "instances": [
        {
          "schema_version": 0,
          "attributes": {
            "arn": "arn:aws:ec2:eu-central-1:585008045756:vpc/vpc-00fcae467a4f3d877",
            "cidr_block": "10.0.0.0/16",
            "cidr_block_associations": [
              {
                "association_id": "vpc-cidr-assoc-015e563a41e11621a",
                "cidr_block": "10.0.0.0/16",
                "state": "associated"
              }
            ],
            "default": false,
            "dhcp_options_id": "dopt-05f3a6f19e8da5597",
            "enable_dns_hostnames": true,
            "enable_dns_support": true,
            "enable_network_address_usage_metrics": false,
            "filter": null,
            "id": "vpc-00fcae467a4f3d877",
            "instance_tenancy": "default",
            "ipv6_association_id": "",
            "ipv6_cidr_block": "",
            "main_route_table_id": "rtb-09664e6b5aed6cf15",
            "owner_id": "585008045756",
            "state": null,
            "tags": {
              "Name": "agaile-pvc-tf"
            },
            "timeouts": null
          },
          "sensitive_attributes": []
        }
      ]
    },
    {
      "mode": "managed",
      "type": "aws_acm_certificate",
      "name": "main",
      "provider": "provider[\"registry.terraform.io/hashicorp/aws\"]",
      "instances": [
        {
          "schema_version": 0,
          "attributes": {
            "arn": "arn:aws:acm:eu-central-1:585008045756:certificate/ddf78389-fe49-46f2-bd9d-c740362d7f9c",
            "certificate_authority_arn": "",
            "certificate_body": null,
            "certificate_chain": null,
            "domain_name": "widget.agaile.ai",
            "domain_validation_options": [
              {
                "domain_name": "widget.agaile.ai",
                "resource_record_name": "_5471ee724dc974dca6a63ebb80029e45.widget.agaile.ai.",
                "resource_record_type": "CNAME",
                "resource_record_value": "_9b5a0b147d579b8d064993f66d4dca33.zfyfvmchrl.acm-validations.aws."
              }
            ],
            "early_renewal_duration": "",
            "id": "arn:aws:acm:eu-central-1:585008045756:certificate/ddf78389-fe49-46f2-bd9d-c740362d7f9c",
            "key_algorithm": "RSA_2048",
            "not_after": "2026-02-07T23:59:59Z",
            "not_before": "2025-01-09T00:00:00Z",
            "options": [
              {
                "certificate_transparency_logging_preference": "ENABLED"
              }
            ],
            "pending_renewal": false,
            "private_key": null,
            "renewal_eligibility": "INELIGIBLE",
            "renewal_summary": [],
            "status": "ISSUED",
            "subject_alternative_names": [
              "widget.agaile.ai"
            ],
            "tags": {
              "Environment": "prod",
              "Name": "cap-certificate"
            },
            "tags_all": {
              "Environment": "prod",
              "ManagedBy": "terraform",
              "Name": "cap-certificate",
              "Project": "CAP"
            },
            "type": "AMAZON_ISSUED",
            "validation_emails": [],
            "validation_method": "DNS",
            "validation_option": []
          },
          "sensitive_attributes": [
            [
              {
                "type": "get_attr",
                "value": "private_key"
              }
            ]
          ],
          "private": "bnVsbA==",
          "create_before_destroy": true
        }
      ]
    },
    {
      "mode": "managed",
      "type": "aws_acm_certificate_validation",
      "name": "main",
      "provider": "provider[\"registry.terraform.io/hashicorp/aws\"]",
      "instances": [
        {
          "schema_version": 0,
          "attributes": {
            "certificate_arn": "arn:aws:acm:eu-central-1:585008045756:certificate/ddf78389-fe49-46f2-bd9d-c740362d7f9c",
            "id": "2025-01-09 14:11:55.116 +0000 UTC",
            "timeouts": null,
            "validation_record_fqdns": [
              "_5471ee724dc974dca6a63ebb80029e45.widget.agaile.ai"
            ]
          },
          "sensitive_attributes": [],
          "private": "eyJlMmJmYjczMC1lY2FhLTExZTYtOGY4OC0zNDM2M2JjN2M0YzAiOnsiY3JlYXRlIjo0NTAwMDAwMDAwMDAwfX0=",
          "dependencies": [
            "aws_acm_certificate.main",
            "aws_route53_record.cert_validation",
            "data.aws_route53_zone.main"
          ]
        }
      ]
    },
    {
      "mode": "managed",
      "type": "aws_cloudwatch_dashboard",
      "name": "nat_gateway",
      "provider": "provider[\"registry.terraform.io/hashicorp/aws\"]",
      "instances": [
        {
          "schema_version": 0,
          "attributes": {
            "dashboard_arn": "arn:aws:cloudwatch::585008045756:dashboard/widget-prod-nat-gateway",
            "dashboard_body": "{\"widgets\":[{\"height\":6,\"properties\":{\"metrics\":[[\"AWS/NATGateway\",\"ActiveConnectionCount\",\"NatGatewayId\",\"nat-0f70cb5b97ed02551\"],[\".\",\"ConnectionAttemptCount\",\".\",\".\"],[\".\",\"ConnectionEstablishedCount\",\".\",\".\"]],\"period\":300,\"region\":\"eu-central-1\",\"stat\":\"Average\",\"title\":\"NAT Gateway Connections\"},\"type\":\"metric\",\"width\":12,\"x\":0,\"y\":0},{\"height\":6,\"properties\":{\"metrics\":[[\"AWS/NATGateway\",\"BytesOutToDestination\",\"NatGatewayId\",\"nat-0f70cb5b97ed02551\"],[\".\",\"BytesOutToSource\",\".\",\".\"],[\".\",\"BytesInFromDestination\",\".\",\".\"],[\".\",\"BytesInFromSource\",\".\",\".\"]],\"period\":300,\"region\":\"eu-central-1\",\"stat\":\"Average\",\"title\":\"NAT Gateway Bandwidth\"},\"type\":\"metric\",\"width\":12,\"x\":12,\"y\":0},{\"height\":6,\"properties\":{\"metrics\":[[\"AWS/NATGateway\",\"ErrorPortAllocation\",\"NatGatewayId\",\"nat-0f70cb5b97ed02551\"],[\".\",\"PacketsDropCount\",\".\",\".\"]],\"period\":300,\"region\":\"eu-central-1\",\"stat\":\"Sum\",\"title\":\"NAT Gateway Errors\"},\"type\":\"metric\",\"width\":12,\"x\":0,\"y\":6}]}",
            "dashboard_name": "widget-prod-nat-gateway",
            "id": "widget-prod-nat-gateway"
          },
          "sensitive_attributes": [],
          "private": "bnVsbA==",
          "dependencies": [
            "data.aws_region.current"
          ]
        }
      ]
    },
    {
      "mode": "managed",
      "type": "aws_cloudwatch_log_group",
      "name": "agaile",
      "provider": "provider[\"registry.terraform.io/hashicorp/aws\"]",
      "instances": [
        {
          "schema_version": 0,
          "attributes": {
            "arn": "arn:aws:logs:eu-central-1:585008045756:log-group:/ecs/agaile-ecs-tf",
            "id": "/ecs/agaile-ecs-tf",
            "kms_key_id": "",
            "log_group_class": "STANDARD",
            "name": "/ecs/agaile-ecs-tf",
            "name_prefix": "",
            "retention_in_days": 1,
            "skip_destroy": false,
            "tags": {
              "Environment": "prod",
              "ManagedBy": "terraform",
              "Name": "agaile-logs-tf",
              "Project": "CAP"
            },
            "tags_all": {
              "Environment": "prod",
              "ManagedBy": "terraform",
              "Name": "agaile-logs-tf",
              "Project": "CAP"
            }
          },
          "sensitive_attributes": [],
          "private": "bnVsbA=="
        }
      ]
    },
    {
      "mode": "managed",
      "type": "aws_cloudwatch_log_group",
      "name": "convert10",
      "provider": "provider[\"registry.terraform.io/hashicorp/aws\"]",
      "instances": [
        {
          "schema_version": 0,
          "attributes": {
            "arn": "arn:aws:logs:eu-central-1:585008045756:log-group:/ecs/convert10-ecs-tf",
            "id": "/ecs/convert10-ecs-tf",
            "kms_key_id": "",
            "log_group_class": "STANDARD",
            "name": "/ecs/convert10-ecs-tf",
            "name_prefix": "",
            "retention_in_days": 1,
            "skip_destroy": false,
            "tags": {
              "Environment": "prod",
              "ManagedBy": "terraform",
              "Name": "convert10-logs-tf",
              "Project": "CAP"
            },
            "tags_all": {
              "Environment": "prod",
              "ManagedBy": "terraform",
              "Name": "convert10-logs-tf",
              "Project": "CAP"
            }
          },
          "sensitive_attributes": [],
          "private": "bnVsbA=="
        }
      ]
    },
    {
      "mode": "managed",
      "type": "aws_cloudwatch_log_group",
      "name": "rooftopsolar",
      "provider": "provider[\"registry.terraform.io/hashicorp/aws\"]",
      "instances": [
        {
          "schema_version": 0,
          "attributes": {
            "arn": "arn:aws:logs:eu-central-1:585008045756:log-group:/ecs/rooftopsolar-ecs-tf",
            "id": "/ecs/rooftopsolar-ecs-tf",
            "kms_key_id": "",
            "log_group_class": "STANDARD",
            "name": "/ecs/rooftopsolar-ecs-tf",
            "name_prefix": "",
            "retention_in_days": 1,
            "skip_destroy": false,
            "tags": {
              "Environment": "prod",
              "ManagedBy": "terraform",
              "Name": "rooftopsolar-logs-tf",
              "Project": "CAP"
            },
            "tags_all": {
              "Environment": "prod",
              "ManagedBy": "terraform",
              "Name": "rooftopsolar-logs-tf",
              "Project": "CAP"
            }
          },
          "sensitive_attributes": [],
          "private": "bnVsbA=="
        }
      ]
    },
    {
      "mode": "managed",
      "type": "aws_cloudwatch_log_group",
      "name": "vpc_flow_log",
      "provider": "provider[\"registry.terraform.io/hashicorp/aws\"]",
      "instances": [
        {
          "schema_version": 0,
          "attributes": {
            "arn": "arn:aws:logs:eu-central-1:585008045756:log-group:/aws/vpc/flow-log-prod",
            "id": "/aws/vpc/flow-log-prod",
            "kms_key_id": "",
            "log_group_class": "STANDARD",
            "name": "/aws/vpc/flow-log-prod",
            "name_prefix": "",
            "retention_in_days": 30,
            "skip_destroy": false,
            "tags": {
              "Environment": "prod",
              "ManagedBy": "terraform",
              "Name": "vpc-flow-log-prod",
              "Project": "CAP"
            },
            "tags_all": {
              "Environment": "prod",
              "ManagedBy": "terraform",
              "Name": "vpc-flow-log-prod",
              "Project": "CAP"
            }
          },
          "sensitive_attributes": [],
          "private": "bnVsbA=="
        }
      ]
    },
    {
      "mode": "managed",
      "type": "aws_cloudwatch_log_group",
      "name": "zohlar_logs",
      "provider": "provider[\"registry.terraform.io/hashicorp/aws\"]",
      "instances": [
        {
          "schema_version": 0,
          "attributes": {
            "arn": "arn:aws:logs:eu-central-1:585008045756:log-group:/ecs/zohlar-ecs-tf",
            "id": "/ecs/zohlar-ecs-tf",
            "kms_key_id": "",
            "log_group_class": "STANDARD",
            "name": "/ecs/zohlar-ecs-tf",
            "name_prefix": "",
            "retention_in_days": 1,
            "skip_destroy": false,
            "tags": {
              "Environment": "prod",
              "Service": "zohlar-ecs",
              "Terraform": "true"
            },
            "tags_all": {
              "Environment": "prod",
              "ManagedBy": "terraform",
              "Project": "CAP",
              "Service": "zohlar-ecs",
              "Terraform": "true"
            }
          },
          "sensitive_attributes": [],
          "private": "bnVsbA=="
        }
      ]
    },
    {
      "mode": "managed",
      "type": "aws_cloudwatch_metric_alarm",
      "name": "nat_bandwidth",
      "provider": "provider[\"registry.terraform.io/hashicorp/aws\"]",
      "instances": [
        {
          "schema_version": 1,
          "attributes": {
            "actions_enabled": true,
            "alarm_actions": [
              "arn:aws:sns:eu-central-1:585008045756:prod-monitoring-alerts"
            ],
            "alarm_description": "NAT Gateway bandwidth usage is high",
            "alarm_name": "widget-prod-nat-bandwidth",
            "arn": "arn:aws:cloudwatch:eu-central-1:585008045756:alarm:widget-prod-nat-bandwidth",
            "comparison_operator": "GreaterThanThreshold",
            "datapoints_to_alarm": 0,
            "dimensions": {
              "NatGatewayId": "nat-0f70cb5b97ed02551"
            },
            "evaluate_low_sample_count_percentiles": "",
            "evaluation_periods": 3,
            "extended_statistic": "",
            "id": "widget-prod-nat-bandwidth",
            "insufficient_data_actions": [],
            "metric_name": "BytesOutToDestination",
            "metric_query": [],
            "namespace": "AWS/NATGateway",
            "ok_actions": [],
            "period": 300,
            "statistic": "Average",
            "tags": {
              "Environment": "prod",
              "Name": "widget-prod-nat-bandwidth",
              "Terraform": "true"
            },
            "tags_all": {
              "Environment": "prod",
              "ManagedBy": "terraform",
              "Name": "widget-prod-nat-bandwidth",
              "Project": "CAP",
              "Terraform": "true"
            },
            "threshold": 500000000,
            "threshold_metric_id": "",
            "treat_missing_data": "missing",
            "unit": ""
          },
          "sensitive_attributes": [],
          "private": "eyJzY2hlbWFfdmVyc2lvbiI6IjEifQ==",
          "dependencies": [
            "aws_sns_topic.monitoring_alerts"
          ]
        }
      ]
    },
    {
      "mode": "managed",
      "type": "aws_cloudwatch_metric_alarm",
      "name": "nat_connection_count",
      "provider": "provider[\"registry.terraform.io/hashicorp/aws\"]",
      "instances": [
        {
          "schema_version": 1,
          "attributes": {
            "actions_enabled": true,
            "alarm_actions": [
              "arn:aws:sns:eu-central-1:585008045756:widget-prod-alerts"
            ],
            "alarm_description": "NAT Gateway connection count is too high",
            "alarm_name": "widget-prod-nat-connection-count",
            "arn": "arn:aws:cloudwatch:eu-central-1:585008045756:alarm:widget-prod-nat-connection-count",
            "comparison_operator": "GreaterThanThreshold",
            "datapoints_to_alarm": 0,
            "dimensions": {
              "NatGatewayId": "nat-0f70cb5b97ed02551"
            },
            "evaluate_low_sample_count_percentiles": "",
            "evaluation_periods": 1,
            "extended_statistic": "",
            "id": "widget-prod-nat-connection-count",
            "insufficient_data_actions": [],
            "metric_name": "ConnectionAttemptCount",
            "metric_query": [],
            "namespace": "AWS/NATGateway",
            "ok_actions": [],
            "period": 300,
            "statistic": "Sum",
            "tags": {
              "Environment": "prod",
              "Terraform": "true"
            },
            "tags_all": {
              "Environment": "prod",
              "ManagedBy": "terraform",
              "Project": "CAP",
              "Terraform": "true"
            },
            "threshold": 100000,
            "threshold_metric_id": "",
            "treat_missing_data": "missing",
            "unit": ""
          },
          "sensitive_attributes": [],
          "private": "eyJzY2hlbWFfdmVyc2lvbiI6IjEifQ==",
          "dependencies": [
            "aws_sns_topic.alerts"
          ]
        }
      ]
    },
    {
      "mode": "managed",
      "type": "aws_db_proxy",
      "name": "aurora_proxy",
      "provider": "provider[\"registry.terraform.io/hashicorp/aws\"]",
      "instances": [
        {
          "schema_version": 0,
          "attributes": {
            "arn": "arn:aws:rds:eu-central-1:585008045756:db-proxy:prx-02feaf09247e66492",
            "auth": [
              {
                "auth_scheme": "SECRETS",
                "client_password_auth_type": "POSTGRES_SCRAM_SHA_256",
                "description": "",
                "iam_auth": "REQUIRED",
                "secret_arn": "arn:aws:secretsmanager:eu-central-1:585008045756:secret:agaile-rds-proxy-secret-6t3UNF",
                "username": ""
              }
            ],
            "debug_logging": true,
            "endpoint": "widget-prod-proxy.proxy-cpm0usuo43vo.eu-central-1.rds.amazonaws.com",
            "engine_family": "POSTGRESQL",
            "id": "widget-prod-proxy",
            "idle_client_timeout": 1800,
            "name": "widget-prod-proxy",
            "require_tls": true,
            "role_arn": "arn:aws:iam::585008045756:role/rds-proxy-role-prod",
            "tags": {
              "Environment": "prod",
              "ManagedBy": "terraform",
              "Project": "CAP"
            },
            "tags_all": {
              "Environment": "prod",
              "ManagedBy": "terraform",
              "Project": "CAP"
            },
            "timeouts": null,
            "vpc_security_group_ids": [
              "sg-04dfa66b0e403d3ae"
            ],
            "vpc_subnet_ids": [
              "subnet-0197df41affb2d92d",
              "subnet-03b10924d502d91b6",
              "subnet-0521f8466a40b394c"
            ]
          },
          "sensitive_attributes": [],
          "private": "eyJlMmJmYjczMC1lY2FhLTExZTYtOGY4OC0zNDM2M2JjN2M0YzAiOnsiY3JlYXRlIjoxODAwMDAwMDAwMDAwLCJkZWxldGUiOjM2MDAwMDAwMDAwMDAsInVwZGF0ZSI6MTgwMDAwMDAwMDAwMH19",
          "dependencies": [
            "aws_iam_role.rds_proxy_role",
            "aws_secretsmanager_secret.proxy_secret",
            "aws_security_group.rds_proxy"
          ]
        }
      ]
    },
    {
      "mode": "managed",
      "type": "aws_db_proxy_default_target_group",
      "name": "this",
      "provider": "provider[\"registry.terraform.io/hashicorp/aws\"]",
      "instances": [
        {
          "schema_version": 0,
          "attributes": {
            "arn": "arn:aws:rds:eu-central-1:585008045756:target-group:prx-tg-0f7de6973f8b71646",
            "connection_pool_config": [
              {
                "connection_borrow_timeout": 120,
                "init_query": "",
                "max_connections_percent": 100,
                "max_idle_connections_percent": 50,
                "session_pinning_filters": []
              }
            ],
            "db_proxy_name": "widget-prod-proxy",
            "id": "widget-prod-proxy",
            "name": "default",
            "timeouts": null
          },
          "sensitive_attributes": [],
          "private": "eyJlMmJmYjczMC1lY2FhLTExZTYtOGY4OC0zNDM2M2JjN2M0YzAiOnsiY3JlYXRlIjoxODAwMDAwMDAwMDAwLCJ1cGRhdGUiOjE4MDAwMDAwMDAwMDB9fQ==",
          "dependencies": [
            "aws_db_proxy.aurora_proxy",
            "aws_iam_role.rds_proxy_role",
            "aws_secretsmanager_secret.proxy_secret",
            "aws_security_group.rds_proxy"
          ]
        }
      ]
    },
    {
      "mode": "managed",
      "type": "aws_db_subnet_group",
      "name": "aurora",
      "provider": "provider[\"registry.terraform.io/hashicorp/aws\"]",
      "instances": [
        {
          "schema_version": 0,
          "attributes": {
            "arn": "arn:aws:rds:eu-central-1:585008045756:subgrp:prod-aurora-subnet-group",
            "description": "DB subnet group for Aurora cluster",
            "id": "prod-aurora-subnet-group",
            "name": "prod-aurora-subnet-group",
            "name_prefix": "",
            "subnet_ids": [
              "subnet-0197df41affb2d92d",
              "subnet-03b10924d502d91b6",
              "subnet-0521f8466a40b394c"
            ],
            "supported_network_types": [
              "IPV4"
            ],
            "tags": {
              "Environment": "prod",
              "ManagedBy": "terraform",
              "Name": "prod-aurora-subnet-group",
              "Project": "CAP"
            },
            "tags_all": {
              "Environment": "prod",
              "ManagedBy": "terraform",
              "Name": "prod-aurora-subnet-group",
              "Project": "CAP"
            },
            "vpc_id": "vpc-04ceed96ed33eb80a"
          },
          "sensitive_attributes": [],
          "private": "bnVsbA==",
          "create_before_destroy": true
        }
      ]
    },
    {
      "mode": "managed",
      "type": "aws_dynamodb_table",
      "name": "agaile_assistant_configs",
      "provider": "provider[\"registry.terraform.io/hashicorp/aws\"]",
      "instances": [
        {
          "schema_version": 1,
          "attributes": {
            "arn": "arn:aws:dynamodb:eu-central-1:585008045756:table/agaile-prod-assistant-configs",
            "attribute": [
              {
                "name": "id",
                "type": "S"
              }
            ],
            "billing_mode": "PAY_PER_REQUEST",
            "deletion_protection_enabled": false,
            "global_secondary_index": [],
            "hash_key": "id",
            "id": "agaile-prod-assistant-configs",
            "import_table": [],
            "local_secondary_index": [],
            "name": "agaile-prod-assistant-configs",
            "point_in_time_recovery": [
              {
                "enabled": false
              }
            ],
            "range_key": null,
            "read_capacity": 0,
            "replica": [],
            "restore_date_time": null,
            "restore_source_name": null,
            "restore_to_latest_time": null,
            "server_side_encryption": [
              {
                "enabled": true,
                "kms_key_arn": ""
              }
            ],
            "stream_arn": "",
            "stream_enabled": false,
            "stream_label": "",
            "stream_view_type": "",
            "table_class": "STANDARD",
            "tags": {
              "Environment": "prod",
              "ManagedBy": "terraform",
              "Name": "agaile-prod-assistant-configs",
              "Project": "CAP",
              "Tenant": "agaile"
            },
            "tags_all": {
              "Environment": "prod",
              "ManagedBy": "terraform",
              "Name": "agaile-prod-assistant-configs",
              "Project": "CAP",
              "Tenant": "agaile"
            },
            "timeouts": null,
            "ttl": [
              {
                "attribute_name": "",
                "enabled": false
              }
            ],
            "write_capacity": 0
          },
          "sensitive_attributes": [],
          "private": "eyJlMmJmYjczMC1lY2FhLTExZTYtOGY4OC0zNDM2M2JjN2M0YzAiOnsiY3JlYXRlIjoxODAwMDAwMDAwMDAwLCJkZWxldGUiOjYwMDAwMDAwMDAwMCwidXBkYXRlIjozNjAwMDAwMDAwMDAwfSwic2NoZW1hX3ZlcnNpb24iOiIxIn0="
        }
      ]
    },
    {
      "mode": "managed",
      "type": "aws_dynamodb_table",
      "name": "agaile_chat_history",
      "provider": "provider[\"registry.terraform.io/hashicorp/aws\"]",
      "instances": [
        {
          "schema_version": 1,
          "attributes": {
            "arn": "arn:aws:dynamodb:eu-central-1:585008045756:table/agaile-prod-chat-history",
            "attribute": [
              {
                "name": "chat_id",
                "type": "S"
              },
              {
                "name": "msg_epoch_time",
                "type": "N"
              },
              {
                "name": "user_id",
                "type": "S"
              }
            ],
            "billing_mode": "PAY_PER_REQUEST",
            "deletion_protection_enabled": false,
            "global_secondary_index": [
              {
                "hash_key": "user_id",
                "name": "user_id-chat_id-index",
                "non_key_attributes": [],
                "projection_type": "ALL",
                "range_key": "chat_id",
                "read_capacity": 0,
                "write_capacity": 0
              }
            ],
            "hash_key": "user_id",
            "id": "agaile-prod-chat-history",
            "import_table": [],
            "local_secondary_index": [],
            "name": "agaile-prod-chat-history",
            "point_in_time_recovery": [
              {
                "enabled": false
              }
            ],
            "range_key": "msg_epoch_time",
            "read_capacity": 0,
            "replica": [],
            "restore_date_time": null,
            "restore_source_name": null,
            "restore_to_latest_time": null,
            "server_side_encryption": [
              {
                "enabled": true,
                "kms_key_arn": ""
              }
            ],
            "stream_arn": "",
            "stream_enabled": false,
            "stream_label": "",
            "stream_view_type": "",
            "table_class": "STANDARD",
            "tags": {
              "Environment": "prod",
              "ManagedBy": "terraform",
              "Name": "agaile-prod-chat-history",
              "Project": "CAP",
              "Tenant": "agaile"
            },
            "tags_all": {
              "Environment": "prod",
              "ManagedBy": "terraform",
              "Name": "agaile-prod-chat-history",
              "Project": "CAP",
              "Tenant": "agaile"
            },
            "timeouts": null,
            "ttl": [
              {
                "attribute_name": "",
                "enabled": false
              }
            ],
            "write_capacity": 0
          },
          "sensitive_attributes": [],
          "private": "eyJlMmJmYjczMC1lY2FhLTExZTYtOGY4OC0zNDM2M2JjN2M0YzAiOnsiY3JlYXRlIjoxODAwMDAwMDAwMDAwLCJkZWxldGUiOjYwMDAwMDAwMDAwMCwidXBkYXRlIjozNjAwMDAwMDAwMDAwfSwic2NoZW1hX3ZlcnNpb24iOiIxIn0="
        }
      ]
    },
    {
      "mode": "managed",
      "type": "aws_dynamodb_table",
      "name": "agaile_prompt_template",
      "provider": "provider[\"registry.terraform.io/hashicorp/aws\"]",
      "instances": [
        {
          "schema_version": 1,
          "attributes": {
            "arn": "arn:aws:dynamodb:eu-central-1:585008045756:table/agaile-prod-prompt-template",
            "attribute": [
              {
                "name": "id",
                "type": "S"
              }
            ],
            "billing_mode": "PAY_PER_REQUEST",
            "deletion_protection_enabled": false,
            "global_secondary_index": [],
            "hash_key": "id",
            "id": "agaile-prod-prompt-template",
            "import_table": [],
            "local_secondary_index": [],
            "name": "agaile-prod-prompt-template",
            "point_in_time_recovery": [
              {
                "enabled": false
              }
            ],
            "range_key": null,
            "read_capacity": 0,
            "replica": [],
            "restore_date_time": null,
            "restore_source_name": null,
            "restore_to_latest_time": null,
            "server_side_encryption": [
              {
                "enabled": true,
                "kms_key_arn": ""
              }
            ],
            "stream_arn": "",
            "stream_enabled": false,
            "stream_label": "",
            "stream_view_type": "",
            "table_class": "STANDARD",
            "tags": {
              "Environment": "prod",
              "ManagedBy": "terraform",
              "Name": "agaile-prod-prompt-template",
              "Project": "CAP",
              "Tenant": "agaile"
            },
            "tags_all": {
              "Environment": "prod",
              "ManagedBy": "terraform",
              "Name": "agaile-prod-prompt-template",
              "Project": "CAP",
              "Tenant": "agaile"
            },
            "timeouts": null,
            "ttl": [
              {
                "attribute_name": "",
                "enabled": false
              }
            ],
            "write_capacity": 0
          },
          "sensitive_attributes": [],
          "private": "eyJlMmJmYjczMC1lY2FhLTExZTYtOGY4OC0zNDM2M2JjN2M0YzAiOnsiY3JlYXRlIjoxODAwMDAwMDAwMDAwLCJkZWxldGUiOjYwMDAwMDAwMDAwMCwidXBkYXRlIjozNjAwMDAwMDAwMDAwfSwic2NoZW1hX3ZlcnNpb24iOiIxIn0="
        }
      ]
    },
    {
      "mode": "managed",
      "type": "aws_dynamodb_table",
      "name": "convert10_assistant_configs",
      "provider": "provider[\"registry.terraform.io/hashicorp/aws\"]",
      "instances": [
        {
          "schema_version": 1,
          "attributes": {
            "arn": "arn:aws:dynamodb:eu-central-1:585008045756:table/convert10-prod-assistant-configs",
            "attribute": [
              {
                "name": "id",
                "type": "S"
              }
            ],
            "billing_mode": "PAY_PER_REQUEST",
            "deletion_protection_enabled": false,
            "global_secondary_index": [],
            "hash_key": "id",
            "id": "convert10-prod-assistant-configs",
            "import_table": [],
            "local_secondary_index": [],
            "name": "convert10-prod-assistant-configs",
            "point_in_time_recovery": [
              {
                "enabled": false
              }
            ],
            "range_key": null,
            "read_capacity": 0,
            "replica": [],
            "restore_date_time": null,
            "restore_source_name": null,
            "restore_to_latest_time": null,
            "server_side_encryption": [
              {
                "enabled": true,
                "kms_key_arn": ""
              }
            ],
            "stream_arn": "",
            "stream_enabled": false,
            "stream_label": "",
            "stream_view_type": "",
            "table_class": "STANDARD",
            "tags": {
              "Environment": "prod",
              "ManagedBy": "terraform",
              "Name": "convert10-prod-assistant-configs",
              "Project": "CAP",
              "Tenant": "convert10"
            },
            "tags_all": {
              "Environment": "prod",
              "ManagedBy": "terraform",
              "Name": "convert10-prod-assistant-configs",
              "Project": "CAP",
              "Tenant": "convert10"
            },
            "timeouts": null,
            "ttl": [
              {
                "attribute_name": "",
                "enabled": false
              }
            ],
            "write_capacity": 0
          },
          "sensitive_attributes": [],
          "private": "eyJlMmJmYjczMC1lY2FhLTExZTYtOGY4OC0zNDM2M2JjN2M0YzAiOnsiY3JlYXRlIjoxODAwMDAwMDAwMDAwLCJkZWxldGUiOjYwMDAwMDAwMDAwMCwidXBkYXRlIjozNjAwMDAwMDAwMDAwfSwic2NoZW1hX3ZlcnNpb24iOiIxIn0="
        }
      ]
    },
    {
      "mode": "managed",
      "type": "aws_dynamodb_table",
      "name": "convert10_chat_history",
      "provider": "provider[\"registry.terraform.io/hashicorp/aws\"]",
      "instances": [
        {
          "schema_version": 1,
          "attributes": {
            "arn": "arn:aws:dynamodb:eu-central-1:585008045756:table/convert10-prod-chat-history",
            "attribute": [
              {
                "name": "chat_id",
                "type": "S"
              },
              {
                "name": "msg_epoch_time",
                "type": "N"
              },
              {
                "name": "user_id",
                "type": "S"
              }
            ],
            "billing_mode": "PAY_PER_REQUEST",
            "deletion_protection_enabled": false,
            "global_secondary_index": [
              {
                "hash_key": "user_id",
                "name": "user_id-chat_id-index",
                "non_key_attributes": [],
                "projection_type": "ALL",
                "range_key": "chat_id",
                "read_capacity": 0,
                "write_capacity": 0
              }
            ],
            "hash_key": "user_id",
            "id": "convert10-prod-chat-history",
            "import_table": [],
            "local_secondary_index": [],
            "name": "convert10-prod-chat-history",
            "point_in_time_recovery": [
              {
                "enabled": false
              }
            ],
            "range_key": "msg_epoch_time",
            "read_capacity": 0,
            "replica": [],
            "restore_date_time": null,
            "restore_source_name": null,
            "restore_to_latest_time": null,
            "server_side_encryption": [
              {
                "enabled": true,
                "kms_key_arn": ""
              }
            ],
            "stream_arn": "",
            "stream_enabled": false,
            "stream_label": "",
            "stream_view_type": "",
            "table_class": "STANDARD",
            "tags": {
              "Environment": "prod",
              "ManagedBy": "terraform",
              "Name": "convert10-prod-chat-history",
              "Project": "CAP",
              "Tenant": "convert10"
            },
            "tags_all": {
              "Environment": "prod",
              "ManagedBy": "terraform",
              "Name": "convert10-prod-chat-history",
              "Project": "CAP",
              "Tenant": "convert10"
            },
            "timeouts": null,
            "ttl": [
              {
                "attribute_name": "",
                "enabled": false
              }
            ],
            "write_capacity": 0
          },
          "sensitive_attributes": [],
          "private": "eyJlMmJmYjczMC1lY2FhLTExZTYtOGY4OC0zNDM2M2JjN2M0YzAiOnsiY3JlYXRlIjoxODAwMDAwMDAwMDAwLCJkZWxldGUiOjYwMDAwMDAwMDAwMCwidXBkYXRlIjozNjAwMDAwMDAwMDAwfSwic2NoZW1hX3ZlcnNpb24iOiIxIn0="
        }
      ]
    },
    {
      "mode": "managed",
      "type": "aws_dynamodb_table",
      "name": "convert10_prompt_template",
      "provider": "provider[\"registry.terraform.io/hashicorp/aws\"]",
      "instances": [
        {
          "schema_version": 1,
          "attributes": {
            "arn": "arn:aws:dynamodb:eu-central-1:585008045756:table/convert10-prod-prompt-template",
            "attribute": [
              {
                "name": "id",
                "type": "S"
              }
            ],
            "billing_mode": "PAY_PER_REQUEST",
            "deletion_protection_enabled": false,
            "global_secondary_index": [],
            "hash_key": "id",
            "id": "convert10-prod-prompt-template",
            "import_table": [],
            "local_secondary_index": [],
            "name": "convert10-prod-prompt-template",
            "point_in_time_recovery": [
              {
                "enabled": false
              }
            ],
            "range_key": null,
            "read_capacity": 0,
            "replica": [],
            "restore_date_time": null,
            "restore_source_name": null,
            "restore_to_latest_time": null,
            "server_side_encryption": [
              {
                "enabled": true,
                "kms_key_arn": ""
              }
            ],
            "stream_arn": "",
            "stream_enabled": false,
            "stream_label": "",
            "stream_view_type": "",
            "table_class": "STANDARD",
            "tags": {
              "Environment": "prod",
              "ManagedBy": "terraform",
              "Name": "convert10-prod-prompt-template",
              "Project": "CAP",
              "Tenant": "convert10"
            },
            "tags_all": {
              "Environment": "prod",
              "ManagedBy": "terraform",
              "Name": "convert10-prod-prompt-template",
              "Project": "CAP",
              "Tenant": "convert10"
            },
            "timeouts": null,
            "ttl": [
              {
                "attribute_name": "",
                "enabled": false
              }
            ],
            "write_capacity": 0
          },
          "sensitive_attributes": [],
          "private": "eyJlMmJmYjczMC1lY2FhLTExZTYtOGY4OC0zNDM2M2JjN2M0YzAiOnsiY3JlYXRlIjoxODAwMDAwMDAwMDAwLCJkZWxldGUiOjYwMDAwMDAwMDAwMCwidXBkYXRlIjozNjAwMDAwMDAwMDAwfSwic2NoZW1hX3ZlcnNpb24iOiIxIn0="
        }
      ]
    },
    {
      "mode": "managed",
      "type": "aws_dynamodb_table",
      "name": "terraform_state_lock",
      "provider": "provider[\"registry.terraform.io/hashicorp/aws\"]",
      "instances": [
        {
          "schema_version": 1,
          "attributes": {
            "arn": "arn:aws:dynamodb:eu-central-1:585008045756:table/terraform-state-lock-prod",
            "attribute": [
              {
                "name": "LockID",
                "type": "S"
              }
            ],
            "billing_mode": "PAY_PER_REQUEST",
            "deletion_protection_enabled": false,
            "global_secondary_index": [],
            "hash_key": "LockID",
            "id": "terraform-state-lock-prod",
            "import_table": [],
            "local_secondary_index": [],
            "name": "terraform-state-lock-prod",
            "point_in_time_recovery": [
              {
                "enabled": false
              }
            ],
            "range_key": null,
            "read_capacity": 0,
            "replica": [],
            "restore_date_time": null,
            "restore_source_name": null,
            "restore_to_latest_time": null,
            "server_side_encryption": [],
            "stream_arn": "",
            "stream_enabled": false,
            "stream_label": "",
            "stream_view_type": "",
            "table_class": "STANDARD",
            "tags": {
              "Environment": "prod",
              "Name": "Terraform State Lock"
            },
            "tags_all": {
              "Environment": "prod",
              "Name": "Terraform State Lock"
            },
            "timeouts": null,
            "ttl": [
              {
                "attribute_name": "",
                "enabled": false
              }
            ],
            "write_capacity": 0
          },
          "sensitive_attributes": [],
          "private": "eyJlMmJmYjczMC1lY2FhLTExZTYtOGY4OC0zNDM2M2JjN2M0YzAiOnsiY3JlYXRlIjoxODAwMDAwMDAwMDAwLCJkZWxldGUiOjYwMDAwMDAwMDAwMCwidXBkYXRlIjozNjAwMDAwMDAwMDAwfSwic2NoZW1hX3ZlcnNpb24iOiIxIn0="
        }
      ]
    },
    {
      "mode": "managed",
      "type": "aws_dynamodb_table",
      "name": "zohlar_assistant_configs",
      "provider": "provider[\"registry.terraform.io/hashicorp/aws\"]",
      "instances": [
        {
          "schema_version": 1,
          "attributes": {
            "arn": "arn:aws:dynamodb:eu-central-1:585008045756:table/zohlar-prod-assistant-configs",
            "attribute": [
              {
                "name": "id",
                "type": "S"
              }
            ],
            "billing_mode": "PAY_PER_REQUEST",
            "deletion_protection_enabled": false,
            "global_secondary_index": [],
            "hash_key": "id",
            "id": "zohlar-prod-assistant-configs",
            "import_table": [],
            "local_secondary_index": [],
            "name": "zohlar-prod-assistant-configs",
            "point_in_time_recovery": [
              {
                "enabled": false
              }
            ],
            "range_key": null,
            "read_capacity": 0,
            "replica": [],
            "restore_date_time": null,
            "restore_source_name": null,
            "restore_to_latest_time": null,
            "server_side_encryption": [
              {
                "enabled": true,
                "kms_key_arn": ""
              }
            ],
            "stream_arn": "",
            "stream_enabled": false,
            "stream_label": "",
            "stream_view_type": "",
            "table_class": "STANDARD",
            "tags": {
              "Environment": "prod",
              "ManagedBy": "terraform",
              "Name": "zohlar-prod-assistant-configs",
              "Project": "CAP",
              "Tenant": "zohlar"
            },
            "tags_all": {
              "Environment": "prod",
              "ManagedBy": "terraform",
              "Name": "zohlar-prod-assistant-configs",
              "Project": "CAP",
              "Tenant": "zohlar"
            },
            "timeouts": null,
            "ttl": [
              {
                "attribute_name": "",
                "enabled": false
              }
            ],
            "write_capacity": 0
          },
          "sensitive_attributes": [],
          "private": "eyJlMmJmYjczMC1lY2FhLTExZTYtOGY4OC0zNDM2M2JjN2M0YzAiOnsiY3JlYXRlIjoxODAwMDAwMDAwMDAwLCJkZWxldGUiOjYwMDAwMDAwMDAwMCwidXBkYXRlIjozNjAwMDAwMDAwMDAwfSwic2NoZW1hX3ZlcnNpb24iOiIxIn0="
        }
      ]
    },
    {
      "mode": "managed",
      "type": "aws_dynamodb_table",
      "name": "zohlar_chat_history",
      "provider": "provider[\"registry.terraform.io/hashicorp/aws\"]",
      "instances": [
        {
          "schema_version": 1,
          "attributes": {
            "arn": "arn:aws:dynamodb:eu-central-1:585008045756:table/zohlar-prod-chat-history",
            "attribute": [
              {
                "name": "chat_id",
                "type": "S"
              },
              {
                "name": "msg_epoch_time",
                "type": "N"
              },
              {
                "name": "user_id",
                "type": "S"
              }
            ],
            "billing_mode": "PAY_PER_REQUEST",
            "deletion_protection_enabled": false,
            "global_secondary_index": [
              {
                "hash_key": "user_id",
                "name": "user_id-chat_id-index",
                "non_key_attributes": [],
                "projection_type": "ALL",
                "range_key": "chat_id",
                "read_capacity": 0,
                "write_capacity": 0
              }
            ],
            "hash_key": "user_id",
            "id": "zohlar-prod-chat-history",
            "import_table": [],
            "local_secondary_index": [],
            "name": "zohlar-prod-chat-history",
            "point_in_time_recovery": [
              {
                "enabled": false
              }
            ],
            "range_key": "msg_epoch_time",
            "read_capacity": 0,
            "replica": [],
            "restore_date_time": null,
            "restore_source_name": null,
            "restore_to_latest_time": null,
            "server_side_encryption": [
              {
                "enabled": true,
                "kms_key_arn": ""
              }
            ],
            "stream_arn": "",
            "stream_enabled": false,
            "stream_label": "",
            "stream_view_type": "",
            "table_class": "STANDARD",
            "tags": {
              "Environment": "prod",
              "ManagedBy": "terraform",
              "Name": "zohlar-prod-chat-history",
              "Project": "CAP",
              "Tenant": "zohlar"
            },
            "tags_all": {
              "Environment": "prod",
              "ManagedBy": "terraform",
              "Name": "zohlar-prod-chat-history",
              "Project": "CAP",
              "Tenant": "zohlar"
            },
            "timeouts": null,
            "ttl": [
              {
                "attribute_name": "",
                "enabled": false
              }
            ],
            "write_capacity": 0
          },
          "sensitive_attributes": [],
          "private": "eyJlMmJmYjczMC1lY2FhLTExZTYtOGY4OC0zNDM2M2JjN2M0YzAiOnsiY3JlYXRlIjoxODAwMDAwMDAwMDAwLCJkZWxldGUiOjYwMDAwMDAwMDAwMCwidXBkYXRlIjozNjAwMDAwMDAwMDAwfSwic2NoZW1hX3ZlcnNpb24iOiIxIn0="
        }
      ]
    },
    {
      "mode": "managed",
      "type": "aws_dynamodb_table",
      "name": "zohlar_prompt_template",
      "provider": "provider[\"registry.terraform.io/hashicorp/aws\"]",
      "instances": [
        {
          "schema_version": 1,
          "attributes": {
            "arn": "arn:aws:dynamodb:eu-central-1:585008045756:table/zohlar-prod-prompt-template",
            "attribute": [
              {
                "name": "id",
                "type": "S"
              }
            ],
            "billing_mode": "PAY_PER_REQUEST",
            "deletion_protection_enabled": false,
            "global_secondary_index": [],
            "hash_key": "id",
            "id": "zohlar-prod-prompt-template",
            "import_table": [],
            "local_secondary_index": [],
            "name": "zohlar-prod-prompt-template",
            "point_in_time_recovery": [
              {
                "enabled": false
              }
            ],
            "range_key": null,
            "read_capacity": 0,
            "replica": [],
            "restore_date_time": null,
            "restore_source_name": null,
            "restore_to_latest_time": null,
            "server_side_encryption": [
              {
                "enabled": true,
                "kms_key_arn": ""
              }
            ],
            "stream_arn": "",
            "stream_enabled": false,
            "stream_label": "",
            "stream_view_type": "",
            "table_class": "STANDARD",
            "tags": {
              "Environment": "prod",
              "ManagedBy": "terraform",
              "Name": "zohlar-prod-prompt-template",
              "Project": "CAP",
              "Tenant": "zohlar"
            },
            "tags_all": {
              "Environment": "prod",
              "ManagedBy": "terraform",
              "Name": "zohlar-prod-prompt-template",
              "Project": "CAP",
              "Tenant": "zohlar"
            },
            "timeouts": null,
            "ttl": [
              {
                "attribute_name": "",
                "enabled": false
              }
            ],
            "write_capacity": 0
          },
          "sensitive_attributes": [],
          "private": "eyJlMmJmYjczMC1lY2FhLTExZTYtOGY4OC0zNDM2M2JjN2M0YzAiOnsiY3JlYXRlIjoxODAwMDAwMDAwMDAwLCJkZWxldGUiOjYwMDAwMDAwMDAwMCwidXBkYXRlIjozNjAwMDAwMDAwMDAwfSwic2NoZW1hX3ZlcnNpb24iOiIxIn0="
        }
      ]
    },
    {
      "mode": "managed",
      "type": "aws_ec2_instance_connect_endpoint",
      "name": "bastion",
      "provider": "provider[\"registry.terraform.io/hashicorp/aws\"]",
      "instances": [
        {
          "schema_version": 0,
          "attributes": {
            "arn": "arn:aws:ec2:eu-central-1:585008045756:instance-connect-endpoint/eice-0895d9ab6ba74c43f",
            "availability_zone": "eu-central-1a",
            "dns_name": "eice-0895d9ab6ba74c43f.1f2484f8.ec2-instance-connect-endpoint.eu-central-1.amazonaws.com",
            "fips_dns_name": null,
            "id": "eice-0895d9ab6ba74c43f",
            "network_interface_ids": [
              "eni-00a1ebe2e8f4a936c"
            ],
            "owner_id": "585008045756",
            "preserve_client_ip": true,
            "security_group_ids": [
              "sg-028aeb160aa580052"
            ],
            "subnet_id": "subnet-03b10924d502d91b6",
            "tags": {
              "Environment": "prod",
              "Name": "prod-eic-endpoint",
              "Tenant": "agaile-shared-prod"
            },
            "tags_all": {
              "Environment": "prod",
              "ManagedBy": "terraform",
              "Name": "prod-eic-endpoint",
              "Project": "CAP",
              "Tenant": "agaile-shared-prod"
            },
            "timeouts": null,
            "vpc_id": "vpc-04ceed96ed33eb80a"
          },
          "sensitive_attributes": [],
          "dependencies": [
            "aws_security_group.vpce"
          ]
        }
      ]
    },
    {
      "mode": "managed",
      "type": "aws_ec2_transit_gateway",
      "name": "main",
      "provider": "provider[\"registry.terraform.io/hashicorp/aws\"]",
      "instances": [
        {
          "schema_version": 0,
          "attributes": {
            "amazon_side_asn": 64512,
            "arn": "arn:aws:ec2:eu-central-1:585008045756:transit-gateway/tgw-06f70755505b588f0",
            "association_default_route_table_id": "tgw-rtb-0512cf9fa23e99f4a",
            "auto_accept_shared_attachments": "disable",
            "default_route_table_association": "enable",
            "default_route_table_propagation": "enable",
            "description": "Main Transit Gateway for VPC connectivity",
            "dns_support": "enable",
            "id": "tgw-06f70755505b588f0",
            "multicast_support": "disable",
            "owner_id": "585008045756",
            "propagation_default_route_table_id": "tgw-rtb-0512cf9fa23e99f4a",
            "tags": {
              "Environment": "prod",
              "ManagedBy": "terraform",
              "Name": "main-tgw-prod",
              "Project": "CAP"
            },
            "tags_all": {
              "Environment": "prod",
              "ManagedBy": "terraform",
              "Name": "main-tgw-prod",
              "Project": "CAP"
            },
            "timeouts": null,
            "transit_gateway_cidr_blocks": [],
            "vpn_ecmp_support": "enable"
          },
          "sensitive_attributes": [],
          "private": "eyJlMmJmYjczMC1lY2FhLTExZTYtOGY4OC0zNDM2M2JjN2M0YzAiOnsiY3JlYXRlIjo2MDAwMDAwMDAwMDAsImRlbGV0ZSI6NjAwMDAwMDAwMDAwLCJ1cGRhdGUiOjYwMDAwMDAwMDAwMH19"
        }
      ]
    },
    {
      "mode": "managed",
      "type": "aws_ec2_transit_gateway_route",
      "name": "to_core",
      "provider": "provider[\"registry.terraform.io/hashicorp/aws\"]",
      "instances": [
        {
          "schema_version": 0,
          "attributes": {
            "blackhole": false,
            "destination_cidr_block": "10.0.0.0/16",
            "id": "tgw-rtb-01de4f6de661c0c5c_10.0.0.0/16",
            "transit_gateway_attachment_id": "tgw-attach-0f462b6ee7dc544a6",
            "transit_gateway_route_table_id": "tgw-rtb-01de4f6de661c0c5c"
          },
          "sensitive_attributes": [],
          "private": "bnVsbA==",
          "dependencies": [
            "aws_ec2_transit_gateway.main",
            "aws_ec2_transit_gateway_route_table.main",
            "aws_ec2_transit_gateway_vpc_attachment.core"
          ]
        }
      ]
    },
    {
      "mode": "managed",
      "type": "aws_ec2_transit_gateway_route",
      "name": "to_tenant",
      "provider": "provider[\"registry.terraform.io/hashicorp/aws\"]",
      "instances": [
        {
          "schema_version": 0,
          "attributes": {
            "blackhole": false,
            "destination_cidr_block": "172.16.0.0/16",
            "id": "tgw-rtb-01de4f6de661c0c5c_172.16.0.0/16",
            "transit_gateway_attachment_id": "tgw-attach-03218bafea6e4e0ad",
            "transit_gateway_route_table_id": "tgw-rtb-01de4f6de661c0c5c"
          },
          "sensitive_attributes": [],
          "private": "bnVsbA==",
          "dependencies": [
            "aws_ec2_transit_gateway.main",
            "aws_ec2_transit_gateway_route_table.main",
            "aws_ec2_transit_gateway_vpc_attachment.tenant"
          ]
        }
      ]
    },
    {
      "mode": "managed",
      "type": "aws_ec2_transit_gateway_route_table",
      "name": "main",
      "provider": "provider[\"registry.terraform.io/hashicorp/aws\"]",
      "instances": [
        {
          "schema_version": 0,
          "attributes": {
            "arn": "arn:aws:ec2:eu-central-1:585008045756:transit-gateway-route-table/tgw-rtb-01de4f6de661c0c5c",
            "default_association_route_table": false,
            "default_propagation_route_table": false,
            "id": "tgw-rtb-01de4f6de661c0c5c",
            "tags": {
              "Environment": "prod",
              "ManagedBy": "terraform",
              "Name": "main-tgw-rt-prod",
              "Project": "CAP"
            },
            "tags_all": {
              "Environment": "prod",
              "ManagedBy": "terraform",
              "Name": "main-tgw-rt-prod",
              "Project": "CAP"
            },
            "transit_gateway_id": "tgw-06f70755505b588f0"
          },
          "sensitive_attributes": [],
          "private": "bnVsbA==",
          "dependencies": [
            "aws_ec2_transit_gateway.main"
          ]
        }
      ]
    },
    {
      "mode": "managed",
      "type": "aws_ec2_transit_gateway_vpc_attachment",
      "name": "core",
      "provider": "provider[\"registry.terraform.io/hashicorp/aws\"]",
      "instances": [
        {
          "schema_version": 0,
          "attributes": {
            "appliance_mode_support": "disable",
            "dns_support": "enable",
            "id": "tgw-attach-0f462b6ee7dc544a6",
            "ipv6_support": "disable",
            "subnet_ids": [
              "subnet-0197df41affb2d92d",
              "subnet-03b10924d502d91b6",
              "subnet-0521f8466a40b394c"
            ],
            "tags": {
              "Environment": "prod",
              "ManagedBy": "terraform",
              "Name": "core-tgw-attachment-prod",
              "Project": "CAP"
            },
            "tags_all": {
              "Environment": "prod",
              "ManagedBy": "terraform",
              "Name": "core-tgw-attachment-prod",
              "Project": "CAP"
            },
            "transit_gateway_default_route_table_association": true,
            "transit_gateway_default_route_table_propagation": true,
            "transit_gateway_id": "tgw-06f70755505b588f0",
            "vpc_id": "vpc-04ceed96ed33eb80a",
            "vpc_owner_id": "585008045756"
          },
          "sensitive_attributes": [],
          "private": "bnVsbA==",
          "dependencies": [
            "aws_ec2_transit_gateway.main"
          ]
        }
      ]
    },
    {
      "mode": "managed",
      "type": "aws_ec2_transit_gateway_vpc_attachment",
      "name": "tenant",
      "provider": "provider[\"registry.terraform.io/hashicorp/aws\"]",
      "instances": [
        {
          "schema_version": 0,
          "attributes": {
            "appliance_mode_support": "disable",
            "dns_support": "enable",
            "id": "tgw-attach-03218bafea6e4e0ad",
            "ipv6_support": "disable",
            "subnet_ids": [
              "subnet-06eef1b4f27e100b3",
              "subnet-08cdc3f87f4376573",
              "subnet-0f4a456d9425f5a93"
            ],
            "tags": {
              "Environment": "prod",
              "ManagedBy": "terraform",
              "Name": "tenant-tgw-attachment-prod",
              "Project": "CAP"
            },
            "tags_all": {
              "Environment": "prod",
              "ManagedBy": "terraform",
              "Name": "tenant-tgw-attachment-prod",
              "Project": "CAP"
            },
            "transit_gateway_default_route_table_association": true,
            "transit_gateway_default_route_table_propagation": true,
            "transit_gateway_id": "tgw-06f70755505b588f0",
            "vpc_id": "vpc-00fcae467a4f3d877",
            "vpc_owner_id": "585008045756"
          },
          "sensitive_attributes": [],
          "private": "bnVsbA==",
          "dependencies": [
            "aws_ec2_transit_gateway.main"
          ]
        }
      ]
    },
    {
      "mode": "managed",
      "type": "aws_ecr_lifecycle_policy",
      "name": "ecr_policy",
      "provider": "provider[\"registry.terraform.io/hashicorp/aws\"]",
      "instances": [
        {
          "index_key": "engine",
          "schema_version": 0,
          "attributes": {
            "id": "cap-engine",
            "policy": "{\"rules\":[{\"action\":{\"type\":\"expire\"},\"description\":\"Keep last 30 images\",\"rulePriority\":1,\"selection\":{\"countNumber\":30,\"countType\":\"imageCountMoreThan\",\"tagStatus\":\"any\"}}]}",
            "registry_id": "585008045756",
            "repository": "cap-engine"
          },
          "sensitive_attributes": [],
          "private": "bnVsbA==",
          "dependencies": [
            "aws_ecr_repository.cap_engine",
            "aws_ecr_repository.cap_frontend"
          ]
        },
        {
          "index_key": "frontend",
          "schema_version": 0,
          "attributes": {
            "id": "cap-frontend",
            "policy": "{\"rules\":[{\"action\":{\"type\":\"expire\"},\"description\":\"Keep last 30 images\",\"rulePriority\":1,\"selection\":{\"countNumber\":30,\"countType\":\"imageCountMoreThan\",\"tagStatus\":\"any\"}}]}",
            "registry_id": "585008045756",
            "repository": "cap-frontend"
          },
          "sensitive_attributes": [],
          "private": "bnVsbA==",
          "dependencies": [
            "aws_ecr_repository.cap_engine",
            "aws_ecr_repository.cap_frontend"
          ]
        }
      ]
    },
    {
      "mode": "managed",
      "type": "aws_ecr_repository",
      "name": "cap_engine",
      "provider": "provider[\"registry.terraform.io/hashicorp/aws\"]",
      "instances": [
        {
          "schema_version": 0,
          "attributes": {
            "arn": "arn:aws:ecr:eu-central-1:585008045756:repository/cap-engine",
            "encryption_configuration": [
              {
                "encryption_type": "AES256",
                "kms_key": ""
              }
            ],
            "force_delete": null,
            "id": "cap-engine",
            "image_scanning_configuration": [
              {
                "scan_on_push": true
              }
            ],
            "image_tag_mutability": "MUTABLE",
            "name": "cap-engine",
            "registry_id": "585008045756",
            "repository_url": "585008045756.dkr.ecr.eu-central-1.amazonaws.com/cap-engine",
            "tags": {},
            "tags_all": {
              "Environment": "prod",
              "ManagedBy": "terraform",
              "Project": "CAP"
            },
            "timeouts": null
          },
          "sensitive_attributes": [],
          "private": "eyJlMmJmYjczMC1lY2FhLTExZTYtOGY4OC0zNDM2M2JjN2M0YzAiOnsiZGVsZXRlIjoxMjAwMDAwMDAwMDAwfX0="
        }
      ]
    },
    {
      "mode": "managed",
      "type": "aws_ecr_repository",
      "name": "cap_frontend",
      "provider": "provider[\"registry.terraform.io/hashicorp/aws\"]",
      "instances": [
        {
          "schema_version": 0,
          "attributes": {
            "arn": "arn:aws:ecr:eu-central-1:585008045756:repository/cap-frontend",
            "encryption_configuration": [
              {
                "encryption_type": "AES256",
                "kms_key": ""
              }
            ],
            "force_delete": null,
            "id": "cap-frontend",
            "image_scanning_configuration": [
              {
                "scan_on_push": true
              }
            ],
            "image_tag_mutability": "MUTABLE",
            "name": "cap-frontend",
            "registry_id": "585008045756",
            "repository_url": "585008045756.dkr.ecr.eu-central-1.amazonaws.com/cap-frontend",
            "tags": {},
            "tags_all": {
              "Environment": "prod",
              "ManagedBy": "terraform",
              "Project": "CAP"
            },
            "timeouts": null
          },
          "sensitive_attributes": [],
          "private": "eyJlMmJmYjczMC1lY2FhLTExZTYtOGY4OC0zNDM2M2JjN2M0YzAiOnsiZGVsZXRlIjoxMjAwMDAwMDAwMDAwfX0="
        }
      ]
    },
    {
      "mode": "managed",
      "type": "aws_ecr_repository",
      "name": "rooftopsolar",
      "provider": "provider[\"registry.terraform.io/hashicorp/aws\"]",
      "instances": [
        {
          "schema_version": 0,
          "attributes": {
            "arn": "arn:aws:ecr:eu-central-1:585008045756:repository/rooftopsolar",
            "encryption_configuration": [
              {
                "encryption_type": "AES256",
                "kms_key": ""
              }
            ],
            "force_delete": null,
            "id": "rooftopsolar",
            "image_scanning_configuration": [
              {
                "scan_on_push": true
              }
            ],
            "image_tag_mutability": "MUTABLE",
            "name": "rooftopsolar",
            "registry_id": "585008045756",
            "repository_url": "585008045756.dkr.ecr.eu-central-1.amazonaws.com/rooftopsolar",
            "tags": {
              "Environment": "prod",
              "ManagedBy": "terraform",
              "Name": "rooftopsolar-ecr",
              "Project": "CAP"
            },
            "tags_all": {
              "Environment": "prod",
              "ManagedBy": "terraform",
              "Name": "rooftopsolar-ecr",
              "Project": "CAP"
            },
            "timeouts": null
          },
          "sensitive_attributes": [],
          "private": "eyJlMmJmYjczMC1lY2FhLTExZTYtOGY4OC0zNDM2M2JjN2M0YzAiOnsiZGVsZXRlIjoxMjAwMDAwMDAwMDAwfX0="
        }
      ]
    },
    {
      "mode": "managed",
      "type": "aws_ecs_cluster",
      "name": "ecs-agaile",
      "provider": "provider[\"registry.terraform.io/hashicorp/aws\"]",
      "instances": [
        {
          "schema_version": 0,
          "attributes": {
            "arn": "arn:aws:ecs:eu-central-1:585008045756:cluster/ecs-agaile",
            "configuration": [],
            "id": "arn:aws:ecs:eu-central-1:585008045756:cluster/ecs-agaile",
            "name": "ecs-agaile",
            "service_connect_defaults": [],
            "setting": [
              {
                "name": "containerInsights",
                "value": "enabled"
              }
            ],
            "tags": {
              "Environment": "prod",
              "ManagedBy": "terraform",
              "Project": "CAP"
            },
            "tags_all": {
              "Environment": "prod",
              "ManagedBy": "terraform",
              "Project": "CAP"
            }
          },
          "sensitive_attributes": [],
          "private": "bnVsbA=="
        }
      ]
    },
    {
      "mode": "managed",
      "type": "aws_ecs_cluster",
      "name": "ecs-convert10",
      "provider": "provider[\"registry.terraform.io/hashicorp/aws\"]",
      "instances": [
        {
          "schema_version": 0,
          "attributes": {
            "arn": "arn:aws:ecs:eu-central-1:585008045756:cluster/ecs-convert10",
            "configuration": [],
            "id": "arn:aws:ecs:eu-central-1:585008045756:cluster/ecs-convert10",
            "name": "ecs-convert10",
            "service_connect_defaults": [],
            "setting": [
              {
                "name": "containerInsights",
                "value": "enabled"
              }
            ],
            "tags": {
              "Environment": "prod",
              "ManagedBy": "terraform",
              "Project": "CAP"
            },
            "tags_all": {
              "Environment": "prod",
              "ManagedBy": "terraform",
              "Project": "CAP"
            }
          },
          "sensitive_attributes": [],
          "private": "bnVsbA=="
        }
      ]
    },
    {
      "mode": "managed",
      "type": "aws_ecs_cluster",
      "name": "ecs-rooftopsolar",
      "provider": "provider[\"registry.terraform.io/hashicorp/aws\"]",
      "instances": [
        {
          "schema_version": 0,
          "attributes": {
            "arn": "arn:aws:ecs:eu-central-1:585008045756:cluster/ecs-rooftopsolar",
            "configuration": [],
            "id": "arn:aws:ecs:eu-central-1:585008045756:cluster/ecs-rooftopsolar",
            "name": "ecs-rooftopsolar",
            "service_connect_defaults": [],
            "setting": [
              {
                "name": "containerInsights",
                "value": "enabled"
              }
            ],
            "tags": {
              "Environment": "prod",
              "ManagedBy": "terraform",
              "Project": "CAP"
            },
            "tags_all": {
              "Environment": "prod",
              "ManagedBy": "terraform",
              "Project": "CAP"
            }
          },
          "sensitive_attributes": [],
          "private": "bnVsbA=="
        }
      ]
    },
    {
      "mode": "managed",
      "type": "aws_ecs_cluster",
      "name": "ecs-zohlar",
      "provider": "provider[\"registry.terraform.io/hashicorp/aws\"]",
      "instances": [
        {
          "schema_version": 0,
          "attributes": {
            "arn": "arn:aws:ecs:eu-central-1:585008045756:cluster/ecs-zohlar",
            "configuration": [],
            "id": "arn:aws:ecs:eu-central-1:585008045756:cluster/ecs-zohlar",
            "name": "ecs-zohlar",
            "service_connect_defaults": [],
            "setting": [
              {
                "name": "containerInsights",
                "value": "enabled"
              }
            ],
            "tags": {
              "Environment": "prod",
              "ManagedBy": "terraform",
              "Project": "CAP"
            },
            "tags_all": {
              "Environment": "prod",
              "ManagedBy": "terraform",
              "Project": "CAP"
            }
          },
          "sensitive_attributes": [],
          "private": "bnVsbA=="
        }
      ]
    },
    {
      "mode": "managed",
      "type": "aws_ecs_cluster_capacity_providers",
      "name": "ecs-agaile",
      "provider": "provider[\"registry.terraform.io/hashicorp/aws\"]",
      "instances": [
        {
          "schema_version": 0,
          "attributes": {
            "capacity_providers": [
              "FARGATE"
            ],
            "cluster_name": "ecs-agaile",
            "default_capacity_provider_strategy": [
              {
                "base": 1,
                "capacity_provider": "FARGATE",
                "weight": 100
              }
            ],
            "id": "ecs-agaile"
          },
          "sensitive_attributes": [],
          "private": "bnVsbA==",
          "dependencies": [
            "aws_ecs_cluster.ecs-agaile"
          ]
        }
      ]
    },
    {
      "mode": "managed",
      "type": "aws_ecs_cluster_capacity_providers",
      "name": "ecs-convert10",
      "provider": "provider[\"registry.terraform.io/hashicorp/aws\"]",
      "instances": [
        {
          "schema_version": 0,
          "attributes": {
            "capacity_providers": [
              "FARGATE"
            ],
            "cluster_name": "ecs-convert10",
            "default_capacity_provider_strategy": [
              {
                "base": 1,
                "capacity_provider": "FARGATE",
                "weight": 100
              }
            ],
            "id": "ecs-convert10"
          },
          "sensitive_attributes": [],
          "private": "bnVsbA==",
          "dependencies": [
            "aws_ecs_cluster.ecs-convert10"
          ]
        }
      ]
    },
    {
      "mode": "managed",
      "type": "aws_ecs_cluster_capacity_providers",
      "name": "ecs-rooftopsolar",
      "provider": "provider[\"registry.terraform.io/hashicorp/aws\"]",
      "instances": [
        {
          "schema_version": 0,
          "attributes": {
            "capacity_providers": [
              "FARGATE"
            ],
            "cluster_name": "ecs-rooftopsolar",
            "default_capacity_provider_strategy": [
              {
                "base": 1,
                "capacity_provider": "FARGATE",
                "weight": 100
              }
            ],
            "id": "ecs-rooftopsolar"
          },
          "sensitive_attributes": [],
          "private": "bnVsbA==",
          "dependencies": [
            "aws_ecs_cluster.ecs-rooftopsolar"
          ]
        }
      ]
    },
    {
      "mode": "managed",
      "type": "aws_ecs_cluster_capacity_providers",
      "name": "ecs-zohlar",
      "provider": "provider[\"registry.terraform.io/hashicorp/aws\"]",
      "instances": [
        {
          "schema_version": 0,
          "attributes": {
            "capacity_providers": [
              "FARGATE"
            ],
            "cluster_name": "ecs-zohlar",
            "default_capacity_provider_strategy": [
              {
                "base": 1,
                "capacity_provider": "FARGATE",
                "weight": 100
              }
            ],
            "id": "ecs-zohlar"
          },
          "sensitive_attributes": [],
          "private": "bnVsbA==",
          "dependencies": [
            "aws_ecs_cluster.ecs-zohlar"
          ]
        }
      ]
    },
    {
      "mode": "managed",
      "type": "aws_ecs_service",
      "name": "agaile-ecs-svc-tf",
      "provider": "provider[\"registry.terraform.io/hashicorp/aws\"]",
      "instances": [
        {
          "schema_version": 0,
          "attributes": {
            "alarms": [],
            "capacity_provider_strategy": [],
            "cluster": "arn:aws:ecs:eu-central-1:585008045756:cluster/ecs-agaile",
            "deployment_circuit_breaker": [
              {
                "enable": true,
                "rollback": true
              }
            ],
            "deployment_controller": [
              {
                "type": "ECS"
              }
            ],
            "deployment_maximum_percent": 200,
            "deployment_minimum_healthy_percent": 100,
            "desired_count": 1,
            "enable_ecs_managed_tags": false,
            "enable_execute_command": false,
            "force_new_deployment": null,
            "health_check_grace_period_seconds": 0,
            "iam_role": "/aws-service-role/ecs.amazonaws.com/AWSServiceRoleForECS",
            "id": "arn:aws:ecs:eu-central-1:585008045756:service/ecs-agaile/agaile-ecs-svc-tf",
            "launch_type": "FARGATE",
            "load_balancer": [
              {
                "container_name": "agaile-container",
                "container_port": 3000,
                "elb_name": "",
                "target_group_arn": "arn:aws:elasticloadbalancing:eu-central-1:585008045756:targetgroup/agaile-alb-tg-tf/d3246464f4c55b6b"
              }
            ],
            "name": "agaile-ecs-svc-tf",
            "network_configuration": [
              {
                "assign_public_ip": false,
                "security_groups": [
                  "sg-0fc69c563bbf289d8"
                ],
                "subnets": [
                  "subnet-0197df41affb2d92d",
                  "subnet-03b10924d502d91b6",
                  "subnet-0521f8466a40b394c"
                ]
              }
            ],
            "ordered_placement_strategy": [],
            "placement_constraints": [],
            "platform_version": "1.4.0",
            "propagate_tags": "NONE",
            "scheduling_strategy": "REPLICA",
            "service_connect_configuration": [],
            "service_registries": [],
            "tags": {
              "Environment": "prod",
              "ManagedBy": "terraform",
              "Project": "CAP"
            },
            "tags_all": {
              "Environment": "prod",
              "ManagedBy": "terraform",
              "Project": "CAP"
            },
            "task_definition": "arn:aws:ecs:eu-central-1:585008045756:task-definition/agaile-ecs-task-tf:17",
            "timeouts": null,
            "triggers": {},
            "wait_for_steady_state": false
          },
          "sensitive_attributes": [],
          "private": "eyJlMmJmYjczMC1lY2FhLTExZTYtOGY4OC0zNDM2M2JjN2M0YzAiOnsiY3JlYXRlIjoxMjAwMDAwMDAwMDAwLCJkZWxldGUiOjEyMDAwMDAwMDAwMDAsInVwZGF0ZSI6MTIwMDAwMDAwMDAwMH19",
          "dependencies": [
            "aws_ecs_cluster.ecs-agaile",
            "aws_ecs_task_definition.agaile-ecs-task-tf",
            "aws_iam_role.ecs_execution",
            "aws_iam_role.ecs_task_role",
            "aws_lb.agaile-alb-tf",
            "aws_lb_listener.agaile_https",
            "aws_lb_target_group.agaile-alb-tg-tf",
            "aws_security_group.agaile_alb",
            "aws_security_group.agaile_ecs_tasks"
          ]
        }
      ]
    },
    {
      "mode": "managed",
      "type": "aws_ecs_service",
      "name": "convert10-ecs-svc-tf",
      "provider": "provider[\"registry.terraform.io/hashicorp/aws\"]",
      "instances": [
        {
          "schema_version": 0,
          "attributes": {
            "alarms": [],
            "capacity_provider_strategy": [],
            "cluster": "arn:aws:ecs:eu-central-1:585008045756:cluster/ecs-convert10",
            "deployment_circuit_breaker": [
              {
                "enable": true,
                "rollback": true
              }
            ],
            "deployment_controller": [
              {
                "type": "ECS"
              }
            ],
            "deployment_maximum_percent": 200,
            "deployment_minimum_healthy_percent": 100,
            "desired_count": 1,
            "enable_ecs_managed_tags": false,
            "enable_execute_command": false,
            "force_new_deployment": null,
            "health_check_grace_period_seconds": 0,
            "iam_role": "/aws-service-role/ecs.amazonaws.com/AWSServiceRoleForECS",
            "id": "arn:aws:ecs:eu-central-1:585008045756:service/ecs-convert10/convert10-ecs-svc-tf",
            "launch_type": "FARGATE",
            "load_balancer": [
              {
                "container_name": "convert10-container",
                "container_port": 3000,
                "elb_name": "",
                "target_group_arn": "arn:aws:elasticloadbalancing:eu-central-1:585008045756:targetgroup/convert10-alb-tg-tf/49acf63b9c8129df"
              }
            ],
            "name": "convert10-ecs-svc-tf",
            "network_configuration": [
              {
                "assign_public_ip": false,
                "security_groups": [
                  "sg-0ab7fff8e306fe5a5"
                ],
                "subnets": [
                  "subnet-0197df41affb2d92d",
                  "subnet-03b10924d502d91b6",
                  "subnet-0521f8466a40b394c"
                ]
              }
            ],
            "ordered_placement_strategy": [],
            "placement_constraints": [],
            "platform_version": "1.4.0",
            "propagate_tags": "NONE",
            "scheduling_strategy": "REPLICA",
            "service_connect_configuration": [],
            "service_registries": [],
            "tags": {
              "Environment": "prod",
              "ManagedBy": "terraform",
              "Name": "convert10-ecs-svc-tf",
              "Project": "CAP"
            },
            "tags_all": {
              "Environment": "prod",
              "ManagedBy": "terraform",
              "Name": "convert10-ecs-svc-tf",
              "Project": "CAP"
            },
            "task_definition": "arn:aws:ecs:eu-central-1:585008045756:task-definition/convert10-ecs-task-tf:10",
            "timeouts": null,
            "triggers": {},
            "wait_for_steady_state": false
          },
          "sensitive_attributes": [],
          "private": "eyJlMmJmYjczMC1lY2FhLTExZTYtOGY4OC0zNDM2M2JjN2M0YzAiOnsiY3JlYXRlIjoxMjAwMDAwMDAwMDAwLCJkZWxldGUiOjEyMDAwMDAwMDAwMDAsInVwZGF0ZSI6MTIwMDAwMDAwMDAwMH19",
          "dependencies": [
            "aws_ecs_cluster.ecs-convert10",
            "aws_ecs_task_definition.convert10-ecs-task-tf",
            "aws_iam_role.convert10_task",
            "aws_iam_role.ecs_task_execution",
            "aws_lb_target_group.convert10-alb-tg-tf",
            "aws_security_group.convert10_alb",
            "aws_security_group.convert10_ecs_tasks"
          ]
        }
      ]
    },
    {
      "mode": "managed",
      "type": "aws_ecs_service",
      "name": "rooftopsolar-ecs-svc-tf",
      "provider": "provider[\"registry.terraform.io/hashicorp/aws\"]",
      "instances": [
        {
          "schema_version": 0,
          "attributes": {
            "alarms": [],
            "capacity_provider_strategy": [],
            "cluster": "arn:aws:ecs:eu-central-1:585008045756:cluster/ecs-rooftopsolar",
            "deployment_circuit_breaker": [
              {
                "enable": true,
                "rollback": true
              }
            ],
            "deployment_controller": [
              {
                "type": "ECS"
              }
            ],
            "deployment_maximum_percent": 200,
            "deployment_minimum_healthy_percent": 100,
            "desired_count": 1,
            "enable_ecs_managed_tags": false,
            "enable_execute_command": false,
            "force_new_deployment": null,
            "health_check_grace_period_seconds": 0,
            "iam_role": "/aws-service-role/ecs.amazonaws.com/AWSServiceRoleForECS",
            "id": "arn:aws:ecs:eu-central-1:585008045756:service/ecs-rooftopsolar/rooftopsolar-ecs-svc-tf",
            "launch_type": "FARGATE",
            "load_balancer": [
              {
                "container_name": "rooftopsolar-container",
                "container_port": 3000,
                "elb_name": "",
                "target_group_arn": "arn:aws:elasticloadbalancing:eu-central-1:585008045756:targetgroup/rooftopsolar-alb-tg-tf/55ffb3cea5cf1576"
              }
            ],
            "name": "rooftopsolar-ecs-svc-tf",
            "network_configuration": [
              {
                "assign_public_ip": false,
                "security_groups": [
                  "sg-01a8097b70b724193"
                ],
                "subnets": [
                  "subnet-0197df41affb2d92d",
                  "subnet-03b10924d502d91b6",
                  "subnet-0521f8466a40b394c"
                ]
              }
            ],
            "ordered_placement_strategy": [],
            "placement_constraints": [],
            "platform_version": "1.4.0",
            "propagate_tags": "NONE",
            "scheduling_strategy": "REPLICA",
            "service_connect_configuration": [],
            "service_registries": [],
            "tags": {
              "Environment": "prod",
              "ManagedBy": "terraform",
              "Project": "CAP"
            },
            "tags_all": {
              "Environment": "prod",
              "ManagedBy": "terraform",
              "Project": "CAP"
            },
            "task_definition": "arn:aws:ecs:eu-central-1:585008045756:task-definition/rooftopsolar-ecs-task-tf:15",
            "timeouts": null,
            "triggers": {},
            "wait_for_steady_state": false
          },
          "sensitive_attributes": [],
          "private": "eyJlMmJmYjczMC1lY2FhLTExZTYtOGY4OC0zNDM2M2JjN2M0YzAiOnsiY3JlYXRlIjoxMjAwMDAwMDAwMDAwLCJkZWxldGUiOjEyMDAwMDAwMDAwMDAsInVwZGF0ZSI6MTIwMDAwMDAwMDAwMH19",
          "dependencies": [
            "aws_ecs_cluster.ecs-rooftopsolar",
            "aws_ecs_task_definition.rooftopsolar-ecs-task-tf",
            "aws_iam_role.ecs_execution",
            "aws_iam_role.ecs_task_role",
            "aws_lb.rooftopsolar-alb-tf",
            "aws_lb_listener.rooftopsolar_https",
            "aws_lb_target_group.rooftopsolar-alb-tg-tf",
            "aws_security_group.rooftopsolar_alb",
            "aws_security_group.rooftopsolar_ecs_tasks"
          ]
        }
      ]
    },
    {
      "mode": "managed",
      "type": "aws_ecs_service",
      "name": "zohlar-ecs-svc-tf",
      "provider": "provider[\"registry.terraform.io/hashicorp/aws\"]",
      "instances": [
        {
          "schema_version": 0,
          "attributes": {
            "alarms": [],
            "capacity_provider_strategy": [],
            "cluster": "arn:aws:ecs:eu-central-1:585008045756:cluster/ecs-zohlar",
            "deployment_circuit_breaker": [
              {
                "enable": true,
                "rollback": true
              }
            ],
            "deployment_controller": [
              {
                "type": "ECS"
              }
            ],
            "deployment_maximum_percent": 200,
            "deployment_minimum_healthy_percent": 100,
            "desired_count": 1,
            "enable_ecs_managed_tags": false,
            "enable_execute_command": false,
            "force_new_deployment": null,
            "health_check_grace_period_seconds": 0,
            "iam_role": "/aws-service-role/ecs.amazonaws.com/AWSServiceRoleForECS",
            "id": "arn:aws:ecs:eu-central-1:585008045756:service/ecs-zohlar/zohlar-ecs-svc-tf",
            "launch_type": "FARGATE",
            "load_balancer": [
              {
                "container_name": "zohlar-container",
                "container_port": 3000,
                "elb_name": "",
                "target_group_arn": "arn:aws:elasticloadbalancing:eu-central-1:585008045756:targetgroup/zohlar-alb-tg-tf/e9b10157ae2f7fac"
              }
            ],
            "name": "zohlar-ecs-svc-tf",
            "network_configuration": [
              {
                "assign_public_ip": false,
                "security_groups": [
                  "sg-09591af33b0cdea5f"
                ],
                "subnets": [
                  "subnet-0197df41affb2d92d",
                  "subnet-0521f8466a40b394c"
                ]
              }
            ],
            "ordered_placement_strategy": [],
            "placement_constraints": [],
            "platform_version": "1.4.0",
            "propagate_tags": "NONE",
            "scheduling_strategy": "REPLICA",
            "service_connect_configuration": [],
            "service_registries": [],
            "tags": {
              "Environment": "prod",
              "ManagedBy": "terraform",
              "Name": "zohlar-ecs-svc-tf",
              "Project": "CAP"
            },
            "tags_all": {
              "Environment": "prod",
              "ManagedBy": "terraform",
              "Name": "zohlar-ecs-svc-tf",
              "Project": "CAP"
            },
            "task_definition": "arn:aws:ecs:eu-central-1:585008045756:task-definition/zohlar-ecs-task-tf:31",
            "timeouts": null,
            "triggers": {},
            "wait_for_steady_state": false
          },
          "sensitive_attributes": [],
          "private": "eyJlMmJmYjczMC1lY2FhLTExZTYtOGY4OC0zNDM2M2JjN2M0YzAiOnsiY3JlYXRlIjoxMjAwMDAwMDAwMDAwLCJkZWxldGUiOjEyMDAwMDAwMDAwMDAsInVwZGF0ZSI6MTIwMDAwMDAwMDAwMH19",
          "dependencies": [
            "aws_ecs_cluster.ecs-zohlar",
            "aws_ecs_task_definition.zohlar-ecs-task-tf",
            "aws_iam_role.ecs_execution",
            "aws_iam_role.ecs_task_role",
            "aws_lb.zohlar_alb",
            "aws_lb_listener.zohlar_https",
            "aws_lb_target_group.zohlar-alb-tg-tf",
            "aws_security_group.zohlar_alb",
            "aws_security_group.zohlar_ecs_tasks",
            "aws_subnet.tenant_new_public",
            "aws_vpc.tenant_new",
            "data.aws_subnets.zohlar_public"
          ]
        }
      ]
    },
    {
      "mode": "managed",
      "type": "aws_ecs_task_definition",
      "name": "agaile-ecs-task-tf",
      "provider": "provider[\"registry.terraform.io/hashicorp/aws\"]",
      "instances": [
        {
          "schema_version": 1,
          "attributes": {
            "arn": "arn:aws:ecs:eu-central-1:585008045756:task-definition/agaile-ecs-task-tf:18",
            "arn_without_revision": "arn:aws:ecs:eu-central-1:585008045756:task-definition/agaile-ecs-task-tf",
            "container_definitions": "[{\"cpu\":0,\"environment\":[{\"name\":\"ENVIRONMENT\",\"value\":\"prod\"},{\"name\":\"LANGCHAIN_API_KEY\",\"value\":\"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\"},{\"name\":\"LANGGRAPH_API_URL\",\"value\":\"https://cap-engine-prod-3a92666954b25377b9618182229aa012.us.langgraph.app\"},{\"name\":\"NEXT_PUBLIC_LANGGRAPH_ASSISTANT_ID\",\"value\":\"9aa00dfd-da8d-4655-9021-fb3de027a141\"}],\"essential\":true,\"image\":\"585008045756.dkr.ecr.eu-central-1.amazonaws.com/cap-frontend:agaile\",\"logConfiguration\":{\"logDriver\":\"awslogs\",\"options\":{\"awslogs-group\":\"/ecs/agaile-ecs-tf\",\"awslogs-region\":\"eu-central-1\",\"awslogs-stream-prefix\":\"ecs\"}},\"mountPoints\":[],\"name\":\"agaile-container\",\"portMappings\":[{\"containerPort\":3000,\"hostPort\":3000,\"protocol\":\"tcp\"}],\"systemControls\":[],\"volumesFrom\":[]}]",
            "cpu": "256",
            "ephemeral_storage": [],
            "execution_role_arn": "arn:aws:iam::585008045756:role/widget-prod-ecs-execution",
            "family": "agaile-ecs-task-tf",
            "id": "agaile-ecs-task-tf",
            "inference_accelerator": [],
            "ipc_mode": "",
            "memory": "512",
            "network_mode": "awsvpc",
            "pid_mode": "",
            "placement_constraints": [],
            "proxy_configuration": [],
            "requires_compatibilities": [
              "FARGATE"
            ],
            "revision": 18,
            "runtime_platform": [
              {
                "cpu_architecture": "ARM64",
                "operating_system_family": "LINUX"
              }
            ],
            "skip_destroy": false,
            "tags": {},
            "tags_all": {
              "Environment": "prod",
              "ManagedBy": "terraform",
              "Project": "CAP"
            },
            "task_role_arn": "arn:aws:iam::585008045756:role/ecs-task-role-prod",
            "track_latest": false,
            "volume": []
          },
          "sensitive_attributes": [],
          "private": "eyJzY2hlbWFfdmVyc2lvbiI6IjEifQ==",
          "dependencies": [
            "aws_iam_role.ecs_execution",
            "aws_iam_role.ecs_task_role"
          ]
        }
      ]
    },
    {
      "mode": "managed",
      "type": "aws_ecs_task_definition",
      "name": "convert10-ecs-task-tf",
      "provider": "provider[\"registry.terraform.io/hashicorp/aws\"]",
      "instances": [
        {
          "schema_version": 1,
          "attributes": {
            "arn": "arn:aws:ecs:eu-central-1:585008045756:task-definition/convert10-ecs-task-tf:11",
            "arn_without_revision": "arn:aws:ecs:eu-central-1:585008045756:task-definition/convert10-ecs-task-tf",
            "container_definitions": "[{\"cpu\":0,\"environment\":[{\"name\":\"ENVIRONMENT\",\"value\":\"prod\"},{\"name\":\"LANGCHAIN_API_KEY\",\"value\":\"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\"},{\"name\":\"LANGGRAPH_API_URL\",\"value\":\"https://cap-engine-prod-3a92666954b25377b9618182229aa012.us.langgraph.app\"},{\"name\":\"NEXT_PUBLIC_LANGGRAPH_ASSISTANT_ID\",\"value\":\"9aa00dfd-da8d-4655-9021-fb3de027a141\"}],\"essential\":true,\"image\":\"585008045756.dkr.ecr.eu-central-1.amazonaws.com/cap-frontend:agaile\",\"logConfiguration\":{\"logDriver\":\"awslogs\",\"options\":{\"awslogs-group\":\"/ecs/convert10-ecs-tf\",\"awslogs-region\":\"eu-central-1\",\"awslogs-stream-prefix\":\"ecs\"}},\"mountPoints\":[],\"name\":\"convert10-container\",\"portMappings\":[{\"containerPort\":3000,\"hostPort\":3000,\"protocol\":\"tcp\"}],\"systemControls\":[],\"volumesFrom\":[]}]",
            "cpu": "256",
            "ephemeral_storage": [],
            "execution_role_arn": "arn:aws:iam::585008045756:role/ecs-task-execution-prod",
            "family": "convert10-ecs-task-tf",
            "id": "convert10-ecs-task-tf",
            "inference_accelerator": [],
            "ipc_mode": "",
            "memory": "512",
            "network_mode": "awsvpc",
            "pid_mode": "",
            "placement_constraints": [],
            "proxy_configuration": [],
            "requires_compatibilities": [
              "FARGATE"
            ],
            "revision": 11,
            "runtime_platform": [
              {
                "cpu_architecture": "ARM64",
                "operating_system_family": "LINUX"
              }
            ],
            "skip_destroy": false,
            "tags": {
              "Environment": "prod",
              "ManagedBy": "terraform",
              "Name": "convert10-ecs-task-tf",
              "Project": "CAP"
            },
            "tags_all": {
              "Environment": "prod",
              "ManagedBy": "terraform",
              "Name": "convert10-ecs-task-tf",
              "Project": "CAP"
            },
            "task_role_arn": "arn:aws:iam::585008045756:role/convert10-task-role-tf",
            "track_latest": false,
            "volume": []
          },
          "sensitive_attributes": [],
          "private": "eyJzY2hlbWFfdmVyc2lvbiI6IjEifQ==",
          "dependencies": [
            "aws_iam_role.convert10_task",
            "aws_iam_role.ecs_task_execution"
          ],
          "create_before_destroy": true
        }
      ]
    },
    {
      "mode": "managed",
      "type": "aws_ecs_task_definition",
      "name": "rooftopsolar-ecs-task-tf",
      "provider": "provider[\"registry.terraform.io/hashicorp/aws\"]",
      "instances": [
        {
          "schema_version": 1,
          "attributes": {
            "arn": "arn:aws:ecs:eu-central-1:585008045756:task-definition/rooftopsolar-ecs-task-tf:18",
            "arn_without_revision": "arn:aws:ecs:eu-central-1:585008045756:task-definition/rooftopsolar-ecs-task-tf",
            "container_definitions": "[{\"cpu\":0,\"environment\":[{\"name\":\"ENVIRONMENT\",\"value\":\"prod\"},{\"name\":\"LANGCHAIN_API_KEY\",\"value\":\"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\"},{\"name\":\"LANGGRAPH_API_URL\",\"value\":\"https://cap-engine-prod-3a92666954b25377b9618182229aa012.us.langgraph.app\"},{\"name\":\"NEXT_PUBLIC_LANGGRAPH_ASSISTANT_ID\",\"value\":\"94e48e9b-e0e9-41c1-8c30-a7ed9b2380c1\"}],\"essential\":true,\"image\":\"585008045756.dkr.ecr.eu-central-1.amazonaws.com/cap-frontend:rooftopsolar\",\"logConfiguration\":{\"logDriver\":\"awslogs\",\"options\":{\"awslogs-group\":\"/ecs/rooftopsolar-ecs-tf\",\"awslogs-region\":\"eu-central-1\",\"awslogs-stream-prefix\":\"ecs\"}},\"mountPoints\":[],\"name\":\"rooftopsolar-container\",\"portMappings\":[{\"containerPort\":3000,\"hostPort\":3000,\"protocol\":\"tcp\"}],\"systemControls\":[],\"volumesFrom\":[]}]",
            "cpu": "256",
            "ephemeral_storage": [],
            "execution_role_arn": "arn:aws:iam::585008045756:role/widget-prod-ecs-execution",
            "family": "rooftopsolar-ecs-task-tf",
            "id": "rooftopsolar-ecs-task-tf",
            "inference_accelerator": [],
            "ipc_mode": "",
            "memory": "512",
            "network_mode": "awsvpc",
            "pid_mode": "",
            "placement_constraints": [],
            "proxy_configuration": [],
            "requires_compatibilities": [
              "FARGATE"
            ],
            "revision": 18,
            "runtime_platform": [
              {
                "cpu_architecture": "ARM64",
                "operating_system_family": "LINUX"
              }
            ],
            "skip_destroy": false,
            "tags": {
              "Environment": "prod",
              "ManagedBy": "terraform",
              "Name": "rooftopsolar-ecs-task-tf",
              "Project": "CAP"
            },
            "tags_all": {
              "Environment": "prod",
              "ManagedBy": "terraform",
              "Name": "rooftopsolar-ecs-task-tf",
              "Project": "CAP"
            },
            "task_role_arn": "arn:aws:iam::585008045756:role/ecs-task-role-prod",
            "track_latest": false,
            "volume": []
          },
          "sensitive_attributes": [],
          "private": "eyJzY2hlbWFfdmVyc2lvbiI6IjEifQ==",
          "dependencies": [
            "aws_iam_role.ecs_execution",
            "aws_iam_role.ecs_task_role"
          ]
        }
      ]
    },
    {
      "mode": "managed",
      "type": "aws_ecs_task_definition",
      "name": "zohlar-ecs-task-tf",
      "provider": "provider[\"registry.terraform.io/hashicorp/aws\"]",
      "instances": [
        {
          "schema_version": 1,
          "attributes": {
            "arn": "arn:aws:ecs:eu-central-1:585008045756:task-definition/zohlar-ecs-task-tf:31",
            "arn_without_revision": "arn:aws:ecs:eu-central-1:585008045756:task-definition/zohlar-ecs-task-tf",
            "container_definitions": "[{\"cpu\":0,\"environment\":[{\"name\":\"ENVIRONMENT\",\"value\":\"prod\"},{\"name\":\"LANGCHAIN_API_KEY\",\"value\":\"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\"},{\"name\":\"LANGGRAPH_API_URL\",\"value\":\"https://cap-engine-prod-3a92666954b25377b9618182229aa012.us.langgraph.app\"},{\"name\":\"NEXT_PUBLIC_LANGGRAPH_ASSISTANT_ID\",\"value\":\"545d012d-69fc-4b99-974e-e41dabeed46e\"}],\"essential\":true,\"image\":\"585008045756.dkr.ecr.eu-central-1.amazonaws.com/cap-frontend:zohlar-bab4654\",\"logConfiguration\":{\"logDriver\":\"awslogs\",\"options\":{\"awslogs-group\":\"/ecs/zohlar-ecs-tf\",\"awslogs-region\":\"eu-central-1\",\"awslogs-stream-prefix\":\"ecs\"}},\"mountPoints\":[],\"name\":\"zohlar-container\",\"portMappings\":[{\"containerPort\":3000,\"hostPort\":3000,\"protocol\":\"tcp\"}],\"systemControls\":[],\"volumesFrom\":[]}]",
            "cpu": "256",
            "ephemeral_storage": [],
            "execution_role_arn": "arn:aws:iam::585008045756:role/widget-prod-ecs-execution",
            "family": "zohlar-ecs-task-tf",
            "id": "zohlar-ecs-task-tf",
            "inference_accelerator": [],
            "ipc_mode": "",
            "memory": "512",
            "network_mode": "awsvpc",
            "pid_mode": "",
            "placement_constraints": [],
            "proxy_configuration": [],
            "requires_compatibilities": [
              "FARGATE"
            ],
            "revision": 31,
            "runtime_platform": [
              {
                "cpu_architecture": "ARM64",
                "operating_system_family": "LINUX"
              }
            ],
            "skip_destroy": false,
            "tags": {
              "Environment": "prod",
              "ManagedBy": "terraform",
              "Name": "zohlar-ecs-task-tf",
              "Project": "CAP"
            },
            "tags_all": {
              "Environment": "prod",
              "ManagedBy": "terraform",
              "Name": "zohlar-ecs-task-tf",
              "Project": "CAP"
            },
            "task_role_arn": "arn:aws:iam::585008045756:role/ecs-task-role-prod",
            "track_latest": false,
            "volume": []
          },
          "sensitive_attributes": [],
          "private": "eyJzY2hlbWFfdmVyc2lvbiI6IjEifQ==",
          "dependencies": [
            "aws_iam_role.ecs_execution",
            "aws_iam_role.ecs_task_role"
          ]
        }
      ]
    },
    {
      "mode": "managed",
      "type": "aws_flow_log",
      "name": "core_vpc",
      "provider": "provider[\"registry.terraform.io/hashicorp/aws\"]",
      "instances": [
        {
          "schema_version": 0,
          "attributes": {
            "arn": "arn:aws:ec2:eu-central-1:585008045756:vpc-flow-log/fl-00a9fbdb1f3bee700",
            "deliver_cross_account_role": "",
            "destination_options": [],
            "eni_id": null,
            "iam_role_arn": "arn:aws:iam::585008045756:role/vpc-flow-log-role-prod",
            "id": "fl-00a9fbdb1f3bee700",
            "log_destination": "arn:aws:logs:eu-central-1:585008045756:log-group:/aws/vpc/flow-log-prod",
            "log_destination_type": "cloud-watch-logs",
            "log_format": "${version} ${account-id} ${interface-id} ${srcaddr} ${dstaddr} ${srcport} ${dstport} ${protocol} ${packets} ${bytes} ${start} ${end} ${action} ${log-status}",
            "log_group_name": "/aws/vpc/flow-log-prod",
            "max_aggregation_interval": 600,
            "subnet_id": null,
            "tags": {
              "Environment": "prod",
              "ManagedBy": "terraform",
              "Name": "core-vpc-flow-log-prod",
              "Project": "CAP"
            },
            "tags_all": {
              "Environment": "prod",
              "ManagedBy": "terraform",
              "Name": "core-vpc-flow-log-prod",
              "Project": "CAP"
            },
            "traffic_type": "ALL",
            "transit_gateway_attachment_id": null,
            "transit_gateway_id": null,
            "vpc_id": "vpc-04ceed96ed33eb80a"
          },
          "sensitive_attributes": [],
          "private": "bnVsbA==",
          "dependencies": [
            "aws_cloudwatch_log_group.vpc_flow_log",
            "aws_iam_role.vpc_flow_log"
          ]
        }
      ]
    },
    {
      "mode": "managed",
      "type": "aws_flow_log",
      "name": "tenant_vpc",
      "provider": "provider[\"registry.terraform.io/hashicorp/aws\"]",
      "instances": [
        {
          "schema_version": 0,
          "attributes": {
            "arn": "arn:aws:ec2:eu-central-1:585008045756:vpc-flow-log/fl-0babd8f6980184f04",
            "deliver_cross_account_role": "",
            "destination_options": [],
            "eni_id": null,
            "iam_role_arn": "arn:aws:iam::585008045756:role/vpc-flow-log-role-prod",
            "id": "fl-0babd8f6980184f04",
            "log_destination": "arn:aws:logs:eu-central-1:585008045756:log-group:/aws/vpc/flow-log-prod",
            "log_destination_type": "cloud-watch-logs",
            "log_format": "${version} ${account-id} ${interface-id} ${srcaddr} ${dstaddr} ${srcport} ${dstport} ${protocol} ${packets} ${bytes} ${start} ${end} ${action} ${log-status}",
            "log_group_name": "/aws/vpc/flow-log-prod",
            "max_aggregation_interval": 600,
            "subnet_id": null,
            "tags": {
              "Environment": "prod",
              "ManagedBy": "terraform",
              "Name": "tenant-vpc-flow-log-prod",
              "Project": "CAP"
            },
            "tags_all": {
              "Environment": "prod",
              "ManagedBy": "terraform",
              "Name": "tenant-vpc-flow-log-prod",
              "Project": "CAP"
            },
            "traffic_type": "ALL",
            "transit_gateway_attachment_id": null,
            "transit_gateway_id": null,
            "vpc_id": "vpc-00fcae467a4f3d877"
          },
          "sensitive_attributes": [],
          "private": "bnVsbA==",
          "dependencies": [
            "aws_cloudwatch_log_group.vpc_flow_log",
            "aws_iam_role.vpc_flow_log"
          ]
        }
      ]
    },
    {
      "mode": "managed",
      "type": "aws_iam_instance_profile",
      "name": "bastion_profile",
      "provider": "provider[\"registry.terraform.io/hashicorp/aws\"]",
      "instances": [
        {
          "schema_version": 0,
          "attributes": {
            "arn": "arn:aws:iam::585008045756:instance-profile/bastion-ssm-profile",
            "create_date": "2025-01-06T07:24:35Z",
            "id": "bastion-ssm-profile",
            "name": "bastion-ssm-profile",
            "name_prefix": "",
            "path": "/",
            "role": "bastion-ssm-role",
            "tags": {},
            "tags_all": {
              "Environment": "prod",
              "ManagedBy": "terraform",
              "Project": "CAP"
            },
            "unique_id": "AIPAYQNJSL26C7Q3DEB5X"
          },
          "sensitive_attributes": [],
          "private": "bnVsbA==",
          "dependencies": [
            "aws_iam_role.bastion_ssm_role"
          ]
        }
      ]
    },
    {
      "mode": "managed",
      "type": "aws_iam_policy",
      "name": "github_actions_ecr",
      "provider": "provider[\"registry.terraform.io/hashicorp/aws\"]",
      "instances": [
        {
          "schema_version": 0,
          "attributes": {
            "arn": "arn:aws:iam::585008045756:policy/github-actions-ecr",
            "attachment_count": 0,
            "description": "Policy for GitHub Actions ECR access and ECS service updates",
            "id": "arn:aws:iam::585008045756:policy/github-actions-ecr",
            "name": "github-actions-ecr",
            "name_prefix": "",
            "path": "/",
            "policy": "{\"Statement\":[{\"Action\":[\"ecr:GetAuthorizationToken\",\"ecr:BatchCheckLayerAvailability\",\"ecr:GetDownloadUrlForLayer\",\"ecr:GetRepositoryPolicy\",\"ecr:DescribeRepositories\",\"ecr:ListImages\",\"ecr:DescribeImages\",\"ecr:BatchGetImage\",\"ecr:InitiateLayerUpload\",\"ecr:UploadLayerPart\",\"ecr:CompleteLayerUpload\",\"ecr:PutImage\"],\"Effect\":\"Allow\",\"Resource\":[\"arn:aws:ecr:eu-central-1:585008045756:repository/cap-engine\",\"arn:aws:ecr:eu-central-1:585008045756:repository/cap-frontend\"]},{\"Action\":\"ecr:GetAuthorizationToken\",\"Effect\":\"Allow\",\"Resource\":\"*\"},{\"Action\":\"ecs:UpdateService\",\"Effect\":\"Allow\",\"Resource\":[\"arn:aws:ecs:eu-central-1:585008045756:service/widget-prod/widget-prod-default\"]}],\"Version\":\"2012-10-17\"}",
            "policy_id": "ANPAYQNJSL26JXS2HWWED",
            "tags": {},
            "tags_all": {
              "Environment": "prod",
              "ManagedBy": "terraform",
              "Project": "CAP"
            }
          },
          "sensitive_attributes": [],
          "private": "bnVsbA==",
          "dependencies": [
            "data.aws_caller_identity.current"
          ]
        }
      ]
    },
    {
      "mode": "managed",
      "type": "aws_iam_policy",
      "name": "ivo_admin_policy",
      "provider": "provider[\"registry.terraform.io/hashicorp/aws\"]",
      "instances": [
        {
          "schema_version": 0,
          "attributes": {
            "arn": "arn:aws:iam::585008045756:policy/IvoAdminPolicy",
            "attachment_count": 0,
            "description": "Specific permissions for Ivo admin",
            "id": "arn:aws:iam::585008045756:policy/IvoAdminPolicy",
            "name": "IvoAdminPolicy",
            "name_prefix": "",
            "path": "/",
            "policy": "{\"Statement\":[{\"Action\":[\"ecs:*\",\"ecr:*\",\"s3:*\"],\"Effect\":\"Allow\",\"Resource\":\"*\"}],\"Version\":\"2012-10-17\"}",
            "policy_id": "ANPAYQNJSL26CXU4ZAOFE",
            "tags": {},
            "tags_all": {
              "Environment": "prod",
              "ManagedBy": "terraform",
              "Project": "CAP"
            }
          },
          "sensitive_attributes": [],
          "private": "bnVsbA=="
        }
      ]
    },
    {
      "mode": "managed",
      "type": "aws_iam_policy",
      "name": "lambda_vpc_access",
      "provider": "provider[\"registry.terraform.io/hashicorp/aws\"]",
      "instances": [
        {
          "schema_version": 0,
          "attributes": {
            "arn": "arn:aws:iam::585008045756:policy/lambda-vpc-access-policy",
            "attachment_count": 0,
            "description": "",
            "id": "arn:aws:iam::585008045756:policy/lambda-vpc-access-policy",
            "name": "lambda-vpc-access-policy",
            "name_prefix": "",
            "path": "/",
            "policy": "{\"Statement\":[{\"Action\":[\"ec2:CreateNetworkInterface\",\"ec2:DescribeNetworkInterfaces\",\"ec2:DeleteNetworkInterface\"],\"Effect\":\"Allow\",\"Resource\":\"*\"}],\"Version\":\"2012-10-17\"}",
            "policy_id": "ANPAYQNJSL26A26E26RL4",
            "tags": {},
            "tags_all": {
              "Environment": "prod",
              "ManagedBy": "terraform",
              "Project": "CAP"
            }
          },
          "sensitive_attributes": [],
          "private": "bnVsbA=="
        }
      ]
    },
    {
      "mode": "managed",
      "type": "aws_iam_policy",
      "name": "rds_iam_auth",
      "provider": "provider[\"registry.terraform.io/hashicorp/aws\"]",
      "instances": [
        {
          "schema_version": 0,
          "attributes": {
            "arn": "arn:aws:iam::585008045756:policy/rds-iam-auth-policy",
            "attachment_count": 2,
            "description": "Policy for RDS IAM authentication with specific user access",
            "id": "arn:aws:iam::585008045756:policy/rds-iam-auth-policy",
            "name": "rds-iam-auth-policy",
            "name_prefix": "",
            "path": "/",
            "policy": "{\"Statement\":[{\"Action\":[\"rds-db:connect\",\"rds:GenerateDBAuthToken\"],\"Effect\":\"Allow\",\"Resource\":[\"arn:aws:rds-db:eu-central-1:585008045756:dbuser/prod-aurora-cluster/*\",\"arn:aws:rds-db:eu-central-1:585008045756:dbuser/widget-prod-proxy/*\"],\"Sid\":\"AllowRDSIAMAuthentication\"}],\"Version\":\"2012-10-17\"}",
            "policy_id": "ANPAYQNJSL26KWK335Q2M",
            "tags": {
              "Environment": "prod",
              "ManagedBy": "terraform",
              "Project": "CAP"
            },
            "tags_all": {
              "Environment": "prod",
              "ManagedBy": "terraform",
              "Project": "CAP"
            }
          },
          "sensitive_attributes": [],
          "private": "bnVsbA==",
          "dependencies": [
            "aws_db_proxy.aurora_proxy",
            "aws_iam_role.rds_proxy_role",
            "aws_secretsmanager_secret.proxy_secret",
            "aws_security_group.rds_proxy",
            "data.aws_caller_identity.current",
            "data.aws_region.current"
          ]
        }
      ]
    },
    {
      "mode": "managed",
      "type": "aws_iam_policy",
      "name": "terraform_limited_access",
      "provider": "provider[\"registry.terraform.io/hashicorp/aws\"]",
      "instances": [
        {
          "schema_version": 0,
          "attributes": {
            "arn": "arn:aws:iam::585008045756:policy/TerraformLimitedAccess",
            "attachment_count": 1,
            "description": "Limited access policy for Terraform operations",
            "id": "arn:aws:iam::585008045756:policy/TerraformLimitedAccess",
            "name": "TerraformLimitedAccess",
            "name_prefix": "",
            "path": "/",
            "policy": "{\"Statement\":[{\"Action\":[\"ec2:*\",\"rds:*\",\"s3:*\",\"ecs:*\",\"elasticloadbalancing:*\",\"iam:*\",\"route53:*\",\"cloudwatch:*\",\"logs:*\",\"cloudfront:*\",\"acm:*\",\"lambda:*\",\"apigateway:*\"],\"Effect\":\"Allow\",\"Resource\":\"*\"}],\"Version\":\"2012-10-17\"}",
            "policy_id": "ANPAYQNJSL26ABSKRMPDU",
            "tags": {},
            "tags_all": {
              "Environment": "prod",
              "ManagedBy": "terraform",
              "Project": "CAP"
            }
          },
          "sensitive_attributes": [],
          "private": "bnVsbA=="
        }
      ]
    },
    {
      "mode": "managed",
      "type": "aws_iam_role",
      "name": "bastion_ssm_role",
      "provider": "provider[\"registry.terraform.io/hashicorp/aws\"]",
      "instances": [
        {
          "schema_version": 0,
          "attributes": {
            "arn": "arn:aws:iam::585008045756:role/bastion-ssm-role",
            "assume_role_policy": "{\"Statement\":[{\"Action\":\"sts:AssumeRole\",\"Effect\":\"Allow\",\"Principal\":{\"Service\":\"ec2.amazonaws.com\"}}],\"Version\":\"2012-10-17\"}",
            "create_date": "2025-01-06T07:24:34Z",
            "description": "",
            "force_detach_policies": false,
            "id": "bastion-ssm-role",
            "inline_policy": [
              {
                "name": "bastion-rds-connect",
                "policy": "{\"Version\":\"2012-10-17\",\"Statement\":[{\"Action\":[\"rds-db:connect\"],\"Effect\":\"Allow\",\"Resource\":[\"arn:aws:rds-db:eu-central-1:585008045756:dbuser:prod-aurora-proxy/*\",\"arn:aws:rds-db:eu-central-1:585008045756:dbuser:prod-aurora-cluster/*\"]}]}"
              }
            ],
            "managed_policy_arns": [
              "arn:aws:iam::aws:policy/AmazonSSMFullAccess",
              "arn:aws:iam::aws:policy/AmazonSSMManagedInstanceCore",
              "arn:aws:iam::aws:policy/CloudWatchAgentServerPolicy"
            ],
            "max_session_duration": 3600,
            "name": "bastion-ssm-role",
            "name_prefix": "",
            "path": "/",
            "permissions_boundary": "",
            "tags": {
              "Name": "bastion-ssm-role",
              "Tenant": "agaile-shared-prod"
            },
            "tags_all": {
              "Environment": "prod",
              "ManagedBy": "terraform",
              "Name": "bastion-ssm-role",
              "Project": "CAP",
              "Tenant": "agaile-shared-prod"
            },
            "unique_id": "AROAYQNJSL26HEWLAGTH7"
          },
          "sensitive_attributes": [],
          "private": "bnVsbA=="
        }
      ]
    },
    {
      "mode": "managed",
      "type": "aws_iam_role",
      "name": "convert10_task",
      "provider": "provider[\"registry.terraform.io/hashicorp/aws\"]",
      "instances": [
        {
          "schema_version": 0,
          "attributes": {
            "arn": "arn:aws:iam::585008045756:role/convert10-task-role-tf",
            "assume_role_policy": "{\"Statement\":[{\"Action\":\"sts:AssumeRole\",\"Effect\":\"Allow\",\"Principal\":{\"Service\":\"ecs-tasks.amazonaws.com\"}}],\"Version\":\"2012-10-17\"}",
            "create_date": "2025-01-19T17:41:31Z",
            "description": "",
            "force_detach_policies": false,
            "id": "convert10-task-role-tf",
            "inline_policy": [
              {
                "name": "terraform-20250119174135466200000005",
                "policy": "{\"Statement\":[{\"Action\":[\"dynamodb:*\",\"s3:*\",\"secretsmanager:GetSecretValue\"],\"Effect\":\"Allow\",\"Resource\":[\"arn:aws:dynamodb:eu-central-1:585008045756:table/convert10-prod-assistant-configs\",\"arn:aws:dynamodb:eu-central-1:585008045756:table/convert10-prod-chat-history\",\"arn:aws:dynamodb:eu-central-1:585008045756:table/convert10-prod-prompt-template\",\"arn:aws:s3:::convert10-prod-bucket/*\",\"arn:aws:secretsmanager:eu-central-1:585008045756:secret:convert10-*\"]}]}"
              }
            ],
            "managed_policy_arns": [
              "arn:aws:iam::585008045756:policy/rds-iam-auth-policy"
            ],
            "max_session_duration": 3600,
            "name": "convert10-task-role-tf",
            "name_prefix": "",
            "path": "/",
            "permissions_boundary": "",
            "tags": {
              "Environment": "prod",
              "ManagedBy": "terraform",
              "Name": "convert10-task-role-tf",
              "Project": "CAP"
            },
            "tags_all": {
              "Environment": "prod",
              "ManagedBy": "terraform",
              "Name": "convert10-task-role-tf",
              "Project": "CAP"
            },
            "unique_id": "AROAYQNJSL26CS7AIPAQY"
          },
          "sensitive_attributes": [],
          "private": "bnVsbA==",
          "create_before_destroy": true
        }
      ]
    },
    {
      "mode": "managed",
      "type": "aws_iam_role",
      "name": "ecs_execution",
      "provider": "provider[\"registry.terraform.io/hashicorp/aws\"]",
      "instances": [
        {
          "schema_version": 0,
          "attributes": {
            "arn": "arn:aws:iam::585008045756:role/widget-prod-ecs-execution",
            "assume_role_policy": "{\"Statement\":[{\"Action\":\"sts:AssumeRole\",\"Effect\":\"Allow\",\"Principal\":{\"Service\":\"ecs-tasks.amazonaws.com\"}}],\"Version\":\"2012-10-17\"}",
            "create_date": "2025-01-04T16:01:41Z",
            "description": "",
            "force_detach_policies": false,
            "id": "widget-prod-ecs-execution",
            "inline_policy": [
              {
                "name": "widget-prod-ecs-execution",
                "policy": "{\"Version\":\"2012-10-17\",\"Statement\":[{\"Action\":[\"ecr:GetAuthorizationToken\",\"ecr:BatchCheckLayerAvailability\",\"ecr:GetDownloadUrlForLayer\",\"ecr:BatchGetImage\"],\"Effect\":\"Allow\",\"Resource\":[\"arn:aws:ecr:eu-central-1:585008045756:repository/cap-frontend\",\"arn:aws:ecr:eu-central-1:585008045756:repository/cap-engine\"]},{\"Action\":[\"ecr:GetAuthorizationToken\"],\"Effect\":\"Allow\",\"Resource\":\"*\"}]}"
              }
            ],
            "managed_policy_arns": [
              "arn:aws:iam::aws:policy/AmazonEC2ContainerRegistryPowerUser",
              "arn:aws:iam::aws:policy/service-role/AmazonECSTaskExecutionRolePolicy"
            ],
            "max_session_duration": 3600,
            "name": "widget-prod-ecs-execution",
            "name_prefix": "",
            "path": "/",
            "permissions_boundary": "",
            "tags": {
              "Environment": "prod",
              "ManagedBy": "terraform",
              "Project": "CAP"
            },
            "tags_all": {
              "Environment": "prod",
              "ManagedBy": "terraform",
              "Project": "CAP"
            },
            "unique_id": "AROAYQNJSL26P4I46DHBX"
          },
          "sensitive_attributes": [],
          "private": "bnVsbA=="
        }
      ]
    },
    {
      "mode": "managed",
      "type": "aws_iam_role",
      "name": "ecs_task_execution",
      "provider": "provider[\"registry.terraform.io/hashicorp/aws\"]",
      "instances": [
        {
          "schema_version": 0,
          "attributes": {
            "arn": "arn:aws:iam::585008045756:role/ecs-task-execution-prod",
            "assume_role_policy": "{\"Statement\":[{\"Action\":\"sts:AssumeRole\",\"Effect\":\"Allow\",\"Principal\":{\"Service\":\"ecs-tasks.amazonaws.com\"}}],\"Version\":\"2012-10-17\"}",
            "create_date": "2025-01-19T17:41:33Z",
            "description": "",
            "force_detach_policies": false,
            "id": "ecs-task-execution-prod",
            "inline_policy": [],
            "managed_policy_arns": [
              "arn:aws:iam::aws:policy/service-role/AmazonECSTaskExecutionRolePolicy"
            ],
            "max_session_duration": 3600,
            "name": "ecs-task-execution-prod",
            "name_prefix": "",
            "path": "/",
            "permissions_boundary": "",
            "tags": {
              "Environment": "prod",
              "ManagedBy": "terraform",
              "Name": "ecs-task-execution-prod",
              "Project": "CAP"
            },
            "tags_all": {
              "Environment": "prod",
              "ManagedBy": "terraform",
              "Name": "ecs-task-execution-prod",
              "Project": "CAP"
            },
            "unique_id": "AROAYQNJSL26LNPY57MZ6"
          },
          "sensitive_attributes": [],
          "private": "bnVsbA==",
          "create_before_destroy": true
        }
      ]
    },
    {
      "mode": "managed",
      "type": "aws_iam_role",
      "name": "ecs_task_role",
      "provider": "provider[\"registry.terraform.io/hashicorp/aws\"]",
      "instances": [
        {
          "schema_version": 0,
          "attributes": {
            "arn": "arn:aws:iam::585008045756:role/ecs-task-role-prod",
            "assume_role_policy": "{\"Statement\":[{\"Action\":\"sts:AssumeRole\",\"Effect\":\"Allow\",\"Principal\":{\"Service\":\"ecs-tasks.amazonaws.com\"}}],\"Version\":\"2012-10-17\"}",
            "create_date": "2025-01-19T15:51:52Z",
            "description": "",
            "force_detach_policies": false,
            "id": "ecs-task-role-prod",
            "inline_policy": [
              {
                "name": "ecs-task-policy-prod",
                "policy": "{\"Version\":\"2012-10-17\",\"Statement\":[{\"Action\":[\"ecr:GetAuthorizationToken\",\"ecr:BatchCheckLayerAvailability\",\"ecr:GetDownloadUrlForLayer\",\"ecr:BatchGetImage\",\"logs:CreateLogStream\",\"logs:PutLogEvents\",\"secretsmanager:GetSecretValue\",\"kms:Decrypt\"],\"Effect\":\"Allow\",\"Resource\":\"*\"}]}"
              }
            ],
            "managed_policy_arns": [
              "arn:aws:iam::aws:policy/CloudWatchLogsFullAccess"
            ],
            "max_session_duration": 3600,
            "name": "ecs-task-role-prod",
            "name_prefix": "",
            "path": "/",
            "permissions_boundary": "",
            "tags": {
              "Environment": "prod",
              "ManagedBy": "terraform",
              "Name": "ecs-task-role-prod",
              "Project": "CAP"
            },
            "tags_all": {
              "Environment": "prod",
              "ManagedBy": "terraform",
              "Name": "ecs-task-role-prod",
              "Project": "CAP"
            },
            "unique_id": "AROAYQNJSL26LHSHWXOUV"
          },
          "sensitive_attributes": [],
          "private": "bnVsbA=="
        }
      ]
    },
    {
      "mode": "managed",
      "type": "aws_iam_role",
      "name": "lambda_execution",
      "provider": "provider[\"registry.terraform.io/hashicorp/aws\"]",
      "instances": [
        {
          "schema_version": 0,
          "attributes": {
            "arn": "arn:aws:iam::585008045756:role/lambda_execution_role",
            "assume_role_policy": "{\"Statement\":[{\"Action\":\"sts:AssumeRole\",\"Effect\":\"Allow\",\"Principal\":{\"Service\":\"lambda.amazonaws.com\"}}],\"Version\":\"2012-10-17\"}",
            "create_date": "2025-01-05T15:15:33Z",
            "description": "",
            "force_detach_policies": false,
            "id": "lambda_execution_role",
            "inline_policy": [
              {
                "name": "lambda-custom-policy",
                "policy": "{\"Version\":\"2012-10-17\",\"Statement\":[{\"Action\":[\"ec2:CreateNetworkInterface\",\"ec2:DescribeNetworkInterfaces\",\"ec2:DeleteNetworkInterface\",\"ec2:AssignPrivateIpAddresses\",\"ec2:UnassignPrivateIpAddresses\",\"ec2:DescribeSecurityGroups\",\"ec2:DescribeSubnets\",\"ec2:DescribeVpcs\",\"ec2:CreateNetworkInterfacePermission\"],\"Effect\":\"Allow\",\"Resource\":\"*\"},{\"Action\":[\"logs:CreateLogGroup\",\"logs:CreateLogStream\",\"logs:PutLogEvents\"],\"Effect\":\"Allow\",\"Resource\":\"arn:aws:logs:*:*:*\"}]}"
              }
            ],
            "managed_policy_arns": [
              "arn:aws:iam::aws:policy/service-role/AWSLambdaBasicExecutionRole",
              "arn:aws:iam::aws:policy/service-role/AWSLambdaVPCAccessExecutionRole"
            ],
            "max_session_duration": 3600,
            "name": "lambda_execution_role",
            "name_prefix": "",
            "path": "/",
            "permissions_boundary": "",
            "tags": {
              "Environment": "prod",
              "Name": "lambda_execution_role"
            },
            "tags_all": {
              "Environment": "prod",
              "ManagedBy": "terraform",
              "Name": "lambda_execution_role",
              "Project": "CAP"
            },
            "unique_id": "AROAYQNJSL26KAU4CW6B2"
          },
          "sensitive_attributes": [],
          "private": "bnVsbA=="
        }
      ]
    },
    {
      "mode": "managed",
      "type": "aws_iam_role",
      "name": "rds_proxy_role",
      "provider": "provider[\"registry.terraform.io/hashicorp/aws\"]",
      "instances": [
        {
          "schema_version": 0,
          "attributes": {
            "arn": "arn:aws:iam::585008045756:role/rds-proxy-role-prod",
            "assume_role_policy": "{\"Statement\":[{\"Action\":\"sts:AssumeRole\",\"Effect\":\"Allow\",\"Principal\":{\"Service\":\"rds.amazonaws.com\"}}],\"Version\":\"2012-10-17\"}",
            "create_date": "2025-01-19T17:41:33Z",
            "description": "",
            "force_detach_policies": false,
            "id": "rds-proxy-role-prod",
            "inline_policy": [],
            "managed_policy_arns": [],
            "max_session_duration": 3600,
            "name": "rds-proxy-role-prod",
            "name_prefix": "",
            "path": "/",
            "permissions_boundary": "",
            "tags": {
              "Environment": "prod",
              "ManagedBy": "terraform",
              "Project": "CAP"
            },
            "tags_all": {
              "Environment": "prod",
              "ManagedBy": "terraform",
              "Project": "CAP"
            },
            "unique_id": "AROAYQNJSL26BOEE5KHWT"
          },
          "sensitive_attributes": [],
          "private": "bnVsbA=="
        }
      ]
    },
    {
      "mode": "managed",
      "type": "aws_iam_role",
      "name": "rooftopsolar_task",
      "provider": "provider[\"registry.terraform.io/hashicorp/aws\"]",
      "instances": [
        {
          "schema_version": 0,
          "attributes": {
            "arn": "arn:aws:iam::585008045756:role/rooftopsolar-task-role-tf",
            "assume_role_policy": "{\"Statement\":[{\"Action\":\"sts:AssumeRole\",\"Effect\":\"Allow\",\"Principal\":{\"Service\":\"ecs-tasks.amazonaws.com\"}}],\"Version\":\"2012-10-17\"}",
            "create_date": "2025-01-19T18:44:07Z",
            "description": "",
            "force_detach_policies": false,
            "id": "rooftopsolar-task-role-tf",
            "inline_policy": [],
            "managed_policy_arns": [],
            "max_session_duration": 3600,
            "name": "rooftopsolar-task-role-tf",
            "name_prefix": "",
            "path": "/",
            "permissions_boundary": "",
            "tags": {
              "Environment": "prod",
              "ManagedBy": "terraform",
              "Name": "rooftopsolar-task-role-tf",
              "Project": "CAP"
            },
            "tags_all": {
              "Environment": "prod",
              "ManagedBy": "terraform",
              "Name": "rooftopsolar-task-role-tf",
              "Project": "CAP"
            },
            "unique_id": "AROAYQNJSL26MB4DK6BSI"
          },
          "sensitive_attributes": [],
          "private": "bnVsbA=="
        }
      ]
    },
    {
      "mode": "managed",
      "type": "aws_iam_role",
      "name": "transit_gateway",
      "provider": "provider[\"registry.terraform.io/hashicorp/aws\"]",
      "instances": [
        {
          "schema_version": 0,
          "attributes": {
            "arn": "arn:aws:iam::585008045756:role/transit-gateway-role-prod",
            "assume_role_policy": "{\"Statement\":[{\"Action\":\"sts:AssumeRole\",\"Effect\":\"Allow\",\"Principal\":{\"Service\":\"transitgateway.amazonaws.com\"}}],\"Version\":\"2012-10-17\"}",
            "create_date": "2025-01-19T15:51:51Z",
            "description": "",
            "force_detach_policies": false,
            "id": "transit-gateway-role-prod",
            "inline_policy": [
              {
                "name": "transit-gateway-policy-prod",
                "policy": "{\"Version\":\"2012-10-17\",\"Statement\":[{\"Action\":[\"ec2:CreateNetworkInterface\",\"ec2:DeleteNetworkInterface\",\"ec2:DescribeNetworkInterfaces\",\"ec2:ModifyNetworkInterfaceAttribute\"],\"Effect\":\"Allow\",\"Resource\":\"*\"}]}"
              }
            ],
            "managed_policy_arns": [],
            "max_session_duration": 3600,
            "name": "transit-gateway-role-prod",
            "name_prefix": "",
            "path": "/",
            "permissions_boundary": "",
            "tags": {
              "Environment": "prod",
              "ManagedBy": "terraform",
              "Name": "transit-gateway-role-prod",
              "Project": "CAP"
            },
            "tags_all": {
              "Environment": "prod",
              "ManagedBy": "terraform",
              "Name": "transit-gateway-role-prod",
              "Project": "CAP"
            },
            "unique_id": "AROAYQNJSL26LLSDUXTSF"
          },
          "sensitive_attributes": [],
          "private": "bnVsbA=="
        }
      ]
    },
    {
      "mode": "managed",
      "type": "aws_iam_role",
      "name": "vpc_flow_log",
      "provider": "provider[\"registry.terraform.io/hashicorp/aws\"]",
      "instances": [
        {
          "schema_version": 0,
          "attributes": {
            "arn": "arn:aws:iam::585008045756:role/vpc-flow-log-role-prod",
            "assume_role_policy": "{\"Statement\":[{\"Action\":\"sts:AssumeRole\",\"Effect\":\"Allow\",\"Principal\":{\"Service\":\"vpc-flow-logs.amazonaws.com\"}}],\"Version\":\"2012-10-17\"}",
            "create_date": "2025-01-19T12:16:38Z",
            "description": "",
            "force_detach_policies": false,
            "id": "vpc-flow-log-role-prod",
            "inline_policy": [
              {
                "name": "vpc-flow-log-policy-prod",
                "policy": "{\"Version\":\"2012-10-17\",\"Statement\":[{\"Action\":[\"logs:CreateLogGroup\",\"logs:CreateLogStream\",\"logs:PutLogEvents\",\"logs:DescribeLogGroups\",\"logs:DescribeLogStreams\"],\"Effect\":\"Allow\",\"Resource\":\"*\"}]}"
              }
            ],
            "managed_policy_arns": [],
            "max_session_duration": 3600,
            "name": "vpc-flow-log-role-prod",
            "name_prefix": "",
            "path": "/",
            "permissions_boundary": "",
            "tags": {},
            "tags_all": {
              "Environment": "prod",
              "ManagedBy": "terraform",
              "Project": "CAP"
            },
            "unique_id": "AROAYQNJSL26MYPHZOZVN"
          },
          "sensitive_attributes": [],
          "private": "bnVsbA=="
        }
      ]
    },
    {
      "mode": "managed",
      "type": "aws_iam_role",
      "name": "zohlar_task",
      "provider": "provider[\"registry.terraform.io/hashicorp/aws\"]",
      "instances": [
        {
          "schema_version": 0,
          "attributes": {
            "arn": "arn:aws:iam::585008045756:role/zohlar-task-role-tf",
            "assume_role_policy": "{\"Statement\":[{\"Action\":\"sts:AssumeRole\",\"Effect\":\"Allow\",\"Principal\":{\"Service\":\"ecs-tasks.amazonaws.com\"}}],\"Version\":\"2012-10-17\"}",
            "create_date": "2025-01-19T17:41:32Z",
            "description": "",
            "force_detach_policies": false,
            "id": "zohlar-task-role-tf",
            "inline_policy": [
              {
                "name": "terraform-20250119174133524700000003",
                "policy": "{\"Statement\":[{\"Action\":[\"dynamodb:*\",\"s3:*\",\"secretsmanager:GetSecretValue\"],\"Effect\":\"Allow\",\"Resource\":[\"arn:aws:dynamodb:eu-central-1:585008045756:table/zohlar-prod-assistant-configs\",\"arn:aws:dynamodb:eu-central-1:585008045756:table/zohlar-prod-chat-history\",\"arn:aws:dynamodb:eu-central-1:585008045756:table/zohlar-prod-prompt-template\",\"arn:aws:s3:::zohlar-prod-bucket/*\",\"arn:aws:secretsmanager:eu-central-1:585008045756:secret:zohlar-*\"]}]}"
              }
            ],
            "managed_policy_arns": [
              "arn:aws:iam::585008045756:policy/rds-iam-auth-policy"
            ],
            "max_session_duration": 3600,
            "name": "zohlar-task-role-tf",
            "name_prefix": "",
            "path": "/",
            "permissions_boundary": "",
            "tags": {
              "Environment": "prod",
              "ManagedBy": "terraform",
              "Name": "zohlar-task-role-tf",
              "Project": "CAP"
            },
            "tags_all": {
              "Environment": "prod",
              "ManagedBy": "terraform",
              "Name": "zohlar-task-role-tf",
              "Project": "CAP"
            },
            "unique_id": "AROAYQNJSL26EGLXRS5AB"
          },
          "sensitive_attributes": [],
          "private": "bnVsbA=="
        }
      ]
    },
    {
      "mode": "managed",
      "type": "aws_iam_role_policy",
      "name": "convert10_task",
      "provider": "provider[\"registry.terraform.io/hashicorp/aws\"]",
      "instances": [
        {
          "schema_version": 0,
          "attributes": {
            "id": "convert10-task-role-tf:terraform-20250119174135466200000005",
            "name": "terraform-20250119174135466200000005",
            "name_prefix": "terraform-",
            "policy": "{\"Statement\":[{\"Action\":[\"dynamodb:*\",\"s3:*\",\"secretsmanager:GetSecretValue\"],\"Effect\":\"Allow\",\"Resource\":[\"arn:aws:dynamodb:eu-central-1:585008045756:table/convert10-prod-assistant-configs\",\"arn:aws:dynamodb:eu-central-1:585008045756:table/convert10-prod-chat-history\",\"arn:aws:dynamodb:eu-central-1:585008045756:table/convert10-prod-prompt-template\",\"arn:aws:s3:::convert10-prod-bucket/*\",\"arn:aws:secretsmanager:eu-central-1:585008045756:secret:convert10-*\"]}]}",
            "role": "convert10-task-role-tf"
          },
          "sensitive_attributes": [],
          "private": "bnVsbA==",
          "dependencies": [
            "aws_dynamodb_table.convert10_assistant_configs",
            "aws_dynamodb_table.convert10_chat_history",
            "aws_dynamodb_table.convert10_prompt_template",
            "aws_iam_role.convert10_task",
            "aws_s3_bucket.convert10"
          ]
        }
      ]
    },
    {
      "mode": "managed",
      "type": "aws_iam_role_policy",
      "name": "ecs_execution",
      "provider": "provider[\"registry.terraform.io/hashicorp/aws\"]",
      "instances": [
        {
          "schema_version": 0,
          "attributes": {
            "id": "widget-prod-ecs-execution:widget-prod-ecs-execution",
            "name": "widget-prod-ecs-execution",
            "name_prefix": "",
            "policy": "{\"Version\":\"2012-10-17\",\"Statement\":[{\"Action\":[\"ecr:GetAuthorizationToken\",\"ecr:BatchCheckLayerAvailability\",\"ecr:GetDownloadUrlForLayer\",\"ecr:BatchGetImage\"],\"Effect\":\"Allow\",\"Resource\":[\"arn:aws:ecr:eu-central-1:585008045756:repository/cap-frontend\",\"arn:aws:ecr:eu-central-1:585008045756:repository/cap-engine\"]},{\"Action\":[\"ecr:GetAuthorizationToken\"],\"Effect\":\"Allow\",\"Resource\":\"*\"}]}",
            "role": "widget-prod-ecs-execution"
          },
          "sensitive_attributes": [],
          "private": "bnVsbA==",
          "dependencies": [
            "aws_iam_role.ecs_execution",
            "data.aws_caller_identity.current"
          ]
        }
      ]
    },
    {
      "mode": "managed",
      "type": "aws_iam_role_policy",
      "name": "ecs_task_role",
      "provider": "provider[\"registry.terraform.io/hashicorp/aws\"]",
      "instances": [
        {
          "schema_version": 0,
          "attributes": {
            "id": "ecs-task-role-prod:ecs-task-policy-prod",
            "name": "ecs-task-policy-prod",
            "name_prefix": "",
            "policy": "{\"Version\":\"2012-10-17\",\"Statement\":[{\"Action\":[\"ecr:GetAuthorizationToken\",\"ecr:BatchCheckLayerAvailability\",\"ecr:GetDownloadUrlForLayer\",\"ecr:BatchGetImage\",\"logs:CreateLogStream\",\"logs:PutLogEvents\",\"secretsmanager:GetSecretValue\",\"kms:Decrypt\"],\"Effect\":\"Allow\",\"Resource\":\"*\"}]}",
            "role": "ecs-task-role-prod"
          },
          "sensitive_attributes": [],
          "private": "bnVsbA==",
          "dependencies": [
            "aws_iam_role.ecs_task_role"
          ]
        }
      ]
    },
    {
      "mode": "managed",
      "type": "aws_iam_role_policy",
      "name": "lambda_custom",
      "provider": "provider[\"registry.terraform.io/hashicorp/aws\"]",
      "instances": [
        {
          "schema_version": 0,
          "attributes": {
            "id": "lambda_execution_role:lambda-custom-policy",
            "name": "lambda-custom-policy",
            "name_prefix": "",
            "policy": "{\"Version\":\"2012-10-17\",\"Statement\":[{\"Action\":[\"ec2:CreateNetworkInterface\",\"ec2:DescribeNetworkInterfaces\",\"ec2:DeleteNetworkInterface\",\"ec2:AssignPrivateIpAddresses\",\"ec2:UnassignPrivateIpAddresses\",\"ec2:DescribeSecurityGroups\",\"ec2:DescribeSubnets\",\"ec2:DescribeVpcs\",\"ec2:CreateNetworkInterfacePermission\"],\"Effect\":\"Allow\",\"Resource\":\"*\"},{\"Action\":[\"logs:CreateLogGroup\",\"logs:CreateLogStream\",\"logs:PutLogEvents\"],\"Effect\":\"Allow\",\"Resource\":\"arn:aws:logs:*:*:*\"}]}",
            "role": "lambda_execution_role"
          },
          "sensitive_attributes": [],
          "private": "bnVsbA==",
          "dependencies": [
            "aws_iam_role.lambda_execution"
          ]
        }
      ]
    },
    {
      "mode": "managed",
      "type": "aws_iam_role_policy",
      "name": "transit_gateway",
      "provider": "provider[\"registry.terraform.io/hashicorp/aws\"]",
      "instances": [
        {
          "schema_version": 0,
          "attributes": {
            "id": "transit-gateway-role-prod:transit-gateway-policy-prod",
            "name": "transit-gateway-policy-prod",
            "name_prefix": "",
            "policy": "{\"Version\":\"2012-10-17\",\"Statement\":[{\"Action\":[\"ec2:CreateNetworkInterface\",\"ec2:DeleteNetworkInterface\",\"ec2:DescribeNetworkInterfaces\",\"ec2:ModifyNetworkInterfaceAttribute\"],\"Effect\":\"Allow\",\"Resource\":\"*\"}]}",
            "role": "transit-gateway-role-prod"
          },
          "sensitive_attributes": [],
          "private": "bnVsbA==",
          "dependencies": [
            "aws_iam_role.transit_gateway"
          ]
        }
      ]
    },
    {
      "mode": "managed",
      "type": "aws_iam_role_policy",
      "name": "vpc_flow_log",
      "provider": "provider[\"registry.terraform.io/hashicorp/aws\"]",
      "instances": [
        {
          "schema_version": 0,
          "attributes": {
            "id": "vpc-flow-log-role-prod:vpc-flow-log-policy-prod",
            "name": "vpc-flow-log-policy-prod",
            "name_prefix": "",
            "policy": "{\"Version\":\"2012-10-17\",\"Statement\":[{\"Action\":[\"logs:CreateLogGroup\",\"logs:CreateLogStream\",\"logs:PutLogEvents\",\"logs:DescribeLogGroups\",\"logs:DescribeLogStreams\"],\"Effect\":\"Allow\",\"Resource\":\"*\"}]}",
            "role": "vpc-flow-log-role-prod"
          },
          "sensitive_attributes": [],
          "private": "bnVsbA==",
          "dependencies": [
            "aws_iam_role.vpc_flow_log"
          ]
        }
      ]
    },
    {
      "mode": "managed",
      "type": "aws_iam_role_policy",
      "name": "zohlar_task",
      "provider": "provider[\"registry.terraform.io/hashicorp/aws\"]",
      "instances": [
        {
          "schema_version": 0,
          "attributes": {
            "id": "zohlar-task-role-tf:terraform-20250119174133524700000003",
            "name": "terraform-20250119174133524700000003",
            "name_prefix": "terraform-",
            "policy": "{\"Statement\":[{\"Action\":[\"dynamodb:*\",\"s3:*\",\"secretsmanager:GetSecretValue\"],\"Effect\":\"Allow\",\"Resource\":[\"arn:aws:dynamodb:eu-central-1:585008045756:table/zohlar-prod-assistant-configs\",\"arn:aws:dynamodb:eu-central-1:585008045756:table/zohlar-prod-chat-history\",\"arn:aws:dynamodb:eu-central-1:585008045756:table/zohlar-prod-prompt-template\",\"arn:aws:s3:::zohlar-prod-bucket/*\",\"arn:aws:secretsmanager:eu-central-1:585008045756:secret:zohlar-*\"]}]}",
            "role": "zohlar-task-role-tf"
          },
          "sensitive_attributes": [],
          "private": "bnVsbA==",
          "dependencies": [
            "aws_dynamodb_table.zohlar_assistant_configs",
            "aws_dynamodb_table.zohlar_chat_history",
            "aws_dynamodb_table.zohlar_prompt_template",
            "aws_iam_role.zohlar_task",
            "aws_s3_bucket.zohlar_prod_bucket"
          ]
        }
      ]
    },
    {
      "mode": "managed",
      "type": "aws_iam_role_policy_attachment",
      "name": "bastion_cloudwatch",
      "provider": "provider[\"registry.terraform.io/hashicorp/aws\"]",
      "instances": [
        {
          "schema_version": 0,
          "attributes": {
            "id": "bastion-ssm-role-20250106082807732000000002",
            "policy_arn": "arn:aws:iam::aws:policy/CloudWatchAgentServerPolicy",
            "role": "bastion-ssm-role"
          },
          "sensitive_attributes": [],
          "private": "bnVsbA==",
          "dependencies": [
            "aws_iam_role.bastion_ssm_role"
          ]
        }
      ]
    },
    {
      "mode": "managed",
      "type": "aws_iam_role_policy_attachment",
      "name": "bastion_ssm_core",
      "provider": "provider[\"registry.terraform.io/hashicorp/aws\"]",
      "instances": [
        {
          "schema_version": 0,
          "attributes": {
            "id": "bastion-ssm-role-20250109232445366100000001",
            "policy_arn": "arn:aws:iam::aws:policy/AmazonSSMManagedInstanceCore",
            "role": "bastion-ssm-role"
          },
          "sensitive_attributes": [],
          "private": "bnVsbA==",
          "dependencies": [
            "aws_iam_role.bastion_ssm_role"
          ]
        }
      ]
    },
    {
      "mode": "managed",
      "type": "aws_iam_role_policy_attachment",
      "name": "bastion_ssm_full",
      "provider": "provider[\"registry.terraform.io/hashicorp/aws\"]",
      "instances": [
        {
          "schema_version": 0,
          "attributes": {
            "id": "bastion-ssm-role-20250106082237538700000002",
            "policy_arn": "arn:aws:iam::aws:policy/AmazonSSMFullAccess",
            "role": "bastion-ssm-role"
          },
          "sensitive_attributes": [],
          "private": "bnVsbA==",
          "dependencies": [
            "aws_iam_role.bastion_ssm_role"
          ]
        }
      ]
    },
    {
      "mode": "managed",
      "type": "aws_iam_role_policy_attachment",
      "name": "convert10_rds_connect",
      "provider": "provider[\"registry.terraform.io/hashicorp/aws\"]",
      "instances": [
        {
          "schema_version": 0,
          "attributes": {
            "id": "convert10-task-role-tf-20250119174250381500000007",
            "policy_arn": "arn:aws:iam::585008045756:policy/rds-iam-auth-policy",
            "role": "convert10-task-role-tf"
          },
          "sensitive_attributes": [],
          "private": "bnVsbA==",
          "dependencies": [
            "aws_db_proxy.aurora_proxy",
            "aws_iam_policy.rds_iam_auth",
            "aws_iam_role.convert10_task",
            "aws_iam_role.rds_proxy_role",
            "aws_secretsmanager_secret.proxy_secret",
            "aws_security_group.rds_proxy",
            "data.aws_caller_identity.current",
            "data.aws_region.current"
          ]
        }
      ]
    },
    {
      "mode": "managed",
      "type": "aws_iam_role_policy_attachment",
      "name": "ecs_execution",
      "provider": "provider[\"registry.terraform.io/hashicorp/aws\"]",
      "instances": [
        {
          "schema_version": 0,
          "attributes": {
            "id": "widget-prod-ecs-execution-20250109232445692000000002",
            "policy_arn": "arn:aws:iam::aws:policy/service-role/AmazonECSTaskExecutionRolePolicy",
            "role": "widget-prod-ecs-execution"
          },
          "sensitive_attributes": [],
          "private": "bnVsbA==",
          "dependencies": [
            "aws_iam_role.ecs_execution"
          ]
        }
      ]
    },
    {
      "mode": "managed",
      "type": "aws_iam_role_policy_attachment",
      "name": "ecs_execution_ecr",
      "provider": "provider[\"registry.terraform.io/hashicorp/aws\"]",
      "instances": [
        {
          "schema_version": 0,
          "attributes": {
            "id": "widget-prod-ecs-execution-20250105112821013500000001",
            "policy_arn": "arn:aws:iam::aws:policy/AmazonEC2ContainerRegistryPowerUser",
            "role": "widget-prod-ecs-execution"
          },
          "sensitive_attributes": [],
          "private": "bnVsbA==",
          "dependencies": [
            "aws_iam_role.ecs_execution"
          ]
        }
      ]
    },
    {
      "mode": "managed",
      "type": "aws_iam_role_policy_attachment",
      "name": "ecs_task_cloudwatch",
      "provider": "provider[\"registry.terraform.io/hashicorp/aws\"]",
      "instances": [
        {
          "schema_version": 0,
          "attributes": {
            "id": "ecs-task-role-prod-20250119155154235700000002",
            "policy_arn": "arn:aws:iam::aws:policy/CloudWatchLogsFullAccess",
            "role": "ecs-task-role-prod"
          },
          "sensitive_attributes": [],
          "private": "bnVsbA==",
          "dependencies": [
            "aws_iam_role.ecs_task_role"
          ]
        }
      ]
    },
    {
      "mode": "managed",
      "type": "aws_iam_role_policy_attachment",
      "name": "ecs_task_execution",
      "provider": "provider[\"registry.terraform.io/hashicorp/aws\"]",
      "instances": [
        {
          "schema_version": 0,
          "attributes": {
            "id": "ecs-task-execution-prod-20250119174133680500000004",
            "policy_arn": "arn:aws:iam::aws:policy/service-role/AmazonECSTaskExecutionRolePolicy",
            "role": "ecs-task-execution-prod"
          },
          "sensitive_attributes": [],
          "private": "bnVsbA==",
          "dependencies": [
            "aws_iam_role.ecs_task_execution"
          ]
        }
      ]
    },
    {
      "mode": "managed",
      "type": "aws_iam_role_policy_attachment",
      "name": "lambda_basic",
      "provider": "provider[\"registry.terraform.io/hashicorp/aws\"]",
      "instances": [
        {
          "schema_version": 0,
          "attributes": {
            "id": "lambda_execution_role-20250105152546047600000002",
            "policy_arn": "arn:aws:iam::aws:policy/service-role/AWSLambdaBasicExecutionRole",
            "role": "lambda_execution_role"
          },
          "sensitive_attributes": [],
          "private": "bnVsbA==",
          "dependencies": [
            "aws_iam_role.lambda_execution"
          ]
        }
      ]
    },
    {
      "mode": "managed",
      "type": "aws_iam_role_policy_attachment",
      "name": "lambda_vpc_access_execution",
      "provider": "provider[\"registry.terraform.io/hashicorp/aws\"]",
      "instances": [
        {
          "schema_version": 0,
          "attributes": {
            "id": "lambda_execution_role-20250105152546042500000001",
            "policy_arn": "arn:aws:iam::aws:policy/service-role/AWSLambdaVPCAccessExecutionRole",
            "role": "lambda_execution_role"
          },
          "sensitive_attributes": [],
          "private": "bnVsbA==",
          "dependencies": [
            "aws_iam_role.lambda_execution"
          ]
        }
      ]
    },
    {
      "mode": "managed",
      "type": "aws_iam_role_policy_attachment",
      "name": "zohlar_rds_connect",
      "provider": "provider[\"registry.terraform.io/hashicorp/aws\"]",
      "instances": [
        {
          "schema_version": 0,
          "attributes": {
            "id": "zohlar-task-role-tf-20250119174250223300000006",
            "policy_arn": "arn:aws:iam::585008045756:policy/rds-iam-auth-policy",
            "role": "zohlar-task-role-tf"
          },
          "sensitive_attributes": [],
          "private": "bnVsbA==",
          "dependencies": [
            "aws_db_proxy.aurora_proxy",
            "aws_iam_policy.rds_iam_auth",
            "aws_iam_role.rds_proxy_role",
            "aws_iam_role.zohlar_task",
            "aws_secretsmanager_secret.proxy_secret",
            "aws_security_group.rds_proxy",
            "data.aws_caller_identity.current",
            "data.aws_region.current"
          ]
        }
      ]
    },
    {
      "mode": "managed",
      "type": "aws_iam_user_policy",
      "name": "terraform_user_additional",
      "provider": "provider[\"registry.terraform.io/hashicorp/aws\"]",
      "instances": [
        {
          "schema_version": 0,
          "attributes": {
            "id": "terraform-user:terraform-user-additional-permissions",
            "name": "terraform-user-additional-permissions",
            "name_prefix": "",
            "policy": "{\"Version\":\"2012-10-17\",\"Statement\":[{\"Action\":[\"apigateway:GET\",\"apigateway:POST\",\"apigateway:PUT\",\"apigateway:DELETE\"],\"Effect\":\"Allow\",\"Resource\":\"*\"}]}",
            "user": "terraform-user"
          },
          "sensitive_attributes": [],
          "private": "bnVsbA=="
        }
      ]
    },
    {
      "mode": "managed",
      "type": "aws_iam_user_policy_attachment",
      "name": "remove_admin_access",
      "provider": "provider[\"registry.terraform.io/hashicorp/aws\"]",
      "instances": [
        {
          "index_key": "terraform-user",
          "schema_version": 0,
          "attributes": {
            "id": "terraform-user-20250121071738462400000001",
            "policy_arn": "arn:aws:iam::aws:policy/AdministratorAccess",
            "user": "terraform-user"
          },
          "sensitive_attributes": [],
          "private": "bnVsbA=="
        }
      ]
    },
    {
      "mode": "managed",
      "type": "aws_iam_user_policy_attachment",
      "name": "terraform_user_policy",
      "provider": "provider[\"registry.terraform.io/hashicorp/aws\"]",
      "instances": [
        {
          "schema_version": 0,
          "attributes": {
            "id": "terraform-user-20250109231416262900000002",
            "policy_arn": "arn:aws:iam::585008045756:policy/TerraformLimitedAccess",
            "user": "terraform-user"
          },
          "sensitive_attributes": [],
          "private": "bnVsbA==",
          "dependencies": [
            "aws_iam_policy.terraform_limited_access"
          ]
        }
      ]
    },
    {
      "mode": "managed",
      "type": "aws_instance",
      "name": "bastion_host_ng",
      "provider": "provider[\"registry.terraform.io/hashicorp/aws\"]",
      "instances": [
        {
          "schema_version": 1,
          "attributes": {
            "ami": "ami-0ca50f9d8d19bf076",
            "arn": "arn:aws:ec2:eu-central-1:585008045756:instance/i-079d1210c24888a0d",
            "associate_public_ip_address": false,
            "availability_zone": "eu-central-1a",
            "capacity_reservation_specification": [
              {
                "capacity_reservation_preference": "open",
                "capacity_reservation_target": []
              }
            ],
            "cpu_core_count": 1,
            "cpu_options": [
              {
                "amd_sev_snp": "",
                "core_count": 1,
                "threads_per_core": 1
              }
            ],
            "cpu_threads_per_core": 1,
            "credit_specification": [
              {
                "cpu_credits": "standard"
              }
            ],
            "disable_api_stop": false,
            "disable_api_termination": false,
            "ebs_block_device": [],
            "ebs_optimized": false,
            "enclave_options": [
              {
                "enabled": false
              }
            ],
            "ephemeral_block_device": [],
            "get_password_data": false,
            "hibernation": false,
            "host_id": "",
            "host_resource_group_arn": null,
            "iam_instance_profile": "bastion-ssm-profile",
            "id": "i-079d1210c24888a0d",
            "instance_initiated_shutdown_behavior": "stop",
            "instance_lifecycle": "",
            "instance_market_options": [],
            "instance_state": "running",
            "instance_type": "t2.micro",
            "ipv6_address_count": 0,
            "ipv6_addresses": [],
            "key_name": "agaile-prod-key",
            "launch_template": [],
            "maintenance_options": [
              {
                "auto_recovery": "default"
              }
            ],
            "metadata_options": [
              {
                "http_endpoint": "enabled",
                "http_protocol_ipv6": "disabled",
                "http_put_response_hop_limit": 1,
                "http_tokens": "required",
                "instance_metadata_tags": "disabled"
              }
            ],
            "monitoring": false,
            "network_interface": [],
            "outpost_arn": "",
            "password_data": "",
            "placement_group": "",
            "placement_partition_number": 0,
            "primary_network_interface_id": "eni-008de954b158d8689",
            "private_dns": "ip-10-0-1-127.eu-central-1.compute.internal",
            "private_dns_name_options": [
              {
                "enable_resource_name_dns_a_record": false,
                "enable_resource_name_dns_aaaa_record": false,
                "hostname_type": "ip-name"
              }
            ],
            "private_ip": "10.0.1.127",
            "public_dns": "",
            "public_ip": "",
            "root_block_device": [
              {
                "delete_on_termination": true,
                "device_name": "/dev/xvda",
                "encrypted": true,
                "iops": 3000,
                "kms_key_id": "arn:aws:kms:eu-central-1:585008045756:key/6055483a-6f51-479d-83e7-861f7f4d97e9",
                "tags": {},
                "tags_all": {},
                "throughput": 125,
                "volume_id": "vol-0b083462934c1c579",
                "volume_size": 8,
                "volume_type": "gp3"
              }
            ],
            "secondary_private_ips": [],
            "security_groups": [],
            "source_dest_check": true,
            "spot_instance_request_id": "",
            "subnet_id": "subnet-03b10924d502d91b6",
            "tags": {
              "Name": "bastion-host-ng",
              "Tenant": "agaile-shared-prod"
            },
            "tags_all": {
              "Environment": "prod",
              "ManagedBy": "terraform",
              "Name": "bastion-host-ng",
              "Project": "CAP",
              "Tenant": "agaile-shared-prod"
            },
            "tenancy": "default",
            "timeouts": null,
            "user_data": "2f447001c445838c03fffde2150220d081930ae2",
            "user_data_base64": null,
            "user_data_replace_on_change": false,
            "volume_tags": null,
            "vpc_security_group_ids": [
              "sg-009581a9868fbc17e"
            ]
          },
          "sensitive_attributes": [],
          "private": "eyJlMmJmYjczMC1lY2FhLTExZTYtOGY4OC0zNDM2M2JjN2M0YzAiOnsiY3JlYXRlIjo2MDAwMDAwMDAwMDAsImRlbGV0ZSI6MTIwMDAwMDAwMDAwMCwicmVhZCI6OTAwMDAwMDAwMDAwLCJ1cGRhdGUiOjYwMDAwMDAwMDAwMH0sInNjaGVtYV92ZXJzaW9uIjoiMSJ9",
          "dependencies": [
            "aws_iam_instance_profile.bastion_profile",
            "aws_iam_role.bastion_ssm_role",
            "aws_key_pair.bastion_key",
            "aws_security_group.bastion",
            "aws_security_group.vpce",
            "data.aws_ami.amazonlinux"
          ]
        }
      ]
    },
    {
      "mode": "managed",
      "type": "aws_key_pair",
      "name": "bastion_key",
      "provider": "provider[\"registry.terraform.io/hashicorp/aws\"]",
      "instances": [
        {
          "schema_version": 1,
          "attributes": {
            "arn": "arn:aws:ec2:eu-central-1:585008045756:key-pair/agaile-prod-key",
            "fingerprint": "96:55:e1:b5:53:08:a7:6f:73:50:2b:7d:5d:fc:8c:a9",
            "id": "agaile-prod-key",
            "key_name": "agaile-prod-key",
            "key_name_prefix": "",
            "key_pair_id": "key-0e7cde8af022f3db9",
            "key_type": "rsa",
            "public_key": "ssh-rsa AAAAB3NzaC1yc2EAAAADAQABAAACAQC8doPVVOiRGzFOQpyJ096lDTPYUY0jNTtXU5JXFDYvQDbE0rn+yGHAYW9/IG3FQLPkGInpEkE9z2Qtnve1xFm8gmPp619A1cIyfeJxgEVMpOC4op/2O8eJM12H0v/n4KZ3PFGu7TU8+pzuoIu4fXG87K0YPqKnkq4HIvLQddPhAhYZ7W7iB/D25cUiXsY78qcQaecQWDJIU5CSQFduvs2enoUAL8iH0oBoYr8IkLPSxX/LjjPpu8lbG2HtdpInzpepjsuTD1bH04jFuPj68mJqnfv9yK9ZsvA7cq8QwL10N/fx01BDG9QYy+MGNg7vIHiP2BgoTk6E4MGA9aAMPjzxEKXZt07NgnrNA4pDCBj8/pxugMQL/RvSjvOfQICfYzy0H5HEN2t/MpfN/7qOwKHVY/MbMEk7TTvOUKIz2BIAuah+hhg2oEJxQvHuuSxrmdW1T6Q/NJPG30hS08oVMLlvSbWPoVi7j4c5IE0/nTYfJ9a4A/u7gSvDaj214Ugu2iASQbgDFqlxdSDZTXpULUYPq44AA6qt5ZEXD7Ohg1CE3ooAnJZsw2wws5t7AxdwxLCqOiy8Kq/ScwEf+/0Jrz51/7TZZA0kbQ4WszaOrCHBpEhnfZ9yXg9G36D/Mh0MAMfbSIV0pd1lLqpgPHiVxtStYWBngMjKPbVIVRLK64Zm0Q== bastion@agaile.ai",
            "tags": {
              "Name": "agaile-prod-key",
              "Tenant": "agaile-shared-prod"
            },
            "tags_all": {
              "Environment": "prod",
              "ManagedBy": "terraform",
              "Name": "agaile-prod-key",
              "Project": "CAP",
              "Tenant": "agaile-shared-prod"
            }
          },
          "sensitive_attributes": [],
          "private": "eyJzY2hlbWFfdmVyc2lvbiI6IjEifQ=="
        }
      ]
    },
    {
      "mode": "managed",
      "type": "aws_lb",
      "name": "agaile-alb-tf",
      "provider": "provider[\"registry.terraform.io/hashicorp/aws\"]",
      "instances": [
        {
          "schema_version": 0,
          "attributes": {
            "access_logs": [
              {
                "bucket": "",
                "enabled": false,
                "prefix": ""
              }
            ],
            "arn": "arn:aws:elasticloadbalancing:eu-central-1:585008045756:loadbalancer/app/agaile-alb-tf/88d4ef46cae3dc8c",
            "arn_suffix": "app/agaile-alb-tf/88d4ef46cae3dc8c",
            "client_keep_alive": 3600,
            "connection_logs": [
              {
                "bucket": "",
                "enabled": false,
                "prefix": ""
              }
            ],
            "customer_owned_ipv4_pool": "",
            "desync_mitigation_mode": "defensive",
            "dns_name": "agaile-alb-tf-722615250.eu-central-1.elb.amazonaws.com",
            "dns_record_client_routing_policy": null,
            "drop_invalid_header_fields": false,
            "enable_cross_zone_load_balancing": true,
            "enable_deletion_protection": false,
            "enable_http2": true,
            "enable_tls_version_and_cipher_suite_headers": false,
            "enable_waf_fail_open": false,
            "enable_xff_client_port": false,
            "enforce_security_group_inbound_rules_on_private_link_traffic": "",
            "id": "arn:aws:elasticloadbalancing:eu-central-1:585008045756:loadbalancer/app/agaile-alb-tf/88d4ef46cae3dc8c",
            "idle_timeout": 60,
            "internal": false,
            "ip_address_type": "ipv4",
            "load_balancer_type": "application",
            "name": "agaile-alb-tf",
            "name_prefix": "",
            "preserve_host_header": false,
            "security_groups": [
              "sg-0ccf9c6bead539614"
            ],
            "subnet_mapping": [
              {
                "allocation_id": "",
                "ipv6_address": "",
                "outpost_id": "",
                "private_ipv4_address": "",
                "subnet_id": "subnet-092e9fd61ec4c5af4"
              },
              {
                "allocation_id": "",
                "ipv6_address": "",
                "outpost_id": "",
                "private_ipv4_address": "",
                "subnet_id": "subnet-0d04432ad172243bc"
              },
              {
                "allocation_id": "",
                "ipv6_address": "",
                "outpost_id": "",
                "private_ipv4_address": "",
                "subnet_id": "subnet-0e8eb16ae00c3b12a"
              }
            ],
            "subnets": [
              "subnet-092e9fd61ec4c5af4",
              "subnet-0d04432ad172243bc",
              "subnet-0e8eb16ae00c3b12a"
            ],
            "tags": {
              "Environment": "prod",
              "ManagedBy": "terraform",
              "Project": "CAP"
            },
            "tags_all": {
              "Environment": "prod",
              "ManagedBy": "terraform",
              "Project": "CAP"
            },
            "timeouts": null,
            "vpc_id": "vpc-04ceed96ed33eb80a",
            "xff_header_processing_mode": "append",
            "zone_id": "Z215JYRZR1TBD5"
          },
          "sensitive_attributes": [],
          "private": "eyJlMmJmYjczMC1lY2FhLTExZTYtOGY4OC0zNDM2M2JjN2M0YzAiOnsiY3JlYXRlIjo2MDAwMDAwMDAwMDAsImRlbGV0ZSI6NjAwMDAwMDAwMDAwLCJ1cGRhdGUiOjYwMDAwMDAwMDAwMH19",
          "dependencies": [
            "aws_security_group.agaile_alb"
          ],
          "create_before_destroy": true
        }
      ]
    },
    {
      "mode": "managed",
      "type": "aws_lb",
      "name": "convert10-alb-tf",
      "provider": "provider[\"registry.terraform.io/hashicorp/aws\"]",
      "instances": [
        {
          "schema_version": 0,
          "attributes": {
            "access_logs": [
              {
                "bucket": "",
                "enabled": false,
                "prefix": ""
              }
            ],
            "arn": "arn:aws:elasticloadbalancing:eu-central-1:585008045756:loadbalancer/app/convert10-alb-tf/7609f1f544e562d1",
            "arn_suffix": "app/convert10-alb-tf/7609f1f544e562d1",
            "client_keep_alive": 3600,
            "connection_logs": [
              {
                "bucket": "",
                "enabled": false,
                "prefix": ""
              }
            ],
            "customer_owned_ipv4_pool": "",
            "desync_mitigation_mode": "defensive",
            "dns_name": "convert10-alb-tf-44610545.eu-central-1.elb.amazonaws.com",
            "dns_record_client_routing_policy": null,
            "drop_invalid_header_fields": false,
            "enable_cross_zone_load_balancing": true,
            "enable_deletion_protection": false,
            "enable_http2": true,
            "enable_tls_version_and_cipher_suite_headers": false,
            "enable_waf_fail_open": false,
            "enable_xff_client_port": false,
            "enforce_security_group_inbound_rules_on_private_link_traffic": "",
            "id": "arn:aws:elasticloadbalancing:eu-central-1:585008045756:loadbalancer/app/convert10-alb-tf/7609f1f544e562d1",
            "idle_timeout": 60,
            "internal": false,
            "ip_address_type": "ipv4",
            "load_balancer_type": "application",
            "name": "convert10-alb-tf",
            "name_prefix": "",
            "preserve_host_header": false,
            "security_groups": [
              "sg-0156422f2e6eb18b5"
            ],
            "subnet_mapping": [
              {
                "allocation_id": "",
                "ipv6_address": "",
                "outpost_id": "",
                "private_ipv4_address": "",
                "subnet_id": "subnet-092e9fd61ec4c5af4"
              },
              {
                "allocation_id": "",
                "ipv6_address": "",
                "outpost_id": "",
                "private_ipv4_address": "",
                "subnet_id": "subnet-0d04432ad172243bc"
              },
              {
                "allocation_id": "",
                "ipv6_address": "",
                "outpost_id": "",
                "private_ipv4_address": "",
                "subnet_id": "subnet-0e8eb16ae00c3b12a"
              }
            ],
            "subnets": [
              "subnet-092e9fd61ec4c5af4",
              "subnet-0d04432ad172243bc",
              "subnet-0e8eb16ae00c3b12a"
            ],
            "tags": {
              "Environment": "prod",
              "ManagedBy": "terraform",
              "Project": "CAP"
            },
            "tags_all": {
              "Environment": "prod",
              "ManagedBy": "terraform",
              "Project": "CAP"
            },
            "timeouts": null,
            "vpc_id": "vpc-04ceed96ed33eb80a",
            "xff_header_processing_mode": "append",
            "zone_id": "Z215JYRZR1TBD5"
          },
          "sensitive_attributes": [],
          "private": "eyJlMmJmYjczMC1lY2FhLTExZTYtOGY4OC0zNDM2M2JjN2M0YzAiOnsiY3JlYXRlIjo2MDAwMDAwMDAwMDAsImRlbGV0ZSI6NjAwMDAwMDAwMDAwLCJ1cGRhdGUiOjYwMDAwMDAwMDAwMH19",
          "dependencies": [
            "aws_security_group.convert10_alb"
          ]
        }
      ]
    },
    {
      "mode": "managed",
      "type": "aws_lb",
      "name": "rooftopsolar-alb-tf",
      "provider": "provider[\"registry.terraform.io/hashicorp/aws\"]",
      "instances": [
        {
          "schema_version": 0,
          "attributes": {
            "access_logs": [
              {
                "bucket": "",
                "enabled": false,
                "prefix": ""
              }
            ],
            "arn": "arn:aws:elasticloadbalancing:eu-central-1:585008045756:loadbalancer/app/rooftopsolar-alb-tf/15640b89ec2b8ef4",
            "arn_suffix": "app/rooftopsolar-alb-tf/15640b89ec2b8ef4",
            "client_keep_alive": 3600,
            "connection_logs": [
              {
                "bucket": "",
                "enabled": false,
                "prefix": ""
              }
            ],
            "customer_owned_ipv4_pool": "",
            "desync_mitigation_mode": "defensive",
            "dns_name": "rooftopsolar-alb-tf-521028936.eu-central-1.elb.amazonaws.com",
            "dns_record_client_routing_policy": null,
            "drop_invalid_header_fields": false,
            "enable_cross_zone_load_balancing": true,
            "enable_deletion_protection": false,
            "enable_http2": true,
            "enable_tls_version_and_cipher_suite_headers": false,
            "enable_waf_fail_open": false,
            "enable_xff_client_port": false,
            "enforce_security_group_inbound_rules_on_private_link_traffic": "",
            "id": "arn:aws:elasticloadbalancing:eu-central-1:585008045756:loadbalancer/app/rooftopsolar-alb-tf/15640b89ec2b8ef4",
            "idle_timeout": 60,
            "internal": false,
            "ip_address_type": "ipv4",
            "load_balancer_type": "application",
            "name": "rooftopsolar-alb-tf",
            "name_prefix": "",
            "preserve_host_header": false,
            "security_groups": [
              "sg-0a09312f5f8b07ad5"
            ],
            "subnet_mapping": [
              {
                "allocation_id": "",
                "ipv6_address": "",
                "outpost_id": "",
                "private_ipv4_address": "",
                "subnet_id": "subnet-092e9fd61ec4c5af4"
              },
              {
                "allocation_id": "",
                "ipv6_address": "",
                "outpost_id": "",
                "private_ipv4_address": "",
                "subnet_id": "subnet-0d04432ad172243bc"
              },
              {
                "allocation_id": "",
                "ipv6_address": "",
                "outpost_id": "",
                "private_ipv4_address": "",
                "subnet_id": "subnet-0e8eb16ae00c3b12a"
              }
            ],
            "subnets": [
              "subnet-092e9fd61ec4c5af4",
              "subnet-0d04432ad172243bc",
              "subnet-0e8eb16ae00c3b12a"
            ],
            "tags": {
              "Environment": "prod",
              "ManagedBy": "terraform",
              "Project": "CAP"
            },
            "tags_all": {
              "Environment": "prod",
              "ManagedBy": "terraform",
              "Project": "CAP"
            },
            "timeouts": null,
            "vpc_id": "vpc-04ceed96ed33eb80a",
            "xff_header_processing_mode": "append",
            "zone_id": "Z215JYRZR1TBD5"
          },
          "sensitive_attributes": [],
          "private": "eyJlMmJmYjczMC1lY2FhLTExZTYtOGY4OC0zNDM2M2JjN2M0YzAiOnsiY3JlYXRlIjo2MDAwMDAwMDAwMDAsImRlbGV0ZSI6NjAwMDAwMDAwMDAwLCJ1cGRhdGUiOjYwMDAwMDAwMDAwMH19",
          "dependencies": [
            "aws_security_group.rooftopsolar_alb"
          ],
          "create_before_destroy": true
        }
      ]
    },
    {
      "mode": "managed",
      "type": "aws_lb",
      "name": "rooftopsolar_alb",
      "provider": "provider[\"registry.terraform.io/hashicorp/aws\"]",
      "instances": [
        {
          "schema_version": 0,
          "attributes": {
            "access_logs": [
              {
                "bucket": "",
                "enabled": false,
                "prefix": ""
              }
            ],
            "arn": "arn:aws:elasticloadbalancing:eu-central-1:585008045756:loadbalancer/app/rooftopsolar-alb-tf/15640b89ec2b8ef4",
            "arn_suffix": "app/rooftopsolar-alb-tf/15640b89ec2b8ef4",
            "client_keep_alive": 3600,
            "connection_logs": [
              {
                "bucket": "",
                "enabled": false,
                "prefix": ""
              }
            ],
            "customer_owned_ipv4_pool": "",
            "desync_mitigation_mode": "defensive",
            "dns_name": "rooftopsolar-alb-tf-521028936.eu-central-1.elb.amazonaws.com",
            "dns_record_client_routing_policy": null,
            "drop_invalid_header_fields": false,
            "enable_cross_zone_load_balancing": true,
            "enable_deletion_protection": false,
            "enable_http2": true,
            "enable_tls_version_and_cipher_suite_headers": false,
            "enable_waf_fail_open": false,
            "enable_xff_client_port": false,
            "enforce_security_group_inbound_rules_on_private_link_traffic": "",
            "id": "arn:aws:elasticloadbalancing:eu-central-1:585008045756:loadbalancer/app/rooftopsolar-alb-tf/15640b89ec2b8ef4",
            "idle_timeout": 60,
            "internal": false,
            "ip_address_type": "ipv4",
            "load_balancer_type": "application",
            "name": "rooftopsolar-alb-tf",
            "name_prefix": "",
            "preserve_host_header": false,
            "security_groups": [
              "sg-008eceb1f3ac91ba8"
            ],
            "subnet_mapping": [
              {
                "allocation_id": "",
                "ipv6_address": "",
                "outpost_id": "",
                "private_ipv4_address": "",
                "subnet_id": "subnet-092e9fd61ec4c5af4"
              },
              {
                "allocation_id": "",
                "ipv6_address": "",
                "outpost_id": "",
                "private_ipv4_address": "",
                "subnet_id": "subnet-0d04432ad172243bc"
              },
              {
                "allocation_id": "",
                "ipv6_address": "",
                "outpost_id": "",
                "private_ipv4_address": "",
                "subnet_id": "subnet-0e8eb16ae00c3b12a"
              }
            ],
            "subnets": [
              "subnet-092e9fd61ec4c5af4",
              "subnet-0d04432ad172243bc",
              "subnet-0e8eb16ae00c3b12a"
            ],
            "tags": {
              "Environment": "prod",
              "ManagedBy": "terraform",
              "Name": "rooftopsolar-alb-tf",
              "Project": "CAP"
            },
            "tags_all": {
              "Environment": "prod",
              "ManagedBy": "terraform",
              "Name": "rooftopsolar-alb-tf",
              "Project": "CAP"
            },
            "timeouts": null,
            "vpc_id": "vpc-04ceed96ed33eb80a",
            "xff_header_processing_mode": "append",
            "zone_id": "Z215JYRZR1TBD5"
          },
          "sensitive_attributes": [],
          "private": "eyJlMmJmYjczMC1lY2FhLTExZTYtOGY4OC0zNDM2M2JjN2M0YzAiOnsiY3JlYXRlIjo2MDAwMDAwMDAwMDAsImRlbGV0ZSI6NjAwMDAwMDAwMDAwLCJ1cGRhdGUiOjYwMDAwMDAwMDAwMH19",
          "dependencies": [
            "aws_security_group.alb"
          ]
        }
      ]
    },
    {
      "mode": "managed",
      "type": "aws_lb",
      "name": "widget_prod",
      "provider": "provider[\"registry.terraform.io/hashicorp/aws\"]",
      "instances": [
        {
          "schema_version": 0,
          "attributes": {
            "access_logs": [
              {
                "bucket": "",
                "enabled": false,
                "prefix": ""
              }
            ],
            "arn": "arn:aws:elasticloadbalancing:eu-central-1:585008045756:loadbalancer/app/widget-prod/24db1aad437c62be",
            "arn_suffix": "app/widget-prod/24db1aad437c62be",
            "client_keep_alive": 3600,
            "connection_logs": [
              {
                "bucket": "",
                "enabled": false,
                "prefix": ""
              }
            ],
            "customer_owned_ipv4_pool": "",
            "desync_mitigation_mode": "defensive",
            "dns_name": "widget-prod-1264566936.eu-central-1.elb.amazonaws.com",
            "dns_record_client_routing_policy": null,
            "drop_invalid_header_fields": false,
            "enable_cross_zone_load_balancing": true,
            "enable_deletion_protection": false,
            "enable_http2": true,
            "enable_tls_version_and_cipher_suite_headers": false,
            "enable_waf_fail_open": false,
            "enable_xff_client_port": false,
            "enforce_security_group_inbound_rules_on_private_link_traffic": "",
            "id": "arn:aws:elasticloadbalancing:eu-central-1:585008045756:loadbalancer/app/widget-prod/24db1aad437c62be",
            "idle_timeout": 60,
            "internal": false,
            "ip_address_type": "ipv4",
            "load_balancer_type": "application",
            "name": "widget-prod",
            "name_prefix": "",
            "preserve_host_header": false,
            "security_groups": [
              "sg-008eceb1f3ac91ba8"
            ],
            "subnet_mapping": [
              {
                "allocation_id": "",
                "ipv6_address": "",
                "outpost_id": "",
                "private_ipv4_address": "",
                "subnet_id": "subnet-092e9fd61ec4c5af4"
              },
              {
                "allocation_id": "",
                "ipv6_address": "",
                "outpost_id": "",
                "private_ipv4_address": "",
                "subnet_id": "subnet-0d04432ad172243bc"
              },
              {
                "allocation_id": "",
                "ipv6_address": "",
                "outpost_id": "",
                "private_ipv4_address": "",
                "subnet_id": "subnet-0e8eb16ae00c3b12a"
              }
            ],
            "subnets": [
              "subnet-092e9fd61ec4c5af4",
              "subnet-0d04432ad172243bc",
              "subnet-0e8eb16ae00c3b12a"
            ],
            "tags": {
              "Environment": "prod",
              "ManagedBy": "terraform",
              "Name": "widget-prod-alb",
              "Project": "CAP"
            },
            "tags_all": {
              "Environment": "prod",
              "ManagedBy": "terraform",
              "Name": "widget-prod-alb",
              "Project": "CAP"
            },
            "timeouts": null,
            "vpc_id": "vpc-04ceed96ed33eb80a",
            "xff_header_processing_mode": "append",
            "zone_id": "Z215JYRZR1TBD5"
          },
          "sensitive_attributes": [],
          "private": "eyJlMmJmYjczMC1lY2FhLTExZTYtOGY4OC0zNDM2M2JjN2M0YzAiOnsiY3JlYXRlIjo2MDAwMDAwMDAwMDAsImRlbGV0ZSI6NjAwMDAwMDAwMDAwLCJ1cGRhdGUiOjYwMDAwMDAwMDAwMH19",
          "dependencies": [
            "aws_security_group.alb"
          ]
        }
      ]
    },
    {
      "mode": "managed",
      "type": "aws_lb",
      "name": "zohlar_alb",
      "provider": "provider[\"registry.terraform.io/hashicorp/aws\"]",
      "instances": [
        {
          "schema_version": 0,
          "attributes": {
            "access_logs": [
              {
                "bucket": "",
                "enabled": false,
                "prefix": ""
              }
            ],
            "arn": "arn:aws:elasticloadbalancing:eu-central-1:585008045756:loadbalancer/app/zohlar-alb-tf/b4724cdc4089bd3c",
            "arn_suffix": "app/zohlar-alb-tf/b4724cdc4089bd3c",
            "client_keep_alive": 3600,
            "connection_logs": [
              {
                "bucket": "",
                "enabled": false,
                "prefix": ""
              }
            ],
            "customer_owned_ipv4_pool": "",
            "desync_mitigation_mode": "defensive",
            "dns_name": "zohlar-alb-tf-47858471.eu-central-1.elb.amazonaws.com",
            "dns_record_client_routing_policy": null,
            "drop_invalid_header_fields": false,
            "enable_cross_zone_load_balancing": true,
            "enable_deletion_protection": false,
            "enable_http2": true,
            "enable_tls_version_and_cipher_suite_headers": false,
            "enable_waf_fail_open": false,
            "enable_xff_client_port": false,
            "enforce_security_group_inbound_rules_on_private_link_traffic": "",
            "id": "arn:aws:elasticloadbalancing:eu-central-1:585008045756:loadbalancer/app/zohlar-alb-tf/b4724cdc4089bd3c",
            "idle_timeout": 60,
            "internal": false,
            "ip_address_type": "ipv4",
            "load_balancer_type": "application",
            "name": "zohlar-alb-tf",
            "name_prefix": "",
            "preserve_host_header": false,
            "security_groups": [
              "sg-01147a81af341107f"
            ],
            "subnet_mapping": [
              {
                "allocation_id": "",
                "ipv6_address": "",
                "outpost_id": "",
                "private_ipv4_address": "",
                "subnet_id": "subnet-092e9fd61ec4c5af4"
              },
              {
                "allocation_id": "",
                "ipv6_address": "",
                "outpost_id": "",
                "private_ipv4_address": "",
                "subnet_id": "subnet-0d04432ad172243bc"
              },
              {
                "allocation_id": "",
                "ipv6_address": "",
                "outpost_id": "",
                "private_ipv4_address": "",
                "subnet_id": "subnet-0e8eb16ae00c3b12a"
              }
            ],
            "subnets": [
              "subnet-092e9fd61ec4c5af4",
              "subnet-0d04432ad172243bc",
              "subnet-0e8eb16ae00c3b12a"
            ],
            "tags": {
              "Environment": "prod",
              "ManagedBy": "terraform",
              "Project": "CAP"
            },
            "tags_all": {
              "Environment": "prod",
              "ManagedBy": "terraform",
              "Project": "CAP"
            },
            "timeouts": null,
            "vpc_id": "vpc-04ceed96ed33eb80a",
            "xff_header_processing_mode": "append",
            "zone_id": "Z215JYRZR1TBD5"
          },
          "sensitive_attributes": [],
          "private": "eyJlMmJmYjczMC1lY2FhLTExZTYtOGY4OC0zNDM2M2JjN2M0YzAiOnsiY3JlYXRlIjo2MDAwMDAwMDAwMDAsImRlbGV0ZSI6NjAwMDAwMDAwMDAwLCJ1cGRhdGUiOjYwMDAwMDAwMDAwMH19",
          "dependencies": [
            "aws_security_group.zohlar_alb",
            "aws_subnet.tenant_new_public",
            "aws_vpc.tenant_new",
            "data.aws_subnets.zohlar_public"
          ]
        }
      ]
    },
    {
      "mode": "managed",
      "type": "aws_lb_listener",
      "name": "agaile_http",
      "provider": "provider[\"registry.terraform.io/hashicorp/aws\"]",
      "instances": [
        {
          "schema_version": 0,
          "attributes": {
            "alpn_policy": null,
            "arn": "arn:aws:elasticloadbalancing:eu-central-1:585008045756:listener/app/agaile-alb-tf/88d4ef46cae3dc8c/ead6ec46bf983c13",
            "certificate_arn": null,
            "default_action": [
              {
                "authenticate_cognito": [],
                "authenticate_oidc": [],
                "fixed_response": [],
                "forward": [],
                "order": 1,
                "redirect": [
                  {
                    "host": "#{host}",
                    "path": "/#{path}",
                    "port": "443",
                    "protocol": "HTTPS",
                    "query": "#{query}",
                    "status_code": "HTTP_301"
                  }
                ],
                "target_group_arn": "",
                "type": "redirect"
              }
            ],
            "id": "arn:aws:elasticloadbalancing:eu-central-1:585008045756:listener/app/agaile-alb-tf/88d4ef46cae3dc8c/ead6ec46bf983c13",
            "load_balancer_arn": "arn:aws:elasticloadbalancing:eu-central-1:585008045756:loadbalancer/app/agaile-alb-tf/88d4ef46cae3dc8c",
            "mutual_authentication": [],
            "port": 80,
            "protocol": "HTTP",
            "ssl_policy": "",
            "tags": {},
            "tags_all": {
              "Environment": "prod",
              "ManagedBy": "terraform",
              "Project": "CAP"
            },
            "timeouts": null
          },
          "sensitive_attributes": [],
          "private": "eyJlMmJmYjczMC1lY2FhLTExZTYtOGY4OC0zNDM2M2JjN2M0YzAiOnsiY3JlYXRlIjozMDAwMDAwMDAwMDAsInVwZGF0ZSI6MzAwMDAwMDAwMDAwfX0=",
          "dependencies": [
            "aws_lb.agaile-alb-tf",
            "aws_security_group.agaile_alb"
          ]
        }
      ]
    },
    {
      "mode": "managed",
      "type": "aws_lb_listener",
      "name": "agaile_https",
      "provider": "provider[\"registry.terraform.io/hashicorp/aws\"]",
      "instances": [
        {
          "schema_version": 0,
          "attributes": {
            "alpn_policy": null,
            "arn": "arn:aws:elasticloadbalancing:eu-central-1:585008045756:listener/app/agaile-alb-tf/88d4ef46cae3dc8c/57b8cf96f8ff191b",
            "certificate_arn": "arn:aws:acm:eu-central-1:585008045756:certificate/4f61e572-4942-4f60-8415-3e69ae1d0057",
            "default_action": [
              {
                "authenticate_cognito": [],
                "authenticate_oidc": [],
                "fixed_response": [],
                "forward": [
                  {
                    "stickiness": [
                      {
                        "duration": 3600,
                        "enabled": false
                      }
                    ],
                    "target_group": [
                      {
                        "arn": "arn:aws:elasticloadbalancing:eu-central-1:585008045756:targetgroup/agaile-alb-tg-tf/d3246464f4c55b6b",
                        "weight": 1
                      }
                    ]
                  }
                ],
                "order": 1,
                "redirect": [],
                "target_group_arn": "",
                "type": "forward"
              }
            ],
            "id": "arn:aws:elasticloadbalancing:eu-central-1:585008045756:listener/app/agaile-alb-tf/88d4ef46cae3dc8c/57b8cf96f8ff191b",
            "load_balancer_arn": "arn:aws:elasticloadbalancing:eu-central-1:585008045756:loadbalancer/app/agaile-alb-tf/88d4ef46cae3dc8c",
            "mutual_authentication": [
              {
                "ignore_client_certificate_expiry": false,
                "mode": "off",
                "trust_store_arn": ""
              }
            ],
            "port": 443,
            "protocol": "HTTPS",
            "ssl_policy": "ELBSecurityPolicy-2016-08",
            "tags": {},
            "tags_all": {
              "Environment": "prod",
              "ManagedBy": "terraform",
              "Project": "CAP"
            },
            "timeouts": null
          },
          "sensitive_attributes": [],
          "private": "eyJlMmJmYjczMC1lY2FhLTExZTYtOGY4OC0zNDM2M2JjN2M0YzAiOnsiY3JlYXRlIjozMDAwMDAwMDAwMDAsInVwZGF0ZSI6MzAwMDAwMDAwMDAwfX0=",
          "dependencies": [
            "aws_lb.agaile-alb-tf",
            "aws_lb_target_group.agaile-alb-tg-tf",
            "aws_security_group.agaile_alb"
          ]
        }
      ]
    },
    {
      "mode": "managed",
      "type": "aws_lb_listener",
      "name": "convert10_http",
      "provider": "provider[\"registry.terraform.io/hashicorp/aws\"]",
      "instances": [
        {
          "schema_version": 0,
          "attributes": {
            "alpn_policy": null,
            "arn": "arn:aws:elasticloadbalancing:eu-central-1:585008045756:listener/app/convert10-alb-tf/7609f1f544e562d1/a3e1c9ee81584205",
            "certificate_arn": null,
            "default_action": [
              {
                "authenticate_cognito": [],
                "authenticate_oidc": [],
                "fixed_response": [],
                "forward": [],
                "order": 1,
                "redirect": [
                  {
                    "host": "#{host}",
                    "path": "/#{path}",
                    "port": "443",
                    "protocol": "HTTPS",
                    "query": "#{query}",
                    "status_code": "HTTP_301"
                  }
                ],
                "target_group_arn": "",
                "type": "redirect"
              }
            ],
            "id": "arn:aws:elasticloadbalancing:eu-central-1:585008045756:listener/app/convert10-alb-tf/7609f1f544e562d1/a3e1c9ee81584205",
            "load_balancer_arn": "arn:aws:elasticloadbalancing:eu-central-1:585008045756:loadbalancer/app/convert10-alb-tf/7609f1f544e562d1",
            "mutual_authentication": [],
            "port": 80,
            "protocol": "HTTP",
            "ssl_policy": "",
            "tags": {},
            "tags_all": {
              "Environment": "prod",
              "ManagedBy": "terraform",
              "Project": "CAP"
            },
            "timeouts": null
          },
          "sensitive_attributes": [],
          "private": "eyJlMmJmYjczMC1lY2FhLTExZTYtOGY4OC0zNDM2M2JjN2M0YzAiOnsiY3JlYXRlIjozMDAwMDAwMDAwMDAsInVwZGF0ZSI6MzAwMDAwMDAwMDAwfX0=",
          "dependencies": [
            "aws_lb.convert10-alb-tf",
            "aws_security_group.convert10_alb"
          ]
        }
      ]
    },
    {
      "mode": "managed",
      "type": "aws_lb_listener",
      "name": "convert10_https",
      "provider": "provider[\"registry.terraform.io/hashicorp/aws\"]",
      "instances": [
        {
          "schema_version": 0,
          "attributes": {
            "alpn_policy": null,
            "arn": "arn:aws:elasticloadbalancing:eu-central-1:585008045756:listener/app/convert10-alb-tf/7609f1f544e562d1/c7c78e6d03157347",
            "certificate_arn": "arn:aws:acm:eu-central-1:585008045756:certificate/4f61e572-4942-4f60-8415-3e69ae1d0057",
            "default_action": [
              {
                "authenticate_cognito": [],
                "authenticate_oidc": [],
                "fixed_response": [],
                "forward": [
                  {
                    "stickiness": [
                      {
                        "duration": 3600,
                        "enabled": false
                      }
                    ],
                    "target_group": [
                      {
                        "arn": "arn:aws:elasticloadbalancing:eu-central-1:585008045756:targetgroup/convert10-alb-tg-tf/49acf63b9c8129df",
                        "weight": 1
                      }
                    ]
                  }
                ],
                "order": 1,
                "redirect": [],
                "target_group_arn": "",
                "type": "forward"
              }
            ],
            "id": "arn:aws:elasticloadbalancing:eu-central-1:585008045756:listener/app/convert10-alb-tf/7609f1f544e562d1/c7c78e6d03157347",
            "load_balancer_arn": "arn:aws:elasticloadbalancing:eu-central-1:585008045756:loadbalancer/app/convert10-alb-tf/7609f1f544e562d1",
            "mutual_authentication": [
              {
                "ignore_client_certificate_expiry": false,
                "mode": "off",
                "trust_store_arn": ""
              }
            ],
            "port": 443,
            "protocol": "HTTPS",
            "ssl_policy": "ELBSecurityPolicy-2016-08",
            "tags": {},
            "tags_all": {
              "Environment": "prod",
              "ManagedBy": "terraform",
              "Project": "CAP"
            },
            "timeouts": null
          },
          "sensitive_attributes": [],
          "private": "eyJlMmJmYjczMC1lY2FhLTExZTYtOGY4OC0zNDM2M2JjN2M0YzAiOnsiY3JlYXRlIjozMDAwMDAwMDAwMDAsInVwZGF0ZSI6MzAwMDAwMDAwMDAwfX0=",
          "dependencies": [
            "aws_lb.convert10-alb-tf",
            "aws_lb_target_group.convert10-alb-tg-tf",
            "aws_security_group.convert10_alb"
          ]
        }
      ]
    },
    {
      "mode": "managed",
      "type": "aws_lb_listener",
      "name": "rooftopsolar_http",
      "provider": "provider[\"registry.terraform.io/hashicorp/aws\"]",
      "instances": [
        {
          "schema_version": 0,
          "attributes": {
            "alpn_policy": null,
            "arn": "arn:aws:elasticloadbalancing:eu-central-1:585008045756:listener/app/rooftopsolar-alb-tf/15640b89ec2b8ef4/2dc8c5cd32b684a0",
            "certificate_arn": null,
            "default_action": [
              {
                "authenticate_cognito": [],
                "authenticate_oidc": [],
                "fixed_response": [],
                "forward": [],
                "order": 1,
                "redirect": [
                  {
                    "host": "#{host}",
                    "path": "/#{path}",
                    "port": "443",
                    "protocol": "HTTPS",
                    "query": "#{query}",
                    "status_code": "HTTP_301"
                  }
                ],
                "target_group_arn": "",
                "type": "redirect"
              }
            ],
            "id": "arn:aws:elasticloadbalancing:eu-central-1:585008045756:listener/app/rooftopsolar-alb-tf/15640b89ec2b8ef4/2dc8c5cd32b684a0",
            "load_balancer_arn": "arn:aws:elasticloadbalancing:eu-central-1:585008045756:loadbalancer/app/rooftopsolar-alb-tf/15640b89ec2b8ef4",
            "mutual_authentication": [],
            "port": 80,
            "protocol": "HTTP",
            "ssl_policy": "",
            "tags": {},
            "tags_all": {
              "Environment": "prod",
              "ManagedBy": "terraform",
              "Project": "CAP"
            },
            "timeouts": null
          },
          "sensitive_attributes": [],
          "private": "eyJlMmJmYjczMC1lY2FhLTExZTYtOGY4OC0zNDM2M2JjN2M0YzAiOnsiY3JlYXRlIjozMDAwMDAwMDAwMDAsInVwZGF0ZSI6MzAwMDAwMDAwMDAwfX0=",
          "dependencies": [
            "aws_lb.rooftopsolar-alb-tf",
            "aws_security_group.rooftopsolar_alb"
          ]
        }
      ]
    },
    {
      "mode": "managed",
      "type": "aws_lb_listener",
      "name": "rooftopsolar_https",
      "provider": "provider[\"registry.terraform.io/hashicorp/aws\"]",
      "instances": [
        {
          "schema_version": 0,
          "attributes": {
            "alpn_policy": null,
            "arn": "arn:aws:elasticloadbalancing:eu-central-1:585008045756:listener/app/rooftopsolar-alb-tf/15640b89ec2b8ef4/c321df024826b8da",
            "certificate_arn": "arn:aws:acm:eu-central-1:585008045756:certificate/4f61e572-4942-4f60-8415-3e69ae1d0057",
            "default_action": [
              {
                "authenticate_cognito": [],
                "authenticate_oidc": [],
                "fixed_response": [],
                "forward": [
                  {
                    "stickiness": [
                      {
                        "duration": 3600,
                        "enabled": false
                      }
                    ],
                    "target_group": [
                      {
                        "arn": "arn:aws:elasticloadbalancing:eu-central-1:585008045756:targetgroup/rooftopsolar-alb-tg-tf/55ffb3cea5cf1576",
                        "weight": 1
                      }
                    ]
                  }
                ],
                "order": 1,
                "redirect": [],
                "target_group_arn": "",
                "type": "forward"
              }
            ],
            "id": "arn:aws:elasticloadbalancing:eu-central-1:585008045756:listener/app/rooftopsolar-alb-tf/15640b89ec2b8ef4/c321df024826b8da",
            "load_balancer_arn": "arn:aws:elasticloadbalancing:eu-central-1:585008045756:loadbalancer/app/rooftopsolar-alb-tf/15640b89ec2b8ef4",
            "mutual_authentication": [
              {
                "ignore_client_certificate_expiry": false,
                "mode": "off",
                "trust_store_arn": ""
              }
            ],
            "port": 443,
            "protocol": "HTTPS",
            "ssl_policy": "ELBSecurityPolicy-2016-08",
            "tags": {},
            "tags_all": {
              "Environment": "prod",
              "ManagedBy": "terraform",
              "Project": "CAP"
            },
            "timeouts": null
          },
          "sensitive_attributes": [],
          "private": "eyJlMmJmYjczMC1lY2FhLTExZTYtOGY4OC0zNDM2M2JjN2M0YzAiOnsiY3JlYXRlIjozMDAwMDAwMDAwMDAsInVwZGF0ZSI6MzAwMDAwMDAwMDAwfX0=",
          "dependencies": [
            "aws_lb.rooftopsolar-alb-tf",
            "aws_lb_target_group.rooftopsolar-alb-tg-tf",
            "aws_security_group.rooftopsolar_alb"
          ]
        }
      ]
    },
    {
      "mode": "managed",
      "type": "aws_lb_listener",
      "name": "zohlar_http",
      "provider": "provider[\"registry.terraform.io/hashicorp/aws\"]",
      "instances": [
        {
          "schema_version": 0,
          "attributes": {
            "alpn_policy": null,
            "arn": "arn:aws:elasticloadbalancing:eu-central-1:585008045756:listener/app/zohlar-alb-tf/b4724cdc4089bd3c/b861b65fde07c39b",
            "certificate_arn": null,
            "default_action": [
              {
                "authenticate_cognito": [],
                "authenticate_oidc": [],
                "fixed_response": [],
                "forward": [],
                "order": 1,
                "redirect": [
                  {
                    "host": "#{host}",
                    "path": "/#{path}",
                    "port": "443",
                    "protocol": "HTTPS",
                    "query": "#{query}",
                    "status_code": "HTTP_301"
                  }
                ],
                "target_group_arn": "",
                "type": "redirect"
              }
            ],
            "id": "arn:aws:elasticloadbalancing:eu-central-1:585008045756:listener/app/zohlar-alb-tf/b4724cdc4089bd3c/b861b65fde07c39b",
            "load_balancer_arn": "arn:aws:elasticloadbalancing:eu-central-1:585008045756:loadbalancer/app/zohlar-alb-tf/b4724cdc4089bd3c",
            "mutual_authentication": [],
            "port": 80,
            "protocol": "HTTP",
            "ssl_policy": "",
            "tags": null,
            "tags_all": {
              "Environment": "prod",
              "ManagedBy": "terraform",
              "Project": "CAP"
            },
            "timeouts": null
          },
          "sensitive_attributes": [],
          "private": "eyJlMmJmYjczMC1lY2FhLTExZTYtOGY4OC0zNDM2M2JjN2M0YzAiOnsiY3JlYXRlIjozMDAwMDAwMDAwMDAsInVwZGF0ZSI6MzAwMDAwMDAwMDAwfX0=",
          "dependencies": [
            "aws_lb.zohlar_alb",
            "data.aws_subnets.public"
          ]
        }
      ]
    },
    {
      "mode": "managed",
      "type": "aws_lb_listener",
      "name": "zohlar_https",
      "provider": "provider[\"registry.terraform.io/hashicorp/aws\"]",
      "instances": [
        {
          "schema_version": 0,
          "attributes": {
            "alpn_policy": null,
            "arn": "arn:aws:elasticloadbalancing:eu-central-1:585008045756:listener/app/zohlar-alb-tf/b4724cdc4089bd3c/0e7e5db74380ec47",
            "certificate_arn": "arn:aws:acm:eu-central-1:585008045756:certificate/4f61e572-4942-4f60-8415-3e69ae1d0057",
            "default_action": [
              {
                "authenticate_cognito": [],
                "authenticate_oidc": [],
                "fixed_response": [],
                "forward": [
                  {
                    "stickiness": [
                      {
                        "duration": 3600,
                        "enabled": false
                      }
                    ],
                    "target_group": [
                      {
                        "arn": "arn:aws:elasticloadbalancing:eu-central-1:585008045756:targetgroup/zohlar-alb-tg-tf/e9b10157ae2f7fac",
                        "weight": 1
                      }
                    ]
                  }
                ],
                "order": 1,
                "redirect": [],
                "target_group_arn": "",
                "type": "forward"
              }
            ],
            "id": "arn:aws:elasticloadbalancing:eu-central-1:585008045756:listener/app/zohlar-alb-tf/b4724cdc4089bd3c/0e7e5db74380ec47",
            "load_balancer_arn": "arn:aws:elasticloadbalancing:eu-central-1:585008045756:loadbalancer/app/zohlar-alb-tf/b4724cdc4089bd3c",
            "mutual_authentication": [
              {
                "ignore_client_certificate_expiry": false,
                "mode": "off",
                "trust_store_arn": ""
              }
            ],
            "port": 443,
            "protocol": "HTTPS",
            "ssl_policy": "ELBSecurityPolicy-2016-08",
            "tags": {},
            "tags_all": {
              "Environment": "prod",
              "ManagedBy": "terraform",
              "Project": "CAP"
            },
            "timeouts": null
          },
          "sensitive_attributes": [],
          "private": "eyJlMmJmYjczMC1lY2FhLTExZTYtOGY4OC0zNDM2M2JjN2M0YzAiOnsiY3JlYXRlIjozMDAwMDAwMDAwMDAsInVwZGF0ZSI6MzAwMDAwMDAwMDAwfX0=",
          "dependencies": [
            "aws_lb.zohlar_alb",
            "aws_lb_target_group.zohlar-alb-tg-tf",
            "aws_security_group.zohlar_alb",
            "aws_subnet.tenant_new_public",
            "aws_vpc.tenant_new",
            "data.aws_subnets.zohlar_public"
          ]
        }
      ]
    },
    {
      "mode": "managed",
      "type": "aws_lb_target_group",
      "name": "agaile-alb-tg-tf",
      "provider": "provider[\"registry.terraform.io/hashicorp/aws\"]",
      "instances": [
        {
          "schema_version": 0,
          "attributes": {
            "arn": "arn:aws:elasticloadbalancing:eu-central-1:585008045756:targetgroup/agaile-alb-tg-tf/d3246464f4c55b6b",
            "arn_suffix": "targetgroup/agaile-alb-tg-tf/d3246464f4c55b6b",
            "connection_termination": null,
            "deregistration_delay": "300",
            "health_check": [
              {
                "enabled": true,
                "healthy_threshold": 2,
                "interval": 30,
                "matcher": "200",
                "path": "/",
                "port": "traffic-port",
                "protocol": "HTTP",
                "timeout": 20,
                "unhealthy_threshold": 2
              }
            ],
            "id": "arn:aws:elasticloadbalancing:eu-central-1:585008045756:targetgroup/agaile-alb-tg-tf/d3246464f4c55b6b",
            "ip_address_type": "ipv4",
            "lambda_multi_value_headers_enabled": false,
            "load_balancer_arns": [
              "arn:aws:elasticloadbalancing:eu-central-1:585008045756:loadbalancer/app/agaile-alb-tf/88d4ef46cae3dc8c"
            ],
            "load_balancing_algorithm_type": "round_robin",
            "load_balancing_anomaly_mitigation": "off",
            "load_balancing_cross_zone_enabled": "use_load_balancer_configuration",
            "name": "agaile-alb-tg-tf",
            "name_prefix": "",
            "port": 3000,
            "preserve_client_ip": null,
            "protocol": "HTTP",
            "protocol_version": "HTTP1",
            "proxy_protocol_v2": false,
            "slow_start": 0,
            "stickiness": [
              {
                "cookie_duration": 86400,
                "cookie_name": "",
                "enabled": false,
                "type": "lb_cookie"
              }
            ],
            "tags": {},
            "tags_all": {
              "Environment": "prod",
              "ManagedBy": "terraform",
              "Project": "CAP"
            },
            "target_failover": [
              {
                "on_deregistration": null,
                "on_unhealthy": null
              }
            ],
            "target_health_state": [
              {
                "enable_unhealthy_connection_termination": null
              }
            ],
            "target_type": "ip",
            "vpc_id": "vpc-04ceed96ed33eb80a"
          },
          "sensitive_attributes": [],
          "private": "bnVsbA=="
        }
      ]
    },
    {
      "mode": "managed",
      "type": "aws_lb_target_group",
      "name": "convert10-alb-tg-tf",
      "provider": "provider[\"registry.terraform.io/hashicorp/aws\"]",
      "instances": [
        {
          "schema_version": 0,
          "attributes": {
            "arn": "arn:aws:elasticloadbalancing:eu-central-1:585008045756:targetgroup/convert10-alb-tg-tf/49acf63b9c8129df",
            "arn_suffix": "targetgroup/convert10-alb-tg-tf/49acf63b9c8129df",
            "connection_termination": null,
            "deregistration_delay": "300",
            "health_check": [
              {
                "enabled": true,
                "healthy_threshold": 2,
                "interval": 30,
                "matcher": "200",
                "path": "/",
                "port": "traffic-port",
                "protocol": "HTTP",
                "timeout": 20,
                "unhealthy_threshold": 2
              }
            ],
            "id": "arn:aws:elasticloadbalancing:eu-central-1:585008045756:targetgroup/convert10-alb-tg-tf/49acf63b9c8129df",
            "ip_address_type": "ipv4",
            "lambda_multi_value_headers_enabled": false,
            "load_balancer_arns": [
              "arn:aws:elasticloadbalancing:eu-central-1:585008045756:loadbalancer/app/convert10-alb-tf/7609f1f544e562d1"
            ],
            "load_balancing_algorithm_type": "round_robin",
            "load_balancing_anomaly_mitigation": "off",
            "load_balancing_cross_zone_enabled": "use_load_balancer_configuration",
            "name": "convert10-alb-tg-tf",
            "name_prefix": "",
            "port": 3000,
            "preserve_client_ip": null,
            "protocol": "HTTP",
            "protocol_version": "HTTP1",
            "proxy_protocol_v2": false,
            "slow_start": 0,
            "stickiness": [
              {
                "cookie_duration": 86400,
                "cookie_name": "",
                "enabled": false,
                "type": "lb_cookie"
              }
            ],
            "tags": {},
            "tags_all": {
              "Environment": "prod",
              "ManagedBy": "terraform",
              "Project": "CAP"
            },
            "target_failover": [
              {
                "on_deregistration": null,
                "on_unhealthy": null
              }
            ],
            "target_health_state": [
              {
                "enable_unhealthy_connection_termination": null
              }
            ],
            "target_type": "ip",
            "vpc_id": "vpc-04ceed96ed33eb80a"
          },
          "sensitive_attributes": [],
          "private": "bnVsbA=="
        }
      ]
    },
    {
      "mode": "managed",
      "type": "aws_lb_target_group",
      "name": "rooftopsolar-alb-tg-tf",
      "provider": "provider[\"registry.terraform.io/hashicorp/aws\"]",
      "instances": [
        {
          "schema_version": 0,
          "attributes": {
            "arn": "arn:aws:elasticloadbalancing:eu-central-1:585008045756:targetgroup/rooftopsolar-alb-tg-tf/55ffb3cea5cf1576",
            "arn_suffix": "targetgroup/rooftopsolar-alb-tg-tf/55ffb3cea5cf1576",
            "connection_termination": null,
            "deregistration_delay": "300",
            "health_check": [
              {
                "enabled": true,
                "healthy_threshold": 2,
                "interval": 30,
                "matcher": "200",
                "path": "/",
                "port": "traffic-port",
                "protocol": "HTTP",
                "timeout": 20,
                "unhealthy_threshold": 2
              }
            ],
            "id": "arn:aws:elasticloadbalancing:eu-central-1:585008045756:targetgroup/rooftopsolar-alb-tg-tf/55ffb3cea5cf1576",
            "ip_address_type": "ipv4",
            "lambda_multi_value_headers_enabled": false,
            "load_balancer_arns": [
              "arn:aws:elasticloadbalancing:eu-central-1:585008045756:loadbalancer/app/rooftopsolar-alb-tf/15640b89ec2b8ef4"
            ],
            "load_balancing_algorithm_type": "round_robin",
            "load_balancing_anomaly_mitigation": "off",
            "load_balancing_cross_zone_enabled": "use_load_balancer_configuration",
            "name": "rooftopsolar-alb-tg-tf",
            "name_prefix": "",
            "port": 3000,
            "preserve_client_ip": null,
            "protocol": "HTTP",
            "protocol_version": "HTTP1",
            "proxy_protocol_v2": false,
            "slow_start": 0,
            "stickiness": [
              {
                "cookie_duration": 86400,
                "cookie_name": "",
                "enabled": false,
                "type": "lb_cookie"
              }
            ],
            "tags": {
              "Environment": "prod",
              "ManagedBy": "terraform",
              "Name": "rooftopsolar-alb-tg-tf",
              "Project": "CAP"
            },
            "tags_all": {
              "Environment": "prod",
              "ManagedBy": "terraform",
              "Name": "rooftopsolar-alb-tg-tf",
              "Project": "CAP"
            },
            "target_failover": [
              {
                "on_deregistration": null,
                "on_unhealthy": null
              }
            ],
            "target_health_state": [
              {
                "enable_unhealthy_connection_termination": null
              }
            ],
            "target_type": "ip",
            "vpc_id": "vpc-04ceed96ed33eb80a"
          },
          "sensitive_attributes": [],
          "private": "bnVsbA=="
        }
      ]
    },
    {
      "mode": "managed",
      "type": "aws_lb_target_group",
      "name": "zohlar-alb-tg-tf",
      "provider": "provider[\"registry.terraform.io/hashicorp/aws\"]",
      "instances": [
        {
          "schema_version": 0,
          "attributes": {
            "arn": "arn:aws:elasticloadbalancing:eu-central-1:585008045756:targetgroup/zohlar-alb-tg-tf/e9b10157ae2f7fac",
            "arn_suffix": "targetgroup/zohlar-alb-tg-tf/e9b10157ae2f7fac",
            "connection_termination": null,
            "deregistration_delay": "300",
            "health_check": [
              {
                "enabled": true,
                "healthy_threshold": 2,
                "interval": 60,
                "matcher": "200",
                "path": "/",
                "port": "traffic-port",
                "protocol": "HTTP",
                "timeout": 30,
                "unhealthy_threshold": 3
              }
            ],
            "id": "arn:aws:elasticloadbalancing:eu-central-1:585008045756:targetgroup/zohlar-alb-tg-tf/e9b10157ae2f7fac",
            "ip_address_type": "ipv4",
            "lambda_multi_value_headers_enabled": false,
            "load_balancer_arns": [
              "arn:aws:elasticloadbalancing:eu-central-1:585008045756:loadbalancer/app/zohlar-alb-tf/b4724cdc4089bd3c"
            ],
            "load_balancing_algorithm_type": "round_robin",
            "load_balancing_anomaly_mitigation": "off",
            "load_balancing_cross_zone_enabled": "use_load_balancer_configuration",
            "name": "zohlar-alb-tg-tf",
            "name_prefix": "",
            "port": 3000,
            "preserve_client_ip": null,
            "protocol": "HTTP",
            "protocol_version": "HTTP1",
            "proxy_protocol_v2": false,
            "slow_start": 0,
            "stickiness": [
              {
                "cookie_duration": 86400,
                "cookie_name": "",
                "enabled": false,
                "type": "lb_cookie"
              }
            ],
            "tags": {
              "Environment": "prod",
              "ManagedBy": "terraform",
              "Name": "zohlar-alb-tg-tf",
              "Project": "CAP"
            },
            "tags_all": {
              "Environment": "prod",
              "ManagedBy": "terraform",
              "Name": "zohlar-alb-tg-tf",
              "Project": "CAP"
            },
            "target_failover": [
              {
                "on_deregistration": null,
                "on_unhealthy": null
              }
            ],
            "target_health_state": [
              {
                "enable_unhealthy_connection_termination": null
              }
            ],
            "target_type": "ip",
            "vpc_id": "vpc-04ceed96ed33eb80a"
          },
          "sensitive_attributes": [],
          "private": "bnVsbA==",
          "dependencies": [
            "aws_subnet.tenant_new_public",
            "aws_vpc.tenant_new"
          ]
        }
      ]
    },
    {
      "mode": "managed",
      "type": "aws_rds_cluster",
      "name": "aurora_cluster",
      "provider": "provider[\"registry.terraform.io/hashicorp/aws\"]",
      "instances": [
        {
          "schema_version": 1,
          "attributes": {
            "allocated_storage": 1,
            "allow_major_version_upgrade": null,
            "apply_immediately": null,
            "arn": "arn:aws:rds:eu-central-1:585008045756:cluster:prod-aurora-cluster",
            "availability_zones": [
              "eu-central-1a",
              "eu-central-1b",
              "eu-central-1c"
            ],
            "backtrack_window": 0,
            "backup_retention_period": 1,
            "cluster_identifier": "prod-aurora-cluster",
            "cluster_identifier_prefix": "",
            "cluster_members": [
              "prod-aurora-instance-0",
              "prod-aurora-instance-1"
            ],
            "cluster_resource_id": "cluster-63YLKJHMPKQGCYHSIZVQ5S3WUQ",
            "copy_tags_to_snapshot": false,
            "database_name": "agailedb",
            "db_cluster_instance_class": "",
            "db_cluster_parameter_group_name": "default.aurora-postgresql14",
            "db_instance_parameter_group_name": null,
            "db_subnet_group_name": "prod-aurora-subnet-group",
            "db_system_id": "",
            "delete_automated_backups": true,
            "deletion_protection": false,
            "domain": "",
            "domain_iam_role_name": "",
            "enable_global_write_forwarding": false,
            "enable_http_endpoint": false,
            "enable_local_write_forwarding": false,
            "enabled_cloudwatch_logs_exports": [],
            "endpoint": "prod-aurora-cluster.cluster-cpm0usuo43vo.eu-central-1.rds.amazonaws.com",
            "engine": "aurora-postgresql",
            "engine_mode": "provisioned",
            "engine_version": "14.9",
            "engine_version_actual": "14.9",
            "final_snapshot_identifier": null,
            "global_cluster_identifier": "",
            "hosted_zone_id": "Z1RLNUO7B9Q6NB",
            "iam_database_authentication_enabled": true,
            "iam_roles": [],
            "id": "prod-aurora-cluster",
            "iops": 0,
            "kms_key_id": "arn:aws:kms:eu-central-1:585008045756:key/370c3832-2e63-45cd-acb2-6d602434da6a",
            "manage_master_user_password": true,
            "master_password": null,
            "master_user_secret": [
              {
                "kms_key_id": "arn:aws:kms:eu-central-1:585008045756:key/37411b35-0fa1-4199-9307-dbcaee57f488",
                "secret_arn": "arn:aws:secretsmanager:eu-central-1:585008045756:secret:rds!cluster-081d597b-34fa-4f9c-bfb9-51d737c754c9-Dgjngl",
                "secret_status": "active"
              }
            ],
            "master_user_secret_kms_key_id": null,
            "master_username": "postgres",
            "network_type": "IPV4",
            "port": 5432,
            "preferred_backup_window": "23:11-23:41",
            "preferred_maintenance_window": "fri:23:46-sat:00:16",
            "reader_endpoint": "prod-aurora-cluster.cluster-ro-cpm0usuo43vo.eu-central-1.rds.amazonaws.com",
            "replication_source_identifier": "",
            "restore_to_point_in_time": [],
            "s3_import": [],
            "scaling_configuration": [],
            "serverlessv2_scaling_configuration": [
              {
                "max_capacity": 16,
                "min_capacity": 0.5
              }
            ],
            "skip_final_snapshot": true,
            "snapshot_identifier": null,
            "source_region": null,
            "storage_encrypted": true,
            "storage_type": "",
            "tags": {
              "Environment": "prod"
            },
            "tags_all": {
              "Environment": "prod"
            },
            "timeouts": null,
            "vpc_security_group_ids": [
              "sg-004bc883b88f8e3df",
              "sg-028b4f88a7d6c4eb7"
            ]
          },
          "sensitive_attributes": [
            [
              {
                "type": "get_attr",
                "value": "master_password"
              }
            ]
          ],
          "private": "eyJlMmJmYjczMC1lY2FhLTExZTYtOGY4OC0zNDM2M2JjN2M0YzAiOnsiY3JlYXRlIjo3MjAwMDAwMDAwMDAwLCJkZWxldGUiOjcyMDAwMDAwMDAwMDAsInVwZGF0ZSI6NzIwMDAwMDAwMDAwMH0sInNjaGVtYV92ZXJzaW9uIjoiMSJ9",
          "dependencies": [
            "aws_db_subnet_group.aurora",
            "aws_security_group.aurora_sg"
          ],
          "create_before_destroy": true
        }
      ]
    },
    {
      "mode": "managed",
      "type": "aws_rds_cluster_instance",
      "name": "aurora_instances",
      "provider": "provider[\"registry.terraform.io/hashicorp/aws\"]",
      "instances": [
        {
          "index_key": 0,
          "schema_version": 0,
          "attributes": {
            "apply_immediately": null,
            "arn": "arn:aws:rds:eu-central-1:585008045756:db:prod-aurora-instance-0",
            "auto_minor_version_upgrade": true,
            "availability_zone": "eu-central-1c",
            "ca_cert_identifier": "rds-ca-rsa2048-g1",
            "cluster_identifier": "prod-aurora-cluster",
            "copy_tags_to_snapshot": false,
            "custom_iam_instance_profile": "",
            "db_parameter_group_name": "default.aurora-postgresql14",
            "db_subnet_group_name": "prod-aurora-subnet-group",
            "dbi_resource_id": "db-WZZIK3SRJOITXC55VYYIAD73ZI",
            "endpoint": "prod-aurora-instance-0.cpm0usuo43vo.eu-central-1.rds.amazonaws.com",
            "engine": "aurora-postgresql",
            "engine_version": "14.9",
            "engine_version_actual": "14.9",
            "id": "prod-aurora-instance-0",
            "identifier": "prod-aurora-instance-0",
            "identifier_prefix": "",
            "instance_class": "db.serverless",
            "kms_key_id": "arn:aws:kms:eu-central-1:585008045756:key/370c3832-2e63-45cd-acb2-6d602434da6a",
            "monitoring_interval": 0,
            "monitoring_role_arn": "",
            "network_type": "IPV4",
            "performance_insights_enabled": false,
            "performance_insights_kms_key_id": "",
            "performance_insights_retention_period": 0,
            "port": 5432,
            "preferred_backup_window": "23:11-23:41",
            "preferred_maintenance_window": "sun:00:37-sun:01:07",
            "promotion_tier": 0,
            "publicly_accessible": false,
            "storage_encrypted": true,
            "tags": {},
            "tags_all": {},
            "timeouts": null,
            "writer": true
          },
          "sensitive_attributes": [],
          "private": "eyJlMmJmYjczMC1lY2FhLTExZTYtOGY4OC0zNDM2M2JjN2M0YzAiOnsiY3JlYXRlIjo1NDAwMDAwMDAwMDAwLCJkZWxldGUiOjU0MDAwMDAwMDAwMDAsInVwZGF0ZSI6NTQwMDAwMDAwMDAwMH19",
          "dependencies": [
            "aws_db_subnet_group.aurora",
            "aws_rds_cluster.aurora_cluster",
            "aws_security_group.aurora_sg"
          ]
        },
        {
          "index_key": 1,
          "schema_version": 0,
          "attributes": {
            "apply_immediately": null,
            "arn": "arn:aws:rds:eu-central-1:585008045756:db:prod-aurora-instance-1",
            "auto_minor_version_upgrade": true,
            "availability_zone": "eu-central-1b",
            "ca_cert_identifier": "rds-ca-rsa2048-g1",
            "cluster_identifier": "prod-aurora-cluster",
            "copy_tags_to_snapshot": false,
            "custom_iam_instance_profile": "",
            "db_parameter_group_name": "default.aurora-postgresql14",
            "db_subnet_group_name": "prod-aurora-subnet-group",
            "dbi_resource_id": "db-FLUCCSPBUDRZVO3CB3HIR3LXNM",
            "endpoint": "prod-aurora-instance-1.cpm0usuo43vo.eu-central-1.rds.amazonaws.com",
            "engine": "aurora-postgresql",
            "engine_version": "14.9",
            "engine_version_actual": "14.9",
            "id": "prod-aurora-instance-1",
            "identifier": "prod-aurora-instance-1",
            "identifier_prefix": "",
            "instance_class": "db.serverless",
            "kms_key_id": "arn:aws:kms:eu-central-1:585008045756:key/370c3832-2e63-45cd-acb2-6d602434da6a",
            "monitoring_interval": 0,
            "monitoring_role_arn": "",
            "network_type": "IPV4",
            "performance_insights_enabled": false,
            "performance_insights_kms_key_id": "",
            "performance_insights_retention_period": 0,
            "port": 5432,
            "preferred_backup_window": "23:11-23:41",
            "preferred_maintenance_window": "tue:01:51-tue:02:21",
            "promotion_tier": 0,
            "publicly_accessible": false,
            "storage_encrypted": true,
            "tags": {},
            "tags_all": {},
            "timeouts": null,
            "writer": false
          },
          "sensitive_attributes": [],
          "private": "eyJlMmJmYjczMC1lY2FhLTExZTYtOGY4OC0zNDM2M2JjN2M0YzAiOnsiY3JlYXRlIjo1NDAwMDAwMDAwMDAwLCJkZWxldGUiOjU0MDAwMDAwMDAwMDAsInVwZGF0ZSI6NTQwMDAwMDAwMDAwMH19",
          "dependencies": [
            "aws_db_subnet_group.aurora",
            "aws_rds_cluster.aurora_cluster",
            "aws_security_group.aurora_sg"
          ]
        }
      ]
    },
    {
      "mode": "managed",
      "type": "aws_route",
      "name": "tenant_to_core_tgw",
      "provider": "provider[\"registry.terraform.io/hashicorp/aws\"]",
      "instances": [
        {
          "index_key": "rtb-08534ce96b970dddb",
          "schema_version": 0,
          "attributes": {
            "carrier_gateway_id": "",
            "core_network_arn": "",
            "destination_cidr_block": "10.1.0.0/16",
            "destination_ipv6_cidr_block": "",
            "destination_prefix_list_id": "",
            "egress_only_gateway_id": "",
            "gateway_id": "",
            "id": "r-rtb-08534ce96b970dddb3322942084",
            "instance_id": "",
            "instance_owner_id": "",
            "local_gateway_id": "",
            "nat_gateway_id": "",
            "network_interface_id": "",
            "origin": "CreateRoute",
            "route_table_id": "rtb-08534ce96b970dddb",
            "state": "active",
            "timeouts": null,
            "transit_gateway_id": "tgw-06f70755505b588f0",
            "vpc_endpoint_id": "",
            "vpc_peering_connection_id": ""
          },
          "sensitive_attributes": [],
          "private": "eyJlMmJmYjczMC1lY2FhLTExZTYtOGY4OC0zNDM2M2JjN2M0YzAiOnsiY3JlYXRlIjozMDAwMDAwMDAwMDAsImRlbGV0ZSI6MzAwMDAwMDAwMDAwLCJ1cGRhdGUiOjEyMDAwMDAwMDAwMH19",
          "dependencies": [
            "aws_ec2_transit_gateway.main",
            "data.aws_route_tables.tenant_all"
          ]
        },
        {
          "index_key": "rtb-09664e6b5aed6cf15",
          "schema_version": 0,
          "attributes": {
            "carrier_gateway_id": "",
            "core_network_arn": "",
            "destination_cidr_block": "10.1.0.0/16",
            "destination_ipv6_cidr_block": "",
            "destination_prefix_list_id": "",
            "egress_only_gateway_id": "",
            "gateway_id": "",
            "id": "r-rtb-09664e6b5aed6cf153322942084",
            "instance_id": "",
            "instance_owner_id": "",
            "local_gateway_id": "",
            "nat_gateway_id": "",
            "network_interface_id": "",
            "origin": "CreateRoute",
            "route_table_id": "rtb-09664e6b5aed6cf15",
            "state": "active",
            "timeouts": null,
            "transit_gateway_id": "tgw-06f70755505b588f0",
            "vpc_endpoint_id": "",
            "vpc_peering_connection_id": ""
          },
          "sensitive_attributes": [],
          "private": "eyJlMmJmYjczMC1lY2FhLTExZTYtOGY4OC0zNDM2M2JjN2M0YzAiOnsiY3JlYXRlIjozMDAwMDAwMDAwMDAsImRlbGV0ZSI6MzAwMDAwMDAwMDAwLCJ1cGRhdGUiOjEyMDAwMDAwMDAwMH19",
          "dependencies": [
            "aws_ec2_transit_gateway.main",
            "data.aws_route_tables.tenant_all"
          ]
        }
      ]
    },
    {
      "mode": "managed",
      "type": "aws_route53_record",
      "name": "cert_validation",
      "provider": "provider[\"registry.terraform.io/hashicorp/aws\"]",
      "instances": [
        {
          "index_key": "widget.agaile.ai",
          "schema_version": 2,
          "attributes": {
            "alias": [],
            "allow_overwrite": true,
            "cidr_routing_policy": [],
            "failover_routing_policy": [],
            "fqdn": "_5471ee724dc974dca6a63ebb80029e45.widget.agaile.ai",
            "geolocation_routing_policy": [],
            "geoproximity_routing_policy": [],
            "health_check_id": "",
            "id": "Z093218527DMKJQUNVLVO__5471ee724dc974dca6a63ebb80029e45.widget.agaile.ai._CNAME",
            "latency_routing_policy": [],
            "multivalue_answer_routing_policy": false,
            "name": "_5471ee724dc974dca6a63ebb80029e45.widget.agaile.ai",
            "records": [
              "_9b5a0b147d579b8d064993f66d4dca33.zfyfvmchrl.acm-validations.aws."
            ],
            "set_identifier": "",
            "ttl": 60,
            "type": "CNAME",
            "weighted_routing_policy": [],
            "zone_id": "Z093218527DMKJQUNVLVO"
          },
          "sensitive_attributes": [],
          "private": "eyJzY2hlbWFfdmVyc2lvbiI6IjIifQ==",
          "dependencies": [
            "aws_acm_certificate.main",
            "data.aws_route53_zone.main"
          ]
        }
      ]
    },
    {
      "mode": "managed",
      "type": "aws_route53_record",
      "name": "convert10_alb",
      "provider": "provider[\"registry.terraform.io/hashicorp/aws\"]",
      "instances": [
        {
          "schema_version": 2,
          "attributes": {
            "alias": [
              {
                "evaluate_target_health": true,
                "name": "agaile-alb-tf-1122849631.eu-central-1.elb.amazonaws.com",
                "zone_id": "Z215JYRZR1TBD5"
              }
            ],
            "allow_overwrite": null,
            "cidr_routing_policy": [],
            "failover_routing_policy": [],
            "fqdn": "convert10.widget.agaile.ai",
            "geolocation_routing_policy": [],
            "geoproximity_routing_policy": [],
            "health_check_id": "",
            "id": "Z093218527DMKJQUNVLVO_convert10.widget.agaile.ai_A",
            "latency_routing_policy": [],
            "multivalue_answer_routing_policy": false,
            "name": "convert10.widget.agaile.ai",
            "records": [],
            "set_identifier": "",
            "ttl": 0,
            "type": "A",
            "weighted_routing_policy": [],
            "zone_id": "Z093218527DMKJQUNVLVO"
          },
          "sensitive_attributes": [],
          "private": "eyJzY2hlbWFfdmVyc2lvbiI6IjIifQ==",
          "dependencies": [
            "data.aws_route53_zone.main"
          ]
        }
      ]
    },
    {
      "mode": "managed",
      "type": "aws_route53_record",
      "name": "rooftopsolar",
      "provider": "provider[\"registry.terraform.io/hashicorp/aws\"]",
      "instances": [
        {
          "schema_version": 2,
          "attributes": {
            "alias": [
              {
                "evaluate_target_health": true,
                "name": "rooftopsolar-alb-tf-521028936.eu-central-1.elb.amazonaws.com",
                "zone_id": "Z215JYRZR1TBD5"
              }
            ],
            "allow_overwrite": null,
            "cidr_routing_policy": [],
            "failover_routing_policy": [],
            "fqdn": "rooftopsolar.widget.agaile.ai",
            "geolocation_routing_policy": [],
            "geoproximity_routing_policy": [],
            "health_check_id": "",
            "id": "Z093218527DMKJQUNVLVO_rooftopsolar.widget.agaile.ai_A",
            "latency_routing_policy": [],
            "multivalue_answer_routing_policy": false,
            "name": "rooftopsolar.widget.agaile.ai",
            "records": [],
            "set_identifier": "",
            "ttl": 0,
            "type": "A",
            "weighted_routing_policy": [],
            "zone_id": "Z093218527DMKJQUNVLVO"
          },
          "sensitive_attributes": [],
          "private": "eyJzY2hlbWFfdmVyc2lvbiI6IjIifQ==",
          "dependencies": [
            "aws_lb.rooftopsolar-alb-tf",
            "aws_security_group.rooftopsolar_alb",
            "data.aws_route53_zone.main"
          ]
        }
      ]
    },
    {
      "mode": "managed",
      "type": "aws_route53_record",
      "name": "zohlar",
      "provider": "provider[\"registry.terraform.io/hashicorp/aws\"]",
      "instances": [
        {
          "schema_version": 2,
          "attributes": {
            "alias": [
              {
                "evaluate_target_health": true,
                "name": "zohlar-alb-tf-47858471.eu-central-1.elb.amazonaws.com",
                "zone_id": "Z215JYRZR1TBD5"
              }
            ],
            "allow_overwrite": null,
            "cidr_routing_policy": [],
            "failover_routing_policy": [],
            "fqdn": "zohlar.widget.agaile.ai",
            "geolocation_routing_policy": [],
            "geoproximity_routing_policy": [],
            "health_check_id": "",
            "id": "Z093218527DMKJQUNVLVO_zohlar.widget.agaile.ai_A",
            "latency_routing_policy": [],
            "multivalue_answer_routing_policy": false,
            "name": "zohlar.widget.agaile.ai",
            "records": [],
            "set_identifier": "",
            "ttl": 0,
            "type": "A",
            "weighted_routing_policy": [],
            "zone_id": "Z093218527DMKJQUNVLVO"
          },
          "sensitive_attributes": [],
          "private": "eyJzY2hlbWFfdmVyc2lvbiI6IjIifQ==",
          "dependencies": [
            "aws_lb.zohlar_alb",
            "data.aws_route53_zone.main",
            "data.aws_subnets.public"
          ]
        }
      ]
    },
    {
      "mode": "managed",
      "type": "aws_s3_bucket",
      "name": "agaile",
      "provider": "provider[\"registry.terraform.io/hashicorp/aws\"]",
      "instances": [
        {
          "schema_version": 0,
          "attributes": {
            "acceleration_status": "",
            "acl": null,
            "arn": "arn:aws:s3:::agaile-prod-bucket",
            "bucket": "agaile-prod-bucket",
            "bucket_domain_name": "agaile-prod-bucket.s3.amazonaws.com",
            "bucket_prefix": "",
            "bucket_regional_domain_name": "agaile-prod-bucket.s3.eu-central-1.amazonaws.com",
            "cors_rule": [
              {
                "allowed_headers": [
                  "*"
                ],
                "allowed_methods": [
                  "POST",
                  "GET",
                  "HEAD",
                  "DELETE",
                  "PUT"
                ],
                "allowed_origins": [
                  "*"
                ],
                "expose_headers": [
                  "ETag",
                  "x-amz-server-side-encryption",
                  "x-amz-request-id",
                  "x-amz-id-2"
                ],
                "max_age_seconds": 3000
              }
            ],
            "force_destroy": true,
            "grant": [
              {
                "id": "57e90a2c7797120bdd70f96433b0a904664e98ecede30114511569f5384c9c4b",
                "permissions": [
                  "FULL_CONTROL"
                ],
                "type": "CanonicalUser",
                "uri": ""
              }
            ],
            "hosted_zone_id": "Z21DNDUVLTQW6Q",
            "id": "agaile-prod-bucket",
            "lifecycle_rule": [],
            "logging": [],
            "object_lock_configuration": [],
            "object_lock_enabled": false,
            "policy": "{\"Statement\":[{\"Action\":\"s3:GetObject\",\"Effect\":\"Allow\",\"Principal\":\"*\",\"Resource\":\"arn:aws:s3:::agaile-prod-bucket/*\",\"Sid\":\"PublicReadGetObject\"}],\"Version\":\"2012-10-17\"}",
            "region": "eu-central-1",
            "replication_configuration": [],
            "request_payer": "BucketOwner",
            "server_side_encryption_configuration": [
              {
                "rule": [
                  {
                    "apply_server_side_encryption_by_default": [
                      {
                        "kms_master_key_id": "",
                        "sse_algorithm": "AES256"
                      }
                    ],
                    "bucket_key_enabled": false
                  }
                ]
              }
            ],
            "tags": {
              "Environment": "prod",
              "ManagedBy": "terraform",
              "Name": "agaile-prod-bucket",
              "Project": "CAP"
            },
            "tags_all": {
              "Environment": "prod",
              "ManagedBy": "terraform",
              "Name": "agaile-prod-bucket",
              "Project": "CAP"
            },
            "timeouts": null,
            "versioning": [
              {
                "enabled": true,
                "mfa_delete": false
              }
            ],
            "website": [
              {
                "error_document": "error.html",
                "index_document": "index.html",
                "redirect_all_requests_to": "",
                "routing_rules": ""
              }
            ],
            "website_domain": "s3-website.eu-central-1.amazonaws.com",
            "website_endpoint": "agaile-prod-bucket.s3-website.eu-central-1.amazonaws.com"
          },
          "sensitive_attributes": [],
          "private": "eyJlMmJmYjczMC1lY2FhLTExZTYtOGY4OC0zNDM2M2JjN2M0YzAiOnsiY3JlYXRlIjoxMjAwMDAwMDAwMDAwLCJkZWxldGUiOjM2MDAwMDAwMDAwMDAsInJlYWQiOjEyMDAwMDAwMDAwMDAsInVwZGF0ZSI6MTIwMDAwMDAwMDAwMH19"
        }
      ]
    },
    {
      "mode": "managed",
      "type": "aws_s3_bucket",
      "name": "convert10",
      "provider": "provider[\"registry.terraform.io/hashicorp/aws\"]",
      "instances": [
        {
          "schema_version": 0,
          "attributes": {
            "acceleration_status": "",
            "acl": null,
            "arn": "arn:aws:s3:::convert10-prod-bucket",
            "bucket": "convert10-prod-bucket",
            "bucket_domain_name": "convert10-prod-bucket.s3.amazonaws.com",
            "bucket_prefix": "",
            "bucket_regional_domain_name": "convert10-prod-bucket.s3.eu-central-1.amazonaws.com",
            "cors_rule": [
              {
                "allowed_headers": [
                  "*"
                ],
                "allowed_methods": [
                  "POST",
                  "GET",
                  "HEAD",
                  "DELETE",
                  "PUT"
                ],
                "allowed_origins": [
                  "*"
                ],
                "expose_headers": [
                  "ETag"
                ],
                "max_age_seconds": 3000
              }
            ],
            "force_destroy": true,
            "grant": [
              {
                "id": "57e90a2c7797120bdd70f96433b0a904664e98ecede30114511569f5384c9c4b",
                "permissions": [
                  "FULL_CONTROL"
                ],
                "type": "CanonicalUser",
                "uri": ""
              }
            ],
            "hosted_zone_id": "Z21DNDUVLTQW6Q",
            "id": "convert10-prod-bucket",
            "lifecycle_rule": [],
            "logging": [],
            "object_lock_configuration": [],
            "object_lock_enabled": false,
            "policy": "{\"Statement\":[{\"Action\":\"s3:GetObject\",\"Effect\":\"Allow\",\"Principal\":\"*\",\"Resource\":\"arn:aws:s3:::convert10-prod-bucket/*\",\"Sid\":\"PublicReadGetObject\"}],\"Version\":\"2012-10-17\"}",
            "region": "eu-central-1",
            "replication_configuration": [],
            "request_payer": "BucketOwner",
            "server_side_encryption_configuration": [
              {
                "rule": [
                  {
                    "apply_server_side_encryption_by_default": [
                      {
                        "kms_master_key_id": "",
                        "sse_algorithm": "AES256"
                      }
                    ],
                    "bucket_key_enabled": false
                  }
                ]
              }
            ],
            "tags": {},
            "tags_all": {
              "Environment": "prod",
              "ManagedBy": "terraform",
              "Project": "CAP"
            },
            "timeouts": null,
            "versioning": [
              {
                "enabled": true,
                "mfa_delete": false
              }
            ],
            "website": [
              {
                "error_document": "error.html",
                "index_document": "index.html",
                "redirect_all_requests_to": "",
                "routing_rules": ""
              }
            ],
            "website_domain": "s3-website.eu-central-1.amazonaws.com",
            "website_endpoint": "convert10-prod-bucket.s3-website.eu-central-1.amazonaws.com"
          },
          "sensitive_attributes": [],
          "private": "eyJlMmJmYjczMC1lY2FhLTExZTYtOGY4OC0zNDM2M2JjN2M0YzAiOnsiY3JlYXRlIjoxMjAwMDAwMDAwMDAwLCJkZWxldGUiOjM2MDAwMDAwMDAwMDAsInJlYWQiOjEyMDAwMDAwMDAwMDAsInVwZGF0ZSI6MTIwMDAwMDAwMDAwMH19",
          "create_before_destroy": true
        }
      ]
    },
    {
      "mode": "managed",
      "type": "aws_s3_bucket",
      "name": "zohlar_prod_bucket",
      "provider": "provider[\"registry.terraform.io/hashicorp/aws\"]",
      "instances": [
        {
          "schema_version": 0,
          "attributes": {
            "acceleration_status": "",
            "acl": null,
            "arn": "arn:aws:s3:::zohlar-prod-bucket",
            "bucket": "zohlar-prod-bucket",
            "bucket_domain_name": "zohlar-prod-bucket.s3.amazonaws.com",
            "bucket_prefix": "",
            "bucket_regional_domain_name": "zohlar-prod-bucket.s3.eu-central-1.amazonaws.com",
            "cors_rule": [
              {
                "allowed_headers": [
                  "*"
                ],
                "allowed_methods": [
                  "POST",
                  "GET",
                  "HEAD",
                  "DELETE",
                  "PUT"
                ],
                "allowed_origins": [
                  "*"
                ],
                "expose_headers": [
                  "ETag",
                  "x-amz-server-side-encryption",
                  "x-amz-request-id",
                  "x-amz-id-2"
                ],
                "max_age_seconds": 3000
              }
            ],
            "force_destroy": true,
            "grant": [
              {
                "id": "57e90a2c7797120bdd70f96433b0a904664e98ecede30114511569f5384c9c4b",
                "permissions": [
                  "FULL_CONTROL"
                ],
                "type": "CanonicalUser",
                "uri": ""
              }
            ],
            "hosted_zone_id": "Z21DNDUVLTQW6Q",
            "id": "zohlar-prod-bucket",
            "lifecycle_rule": [],
            "logging": [],
            "object_lock_configuration": [],
            "object_lock_enabled": false,
            "policy": "{\"Statement\":[{\"Action\":\"s3:GetObject\",\"Condition\":{\"StringEquals\":{\"AWS:SourceArn\":\"arn:aws:cloudfront::585008045756:distribution/E1DS5AM1Q3DT08\"}},\"Effect\":\"Allow\",\"Principal\":{\"Service\":\"cloudfront.amazonaws.com\"},\"Resource\":\"arn:aws:s3:::zohlar-prod-bucket/*\",\"Sid\":\"AllowCloudFrontServicePrincipal\"},{\"Action\":\"s3:GetObject\",\"Effect\":\"Allow\",\"Principal\":\"*\",\"Resource\":\"arn:aws:s3:::zohlar-prod-bucket/*\",\"Sid\":\"PublicReadGetObject\"}],\"Version\":\"2012-10-17\"}",
            "region": "eu-central-1",
            "replication_configuration": [],
            "request_payer": "BucketOwner",
            "server_side_encryption_configuration": [
              {
                "rule": [
                  {
                    "apply_server_side_encryption_by_default": [
                      {
                        "kms_master_key_id": "",
                        "sse_algorithm": "AES256"
                      }
                    ],
                    "bucket_key_enabled": false
                  }
                ]
              }
            ],
            "tags": {},
            "tags_all": {
              "Environment": "prod",
              "ManagedBy": "terraform",
              "Project": "CAP"
            },
            "timeouts": null,
            "versioning": [
              {
                "enabled": false,
                "mfa_delete": false
              }
            ],
            "website": [
              {
                "error_document": "",
                "index_document": "index.html",
                "redirect_all_requests_to": "",
                "routing_rules": ""
              }
            ],
            "website_domain": "s3-website.eu-central-1.amazonaws.com",
            "website_endpoint": "zohlar-prod-bucket.s3-website.eu-central-1.amazonaws.com"
          },
          "sensitive_attributes": [],
          "private": "eyJlMmJmYjczMC1lY2FhLTExZTYtOGY4OC0zNDM2M2JjN2M0YzAiOnsiY3JlYXRlIjoxMjAwMDAwMDAwMDAwLCJkZWxldGUiOjM2MDAwMDAwMDAwMDAsInJlYWQiOjEyMDAwMDAwMDAwMDAsInVwZGF0ZSI6MTIwMDAwMDAwMDAwMH19"
        }
      ]
    },
    {
      "mode": "managed",
      "type": "aws_s3_bucket_cors_configuration",
      "name": "agaile_website",
      "provider": "provider[\"registry.terraform.io/hashicorp/aws\"]",
      "instances": [
        {
          "schema_version": 0,
          "attributes": {
            "bucket": "agaile-prod-bucket",
            "cors_rule": [
              {
                "allowed_headers": [
                  "*"
                ],
                "allowed_methods": [
                  "DELETE",
                  "GET",
                  "HEAD",
                  "POST",
                  "PUT"
                ],
                "allowed_origins": [
                  "*"
                ],
                "expose_headers": [
                  "ETag",
                  "x-amz-id-2",
                  "x-amz-request-id",
                  "x-amz-server-side-encryption"
                ],
                "id": "",
                "max_age_seconds": 3000
              }
            ],
            "expected_bucket_owner": "",
            "id": "agaile-prod-bucket"
          },
          "sensitive_attributes": [],
          "private": "bnVsbA=="
        }
      ]
    },
    {
      "mode": "managed",
      "type": "aws_s3_bucket_cors_configuration",
      "name": "convert10_website",
      "provider": "provider[\"registry.terraform.io/hashicorp/aws\"]",
      "instances": [
        {
          "schema_version": 0,
          "attributes": {
            "bucket": "convert10-prod-bucket",
            "cors_rule": [
              {
                "allowed_headers": [
                  "*"
                ],
                "allowed_methods": [
                  "DELETE",
                  "GET",
                  "HEAD",
                  "POST",
                  "PUT"
                ],
                "allowed_origins": [
                  "*"
                ],
                "expose_headers": [
                  "ETag"
                ],
                "id": "",
                "max_age_seconds": 3000
              }
            ],
            "expected_bucket_owner": "",
            "id": "convert10-prod-bucket"
          },
          "sensitive_attributes": [],
          "private": "bnVsbA==",
          "dependencies": [
            "aws_s3_bucket.convert10",
            "aws_s3_bucket_website_configuration.convert10_website"
          ]
        }
      ]
    },
    {
      "mode": "managed",
      "type": "aws_s3_bucket_cors_configuration",
      "name": "zohlar_website",
      "provider": "provider[\"registry.terraform.io/hashicorp/aws\"]",
      "instances": [
        {
          "schema_version": 0,
          "attributes": {
            "bucket": "zohlar-prod-bucket",
            "cors_rule": [
              {
                "allowed_headers": [
                  "*"
                ],
                "allowed_methods": [
                  "DELETE",
                  "GET",
                  "HEAD",
                  "POST",
                  "PUT"
                ],
                "allowed_origins": [
                  "*"
                ],
                "expose_headers": [
                  "ETag",
                  "x-amz-id-2",
                  "x-amz-request-id",
                  "x-amz-server-side-encryption"
                ],
                "id": "",
                "max_age_seconds": 3000
              }
            ],
            "expected_bucket_owner": "",
            "id": "zohlar-prod-bucket"
          },
          "sensitive_attributes": [],
          "private": "bnVsbA==",
          "dependencies": [
            "aws_s3_bucket.zohlar_prod_bucket"
          ]
        }
      ]
    },
    {
      "mode": "managed",
      "type": "aws_s3_bucket_policy",
      "name": "agaile_website",
      "provider": "provider[\"registry.terraform.io/hashicorp/aws\"]",
      "instances": [
        {
          "schema_version": 0,
          "attributes": {
            "bucket": "agaile-prod-bucket",
            "id": "agaile-prod-bucket",
            "policy": "{\"Statement\":[{\"Action\":\"s3:GetObject\",\"Effect\":\"Allow\",\"Principal\":\"*\",\"Resource\":\"arn:aws:s3:::agaile-prod-bucket/*\",\"Sid\":\"PublicReadGetObject\"}],\"Version\":\"2012-10-17\"}"
          },
          "sensitive_attributes": [],
          "private": "bnVsbA==",
          "dependencies": [
            "aws_s3_bucket.agaile"
          ]
        }
      ]
    },
    {
      "mode": "managed",
      "type": "aws_s3_bucket_policy",
      "name": "convert10_website",
      "provider": "provider[\"registry.terraform.io/hashicorp/aws\"]",
      "instances": [
        {
          "schema_version": 0,
          "attributes": {
            "bucket": "convert10-prod-bucket",
            "id": "convert10-prod-bucket",
            "policy": "{\"Statement\":[{\"Action\":\"s3:GetObject\",\"Effect\":\"Allow\",\"Principal\":\"*\",\"Resource\":\"arn:aws:s3:::convert10-prod-bucket/*\",\"Sid\":\"PublicReadGetObject\"}],\"Version\":\"2012-10-17\"}"
          },
          "sensitive_attributes": [],
          "private": "bnVsbA==",
          "dependencies": [
            "aws_s3_bucket.convert10"
          ]
        }
      ]
    },
    {
      "mode": "managed",
      "type": "aws_s3_bucket_policy",
      "name": "zohlar_website",
      "provider": "provider[\"registry.terraform.io/hashicorp/aws\"]",
      "instances": [
        {
          "schema_version": 0,
          "attributes": {
            "bucket": "zohlar-prod-bucket",
            "id": "zohlar-prod-bucket",
            "policy": "{\"Statement\":[{\"Action\":\"s3:GetObject\",\"Condition\":{\"StringEquals\":{\"AWS:SourceArn\":\"arn:aws:cloudfront::585008045756:distribution/E1DS5AM1Q3DT08\"}},\"Effect\":\"Allow\",\"Principal\":{\"Service\":\"cloudfront.amazonaws.com\"},\"Resource\":\"arn:aws:s3:::zohlar-prod-bucket/*\",\"Sid\":\"AllowCloudFrontServicePrincipal\"},{\"Action\":\"s3:GetObject\",\"Effect\":\"Allow\",\"Principal\":\"*\",\"Resource\":\"arn:aws:s3:::zohlar-prod-bucket/*\",\"Sid\":\"PublicReadGetObject\"}],\"Version\":\"2012-10-17\"}"
          },
          "sensitive_attributes": [],
          "private": "bnVsbA==",
          "dependencies": [
            "aws_s3_bucket.zohlar_prod_bucket"
          ]
        }
      ]
    },
    {
      "mode": "managed",
      "type": "aws_s3_bucket_public_access_block",
      "name": "agaile_website",
      "provider": "provider[\"registry.terraform.io/hashicorp/aws\"]",
      "instances": [
        {
          "schema_version": 0,
          "attributes": {
            "block_public_acls": false,
            "block_public_policy": false,
            "bucket": "agaile-prod-bucket",
            "id": "agaile-prod-bucket",
            "ignore_public_acls": false,
            "restrict_public_buckets": false
          },
          "sensitive_attributes": [],
          "private": "bnVsbA=="
        }
      ]
    },
    {
      "mode": "managed",
      "type": "aws_s3_bucket_public_access_block",
      "name": "convert10_website",
      "provider": "provider[\"registry.terraform.io/hashicorp/aws\"]",
      "instances": [
        {
          "schema_version": 0,
          "attributes": {
            "block_public_acls": false,
            "block_public_policy": false,
            "bucket": "convert10-prod-bucket",
            "id": "convert10-prod-bucket",
            "ignore_public_acls": false,
            "restrict_public_buckets": false
          },
          "sensitive_attributes": [],
          "private": "bnVsbA==",
          "dependencies": [
            "aws_s3_bucket.convert10",
            "aws_s3_bucket_cors_configuration.convert10_website",
            "aws_s3_bucket_website_configuration.convert10_website"
          ]
        }
      ]
    },
    {
      "mode": "managed",
      "type": "aws_s3_bucket_public_access_block",
      "name": "zohlar_website",
      "provider": "provider[\"registry.terraform.io/hashicorp/aws\"]",
      "instances": [
        {
          "schema_version": 0,
          "attributes": {
            "block_public_acls": false,
            "block_public_policy": false,
            "bucket": "zohlar-prod-bucket",
            "id": "zohlar-prod-bucket",
            "ignore_public_acls": false,
            "restrict_public_buckets": false
          },
          "sensitive_attributes": [],
          "private": "bnVsbA==",
          "dependencies": [
            "aws_s3_bucket.zohlar_prod_bucket"
          ]
        }
      ]
    },
    {
      "mode": "managed",
      "type": "aws_s3_bucket_server_side_encryption_configuration",
      "name": "agaile_website",
      "provider": "provider[\"registry.terraform.io/hashicorp/aws\"]",
      "instances": [
        {
          "schema_version": 0,
          "attributes": {
            "bucket": "agaile-prod-bucket",
            "expected_bucket_owner": "",
            "id": "agaile-prod-bucket",
            "rule": [
              {
                "apply_server_side_encryption_by_default": [
                  {
                    "kms_master_key_id": "",
                    "sse_algorithm": "AES256"
                  }
                ],
                "bucket_key_enabled": false
              }
            ]
          },
          "sensitive_attributes": [],
          "private": "bnVsbA==",
          "dependencies": [
            "aws_s3_bucket.agaile"
          ]
        }
      ]
    },
    {
      "mode": "managed",
      "type": "aws_s3_bucket_server_side_encryption_configuration",
      "name": "convert10_website",
      "provider": "provider[\"registry.terraform.io/hashicorp/aws\"]",
      "instances": [
        {
          "schema_version": 0,
          "attributes": {
            "bucket": "convert10-prod-bucket",
            "expected_bucket_owner": "",
            "id": "convert10-prod-bucket",
            "rule": [
              {
                "apply_server_side_encryption_by_default": [
                  {
                    "kms_master_key_id": "",
                    "sse_algorithm": "AES256"
                  }
                ],
                "bucket_key_enabled": false
              }
            ]
          },
          "sensitive_attributes": [],
          "private": "bnVsbA==",
          "dependencies": [
            "aws_s3_bucket.convert10"
          ]
        }
      ]
    },
    {
      "mode": "managed",
      "type": "aws_s3_bucket_server_side_encryption_configuration",
      "name": "zohlar_website",
      "provider": "provider[\"registry.terraform.io/hashicorp/aws\"]",
      "instances": [
        {
          "schema_version": 0,
          "attributes": {
            "bucket": "zohlar-prod-bucket",
            "expected_bucket_owner": "",
            "id": "zohlar-prod-bucket",
            "rule": [
              {
                "apply_server_side_encryption_by_default": [
                  {
                    "kms_master_key_id": "",
                    "sse_algorithm": "AES256"
                  }
                ],
                "bucket_key_enabled": false
              }
            ]
          },
          "sensitive_attributes": [],
          "private": "bnVsbA==",
          "dependencies": [
            "aws_s3_bucket.zohlar_prod_bucket"
          ]
        }
      ]
    },
    {
      "mode": "managed",
      "type": "aws_s3_bucket_versioning",
      "name": "agaile_website",
      "provider": "provider[\"registry.terraform.io/hashicorp/aws\"]",
      "instances": [
        {
          "schema_version": 0,
          "attributes": {
            "bucket": "agaile-prod-bucket",
            "expected_bucket_owner": "",
            "id": "agaile-prod-bucket",
            "mfa": null,
            "versioning_configuration": [
              {
                "mfa_delete": "",
                "status": "Enabled"
              }
            ]
          },
          "sensitive_attributes": [],
          "private": "bnVsbA==",
          "dependencies": [
            "aws_s3_bucket.agaile"
          ]
        }
      ]
    },
    {
      "mode": "managed",
      "type": "aws_s3_bucket_versioning",
      "name": "convert10_website",
      "provider": "provider[\"registry.terraform.io/hashicorp/aws\"]",
      "instances": [
        {
          "schema_version": 0,
          "attributes": {
            "bucket": "convert10-prod-bucket",
            "expected_bucket_owner": "",
            "id": "convert10-prod-bucket",
            "mfa": null,
            "versioning_configuration": [
              {
                "mfa_delete": "",
                "status": "Enabled"
              }
            ]
          },
          "sensitive_attributes": [],
          "private": "bnVsbA==",
          "dependencies": [
            "aws_s3_bucket.convert10"
          ]
        }
      ]
    },
    {
      "mode": "managed",
      "type": "aws_s3_bucket_versioning",
      "name": "zohlar_website",
      "provider": "provider[\"registry.terraform.io/hashicorp/aws\"]",
      "instances": [
        {
          "schema_version": 0,
          "attributes": {
            "bucket": "zohlar-prod-bucket",
            "expected_bucket_owner": "",
            "id": "zohlar-prod-bucket",
            "mfa": null,
            "versioning_configuration": [
              {
                "mfa_delete": "",
                "status": "Disabled"
              }
            ]
          },
          "sensitive_attributes": [],
          "private": "bnVsbA==",
          "dependencies": [
            "aws_s3_bucket.zohlar_prod_bucket"
          ]
        }
      ]
    },
    {
      "mode": "managed",
      "type": "aws_s3_bucket_website_configuration",
      "name": "agaile_website",
      "provider": "provider[\"registry.terraform.io/hashicorp/aws\"]",
      "instances": [
        {
          "schema_version": 0,
          "attributes": {
            "bucket": "agaile-prod-bucket",
            "error_document": [
              {
                "key": "error.html"
              }
            ],
            "expected_bucket_owner": "",
            "id": "agaile-prod-bucket",
            "index_document": [
              {
                "suffix": "index.html"
              }
            ],
            "redirect_all_requests_to": [],
            "routing_rule": [],
            "routing_rules": "",
            "website_domain": "s3-website.eu-central-1.amazonaws.com",
            "website_endpoint": "agaile-prod-bucket.s3-website.eu-central-1.amazonaws.com"
          },
          "sensitive_attributes": [],
          "private": "bnVsbA=="
        }
      ]
    },
    {
      "mode": "managed",
      "type": "aws_s3_bucket_website_configuration",
      "name": "convert10_website",
      "provider": "provider[\"registry.terraform.io/hashicorp/aws\"]",
      "instances": [
        {
          "schema_version": 0,
          "attributes": {
            "bucket": "convert10-prod-bucket",
            "error_document": [
              {
                "key": "error.html"
              }
            ],
            "expected_bucket_owner": "",
            "id": "convert10-prod-bucket",
            "index_document": [
              {
                "suffix": "index.html"
              }
            ],
            "redirect_all_requests_to": [],
            "routing_rule": [],
            "routing_rules": "",
            "website_domain": "s3-website.eu-central-1.amazonaws.com",
            "website_endpoint": "convert10-prod-bucket.s3-website.eu-central-1.amazonaws.com"
          },
          "sensitive_attributes": [],
          "private": "bnVsbA==",
          "dependencies": [
            "aws_s3_bucket.convert10"
          ]
        }
      ]
    },
    {
      "mode": "managed",
      "type": "aws_s3_bucket_website_configuration",
      "name": "zohlar_website",
      "provider": "provider[\"registry.terraform.io/hashicorp/aws\"]",
      "instances": [
        {
          "schema_version": 0,
          "attributes": {
            "bucket": "zohlar-prod-bucket",
            "error_document": [],
            "expected_bucket_owner": "",
            "id": "zohlar-prod-bucket",
            "index_document": [
              {
                "suffix": "index.html"
              }
            ],
            "redirect_all_requests_to": [],
            "routing_rule": [],
            "routing_rules": "",
            "website_domain": "s3-website.eu-central-1.amazonaws.com",
            "website_endpoint": "zohlar-prod-bucket.s3-website.eu-central-1.amazonaws.com"
          },
          "sensitive_attributes": [],
          "private": "bnVsbA==",
          "dependencies": [
            "aws_s3_bucket.zohlar_prod_bucket"
          ]
        }
      ]
    },
    {
      "mode": "managed",
      "type": "aws_secretsmanager_secret",
      "name": "aurora_credentials",
      "provider": "provider[\"registry.terraform.io/hashicorp/aws\"]",
      "instances": [
        {
          "schema_version": 0,
          "attributes": {
            "arn": "arn:aws:secretsmanager:eu-central-1:585008045756:secret:prod-aurora-credentials-973w7r",
            "description": "",
            "force_overwrite_replica_secret": true,
            "id": "arn:aws:secretsmanager:eu-central-1:585008045756:secret:prod-aurora-credentials-973w7r",
            "kms_key_id": "",
            "name": "prod-aurora-credentials",
            "name_prefix": "",
            "policy": "",
            "recovery_window_in_days": 30,
            "replica": [],
            "tags": {
              "Description": "Aurora PostgreSQL master credentials",
              "Environment": "prod",
              "ManagedBy": "terraform",
              "Name": "agaile-shared-prod-aurora-credentials",
              "Project": "CAP"
            },
            "tags_all": {
              "Description": "Aurora PostgreSQL master credentials",
              "Environment": "prod",
              "ManagedBy": "terraform",
              "Name": "agaile-shared-prod-aurora-credentials",
              "Project": "CAP"
            }
          },
          "sensitive_attributes": [],
          "private": "bnVsbA=="
        }
      ]
    },
    {
      "mode": "managed",
      "type": "aws_secretsmanager_secret",
      "name": "proxy_secret",
      "provider": "provider[\"registry.terraform.io/hashicorp/aws\"]",
      "instances": [
        {
          "schema_version": 0,
          "attributes": {
            "arn": "arn:aws:secretsmanager:eu-central-1:585008045756:secret:agaile-rds-proxy-secret-6t3UNF",
            "description": "",
            "force_overwrite_replica_secret": true,
            "id": "agaile-rds-proxy-secret",
            "kms_key_id": "",
            "name": "agaile-rds-proxy-secret",
            "name_prefix": "",
            "policy": "",
            "recovery_window_in_days": 0,
            "replica": [],
            "tags": {
              "Environment": "Production",
              "ManagedBy": "terraform",
              "Name": "agaile-rds-proxy-secret",
              "Project": "CAP",
              "Terraform": "true"
            },
            "tags_all": {
              "Environment": "Production",
              "ManagedBy": "terraform",
              "Name": "agaile-rds-proxy-secret",
              "Project": "CAP",
              "Terraform": "true"
            }
          },
          "sensitive_attributes": [],
          "private": "bnVsbA=="
        }
      ]
    },
    {
      "mode": "managed",
      "type": "aws_secretsmanager_secret_version",
      "name": "aurora_credentials",
      "provider": "provider[\"registry.terraform.io/hashicorp/aws\"]",
      "instances": [
        {
          "schema_version": 0,
          "attributes": {
            "arn": "arn:aws:secretsmanager:eu-central-1:585008045756:secret:prod-aurora-credentials-973w7r",
            "id": "arn:aws:secretsmanager:eu-central-1:585008045756:secret:prod-aurora-credentials-973w7r|terraform-20250109142131334700000002",
            "secret_binary": "",
            "secret_id": "arn:aws:secretsmanager:eu-central-1:585008045756:secret:prod-aurora-credentials-973w7r",
            "secret_string": "{\"dbname\":\"agailedb\",\"host\":\"prod-aurora-cluster.cluster-cpm0usuo43vo.eu-central-1.rds.amazonaws.com\",\"password\":\"CPx4XEG\\u003c0CPW=YDn\",\"port\":5432,\"username\":\"agaileadmin\"}",
            "version_id": "terraform-20250109142131334700000002",
            "version_stages": [
              "AWSCURRENT"
            ]
          },
          "sensitive_attributes": [
            [
              {
                "type": "get_attr",
                "value": "secret_binary"
              }
            ],
            [
              {
                "type": "get_attr",
                "value": "secret_string"
              }
            ]
          ],
          "private": "bnVsbA==",
          "dependencies": [
            "aws_db_subnet_group.aurora",
            "aws_rds_cluster.aurora_cluster",
            "aws_secretsmanager_secret.aurora_credentials",
            "aws_security_group.aurora_sg",
            "random_password.aurora_master_password"
          ]
        }
      ]
    },
    {
      "mode": "managed",
      "type": "aws_security_group",
      "name": "agaile_alb",
      "provider": "provider[\"registry.terraform.io/hashicorp/aws\"]",
      "instances": [
        {
          "schema_version": 1,
          "attributes": {
            "arn": "arn:aws:ec2:eu-central-1:585008045756:security-group/sg-0ccf9c6bead539614",
            "description": "Security group for Agaile ALB",
            "egress": [
              {
                "cidr_blocks": [
                  "0.0.0.0/0"
                ],
                "description": "",
                "from_port": 0,
                "ipv6_cidr_blocks": [
                  "::/0"
                ],
                "prefix_list_ids": [],
                "protocol": "-1",
                "security_groups": [],
                "self": false,
                "to_port": 0
              }
            ],
            "id": "sg-0ccf9c6bead539614",
            "ingress": [
              {
                "cidr_blocks": [
                  "0.0.0.0/0"
                ],
                "description": "Allow HTTP inbound",
                "from_port": 80,
                "ipv6_cidr_blocks": [
                  "::/0"
                ],
                "prefix_list_ids": [],
                "protocol": "tcp",
                "security_groups": [],
                "self": false,
                "to_port": 80
              },
              {
                "cidr_blocks": [
                  "0.0.0.0/0"
                ],
                "description": "Allow HTTPS inbound",
                "from_port": 443,
                "ipv6_cidr_blocks": [
                  "::/0"
                ],
                "prefix_list_ids": [],
                "protocol": "tcp",
                "security_groups": [],
                "self": false,
                "to_port": 443
              }
            ],
            "name": "agaile-alb-20250119183446987100000002",
            "name_prefix": "agaile-alb-",
            "owner_id": "585008045756",
            "revoke_rules_on_delete": false,
            "tags": {
              "Environment": "prod",
              "ManagedBy": "terraform",
              "Name": "agaile-alb-sg",
              "Project": "CAP"
            },
            "tags_all": {
              "Environment": "prod",
              "ManagedBy": "terraform",
              "Name": "agaile-alb-sg",
              "Project": "CAP"
            },
            "timeouts": null,
            "vpc_id": "vpc-04ceed96ed33eb80a"
          },
          "sensitive_attributes": [],
          "private": "eyJlMmJmYjczMC1lY2FhLTExZTYtOGY4OC0zNDM2M2JjN2M0YzAiOnsiY3JlYXRlIjo2MDAwMDAwMDAwMDAsImRlbGV0ZSI6OTAwMDAwMDAwMDAwfSwic2NoZW1hX3ZlcnNpb24iOiIxIn0=",
          "create_before_destroy": true
        }
      ]
    },
    {
      "mode": "managed",
      "type": "aws_security_group",
      "name": "agaile_ecs_tasks",
      "provider": "provider[\"registry.terraform.io/hashicorp/aws\"]",
      "instances": [
        {
          "schema_version": 1,
          "attributes": {
            "arn": "arn:aws:ec2:eu-central-1:585008045756:security-group/sg-0fc69c563bbf289d8",
            "description": "Security group for Agaile ECS tasks",
            "egress": [
              {
                "cidr_blocks": [
                  "0.0.0.0/0"
                ],
                "description": "",
                "from_port": 0,
                "ipv6_cidr_blocks": [
                  "::/0"
                ],
                "prefix_list_ids": [],
                "protocol": "-1",
                "security_groups": [],
                "self": false,
                "to_port": 0
              }
            ],
            "id": "sg-0fc69c563bbf289d8",
            "ingress": [
              {
                "cidr_blocks": [],
                "description": "Allow inbound and health checks from ALB",
                "from_port": 3000,
                "ipv6_cidr_blocks": [],
                "prefix_list_ids": [],
                "protocol": "tcp",
                "security_groups": [
                  "sg-0ccf9c6bead539614"
                ],
                "self": false,
                "to_port": 3000
              }
            ],
            "name": "agaile-ecs-tasks-20250119213047745300000001",
            "name_prefix": "agaile-ecs-tasks-",
            "owner_id": "585008045756",
            "revoke_rules_on_delete": false,
            "tags": {
              "Environment": "prod",
              "ManagedBy": "terraform",
              "Name": "agaile-ecs-tasks-sg",
              "Project": "CAP"
            },
            "tags_all": {
              "Environment": "prod",
              "ManagedBy": "terraform",
              "Name": "agaile-ecs-tasks-sg",
              "Project": "CAP"
            },
            "timeouts": null,
            "vpc_id": "vpc-04ceed96ed33eb80a"
          },
          "sensitive_attributes": [],
          "private": "eyJlMmJmYjczMC1lY2FhLTExZTYtOGY4OC0zNDM2M2JjN2M0YzAiOnsiY3JlYXRlIjo2MDAwMDAwMDAwMDAsImRlbGV0ZSI6OTAwMDAwMDAwMDAwfSwic2NoZW1hX3ZlcnNpb24iOiIxIn0=",
          "dependencies": [
            "aws_security_group.agaile_alb"
          ]
        }
      ]
    },
    {
      "mode": "managed",
      "type": "aws_security_group",
      "name": "alb",
      "provider": "provider[\"registry.terraform.io/hashicorp/aws\"]",
      "instances": [
        {
          "schema_version": 1,
          "attributes": {
            "arn": "arn:aws:ec2:eu-central-1:585008045756:security-group/sg-008eceb1f3ac91ba8",
            "description": "Security group for ALB",
            "egress": [
              {
                "cidr_blocks": [
                  "0.0.0.0/0"
                ],
                "description": "",
                "from_port": 0,
                "ipv6_cidr_blocks": [],
                "prefix_list_ids": [],
                "protocol": "-1",
                "security_groups": [],
                "self": false,
                "to_port": 0
              }
            ],
            "id": "sg-008eceb1f3ac91ba8",
            "ingress": [
              {
                "cidr_blocks": [
                  "0.0.0.0/0"
                ],
                "description": "HTTPS from anywhere",
                "from_port": 443,
                "ipv6_cidr_blocks": [],
                "prefix_list_ids": [],
                "protocol": "tcp",
                "security_groups": [],
                "self": false,
                "to_port": 443
              }
            ],
            "name": "widget-prod-alb-20250119121641659800000006",
            "name_prefix": "widget-prod-alb-",
            "owner_id": "585008045756",
            "revoke_rules_on_delete": false,
            "tags": {
              "Environment": "prod",
              "ManagedBy": "terraform",
              "Name": "widget-prod-alb",
              "Project": "CAP"
            },
            "tags_all": {
              "Environment": "prod",
              "ManagedBy": "terraform",
              "Name": "widget-prod-alb",
              "Project": "CAP"
            },
            "timeouts": null,
            "vpc_id": "vpc-04ceed96ed33eb80a"
          },
          "sensitive_attributes": [],
          "private": "eyJlMmJmYjczMC1lY2FhLTExZTYtOGY4OC0zNDM2M2JjN2M0YzAiOnsiY3JlYXRlIjo2MDAwMDAwMDAwMDAsImRlbGV0ZSI6OTAwMDAwMDAwMDAwfSwic2NoZW1hX3ZlcnNpb24iOiIxIn0="
        }
      ]
    },
    {
      "mode": "managed",
      "type": "aws_security_group",
      "name": "aurora",
      "provider": "provider[\"registry.terraform.io/hashicorp/aws\"]",
      "instances": [
        {
          "schema_version": 1,
          "attributes": {
            "arn": "arn:aws:ec2:eu-central-1:585008045756:security-group/sg-0674c99eb6fee5b54",
            "description": "Security group for Aurora cluster",
            "egress": [],
            "id": "sg-0674c99eb6fee5b54",
            "ingress": [
              {
                "cidr_blocks": [
                  "10.0.0.0/16",
                  "172.16.0.0/16"
                ],
                "description": "PostgreSQL from VPCs",
                "from_port": 5432,
                "ipv6_cidr_blocks": [],
                "prefix_list_ids": [],
                "protocol": "tcp",
                "security_groups": [],
                "self": false,
                "to_port": 5432
              }
            ],
            "name": "aurora-prod",
            "name_prefix": "",
            "owner_id": "585008045756",
            "revoke_rules_on_delete": false,
            "tags": {
              "Environment": "prod",
              "ManagedBy": "terraform",
              "Name": "aurora-prod",
              "Project": "CAP"
            },
            "tags_all": {
              "Environment": "prod",
              "ManagedBy": "terraform",
              "Name": "aurora-prod",
              "Project": "CAP"
            },
            "timeouts": null,
            "vpc_id": "vpc-04ceed96ed33eb80a"
          },
          "sensitive_attributes": [],
          "private": "eyJlMmJmYjczMC1lY2FhLTExZTYtOGY4OC0zNDM2M2JjN2M0YzAiOnsiY3JlYXRlIjo2MDAwMDAwMDAwMDAsImRlbGV0ZSI6OTAwMDAwMDAwMDAwfSwic2NoZW1hX3ZlcnNpb24iOiIxIn0="
        }
      ]
    },
    {
      "mode": "managed",
      "type": "aws_security_group",
      "name": "aurora_sg",
      "provider": "provider[\"registry.terraform.io/hashicorp/aws\"]",
      "instances": [
        {
          "schema_version": 1,
          "attributes": {
            "arn": "arn:aws:ec2:eu-central-1:585008045756:security-group/sg-079087c133832d9bf",
            "description": "Security group for Aurora cluster",
            "egress": [],
            "id": "sg-079087c133832d9bf",
            "ingress": [
              {
                "cidr_blocks": [
                  "10.0.0.0/16"
                ],
                "description": "Allow PostgreSQL",
                "from_port": 5432,
                "ipv6_cidr_blocks": [],
                "prefix_list_ids": [],
                "protocol": "tcp",
                "security_groups": [],
                "self": false,
                "to_port": 5432
              }
            ],
            "name": "aurora-shared-prod",
            "name_prefix": "",
            "owner_id": "585008045756",
            "revoke_rules_on_delete": false,
            "tags": {
              "Environment": "prod",
              "Name": "widget-prod-aurora",
              "Terraform": "true"
            },
            "tags_all": {
              "Environment": "prod",
              "Name": "widget-prod-aurora",
              "Terraform": "true"
            },
            "timeouts": null,
            "vpc_id": "vpc-04ceed96ed33eb80a"
          },
          "sensitive_attributes": [],
          "private": "eyJlMmJmYjczMC1lY2FhLTExZTYtOGY4OC0zNDM2M2JjN2M0YzAiOnsiY3JlYXRlIjo2MDAwMDAwMDAwMDAsImRlbGV0ZSI6OTAwMDAwMDAwMDAwfSwic2NoZW1hX3ZlcnNpb24iOiIxIn0=",
          "create_before_destroy": true
        },
        {
          "deposed": "1203e593",
          "schema_version": 1,
          "attributes": {
            "arn": "arn:aws:ec2:eu-central-1:585008045756:security-group/sg-0084c7f319ae3f5af",
            "description": "Security group for Aurora cluster",
            "egress": [],
            "id": "sg-0084c7f319ae3f5af",
            "ingress": [],
            "name": "widget-prod-aurora-20250119100946791300000004",
            "name_prefix": "widget-prod-aurora-",
            "owner_id": "585008045756",
            "revoke_rules_on_delete": false,
            "tags": {
              "Environment": "prod",
              "Name": "widget-prod-aurora",
              "Terraform": "true"
            },
            "tags_all": {
              "Environment": "prod",
              "Name": "widget-prod-aurora",
              "Terraform": "true"
            },
            "timeouts": null,
            "vpc_id": "vpc-00fcae467a4f3d877"
          },
          "sensitive_attributes": [],
          "private": "eyJlMmJmYjczMC1lY2FhLTExZTYtOGY4OC0zNDM2M2JjN2M0YzAiOnsiY3JlYXRlIjo2MDAwMDAwMDAwMDAsImRlbGV0ZSI6OTAwMDAwMDAwMDAwfSwic2NoZW1hX3ZlcnNpb24iOiIxIn0=",
          "dependencies": [
            "module.vpc.data.aws_vpc.existing"
          ],
          "create_before_destroy": true
        },
        {
          "deposed": "f6342958",
          "schema_version": 1,
          "attributes": {
            "arn": "arn:aws:ec2:eu-central-1:585008045756:security-group/sg-028b4f88a7d6c4eb7",
            "description": "Security group for Aurora cluster",
            "egress": [],
            "id": "sg-028b4f88a7d6c4eb7",
            "ingress": [],
            "name": "widget-prod-aurora-20250104153435707000000001",
            "name_prefix": "widget-prod-aurora-",
            "owner_id": "585008045756",
            "revoke_rules_on_delete": false,
            "tags": {
              "Environment": "prod",
              "Name": "widget-prod-aurora",
              "Terraform": "true"
            },
            "tags_all": {
              "Environment": "prod",
              "Name": "widget-prod-aurora",
              "Terraform": "true"
            },
            "timeouts": null,
            "vpc_id": "vpc-04ceed96ed33eb80a"
          },
          "sensitive_attributes": [],
          "private": "eyJlMmJmYjczMC1lY2FhLTExZTYtOGY4OC0zNDM2M2JjN2M0YzAiOnsiY3JlYXRlIjo2MDAwMDAwMDAwMDAsImRlbGV0ZSI6OTAwMDAwMDAwMDAwfSwic2NoZW1hX3ZlcnNpb24iOiIxIn0=",
          "dependencies": [
            "data.aws_vpc.existing",
            "module.vpc.data.aws_vpc.existing"
          ],
          "create_before_destroy": true
        }
      ]
    },
    {
      "mode": "managed",
      "type": "aws_security_group",
      "name": "bastion",
      "provider": "provider[\"registry.terraform.io/hashicorp/aws\"]",
      "instances": [
        {
          "schema_version": 1,
          "attributes": {
            "arn": "arn:aws:ec2:eu-central-1:585008045756:security-group/sg-009581a9868fbc17e",
            "description": "Consolidated security group for bastion host",
            "egress": [
              {
                "cidr_blocks": [
                  "0.0.0.0/0"
                ],
                "description": "Allow all outbound traffic",
                "from_port": 0,
                "ipv6_cidr_blocks": [],
                "prefix_list_ids": [],
                "protocol": "-1",
                "security_groups": [],
                "self": false,
                "to_port": 0
              }
            ],
            "id": "sg-009581a9868fbc17e",
            "ingress": [
              {
                "cidr_blocks": [
                  "176.198.145.140/32",
                  "10.10.0.0/16"
                ],
                "description": "PostgreSQL ingress for pgAdmin",
                "from_port": 5432,
                "ipv6_cidr_blocks": [],
                "prefix_list_ids": [],
                "protocol": "tcp",
                "security_groups": [],
                "self": false,
                "to_port": 5432
              },
              {
                "cidr_blocks": [],
                "description": "Allow HTTPS from SSM VPC Endpoint",
                "from_port": 443,
                "ipv6_cidr_blocks": [],
                "prefix_list_ids": [],
                "protocol": "tcp",
                "security_groups": [
                  "sg-028aeb160aa580052"
                ],
                "self": false,
                "to_port": 443
              },
              {
                "cidr_blocks": [],
                "description": "SSH for SSM tunnel",
                "from_port": 22,
                "ipv6_cidr_blocks": [],
                "prefix_list_ids": [],
                "protocol": "tcp",
                "security_groups": [
                  "sg-028aeb160aa580052"
                ],
                "self": false,
                "to_port": 22
              }
            ],
            "name": "bastion-host-consolidated",
            "name_prefix": "",
            "owner_id": "585008045756",
            "revoke_rules_on_delete": false,
            "tags": {
              "Environment": "prod",
              "ManagedBy": "terraform",
              "Managed_by": "terraform",
              "Name": "bastion-host-consolidated",
              "Project": "CAP"
            },
            "tags_all": {
              "Environment": "prod",
              "ManagedBy": "terraform",
              "Managed_by": "terraform",
              "Name": "bastion-host-consolidated",
              "Project": "CAP"
            },
            "timeouts": null,
            "vpc_id": "vpc-04ceed96ed33eb80a"
          },
          "sensitive_attributes": [],
          "private": "eyJlMmJmYjczMC1lY2FhLTExZTYtOGY4OC0zNDM2M2JjN2M0YzAiOnsiY3JlYXRlIjo2MDAwMDAwMDAwMDAsImRlbGV0ZSI6OTAwMDAwMDAwMDAwfSwic2NoZW1hX3ZlcnNpb24iOiIxIn0=",
          "dependencies": [
            "aws_security_group.vpce"
          ]
        }
      ]
    },
    {
      "mode": "managed",
      "type": "aws_security_group",
      "name": "bastion_host_ng_sg",
      "provider": "provider[\"registry.terraform.io/hashicorp/aws\"]",
      "instances": [
        {
          "schema_version": 1,
          "attributes": {
            "arn": "arn:aws:ec2:eu-central-1:585008045756:security-group/sg-08977c5377c40bd5b",
            "description": "Security group for bastion host",
            "egress": [
              {
                "cidr_blocks": [
                  "0.0.0.0/0"
                ],
                "description": "Allow all outbound traffic",
                "from_port": 0,
                "ipv6_cidr_blocks": [],
                "prefix_list_ids": [],
                "protocol": "-1",
                "security_groups": [],
                "self": false,
                "to_port": 0
              }
            ],
            "id": "sg-08977c5377c40bd5b",
            "ingress": [
              {
                "cidr_blocks": [],
                "description": "Allow HTTPS from SSM VPC Endpoint",
                "from_port": 443,
                "ipv6_cidr_blocks": [],
                "prefix_list_ids": [],
                "protocol": "tcp",
                "security_groups": [
                  "sg-028aeb160aa580052"
                ],
                "self": false,
                "to_port": 443
              },
              {
                "cidr_blocks": [],
                "description": "SSH for SSM tunnel",
                "from_port": 22,
                "ipv6_cidr_blocks": [],
                "prefix_list_ids": [],
                "protocol": "tcp",
                "security_groups": [
                  "sg-028aeb160aa580052"
                ],
                "self": false,
                "to_port": 22
              }
            ],
            "name": "bastion-host-ng-sg",
            "name_prefix": "",
            "owner_id": "585008045756",
            "revoke_rules_on_delete": false,
            "tags": {
              "Environment": "prod",
              "ManagedBy": "terraform",
              "Name": "bastion-host-ng-sg",
              "Project": "CAP"
            },
            "tags_all": {
              "Environment": "prod",
              "ManagedBy": "terraform",
              "Name": "bastion-host-ng-sg",
              "Project": "CAP"
            },
            "timeouts": null,
            "vpc_id": "vpc-04ceed96ed33eb80a"
          },
          "sensitive_attributes": [],
          "private": "eyJlMmJmYjczMC1lY2FhLTExZTYtOGY4OC0zNDM2M2JjN2M0YzAiOnsiY3JlYXRlIjo2MDAwMDAwMDAwMDAsImRlbGV0ZSI6OTAwMDAwMDAwMDAwfSwic2NoZW1hX3ZlcnNpb24iOiIxIn0=",
          "dependencies": [
            "aws_security_group.vpce"
          ]
        }
      ]
    },
    {
      "mode": "managed",
      "type": "aws_security_group",
      "name": "convert10_alb",
      "provider": "provider[\"registry.terraform.io/hashicorp/aws\"]",
      "instances": [
        {
          "schema_version": 1,
          "attributes": {
            "arn": "arn:aws:ec2:eu-central-1:585008045756:security-group/sg-0156422f2e6eb18b5",
            "description": "Security group for Convert10 ALB",
            "egress": [
              {
                "cidr_blocks": [
                  "0.0.0.0/0"
                ],
                "description": "",
                "from_port": 0,
                "ipv6_cidr_blocks": [],
                "prefix_list_ids": [],
                "protocol": "-1",
                "security_groups": [],
                "self": false,
                "to_port": 0
              }
            ],
            "id": "sg-0156422f2e6eb18b5",
            "ingress": [
              {
                "cidr_blocks": [
                  "0.0.0.0/0"
                ],
                "description": "Allow HTTP inbound",
                "from_port": 80,
                "ipv6_cidr_blocks": [],
                "prefix_list_ids": [],
                "protocol": "tcp",
                "security_groups": [],
                "self": false,
                "to_port": 80
              },
              {
                "cidr_blocks": [
                  "0.0.0.0/0"
                ],
                "description": "Allow HTTPS inbound",
                "from_port": 443,
                "ipv6_cidr_blocks": [
                  "::/0"
                ],
                "prefix_list_ids": [],
                "protocol": "tcp",
                "security_groups": [],
                "self": false,
                "to_port": 443
              }
            ],
            "name": "convert10-alb-20250119221608847900000001",
            "name_prefix": "convert10-alb-",
            "owner_id": "585008045756",
            "revoke_rules_on_delete": false,
            "tags": {
              "Environment": "prod",
              "ManagedBy": "terraform",
              "Name": "convert10-alb-sg",
              "Project": "CAP"
            },
            "tags_all": {
              "Environment": "prod",
              "ManagedBy": "terraform",
              "Name": "convert10-alb-sg",
              "Project": "CAP"
            },
            "timeouts": null,
            "vpc_id": "vpc-04ceed96ed33eb80a"
          },
          "sensitive_attributes": [],
          "private": "eyJlMmJmYjczMC1lY2FhLTExZTYtOGY4OC0zNDM2M2JjN2M0YzAiOnsiY3JlYXRlIjo2MDAwMDAwMDAwMDAsImRlbGV0ZSI6OTAwMDAwMDAwMDAwfSwic2NoZW1hX3ZlcnNpb24iOiIxIn0="
        }
      ]
    },
    {
      "mode": "managed",
      "type": "aws_security_group",
      "name": "convert10_ecs_tasks",
      "provider": "provider[\"registry.terraform.io/hashicorp/aws\"]",
      "instances": [
        {
          "schema_version": 1,
          "attributes": {
            "arn": "arn:aws:ec2:eu-central-1:585008045756:security-group/sg-0ab7fff8e306fe5a5",
            "description": "Security group for Convert10 ECS tasks",
            "egress": [
              {
                "cidr_blocks": [
                  "0.0.0.0/0"
                ],
                "description": "",
                "from_port": 0,
                "ipv6_cidr_blocks": [
                  "::/0"
                ],
                "prefix_list_ids": [],
                "protocol": "-1",
                "security_groups": [],
                "self": false,
                "to_port": 0
              }
            ],
            "id": "sg-0ab7fff8e306fe5a5",
            "ingress": [
              {
                "cidr_blocks": [],
                "description": "Allow inbound and health checks from ALB",
                "from_port": 3000,
                "ipv6_cidr_blocks": [],
                "prefix_list_ids": [],
                "protocol": "tcp",
                "security_groups": [
                  "sg-0156422f2e6eb18b5"
                ],
                "self": false,
                "to_port": 3000
              }
            ],
            "name": "convert10-ecs-tasks-20250119221610614200000002",
            "name_prefix": "convert10-ecs-tasks-",
            "owner_id": "585008045756",
            "revoke_rules_on_delete": false,
            "tags": {
              "Environment": "prod",
              "ManagedBy": "terraform",
              "Name": "convert10-ecs-tasks-sg",
              "Project": "CAP"
            },
            "tags_all": {
              "Environment": "prod",
              "ManagedBy": "terraform",
              "Name": "convert10-ecs-tasks-sg",
              "Project": "CAP"
            },
            "timeouts": null,
            "vpc_id": "vpc-04ceed96ed33eb80a"
          },
          "sensitive_attributes": [],
          "private": "eyJlMmJmYjczMC1lY2FhLTExZTYtOGY4OC0zNDM2M2JjN2M0YzAiOnsiY3JlYXRlIjo2MDAwMDAwMDAwMDAsImRlbGV0ZSI6OTAwMDAwMDAwMDAwfSwic2NoZW1hX3ZlcnNpb24iOiIxIn0=",
          "dependencies": [
            "aws_security_group.convert10_alb"
          ]
        }
      ]
    },
    {
      "mode": "managed",
      "type": "aws_security_group",
      "name": "ecs_tasks",
      "provider": "provider[\"registry.terraform.io/hashicorp/aws\"]",
      "instances": [
        {
          "status": "tainted",
          "schema_version": 1,
          "attributes": {
            "arn": null,
            "description": "Allow inbound traffic for ECS tasks",
            "egress": [
              {
                "cidr_blocks": [
                  "0.0.0.0/0"
                ],
                "description": "Allow all outbound traffic",
                "from_port": 0,
                "ipv6_cidr_blocks": [],
                "prefix_list_ids": [],
                "protocol": "-1",
                "security_groups": [],
                "self": false,
                "to_port": 0
              }
            ],
            "id": "sg-0d09faa231b363be4",
            "ingress": [
              {
                "cidr_blocks": [],
                "description": "Allow inbound from ALB",
                "from_port": 3000,
                "ipv6_cidr_blocks": [],
                "prefix_list_ids": [],
                "protocol": "tcp",
                "security_groups": [
                  "sg-0b2bc8f0fd3c28994"
                ],
                "self": false,
                "to_port": 3000
              }
            ],
            "name": "ecs-tasks-sg",
            "name_prefix": null,
            "owner_id": null,
            "revoke_rules_on_delete": false,
            "tags": {
              "Environment": "prod",
              "ManagedBy": "terraform",
              "Project": "CAP"
            },
            "tags_all": {
              "Environment": "prod",
              "ManagedBy": "terraform",
              "Project": "CAP"
            },
            "timeouts": null,
            "vpc_id": "vpc-04ceed96ed33eb80a"
          },
          "sensitive_attributes": [],
          "private": "eyJlMmJmYjczMC1lY2FhLTExZTYtOGY4OC0zNDM2M2JjN2M0YzAiOnsiY3JlYXRlIjo2MDAwMDAwMDAwMDAsImRlbGV0ZSI6OTAwMDAwMDAwMDAwfSwic2NoZW1hX3ZlcnNpb24iOiIxIn0="
        }
      ]
    },
    {
      "mode": "managed",
      "type": "aws_security_group",
      "name": "eic_endpoint_sg",
      "provider": "provider[\"registry.terraform.io/hashicorp/aws\"]",
      "instances": [
        {
          "schema_version": 1,
          "attributes": {
            "arn": "arn:aws:ec2:eu-central-1:585008045756:security-group/sg-03d7dda1195b5f483",
            "description": "Security group for EIC endpoint",
            "egress": [
              {
                "cidr_blocks": [],
                "description": "SSH to bastion",
                "from_port": 22,
                "ipv6_cidr_blocks": [],
                "prefix_list_ids": [],
                "protocol": "tcp",
                "security_groups": [
                  "sg-009581a9868fbc17e"
                ],
                "self": false,
                "to_port": 22
              }
            ],
            "id": "sg-03d7dda1195b5f483",
            "ingress": [
              {
                "cidr_blocks": [
                  "10.0.0.0/16"
                ],
                "description": "Allow HTTPS from bastion",
                "from_port": 443,
                "ipv6_cidr_blocks": [],
                "prefix_list_ids": [],
                "protocol": "tcp",
                "security_groups": [],
                "self": false,
                "to_port": 443
              }
            ],
            "name": "eic-endpoint-sg",
            "name_prefix": "",
            "owner_id": "585008045756",
            "revoke_rules_on_delete": false,
            "tags": {
              "Environment": "prod",
              "Name": "prod-eic-endpoint",
              "Tenant": "agaile-shared-prod"
            },
            "tags_all": {
              "Environment": "prod",
              "ManagedBy": "terraform",
              "Name": "prod-eic-endpoint",
              "Project": "CAP",
              "Tenant": "agaile-shared-prod"
            },
            "timeouts": null,
            "vpc_id": "vpc-04ceed96ed33eb80a"
          },
          "sensitive_attributes": [],
          "private": "eyJlMmJmYjczMC1lY2FhLTExZTYtOGY4OC0zNDM2M2JjN2M0YzAiOnsiY3JlYXRlIjo2MDAwMDAwMDAwMDAsImRlbGV0ZSI6OTAwMDAwMDAwMDAwfSwic2NoZW1hX3ZlcnNpb24iOiIxIn0=",
          "dependencies": [
            "aws_security_group.bastion",
            "aws_security_group.vpce"
          ]
        }
      ]
    },
    {
      "mode": "managed",
      "type": "aws_security_group",
      "name": "lambda",
      "provider": "provider[\"registry.terraform.io/hashicorp/aws\"]",
      "instances": [
        {
          "schema_version": 1,
          "attributes": {
            "arn": "arn:aws:ec2:eu-central-1:585008045756:security-group/sg-04871d0b05ab55be5",
            "description": "Security group for Lambda functions",
            "egress": [],
            "id": "sg-04871d0b05ab55be5",
            "ingress": [],
            "name": "widget-prod-lambda-20250119121617621500000001",
            "name_prefix": "widget-prod-lambda-",
            "owner_id": "585008045756",
            "revoke_rules_on_delete": false,
            "tags": {
              "Environment": "prod",
              "ManagedBy": "terraform",
              "Project": "CAP"
            },
            "tags_all": {
              "Environment": "prod",
              "ManagedBy": "terraform",
              "Project": "CAP"
            },
            "timeouts": null,
            "vpc_id": "vpc-04ceed96ed33eb80a"
          },
          "sensitive_attributes": [],
          "private": "eyJlMmJmYjczMC1lY2FhLTExZTYtOGY4OC0zNDM2M2JjN2M0YzAiOnsiY3JlYXRlIjo2MDAwMDAwMDAwMDAsImRlbGV0ZSI6OTAwMDAwMDAwMDAwfSwic2NoZW1hX3ZlcnNpb24iOiIxIn0="
        }
      ]
    },
    {
      "mode": "managed",
      "type": "aws_security_group",
      "name": "rds_proxy",
      "provider": "provider[\"registry.terraform.io/hashicorp/aws\"]",
      "instances": [
        {
          "schema_version": 1,
          "attributes": {
            "arn": "arn:aws:ec2:eu-central-1:585008045756:security-group/sg-04dfa66b0e403d3ae",
            "description": "Security group for RDS Proxy",
            "egress": [
              {
                "cidr_blocks": [
                  "0.0.0.0/0"
                ],
                "description": "Allow all outbound",
                "from_port": 0,
                "ipv6_cidr_blocks": [],
                "prefix_list_ids": [],
                "protocol": "-1",
                "security_groups": [],
                "self": false,
                "to_port": 0
              }
            ],
            "id": "sg-04dfa66b0e403d3ae",
            "ingress": [
              {
                "cidr_blocks": [
                  "10.0.0.0/16"
                ],
                "description": "PostgreSQL from VPC",
                "from_port": 5432,
                "ipv6_cidr_blocks": [],
                "prefix_list_ids": [],
                "protocol": "tcp",
                "security_groups": [],
                "self": false,
                "to_port": 5432
              }
            ],
            "name": "rds-proxy-prod",
            "name_prefix": "",
            "owner_id": "585008045756",
            "revoke_rules_on_delete": false,
            "tags": {
              "Environment": "prod",
              "ManagedBy": "terraform",
              "Name": "rds-proxy-prod",
              "Project": "CAP"
            },
            "tags_all": {
              "Environment": "prod",
              "ManagedBy": "terraform",
              "Name": "rds-proxy-prod",
              "Project": "CAP"
            },
            "timeouts": null,
            "vpc_id": "vpc-04ceed96ed33eb80a"
          },
          "sensitive_attributes": [],
          "private": "eyJlMmJmYjczMC1lY2FhLTExZTYtOGY4OC0zNDM2M2JjN2M0YzAiOnsiY3JlYXRlIjo2MDAwMDAwMDAwMDAsImRlbGV0ZSI6OTAwMDAwMDAwMDAwfSwic2NoZW1hX3ZlcnNpb24iOiIxIn0="
        }
      ]
    },
    {
      "mode": "managed",
      "type": "aws_security_group",
      "name": "rooftopsolar_alb",
      "provider": "provider[\"registry.terraform.io/hashicorp/aws\"]",
      "instances": [
        {
          "schema_version": 1,
          "attributes": {
            "arn": "arn:aws:ec2:eu-central-1:585008045756:security-group/sg-0a09312f5f8b07ad5",
            "description": "Security group for RooftopSolar ALB",
            "egress": [
              {
                "cidr_blocks": [
                  "0.0.0.0/0"
                ],
                "description": "",
                "from_port": 0,
                "ipv6_cidr_blocks": [
                  "::/0"
                ],
                "prefix_list_ids": [],
                "protocol": "-1",
                "security_groups": [],
                "self": false,
                "to_port": 0
              }
            ],
            "id": "sg-0a09312f5f8b07ad5",
            "ingress": [
              {
                "cidr_blocks": [
                  "0.0.0.0/0"
                ],
                "description": "Allow HTTP inbound",
                "from_port": 80,
                "ipv6_cidr_blocks": [
                  "::/0"
                ],
                "prefix_list_ids": [],
                "protocol": "tcp",
                "security_groups": [],
                "self": false,
                "to_port": 80
              },
              {
                "cidr_blocks": [
                  "0.0.0.0/0"
                ],
                "description": "Allow HTTPS inbound",
                "from_port": 443,
                "ipv6_cidr_blocks": [
                  "::/0"
                ],
                "prefix_list_ids": [],
                "protocol": "tcp",
                "security_groups": [],
                "self": false,
                "to_port": 443
              }
            ],
            "name": "rooftopsolar-alb-20250119220230635600000001",
            "name_prefix": "rooftopsolar-alb-",
            "owner_id": "585008045756",
            "revoke_rules_on_delete": false,
            "tags": {
              "Environment": "prod",
              "ManagedBy": "terraform",
              "Name": "rooftopsolar-alb-sg",
              "Project": "CAP"
            },
            "tags_all": {
              "Environment": "prod",
              "ManagedBy": "terraform",
              "Name": "rooftopsolar-alb-sg",
              "Project": "CAP"
            },
            "timeouts": null,
            "vpc_id": "vpc-04ceed96ed33eb80a"
          },
          "sensitive_attributes": [],
          "private": "eyJlMmJmYjczMC1lY2FhLTExZTYtOGY4OC0zNDM2M2JjN2M0YzAiOnsiY3JlYXRlIjo2MDAwMDAwMDAwMDAsImRlbGV0ZSI6OTAwMDAwMDAwMDAwfSwic2NoZW1hX3ZlcnNpb24iOiIxIn0=",
          "create_before_destroy": true
        }
      ]
    },
    {
      "mode": "managed",
      "type": "aws_security_group",
      "name": "rooftopsolar_ecs_tasks",
      "provider": "provider[\"registry.terraform.io/hashicorp/aws\"]",
      "instances": [
        {
          "schema_version": 1,
          "attributes": {
            "arn": "arn:aws:ec2:eu-central-1:585008045756:security-group/sg-01a8097b70b724193",
            "description": "Security group for RooftopSolar ECS tasks",
            "egress": [
              {
                "cidr_blocks": [
                  "0.0.0.0/0"
                ],
                "description": "",
                "from_port": 0,
                "ipv6_cidr_blocks": [
                  "::/0"
                ],
                "prefix_list_ids": [],
                "protocol": "-1",
                "security_groups": [],
                "self": false,
                "to_port": 0
              }
            ],
            "id": "sg-01a8097b70b724193",
            "ingress": [
              {
                "cidr_blocks": [],
                "description": "Allow inbound and health checks from ALB",
                "from_port": 3000,
                "ipv6_cidr_blocks": [],
                "prefix_list_ids": [],
                "protocol": "tcp",
                "security_groups": [
                  "sg-0a09312f5f8b07ad5"
                ],
                "self": false,
                "to_port": 3000
              }
            ],
            "name": "rooftopsolar-ecs-tasks-20250119220232273700000002",
            "name_prefix": "rooftopsolar-ecs-tasks-",
            "owner_id": "585008045756",
            "revoke_rules_on_delete": false,
            "tags": {
              "Environment": "prod",
              "ManagedBy": "terraform",
              "Name": "rooftopsolar-ecs-tasks-sg",
              "Project": "CAP"
            },
            "tags_all": {
              "Environment": "prod",
              "ManagedBy": "terraform",
              "Name": "rooftopsolar-ecs-tasks-sg",
              "Project": "CAP"
            },
            "timeouts": null,
            "vpc_id": "vpc-04ceed96ed33eb80a"
          },
          "sensitive_attributes": [],
          "private": "eyJlMmJmYjczMC1lY2FhLTExZTYtOGY4OC0zNDM2M2JjN2M0YzAiOnsiY3JlYXRlIjo2MDAwMDAwMDAwMDAsImRlbGV0ZSI6OTAwMDAwMDAwMDAwfSwic2NoZW1hX3ZlcnNpb24iOiIxIn0=",
          "dependencies": [
            "aws_security_group.rooftopsolar_alb"
          ]
        }
      ]
    },
    {
      "mode": "managed",
      "type": "aws_security_group",
      "name": "vpce",
      "provider": "provider[\"registry.terraform.io/hashicorp/aws\"]",
      "instances": [
        {
          "schema_version": 1,
          "attributes": {
            "arn": "arn:aws:ec2:eu-central-1:585008045756:security-group/sg-028aeb160aa580052",
            "description": "Security group for VPC endpoints",
            "egress": [
              {
                "cidr_blocks": [
                  "0.0.0.0/0"
                ],
                "description": "Allow all outbound",
                "from_port": 0,
                "ipv6_cidr_blocks": [],
                "prefix_list_ids": [],
                "protocol": "-1",
                "security_groups": [],
                "self": false,
                "to_port": 0
              }
            ],
            "id": "sg-028aeb160aa580052",
            "ingress": [
              {
                "cidr_blocks": [
                  "10.0.0.0/16"
                ],
                "description": "Allow HTTPS from core VPC",
                "from_port": 443,
                "ipv6_cidr_blocks": [],
                "prefix_list_ids": [],
                "protocol": "tcp",
                "security_groups": [],
                "self": false,
                "to_port": 443
              }
            ],
            "name": "vpce-prod",
            "name_prefix": "",
            "owner_id": "585008045756",
            "revoke_rules_on_delete": false,
            "tags": {
              "Environment": "prod",
              "ManagedBy": "terraform",
              "Name": "vpce-prod",
              "Project": "CAP"
            },
            "tags_all": {
              "Environment": "prod",
              "ManagedBy": "terraform",
              "Name": "vpce-prod",
              "Project": "CAP"
            },
            "timeouts": null,
            "vpc_id": "vpc-04ceed96ed33eb80a"
          },
          "sensitive_attributes": [],
          "private": "eyJlMmJmYjczMC1lY2FhLTExZTYtOGY4OC0zNDM2M2JjN2M0YzAiOnsiY3JlYXRlIjo2MDAwMDAwMDAwMDAsImRlbGV0ZSI6OTAwMDAwMDAwMDAwfSwic2NoZW1hX3ZlcnNpb24iOiIxIn0="
        }
      ]
    },
    {
      "mode": "managed",
      "type": "aws_security_group",
      "name": "zohlar_alb",
      "provider": "provider[\"registry.terraform.io/hashicorp/aws\"]",
      "instances": [
        {
          "schema_version": 1,
          "attributes": {
            "arn": "arn:aws:ec2:eu-central-1:585008045756:security-group/sg-01147a81af341107f",
            "description": "Security group for Zohlar ALB",
            "egress": [
              {
                "cidr_blocks": [
                  "0.0.0.0/0"
                ],
                "description": "",
                "from_port": 0,
                "ipv6_cidr_blocks": [],
                "prefix_list_ids": [],
                "protocol": "-1",
                "security_groups": [],
                "self": false,
                "to_port": 0
              }
            ],
            "id": "sg-01147a81af341107f",
            "ingress": [
              {
                "cidr_blocks": [
                  "0.0.0.0/0"
                ],
                "description": "Allow HTTP inbound",
                "from_port": 80,
                "ipv6_cidr_blocks": [],
                "prefix_list_ids": [],
                "protocol": "tcp",
                "security_groups": [],
                "self": false,
                "to_port": 80
              },
              {
                "cidr_blocks": [
                  "0.0.0.0/0"
                ],
                "description": "Allow HTTPS inbound",
                "from_port": 443,
                "ipv6_cidr_blocks": [],
                "prefix_list_ids": [],
                "protocol": "tcp",
                "security_groups": [],
                "self": false,
                "to_port": 443
              }
            ],
            "name": "zohlar-alb-20250119183446813600000001",
            "name_prefix": "zohlar-alb-",
            "owner_id": "585008045756",
            "revoke_rules_on_delete": false,
            "tags": {
              "Environment": "prod",
              "ManagedBy": "terraform",
              "Name": "zohlar-alb-sg",
              "Project": "CAP"
            },
            "tags_all": {
              "Environment": "prod",
              "ManagedBy": "terraform",
              "Name": "zohlar-alb-sg",
              "Project": "CAP"
            },
            "timeouts": null,
            "vpc_id": "vpc-04ceed96ed33eb80a"
          },
          "sensitive_attributes": [],
          "private": "eyJlMmJmYjczMC1lY2FhLTExZTYtOGY4OC0zNDM2M2JjN2M0YzAiOnsiY3JlYXRlIjo2MDAwMDAwMDAwMDAsImRlbGV0ZSI6OTAwMDAwMDAwMDAwfSwic2NoZW1hX3ZlcnNpb24iOiIxIn0=",
          "dependencies": [
            "aws_subnet.tenant_new_public",
            "aws_vpc.tenant_new"
          ],
          "create_before_destroy": true
        }
      ]
    },
    {
      "mode": "managed",
      "type": "aws_security_group",
      "name": "zohlar_ecs_tasks",
      "provider": "provider[\"registry.terraform.io/hashicorp/aws\"]",
      "instances": [
        {
          "schema_version": 1,
          "attributes": {
            "arn": "arn:aws:ec2:eu-central-1:585008045756:security-group/sg-09591af33b0cdea5f",
            "description": "Security group for Zohlar ECS tasks",
            "egress": [
              {
                "cidr_blocks": [
                  "0.0.0.0/0"
                ],
                "description": "",
                "from_port": 0,
                "ipv6_cidr_blocks": [
                  "::/0"
                ],
                "prefix_list_ids": [],
                "protocol": "-1",
                "security_groups": [],
                "self": false,
                "to_port": 0
              }
            ],
            "id": "sg-09591af33b0cdea5f",
            "ingress": [
              {
                "cidr_blocks": [],
                "description": "Allow inbound and health checks from ALB",
                "from_port": 3000,
                "ipv6_cidr_blocks": [],
                "prefix_list_ids": [],
                "protocol": "tcp",
                "security_groups": [
                  "sg-01147a81af341107f"
                ],
                "self": false,
                "to_port": 3000
              }
            ],
            "name": "zohlar-ecs-tasks-20250119214946104100000001",
            "name_prefix": "zohlar-ecs-tasks-",
            "owner_id": "585008045756",
            "revoke_rules_on_delete": false,
            "tags": {
              "Environment": "prod",
              "ManagedBy": "terraform",
              "Name": "zohlar-ecs-tasks-sg",
              "Project": "CAP"
            },
            "tags_all": {
              "Environment": "prod",
              "ManagedBy": "terraform",
              "Name": "zohlar-ecs-tasks-sg",
              "Project": "CAP"
            },
            "timeouts": null,
            "vpc_id": "vpc-04ceed96ed33eb80a"
          },
          "sensitive_attributes": [],
          "private": "eyJlMmJmYjczMC1lY2FhLTExZTYtOGY4OC0zNDM2M2JjN2M0YzAiOnsiY3JlYXRlIjo2MDAwMDAwMDAwMDAsImRlbGV0ZSI6OTAwMDAwMDAwMDAwfSwic2NoZW1hX3ZlcnNpb24iOiIxIn0=",
          "dependencies": [
            "aws_security_group.zohlar_alb",
            "aws_subnet.tenant_new_public",
            "aws_vpc.tenant_new"
          ]
        }
      ]
    },
    {
      "mode": "managed",
      "type": "aws_security_group_rule",
      "name": "aurora_ingress_proxy",
      "provider": "provider[\"registry.terraform.io/hashicorp/aws\"]",
      "instances": [
        {
          "schema_version": 2,
          "attributes": {
            "cidr_blocks": null,
            "description": "Allow PostgreSQL from RDS Proxy",
            "from_port": 5432,
            "id": "sgrule-2404251302",
            "ipv6_cidr_blocks": null,
            "prefix_list_ids": null,
            "protocol": "tcp",
            "security_group_id": "sg-0674c99eb6fee5b54",
            "security_group_rule_id": "sgr-0a810013821dd0a35",
            "self": false,
            "source_security_group_id": "sg-04dfa66b0e403d3ae",
            "timeouts": null,
            "to_port": 5432,
            "type": "ingress"
          },
          "sensitive_attributes": [],
          "private": "eyJlMmJmYjczMC1lY2FhLTExZTYtOGY4OC0zNDM2M2JjN2M0YzAiOnsiY3JlYXRlIjozMDAwMDAwMDAwMDB9LCJzY2hlbWFfdmVyc2lvbiI6IjIifQ==",
          "dependencies": [
            "aws_security_group.aurora",
            "aws_security_group.rds_proxy"
          ]
        }
      ]
    },
    {
      "mode": "managed",
      "type": "aws_security_group_rule",
      "name": "rds_proxy_egress",
      "provider": "provider[\"registry.terraform.io/hashicorp/aws\"]",
      "instances": [
        {
          "schema_version": 2,
          "attributes": {
            "cidr_blocks": [
              "0.0.0.0/0"
            ],
            "description": "Allow all outbound traffic",
            "from_port": 0,
            "id": "sgrule-3698380456",
            "ipv6_cidr_blocks": null,
            "prefix_list_ids": null,
            "protocol": "-1",
            "security_group_id": "sg-04dfa66b0e403d3ae",
            "security_group_rule_id": "sgr-0e5e2c0daff90002c",
            "self": false,
            "source_security_group_id": null,
            "timeouts": null,
            "to_port": 0,
            "type": "egress"
          },
          "sensitive_attributes": [],
          "private": "eyJlMmJmYjczMC1lY2FhLTExZTYtOGY4OC0zNDM2M2JjN2M0YzAiOnsiY3JlYXRlIjozMDAwMDAwMDAwMDB9LCJzY2hlbWFfdmVyc2lvbiI6IjIifQ==",
          "dependencies": [
            "aws_security_group.rds_proxy"
          ]
        }
      ]
    },
    {
      "mode": "managed",
      "type": "aws_security_group_rule",
      "name": "rds_proxy_egress_aurora",
      "provider": "provider[\"registry.terraform.io/hashicorp/aws\"]",
      "instances": [
        {
          "schema_version": 2,
          "attributes": {
            "cidr_blocks": null,
            "description": "Allow PostgreSQL to Aurora",
            "from_port": 5432,
            "id": "sgrule-4274114324",
            "ipv6_cidr_blocks": null,
            "prefix_list_ids": null,
            "protocol": "tcp",
            "security_group_id": "sg-04dfa66b0e403d3ae",
            "security_group_rule_id": "sgr-0df05050ff950a054",
            "self": false,
            "source_security_group_id": "sg-0674c99eb6fee5b54",
            "timeouts": null,
            "to_port": 5432,
            "type": "egress"
          },
          "sensitive_attributes": [],
          "private": "eyJlMmJmYjczMC1lY2FhLTExZTYtOGY4OC0zNDM2M2JjN2M0YzAiOnsiY3JlYXRlIjozMDAwMDAwMDAwMDB9LCJzY2hlbWFfdmVyc2lvbiI6IjIifQ==",
          "dependencies": [
            "aws_security_group.aurora",
            "aws_security_group.rds_proxy"
          ]
        }
      ]
    },
    {
      "mode": "managed",
      "type": "aws_security_group_rule",
      "name": "tenant_to_core",
      "provider": "provider[\"registry.terraform.io/hashicorp/aws\"]",
      "instances": [
        {
          "schema_version": 2,
          "attributes": {
            "cidr_blocks": [
              "10.0.0.0/16"
            ],
            "description": "Allow traffic to core VPC",
            "from_port": 0,
            "id": "sgrule-3469821103",
            "ipv6_cidr_blocks": null,
            "prefix_list_ids": null,
            "protocol": "-1",
            "security_group_id": "sg-008eceb1f3ac91ba8",
            "security_group_rule_id": "sgr-054942af2f45e254d",
            "self": false,
            "source_security_group_id": null,
            "timeouts": null,
            "to_port": 0,
            "type": "egress"
          },
          "sensitive_attributes": [],
          "private": "eyJlMmJmYjczMC1lY2FhLTExZTYtOGY4OC0zNDM2M2JjN2M0YzAiOnsiY3JlYXRlIjozMDAwMDAwMDAwMDB9LCJzY2hlbWFfdmVyc2lvbiI6IjIifQ==",
          "dependencies": [
            "aws_security_group.alb"
          ]
        }
      ]
    },
    {
      "mode": "managed",
      "type": "aws_sns_topic",
      "name": "alerts",
      "provider": "provider[\"registry.terraform.io/hashicorp/aws\"]",
      "instances": [
        {
          "schema_version": 0,
          "attributes": {
            "application_failure_feedback_role_arn": "",
            "application_success_feedback_role_arn": "",
            "application_success_feedback_sample_rate": 0,
            "archive_policy": "",
            "arn": "arn:aws:sns:eu-central-1:585008045756:widget-prod-alerts",
            "beginning_archive_time": "",
            "content_based_deduplication": false,
            "delivery_policy": "",
            "display_name": "",
            "fifo_topic": false,
            "firehose_failure_feedback_role_arn": "",
            "firehose_success_feedback_role_arn": "",
            "firehose_success_feedback_sample_rate": 0,
            "http_failure_feedback_role_arn": "",
            "http_success_feedback_role_arn": "",
            "http_success_feedback_sample_rate": 0,
            "id": "arn:aws:sns:eu-central-1:585008045756:widget-prod-alerts",
            "kms_master_key_id": "",
            "lambda_failure_feedback_role_arn": "",
            "lambda_success_feedback_role_arn": "",
            "lambda_success_feedback_sample_rate": 0,
            "name": "widget-prod-alerts",
            "name_prefix": "",
            "owner": "585008045756",
            "policy": "{\"Statement\":[{\"Action\":\"SNS:Publish\",\"Effect\":\"Allow\",\"Principal\":{\"Service\":\"cloudwatch.amazonaws.com\"},\"Resource\":\"arn:aws:sns:eu-central-1:585008045756:widget-prod-alerts\"}],\"Version\":\"2012-10-17\"}",
            "signature_version": 0,
            "sqs_failure_feedback_role_arn": "",
            "sqs_success_feedback_role_arn": "",
            "sqs_success_feedback_sample_rate": 0,
            "tags": {
              "Environment": "prod",
              "Name": "widget-prod-alerts",
              "Terraform": "true"
            },
            "tags_all": {
              "Environment": "prod",
              "ManagedBy": "terraform",
              "Name": "widget-prod-alerts",
              "Project": "CAP",
              "Terraform": "true"
            },
            "tracing_config": ""
          },
          "sensitive_attributes": [],
          "private": "bnVsbA=="
        }
      ]
    },
    {
      "mode": "managed",
      "type": "aws_sns_topic",
      "name": "infrastructure_alerts",
      "provider": "provider[\"registry.terraform.io/hashicorp/aws\"]",
      "instances": [
        {
          "schema_version": 0,
          "attributes": {
            "application_failure_feedback_role_arn": "",
            "application_success_feedback_role_arn": "",
            "application_success_feedback_sample_rate": 0,
            "archive_policy": "",
            "arn": "arn:aws:sns:eu-central-1:585008045756:widget-prod-infrastructure-alerts",
            "beginning_archive_time": "",
            "content_based_deduplication": false,
            "delivery_policy": "",
            "display_name": "",
            "fifo_topic": false,
            "firehose_failure_feedback_role_arn": "",
            "firehose_success_feedback_role_arn": "",
            "firehose_success_feedback_sample_rate": 0,
            "http_failure_feedback_role_arn": "",
            "http_success_feedback_role_arn": "",
            "http_success_feedback_sample_rate": 0,
            "id": "arn:aws:sns:eu-central-1:585008045756:widget-prod-infrastructure-alerts",
            "kms_master_key_id": "",
            "lambda_failure_feedback_role_arn": "",
            "lambda_success_feedback_role_arn": "",
            "lambda_success_feedback_sample_rate": 0,
            "name": "widget-prod-infrastructure-alerts",
            "name_prefix": "",
            "owner": "585008045756",
            "policy": "{\"Id\":\"__default_policy_ID\",\"Statement\":[{\"Action\":[\"SNS:GetTopicAttributes\",\"SNS:SetTopicAttributes\",\"SNS:AddPermission\",\"SNS:RemovePermission\",\"SNS:DeleteTopic\",\"SNS:Subscribe\",\"SNS:ListSubscriptionsByTopic\",\"SNS:Publish\"],\"Condition\":{\"StringEquals\":{\"AWS:SourceOwner\":\"585008045756\"}},\"Effect\":\"Allow\",\"Principal\":{\"AWS\":\"*\"},\"Resource\":\"arn:aws:sns:eu-central-1:585008045756:widget-prod-infrastructure-alerts\",\"Sid\":\"__default_statement_ID\"}],\"Version\":\"2008-10-17\"}",
            "signature_version": 0,
            "sqs_failure_feedback_role_arn": "",
            "sqs_success_feedback_role_arn": "",
            "sqs_success_feedback_sample_rate": 0,
            "tags": {
              "Environment": "prod",
              "Name": "widget-prod-infrastructure-alerts",
              "Terraform": "true"
            },
            "tags_all": {
              "Environment": "prod",
              "ManagedBy": "terraform",
              "Name": "widget-prod-infrastructure-alerts",
              "Project": "CAP",
              "Terraform": "true"
            },
            "tracing_config": ""
          },
          "sensitive_attributes": [],
          "private": "bnVsbA=="
        }
      ]
    },
    {
      "mode": "managed",
      "type": "aws_sns_topic",
      "name": "monitoring_alerts",
      "provider": "provider[\"registry.terraform.io/hashicorp/aws\"]",
      "instances": [
        {
          "schema_version": 0,
          "attributes": {
            "application_failure_feedback_role_arn": "",
            "application_success_feedback_role_arn": "",
            "application_success_feedback_sample_rate": 0,
            "archive_policy": "",
            "arn": "arn:aws:sns:eu-central-1:585008045756:prod-monitoring-alerts",
            "beginning_archive_time": "",
            "content_based_deduplication": false,
            "delivery_policy": "",
            "display_name": "",
            "fifo_topic": false,
            "firehose_failure_feedback_role_arn": "",
            "firehose_success_feedback_role_arn": "",
            "firehose_success_feedback_sample_rate": 0,
            "http_failure_feedback_role_arn": "",
            "http_success_feedback_role_arn": "",
            "http_success_feedback_sample_rate": 0,
            "id": "arn:aws:sns:eu-central-1:585008045756:prod-monitoring-alerts",
            "kms_master_key_id": "",
            "lambda_failure_feedback_role_arn": "",
            "lambda_success_feedback_role_arn": "",
            "lambda_success_feedback_sample_rate": 0,
            "name": "prod-monitoring-alerts",
            "name_prefix": "",
            "owner": "585008045756",
            "policy": "{\"Id\":\"__default_policy_ID\",\"Statement\":[{\"Action\":[\"SNS:GetTopicAttributes\",\"SNS:SetTopicAttributes\",\"SNS:AddPermission\",\"SNS:RemovePermission\",\"SNS:DeleteTopic\",\"SNS:Subscribe\",\"SNS:ListSubscriptionsByTopic\",\"SNS:Publish\"],\"Condition\":{\"StringEquals\":{\"AWS:SourceOwner\":\"585008045756\"}},\"Effect\":\"Allow\",\"Principal\":{\"AWS\":\"*\"},\"Resource\":\"arn:aws:sns:eu-central-1:585008045756:prod-monitoring-alerts\",\"Sid\":\"__default_statement_ID\"}],\"Version\":\"2008-10-17\"}",
            "signature_version": 0,
            "sqs_failure_feedback_role_arn": "",
            "sqs_success_feedback_role_arn": "",
            "sqs_success_feedback_sample_rate": 0,
            "tags": {
              "Environment": "prod"
            },
            "tags_all": {
              "Environment": "prod",
              "ManagedBy": "terraform",
              "Project": "CAP"
            },
            "tracing_config": ""
          },
          "sensitive_attributes": [],
          "private": "bnVsbA=="
        }
      ]
    },
    {
      "mode": "managed",
      "type": "aws_sns_topic_policy",
      "name": "alerts",
      "provider": "provider[\"registry.terraform.io/hashicorp/aws\"]",
      "instances": [
        {
          "schema_version": 0,
          "attributes": {
            "arn": "arn:aws:sns:eu-central-1:585008045756:widget-prod-alerts",
            "id": "arn:aws:sns:eu-central-1:585008045756:widget-prod-alerts",
            "owner": "585008045756",
            "policy": "{\"Statement\":[{\"Action\":\"SNS:Publish\",\"Effect\":\"Allow\",\"Principal\":{\"Service\":\"cloudwatch.amazonaws.com\"},\"Resource\":\"arn:aws:sns:eu-central-1:585008045756:widget-prod-alerts\"}],\"Version\":\"2012-10-17\"}"
          },
          "sensitive_attributes": [],
          "private": "bnVsbA==",
          "dependencies": [
            "aws_sns_topic.alerts"
          ]
        }
      ]
    },
    {
      "mode": "managed",
      "type": "aws_subnet",
      "name": "tenant_new_public",
      "provider": "provider[\"registry.terraform.io/hashicorp/aws\"]",
      "instances": [
        {
          "index_key": 0,
          "schema_version": 1,
          "attributes": {
            "arn": "arn:aws:ec2:eu-central-1:585008045756:subnet/subnet-0d5d4058e1666af96",
            "assign_ipv6_address_on_creation": false,
            "availability_zone": "eu-central-1a",
            "availability_zone_id": "euc1-az2",
            "cidr_block": "172.16.0.0/24",
            "customer_owned_ipv4_pool": "",
            "enable_dns64": false,
            "enable_lni_at_device_index": 0,
            "enable_resource_name_dns_a_record_on_launch": false,
            "enable_resource_name_dns_aaaa_record_on_launch": false,
            "id": "subnet-0d5d4058e1666af96",
            "ipv6_cidr_block": "",
            "ipv6_cidr_block_association_id": "",
            "ipv6_native": false,
            "map_customer_owned_ip_on_launch": false,
            "map_public_ip_on_launch": false,
            "outpost_arn": "",
            "owner_id": "585008045756",
            "private_dns_hostname_type_on_launch": "ip-name",
            "tags": {
              "Environment": "prod",
              "ManagedBy": "terraform",
              "Name": "tenant-public-0-prod",
              "Project": "CAP",
              "Type": "public"
            },
            "tags_all": {
              "Environment": "prod",
              "ManagedBy": "terraform",
              "Name": "tenant-public-0-prod",
              "Project": "CAP",
              "Type": "public"
            },
            "timeouts": null,
            "vpc_id": "vpc-060c95fd47920a4d2"
          },
          "sensitive_attributes": [],
          "private": "eyJlMmJmYjczMC1lY2FhLTExZTYtOGY4OC0zNDM2M2JjN2M0YzAiOnsiY3JlYXRlIjo2MDAwMDAwMDAwMDAsImRlbGV0ZSI6MTIwMDAwMDAwMDAwMH0sInNjaGVtYV92ZXJzaW9uIjoiMSJ9",
          "dependencies": [
            "aws_vpc.tenant_new"
          ],
          "create_before_destroy": true
        },
        {
          "index_key": 1,
          "schema_version": 1,
          "attributes": {
            "arn": "arn:aws:ec2:eu-central-1:585008045756:subnet/subnet-0d4698641acfa6129",
            "assign_ipv6_address_on_creation": false,
            "availability_zone": "eu-central-1b",
            "availability_zone_id": "euc1-az3",
            "cidr_block": "172.16.1.0/24",
            "customer_owned_ipv4_pool": "",
            "enable_dns64": false,
            "enable_lni_at_device_index": 0,
            "enable_resource_name_dns_a_record_on_launch": false,
            "enable_resource_name_dns_aaaa_record_on_launch": false,
            "id": "subnet-0d4698641acfa6129",
            "ipv6_cidr_block": "",
            "ipv6_cidr_block_association_id": "",
            "ipv6_native": false,
            "map_customer_owned_ip_on_launch": false,
            "map_public_ip_on_launch": false,
            "outpost_arn": "",
            "owner_id": "585008045756",
            "private_dns_hostname_type_on_launch": "ip-name",
            "tags": {
              "Environment": "prod",
              "ManagedBy": "terraform",
              "Name": "tenant-public-1-prod",
              "Project": "CAP",
              "Type": "public"
            },
            "tags_all": {
              "Environment": "prod",
              "ManagedBy": "terraform",
              "Name": "tenant-public-1-prod",
              "Project": "CAP",
              "Type": "public"
            },
            "timeouts": null,
            "vpc_id": "vpc-060c95fd47920a4d2"
          },
          "sensitive_attributes": [],
          "private": "eyJlMmJmYjczMC1lY2FhLTExZTYtOGY4OC0zNDM2M2JjN2M0YzAiOnsiY3JlYXRlIjo2MDAwMDAwMDAwMDAsImRlbGV0ZSI6MTIwMDAwMDAwMDAwMH0sInNjaGVtYV92ZXJzaW9uIjoiMSJ9",
          "dependencies": [
            "aws_vpc.tenant_new"
          ],
          "create_before_destroy": true
        },
        {
          "index_key": 2,
          "schema_version": 1,
          "attributes": {
            "arn": "arn:aws:ec2:eu-central-1:585008045756:subnet/subnet-04bc4e13bebad4eb2",
            "assign_ipv6_address_on_creation": false,
            "availability_zone": "eu-central-1c",
            "availability_zone_id": "euc1-az1",
            "cidr_block": "172.16.2.0/24",
            "customer_owned_ipv4_pool": "",
            "enable_dns64": false,
            "enable_lni_at_device_index": 0,
            "enable_resource_name_dns_a_record_on_launch": false,
            "enable_resource_name_dns_aaaa_record_on_launch": false,
            "id": "subnet-04bc4e13bebad4eb2",
            "ipv6_cidr_block": "",
            "ipv6_cidr_block_association_id": "",
            "ipv6_native": false,
            "map_customer_owned_ip_on_launch": false,
            "map_public_ip_on_launch": false,
            "outpost_arn": "",
            "owner_id": "585008045756",
            "private_dns_hostname_type_on_launch": "ip-name",
            "tags": {
              "Environment": "prod",
              "ManagedBy": "terraform",
              "Name": "tenant-public-2-prod",
              "Project": "CAP",
              "Type": "public"
            },
            "tags_all": {
              "Environment": "prod",
              "ManagedBy": "terraform",
              "Name": "tenant-public-2-prod",
              "Project": "CAP",
              "Type": "public"
            },
            "timeouts": null,
            "vpc_id": "vpc-060c95fd47920a4d2"
          },
          "sensitive_attributes": [],
          "private": "eyJlMmJmYjczMC1lY2FhLTExZTYtOGY4OC0zNDM2M2JjN2M0YzAiOnsiY3JlYXRlIjo2MDAwMDAwMDAwMDAsImRlbGV0ZSI6MTIwMDAwMDAwMDAwMH0sInNjaGVtYV92ZXJzaW9uIjoiMSJ9",
          "dependencies": [
            "aws_vpc.tenant_new"
          ],
          "create_before_destroy": true
        }
      ]
    },
    {
      "mode": "managed",
      "type": "aws_vpc",
      "name": "tenant_new",
      "provider": "provider[\"registry.terraform.io/hashicorp/aws\"]",
      "instances": [
        {
          "schema_version": 1,
          "attributes": {
            "arn": "arn:aws:ec2:eu-central-1:585008045756:vpc/vpc-060c95fd47920a4d2",
            "assign_generated_ipv6_cidr_block": false,
            "cidr_block": "172.16.0.0/16",
            "default_network_acl_id": "acl-0774c0e23ba7178af",
            "default_route_table_id": "rtb-01e5d6596b0edd203",
            "default_security_group_id": "sg-095fe701cf5a253e3",
            "dhcp_options_id": "dopt-05f3a6f19e8da5597",
            "enable_dns_hostnames": true,
            "enable_dns_support": true,
            "enable_network_address_usage_metrics": false,
            "id": "vpc-060c95fd47920a4d2",
            "instance_tenancy": "default",
            "ipv4_ipam_pool_id": null,
            "ipv4_netmask_length": null,
            "ipv6_association_id": "",
            "ipv6_cidr_block": "",
            "ipv6_cidr_block_network_border_group": "",
            "ipv6_ipam_pool_id": "",
            "ipv6_netmask_length": 0,
            "main_route_table_id": "rtb-01e5d6596b0edd203",
            "owner_id": "585008045756",
            "tags": {
              "Environment": "prod",
              "ManagedBy": "terraform",
              "Name": "tenant-vpc-new-prod",
              "Project": "CAP",
              "Type": "tenant"
            },
            "tags_all": {
              "Environment": "prod",
              "ManagedBy": "terraform",
              "Name": "tenant-vpc-new-prod",
              "Project": "CAP",
              "Type": "tenant"
            }
          },
          "sensitive_attributes": [],
          "private": "eyJzY2hlbWFfdmVyc2lvbiI6IjEifQ==",
          "create_before_destroy": true
        }
      ]
    },
    {
      "mode": "managed",
      "type": "aws_vpc_endpoint",
      "name": "ec2messages",
      "provider": "provider[\"registry.terraform.io/hashicorp/aws\"]",
      "instances": [
        {
          "schema_version": 0,
          "attributes": {
            "arn": "arn:aws:ec2:eu-central-1:585008045756:vpc-endpoint/vpce-08f880dee9b0dfb0a",
            "auto_accept": null,
            "cidr_blocks": [],
            "dns_entry": [
              {
                "dns_name": "vpce-08f880dee9b0dfb0a-sz83pl2d.ec2messages.eu-central-1.vpce.amazonaws.com",
                "hosted_zone_id": "Z273ZU8SZ5RJPC"
              },
              {
                "dns_name": "vpce-08f880dee9b0dfb0a-sz83pl2d-eu-central-1c.ec2messages.eu-central-1.vpce.amazonaws.com",
                "hosted_zone_id": "Z273ZU8SZ5RJPC"
              },
              {
                "dns_name": "vpce-08f880dee9b0dfb0a-sz83pl2d-eu-central-1a.ec2messages.eu-central-1.vpce.amazonaws.com",
                "hosted_zone_id": "Z273ZU8SZ5RJPC"
              },
              {
                "dns_name": "vpce-08f880dee9b0dfb0a-sz83pl2d-eu-central-1b.ec2messages.eu-central-1.vpce.amazonaws.com",
                "hosted_zone_id": "Z273ZU8SZ5RJPC"
              },
              {
                "dns_name": "ec2messages.eu-central-1.amazonaws.com",
                "hosted_zone_id": "Z0019048KRGL94309ZB5"
              }
            ],
            "dns_options": [
              {
                "dns_record_ip_type": "ipv4",
                "private_dns_only_for_inbound_resolver_endpoint": false
              }
            ],
            "id": "vpce-08f880dee9b0dfb0a",
            "ip_address_type": "ipv4",
            "network_interface_ids": [
              "eni-0137f5df487afe3fc",
              "eni-05c398d178911ae23",
              "eni-0fb2fae8bfe16765f"
            ],
            "owner_id": "585008045756",
            "policy": "{\"Statement\":[{\"Action\":\"*\",\"Effect\":\"Allow\",\"Principal\":\"*\",\"Resource\":\"*\"}]}",
            "prefix_list_id": null,
            "private_dns_enabled": true,
            "requester_managed": false,
            "route_table_ids": [],
            "security_group_ids": [
              "sg-028aeb160aa580052"
            ],
            "service_name": "com.amazonaws.eu-central-1.ec2messages",
            "state": "available",
            "subnet_ids": [
              "subnet-0197df41affb2d92d",
              "subnet-03b10924d502d91b6",
              "subnet-0521f8466a40b394c"
            ],
            "tags": {},
            "tags_all": {
              "Environment": "prod",
              "ManagedBy": "terraform",
              "Project": "CAP"
            },
            "timeouts": null,
            "vpc_endpoint_type": "Interface",
            "vpc_id": "vpc-04ceed96ed33eb80a"
          },
          "sensitive_attributes": [],
          "private": "eyJlMmJmYjczMC1lY2FhLTExZTYtOGY4OC0zNDM2M2JjN2M0YzAiOnsiY3JlYXRlIjo2MDAwMDAwMDAwMDAsImRlbGV0ZSI6NjAwMDAwMDAwMDAwLCJ1cGRhdGUiOjYwMDAwMDAwMDAwMH19",
          "dependencies": [
            "aws_security_group.vpce"
          ]
        }
      ]
    },
    {
      "mode": "managed",
      "type": "aws_vpc_endpoint",
      "name": "ecr_api",
      "provider": "provider[\"registry.terraform.io/hashicorp/aws\"]",
      "instances": [
        {
          "schema_version": 0,
          "attributes": {
            "arn": "arn:aws:ec2:eu-central-1:585008045756:vpc-endpoint/vpce-0ff1d60e54d54ebc0",
            "auto_accept": null,
            "cidr_blocks": [],
            "dns_entry": [
              {
                "dns_name": "vpce-0ff1d60e54d54ebc0-lzev8ype.api.ecr.eu-central-1.vpce.amazonaws.com",
                "hosted_zone_id": "Z273ZU8SZ5RJPC"
              },
              {
                "dns_name": "vpce-0ff1d60e54d54ebc0-lzev8ype-eu-central-1a.api.ecr.eu-central-1.vpce.amazonaws.com",
                "hosted_zone_id": "Z273ZU8SZ5RJPC"
              },
              {
                "dns_name": "vpce-0ff1d60e54d54ebc0-lzev8ype-eu-central-1b.api.ecr.eu-central-1.vpce.amazonaws.com",
                "hosted_zone_id": "Z273ZU8SZ5RJPC"
              },
              {
                "dns_name": "vpce-0ff1d60e54d54ebc0-lzev8ype-eu-central-1c.api.ecr.eu-central-1.vpce.amazonaws.com",
                "hosted_zone_id": "Z273ZU8SZ5RJPC"
              },
              {
                "dns_name": "api.ecr.eu-central-1.amazonaws.com",
                "hosted_zone_id": "Z03404852QM6YEQZ35HAU"
              },
              {
                "dns_name": "ecr.eu-central-1.api.aws",
                "hosted_zone_id": "Z04670472EXH9NDN4CPMS"
              }
            ],
            "dns_options": [
              {
                "dns_record_ip_type": "ipv4",
                "private_dns_only_for_inbound_resolver_endpoint": false
              }
            ],
            "id": "vpce-0ff1d60e54d54ebc0",
            "ip_address_type": "ipv4",
            "network_interface_ids": [
              "eni-03f8edca5028a926d",
              "eni-098941b3188fb3df4",
              "eni-0c643895f4c780fff"
            ],
            "owner_id": "585008045756",
            "policy": "{\"Statement\":[{\"Action\":\"*\",\"Effect\":\"Allow\",\"Principal\":\"*\",\"Resource\":\"*\"}]}",
            "prefix_list_id": null,
            "private_dns_enabled": true,
            "requester_managed": false,
            "route_table_ids": [],
            "security_group_ids": [
              "sg-028aeb160aa580052"
            ],
            "service_name": "com.amazonaws.eu-central-1.ecr.api",
            "state": "available",
            "subnet_ids": [
              "subnet-0197df41affb2d92d",
              "subnet-03b10924d502d91b6",
              "subnet-0521f8466a40b394c"
            ],
            "tags": {},
            "tags_all": {
              "Environment": "prod",
              "ManagedBy": "terraform",
              "Project": "CAP"
            },
            "timeouts": null,
            "vpc_endpoint_type": "Interface",
            "vpc_id": "vpc-04ceed96ed33eb80a"
          },
          "sensitive_attributes": [],
          "private": "eyJlMmJmYjczMC1lY2FhLTExZTYtOGY4OC0zNDM2M2JjN2M0YzAiOnsiY3JlYXRlIjo2MDAwMDAwMDAwMDAsImRlbGV0ZSI6NjAwMDAwMDAwMDAwLCJ1cGRhdGUiOjYwMDAwMDAwMDAwMH19",
          "dependencies": [
            "aws_security_group.vpce"
          ]
        }
      ]
    },
    {
      "mode": "managed",
      "type": "aws_vpc_endpoint",
      "name": "ecr_dkr",
      "provider": "provider[\"registry.terraform.io/hashicorp/aws\"]",
      "instances": [
        {
          "schema_version": 0,
          "attributes": {
            "arn": "arn:aws:ec2:eu-central-1:585008045756:vpc-endpoint/vpce-04ddbb6eadf9114b8",
            "auto_accept": null,
            "cidr_blocks": [],
            "dns_entry": [
              {
                "dns_name": "vpce-04ddbb6eadf9114b8-ajpyql6e.dkr.ecr.eu-central-1.vpce.amazonaws.com",
                "hosted_zone_id": "Z273ZU8SZ5RJPC"
              },
              {
                "dns_name": "vpce-04ddbb6eadf9114b8-ajpyql6e-eu-central-1c.dkr.ecr.eu-central-1.vpce.amazonaws.com",
                "hosted_zone_id": "Z273ZU8SZ5RJPC"
              },
              {
                "dns_name": "vpce-04ddbb6eadf9114b8-ajpyql6e-eu-central-1b.dkr.ecr.eu-central-1.vpce.amazonaws.com",
                "hosted_zone_id": "Z273ZU8SZ5RJPC"
              },
              {
                "dns_name": "vpce-04ddbb6eadf9114b8-ajpyql6e-eu-central-1a.dkr.ecr.eu-central-1.vpce.amazonaws.com",
                "hosted_zone_id": "Z273ZU8SZ5RJPC"
              },
              {
                "dns_name": "dkr.ecr.eu-central-1.amazonaws.com",
                "hosted_zone_id": "Z00202003BQ4YMP6GMUT7"
              },
              {
                "dns_name": "*.dkr.ecr.eu-central-1.amazonaws.com",
                "hosted_zone_id": "Z00202003BQ4YMP6GMUT7"
              },
              {
                "dns_name": "dkr-ecr.eu-central-1.on.aws",
                "hosted_zone_id": "Z00193262QTRJH5EZBOFE"
              },
              {
                "dns_name": "*.dkr-ecr.eu-central-1.on.aws",
                "hosted_zone_id": "Z00193262QTRJH5EZBOFE"
              }
            ],
            "dns_options": [
              {
                "dns_record_ip_type": "ipv4",
                "private_dns_only_for_inbound_resolver_endpoint": false
              }
            ],
            "id": "vpce-04ddbb6eadf9114b8",
            "ip_address_type": "ipv4",
            "network_interface_ids": [
              "eni-0731993db78190ce3",
              "eni-088ae2f8af000b8d1",
              "eni-09c28fb16f976d76d"
            ],
            "owner_id": "585008045756",
            "policy": "{\"Statement\":[{\"Action\":\"*\",\"Effect\":\"Allow\",\"Principal\":\"*\",\"Resource\":\"*\"}]}",
            "prefix_list_id": null,
            "private_dns_enabled": true,
            "requester_managed": false,
            "route_table_ids": [],
            "security_group_ids": [
              "sg-028aeb160aa580052"
            ],
            "service_name": "com.amazonaws.eu-central-1.ecr.dkr",
            "state": "available",
            "subnet_ids": [
              "subnet-0197df41affb2d92d",
              "subnet-03b10924d502d91b6",
              "subnet-0521f8466a40b394c"
            ],
            "tags": {},
            "tags_all": {
              "Environment": "prod",
              "ManagedBy": "terraform",
              "Project": "CAP"
            },
            "timeouts": null,
            "vpc_endpoint_type": "Interface",
            "vpc_id": "vpc-04ceed96ed33eb80a"
          },
          "sensitive_attributes": [],
          "private": "eyJlMmJmYjczMC1lY2FhLTExZTYtOGY4OC0zNDM2M2JjN2M0YzAiOnsiY3JlYXRlIjo2MDAwMDAwMDAwMDAsImRlbGV0ZSI6NjAwMDAwMDAwMDAwLCJ1cGRhdGUiOjYwMDAwMDAwMDAwMH19",
          "dependencies": [
            "aws_security_group.vpce"
          ]
        }
      ]
    },
    {
      "mode": "managed",
      "type": "aws_vpc_endpoint",
      "name": "kms",
      "provider": "provider[\"registry.terraform.io/hashicorp/aws\"]",
      "instances": [
        {
          "schema_version": 0,
          "attributes": {
            "arn": "arn:aws:ec2:eu-central-1:585008045756:vpc-endpoint/vpce-08a974075a99f9cdc",
            "auto_accept": null,
            "cidr_blocks": [],
            "dns_entry": [
              {
                "dns_name": "vpce-08a974075a99f9cdc-dxko99uf.kms.eu-central-1.vpce.amazonaws.com",
                "hosted_zone_id": "Z273ZU8SZ5RJPC"
              },
              {
                "dns_name": "vpce-08a974075a99f9cdc-dxko99uf-eu-central-1a.kms.eu-central-1.vpce.amazonaws.com",
                "hosted_zone_id": "Z273ZU8SZ5RJPC"
              },
              {
                "dns_name": "vpce-08a974075a99f9cdc-dxko99uf-eu-central-1c.kms.eu-central-1.vpce.amazonaws.com",
                "hosted_zone_id": "Z273ZU8SZ5RJPC"
              },
              {
                "dns_name": "vpce-08a974075a99f9cdc-dxko99uf-eu-central-1b.kms.eu-central-1.vpce.amazonaws.com",
                "hosted_zone_id": "Z273ZU8SZ5RJPC"
              },
              {
                "dns_name": "kms.eu-central-1.amazonaws.com",
                "hosted_zone_id": "Z03423103F7NFK1S2VJ64"
              }
            ],
            "dns_options": [
              {
                "dns_record_ip_type": "ipv4",
                "private_dns_only_for_inbound_resolver_endpoint": false
              }
            ],
            "id": "vpce-08a974075a99f9cdc",
            "ip_address_type": "ipv4",
            "network_interface_ids": [
              "eni-046f650a28326142a",
              "eni-0807cb3cd9cb7a295",
              "eni-0fff2fbd803817757"
            ],
            "owner_id": "585008045756",
            "policy": "{\"Statement\":[{\"Action\":\"*\",\"Effect\":\"Allow\",\"Principal\":\"*\",\"Resource\":\"*\"}]}",
            "prefix_list_id": null,
            "private_dns_enabled": true,
            "requester_managed": false,
            "route_table_ids": [],
            "security_group_ids": [
              "sg-028aeb160aa580052"
            ],
            "service_name": "com.amazonaws.eu-central-1.kms",
            "state": "available",
            "subnet_ids": [
              "subnet-0197df41affb2d92d",
              "subnet-03b10924d502d91b6",
              "subnet-0521f8466a40b394c"
            ],
            "tags": {},
            "tags_all": {
              "Environment": "prod",
              "ManagedBy": "terraform",
              "Project": "CAP"
            },
            "timeouts": null,
            "vpc_endpoint_type": "Interface",
            "vpc_id": "vpc-04ceed96ed33eb80a"
          },
          "sensitive_attributes": [],
          "private": "eyJlMmJmYjczMC1lY2FhLTExZTYtOGY4OC0zNDM2M2JjN2M0YzAiOnsiY3JlYXRlIjo2MDAwMDAwMDAwMDAsImRlbGV0ZSI6NjAwMDAwMDAwMDAwLCJ1cGRhdGUiOjYwMDAwMDAwMDAwMH19",
          "dependencies": [
            "aws_security_group.vpce"
          ]
        }
      ]
    },
    {
      "mode": "managed",
      "type": "aws_vpc_endpoint",
      "name": "logs",
      "provider": "provider[\"registry.terraform.io/hashicorp/aws\"]",
      "instances": [
        {
          "schema_version": 0,
          "attributes": {
            "arn": "arn:aws:ec2:eu-central-1:585008045756:vpc-endpoint/vpce-02b59413b7212d3d9",
            "auto_accept": null,
            "cidr_blocks": [],
            "dns_entry": [
              {
                "dns_name": "vpce-02b59413b7212d3d9-h9ayuonf.logs.eu-central-1.vpce.amazonaws.com",
                "hosted_zone_id": "Z273ZU8SZ5RJPC"
              },
              {
                "dns_name": "vpce-02b59413b7212d3d9-h9ayuonf-eu-central-1b.logs.eu-central-1.vpce.amazonaws.com",
                "hosted_zone_id": "Z273ZU8SZ5RJPC"
              },
              {
                "dns_name": "vpce-02b59413b7212d3d9-h9ayuonf-eu-central-1a.logs.eu-central-1.vpce.amazonaws.com",
                "hosted_zone_id": "Z273ZU8SZ5RJPC"
              },
              {
                "dns_name": "vpce-02b59413b7212d3d9-h9ayuonf-eu-central-1c.logs.eu-central-1.vpce.amazonaws.com",
                "hosted_zone_id": "Z273ZU8SZ5RJPC"
              },
              {
                "dns_name": "logs.eu-central-1.amazonaws.com",
                "hosted_zone_id": "Z00187533W0XQF9CUGEDZ"
              },
              {
                "dns_name": "logs.eu-central-1.api.aws",
                "hosted_zone_id": "Z0303008C7OTVWG7X2K0"
              }
            ],
            "dns_options": [
              {
                "dns_record_ip_type": "ipv4",
                "private_dns_only_for_inbound_resolver_endpoint": false
              }
            ],
            "id": "vpce-02b59413b7212d3d9",
            "ip_address_type": "ipv4",
            "network_interface_ids": [
              "eni-0711575746a67ef64",
              "eni-0bebdc81a7d38a22c",
              "eni-0cc188d1930018836"
            ],
            "owner_id": "585008045756",
            "policy": "{\"Statement\":[{\"Action\":\"*\",\"Effect\":\"Allow\",\"Principal\":\"*\",\"Resource\":\"*\"}]}",
            "prefix_list_id": null,
            "private_dns_enabled": true,
            "requester_managed": false,
            "route_table_ids": [],
            "security_group_ids": [
              "sg-028aeb160aa580052"
            ],
            "service_name": "com.amazonaws.eu-central-1.logs",
            "state": "available",
            "subnet_ids": [
              "subnet-0197df41affb2d92d",
              "subnet-03b10924d502d91b6",
              "subnet-0521f8466a40b394c"
            ],
            "tags": {},
            "tags_all": {
              "Environment": "prod",
              "ManagedBy": "terraform",
              "Project": "CAP"
            },
            "timeouts": null,
            "vpc_endpoint_type": "Interface",
            "vpc_id": "vpc-04ceed96ed33eb80a"
          },
          "sensitive_attributes": [],
          "private": "eyJlMmJmYjczMC1lY2FhLTExZTYtOGY4OC0zNDM2M2JjN2M0YzAiOnsiY3JlYXRlIjo2MDAwMDAwMDAwMDAsImRlbGV0ZSI6NjAwMDAwMDAwMDAwLCJ1cGRhdGUiOjYwMDAwMDAwMDAwMH19",
          "dependencies": [
            "aws_security_group.vpce"
          ]
        }
      ]
    },
    {
      "mode": "managed",
      "type": "aws_vpc_endpoint",
      "name": "rds",
      "provider": "provider[\"registry.terraform.io/hashicorp/aws\"]",
      "instances": [
        {
          "schema_version": 0,
          "attributes": {
            "arn": "arn:aws:ec2:eu-central-1:585008045756:vpc-endpoint/vpce-0a5d953eb97c21dfa",
            "auto_accept": null,
            "cidr_blocks": [],
            "dns_entry": [
              {
                "dns_name": "vpce-0a5d953eb97c21dfa-15n5h0ya.rds.eu-central-1.vpce.amazonaws.com",
                "hosted_zone_id": "Z273ZU8SZ5RJPC"
              },
              {
                "dns_name": "vpce-0a5d953eb97c21dfa-15n5h0ya-eu-central-1b.rds.eu-central-1.vpce.amazonaws.com",
                "hosted_zone_id": "Z273ZU8SZ5RJPC"
              },
              {
                "dns_name": "vpce-0a5d953eb97c21dfa-15n5h0ya-eu-central-1c.rds.eu-central-1.vpce.amazonaws.com",
                "hosted_zone_id": "Z273ZU8SZ5RJPC"
              },
              {
                "dns_name": "vpce-0a5d953eb97c21dfa-15n5h0ya-eu-central-1a.rds.eu-central-1.vpce.amazonaws.com",
                "hosted_zone_id": "Z273ZU8SZ5RJPC"
              },
              {
                "dns_name": "rds.eu-central-1.amazonaws.com",
                "hosted_zone_id": "Z03414093SNOH4HLUNZB2"
              },
              {
                "dns_name": "rds.eu-central-1.api.aws",
                "hosted_zone_id": "Z00199853D0Y0RV8OVNDB"
              }
            ],
            "dns_options": [
              {
                "dns_record_ip_type": "ipv4",
                "private_dns_only_for_inbound_resolver_endpoint": false
              }
            ],
            "id": "vpce-0a5d953eb97c21dfa",
            "ip_address_type": "ipv4",
            "network_interface_ids": [
              "eni-077d85fbfe2c2877f",
              "eni-0974b3848867afe7c",
              "eni-0b16a086c14c74f2e"
            ],
            "owner_id": "585008045756",
            "policy": "{\"Statement\":[{\"Action\":\"*\",\"Effect\":\"Allow\",\"Principal\":\"*\",\"Resource\":\"*\"}]}",
            "prefix_list_id": null,
            "private_dns_enabled": true,
            "requester_managed": false,
            "route_table_ids": [],
            "security_group_ids": [
              "sg-028aeb160aa580052"
            ],
            "service_name": "com.amazonaws.eu-central-1.rds",
            "state": "available",
            "subnet_ids": [
              "subnet-0197df41affb2d92d",
              "subnet-03b10924d502d91b6",
              "subnet-0521f8466a40b394c"
            ],
            "tags": {},
            "tags_all": {
              "Environment": "prod",
              "ManagedBy": "terraform",
              "Project": "CAP"
            },
            "timeouts": null,
            "vpc_endpoint_type": "Interface",
            "vpc_id": "vpc-04ceed96ed33eb80a"
          },
          "sensitive_attributes": [],
          "private": "eyJlMmJmYjczMC1lY2FhLTExZTYtOGY4OC0zNDM2M2JjN2M0YzAiOnsiY3JlYXRlIjo2MDAwMDAwMDAwMDAsImRlbGV0ZSI6NjAwMDAwMDAwMDAwLCJ1cGRhdGUiOjYwMDAwMDAwMDAwMH19",
          "dependencies": [
            "aws_security_group.vpce"
          ]
        }
      ]
    },
    {
      "mode": "managed",
      "type": "aws_vpc_endpoint",
      "name": "s3",
      "provider": "provider[\"registry.terraform.io/hashicorp/aws\"]",
      "instances": [
        {
          "schema_version": 0,
          "attributes": {
            "arn": "arn:aws:ec2:eu-central-1:585008045756:vpc-endpoint/vpce-06368aca637dbe664",
            "auto_accept": null,
            "cidr_blocks": [
              "52.219.44.0/22",
              "52.219.208.0/22",
              "3.5.136.0/22",
              "52.219.218.0/24",
              "52.219.140.0/24",
              "16.12.32.0/22",
              "52.219.72.0/22",
              "3.5.134.0/23",
              "16.12.24.0/21",
              "52.219.168.0/22"
            ],
            "dns_entry": [],
            "dns_options": [],
            "id": "vpce-06368aca637dbe664",
            "ip_address_type": "",
            "network_interface_ids": [],
            "owner_id": "585008045756",
            "policy": "{\"Statement\":[{\"Action\":\"*\",\"Effect\":\"Allow\",\"Principal\":\"*\",\"Resource\":\"*\"}],\"Version\":\"2008-10-17\"}",
            "prefix_list_id": "pl-6ea54007",
            "private_dns_enabled": false,
            "requester_managed": false,
            "route_table_ids": [
              "tgw-rtb-01de4f6de661c0c5c"
            ],
            "security_group_ids": [],
            "service_name": "com.amazonaws.eu-central-1.s3",
            "state": "available",
            "subnet_ids": [],
            "tags": {},
            "tags_all": {
              "Environment": "prod",
              "ManagedBy": "terraform",
              "Project": "CAP"
            },
            "timeouts": null,
            "vpc_endpoint_type": "Gateway",
            "vpc_id": "vpc-04ceed96ed33eb80a"
          },
          "sensitive_attributes": [],
          "private": "eyJlMmJmYjczMC1lY2FhLTExZTYtOGY4OC0zNDM2M2JjN2M0YzAiOnsiY3JlYXRlIjo2MDAwMDAwMDAwMDAsImRlbGV0ZSI6NjAwMDAwMDAwMDAwLCJ1cGRhdGUiOjYwMDAwMDAwMDAwMH19",
          "dependencies": [
            "aws_ec2_transit_gateway.main",
            "aws_ec2_transit_gateway_route_table.main",
            "data.aws_route_tables.core_private"
          ]
        }
      ]
    },
    {
      "mode": "managed",
      "type": "aws_vpc_endpoint",
      "name": "secretsmanager",
      "provider": "provider[\"registry.terraform.io/hashicorp/aws\"]",
      "instances": [
        {
          "schema_version": 0,
          "attributes": {
            "arn": "arn:aws:ec2:eu-central-1:585008045756:vpc-endpoint/vpce-09aa4675e738c140f",
            "auto_accept": null,
            "cidr_blocks": [],
            "dns_entry": [
              {
                "dns_name": "vpce-09aa4675e738c140f-joifi6c1.secretsmanager.eu-central-1.vpce.amazonaws.com",
                "hosted_zone_id": "Z273ZU8SZ5RJPC"
              },
              {
                "dns_name": "vpce-09aa4675e738c140f-joifi6c1-eu-central-1a.secretsmanager.eu-central-1.vpce.amazonaws.com",
                "hosted_zone_id": "Z273ZU8SZ5RJPC"
              },
              {
                "dns_name": "vpce-09aa4675e738c140f-joifi6c1-eu-central-1b.secretsmanager.eu-central-1.vpce.amazonaws.com",
                "hosted_zone_id": "Z273ZU8SZ5RJPC"
              },
              {
                "dns_name": "vpce-09aa4675e738c140f-joifi6c1-eu-central-1c.secretsmanager.eu-central-1.vpce.amazonaws.com",
                "hosted_zone_id": "Z273ZU8SZ5RJPC"
              },
              {
                "dns_name": "secretsmanager.eu-central-1.amazonaws.com",
                "hosted_zone_id": "Z0297581189CKI1AYOWKB"
              }
            ],
            "dns_options": [
              {
                "dns_record_ip_type": "ipv4",
                "private_dns_only_for_inbound_resolver_endpoint": false
              }
            ],
            "id": "vpce-09aa4675e738c140f",
            "ip_address_type": "ipv4",
            "network_interface_ids": [
              "eni-03ae8dc3d2fabacc9",
              "eni-075d8e65648d89c7f",
              "eni-0a9c8010c7c0a8e0c"
            ],
            "owner_id": "585008045756",
            "policy": "{\"Statement\":[{\"Action\":\"*\",\"Effect\":\"Allow\",\"Principal\":\"*\",\"Resource\":\"*\"}]}",
            "prefix_list_id": null,
            "private_dns_enabled": true,
            "requester_managed": false,
            "route_table_ids": [],
            "security_group_ids": [
              "sg-028aeb160aa580052"
            ],
            "service_name": "com.amazonaws.eu-central-1.secretsmanager",
            "state": "available",
            "subnet_ids": [
              "subnet-0197df41affb2d92d",
              "subnet-03b10924d502d91b6",
              "subnet-0521f8466a40b394c"
            ],
            "tags": {},
            "tags_all": {
              "Environment": "prod",
              "ManagedBy": "terraform",
              "Project": "CAP"
            },
            "timeouts": null,
            "vpc_endpoint_type": "Interface",
            "vpc_id": "vpc-04ceed96ed33eb80a"
          },
          "sensitive_attributes": [],
          "private": "eyJlMmJmYjczMC1lY2FhLTExZTYtOGY4OC0zNDM2M2JjN2M0YzAiOnsiY3JlYXRlIjo2MDAwMDAwMDAwMDAsImRlbGV0ZSI6NjAwMDAwMDAwMDAwLCJ1cGRhdGUiOjYwMDAwMDAwMDAwMH19",
          "dependencies": [
            "aws_security_group.vpce"
          ]
        }
      ]
    },
    {
      "mode": "managed",
      "type": "aws_vpc_endpoint",
      "name": "ssm",
      "provider": "provider[\"registry.terraform.io/hashicorp/aws\"]",
      "instances": [
        {
          "schema_version": 0,
          "attributes": {
            "arn": "arn:aws:ec2:eu-central-1:585008045756:vpc-endpoint/vpce-03b79c0fda6c9edb8",
            "auto_accept": null,
            "cidr_blocks": [],
            "dns_entry": [
              {
                "dns_name": "vpce-03b79c0fda6c9edb8-5q1o1907.ssm.eu-central-1.vpce.amazonaws.com",
                "hosted_zone_id": "Z273ZU8SZ5RJPC"
              },
              {
                "dns_name": "vpce-03b79c0fda6c9edb8-5q1o1907-eu-central-1b.ssm.eu-central-1.vpce.amazonaws.com",
                "hosted_zone_id": "Z273ZU8SZ5RJPC"
              },
              {
                "dns_name": "vpce-03b79c0fda6c9edb8-5q1o1907-eu-central-1a.ssm.eu-central-1.vpce.amazonaws.com",
                "hosted_zone_id": "Z273ZU8SZ5RJPC"
              },
              {
                "dns_name": "vpce-03b79c0fda6c9edb8-5q1o1907-eu-central-1c.ssm.eu-central-1.vpce.amazonaws.com",
                "hosted_zone_id": "Z273ZU8SZ5RJPC"
              },
              {
                "dns_name": "ssm.eu-central-1.amazonaws.com",
                "hosted_zone_id": "Z0295742TAE9HHYG0Q89"
              }
            ],
            "dns_options": [
              {
                "dns_record_ip_type": "ipv4",
                "private_dns_only_for_inbound_resolver_endpoint": false
              }
            ],
            "id": "vpce-03b79c0fda6c9edb8",
            "ip_address_type": "ipv4",
            "network_interface_ids": [
              "eni-03b83a66388e92754",
              "eni-0630591d7f7efc514",
              "eni-0c64acdc24668cad9"
            ],
            "owner_id": "585008045756",
            "policy": "{\"Statement\":[{\"Action\":\"*\",\"Effect\":\"Allow\",\"Principal\":\"*\",\"Resource\":\"*\"}]}",
            "prefix_list_id": null,
            "private_dns_enabled": true,
            "requester_managed": false,
            "route_table_ids": [],
            "security_group_ids": [
              "sg-028aeb160aa580052"
            ],
            "service_name": "com.amazonaws.eu-central-1.ssm",
            "state": "available",
            "subnet_ids": [
              "subnet-0197df41affb2d92d",
              "subnet-03b10924d502d91b6",
              "subnet-0521f8466a40b394c"
            ],
            "tags": {},
            "tags_all": {
              "Environment": "prod",
              "ManagedBy": "terraform",
              "Project": "CAP"
            },
            "timeouts": null,
            "vpc_endpoint_type": "Interface",
            "vpc_id": "vpc-04ceed96ed33eb80a"
          },
          "sensitive_attributes": [],
          "private": "eyJlMmJmYjczMC1lY2FhLTExZTYtOGY4OC0zNDM2M2JjN2M0YzAiOnsiY3JlYXRlIjo2MDAwMDAwMDAwMDAsImRlbGV0ZSI6NjAwMDAwMDAwMDAwLCJ1cGRhdGUiOjYwMDAwMDAwMDAwMH19",
          "dependencies": [
            "aws_security_group.vpce"
          ]
        }
      ]
    },
    {
      "mode": "managed",
      "type": "aws_vpc_endpoint",
      "name": "ssmmessages",
      "provider": "provider[\"registry.terraform.io/hashicorp/aws\"]",
      "instances": [
        {
          "schema_version": 0,
          "attributes": {
            "arn": "arn:aws:ec2:eu-central-1:585008045756:vpc-endpoint/vpce-0f974d365f77c7f90",
            "auto_accept": null,
            "cidr_blocks": [],
            "dns_entry": [
              {
                "dns_name": "vpce-0f974d365f77c7f90-iz07q30j.ssmmessages.eu-central-1.vpce.amazonaws.com",
                "hosted_zone_id": "Z273ZU8SZ5RJPC"
              },
              {
                "dns_name": "vpce-0f974d365f77c7f90-iz07q30j-eu-central-1b.ssmmessages.eu-central-1.vpce.amazonaws.com",
                "hosted_zone_id": "Z273ZU8SZ5RJPC"
              },
              {
                "dns_name": "vpce-0f974d365f77c7f90-iz07q30j-eu-central-1c.ssmmessages.eu-central-1.vpce.amazonaws.com",
                "hosted_zone_id": "Z273ZU8SZ5RJPC"
              },
              {
                "dns_name": "vpce-0f974d365f77c7f90-iz07q30j-eu-central-1a.ssmmessages.eu-central-1.vpce.amazonaws.com",
                "hosted_zone_id": "Z273ZU8SZ5RJPC"
              },
              {
                "dns_name": "ssmmessages.eu-central-1.amazonaws.com",
                "hosted_zone_id": "Z002000019E87N1D0GZUI"
              }
            ],
            "dns_options": [
              {
                "dns_record_ip_type": "ipv4",
                "private_dns_only_for_inbound_resolver_endpoint": false
              }
            ],
            "id": "vpce-0f974d365f77c7f90",
            "ip_address_type": "ipv4",
            "network_interface_ids": [
              "eni-010a84fd7042465d6",
              "eni-01a21fa7188878e73",
              "eni-05f5efdbe4fc795b8"
            ],
            "owner_id": "585008045756",
            "policy": "{\"Statement\":[{\"Action\":\"*\",\"Effect\":\"Allow\",\"Principal\":\"*\",\"Resource\":\"*\"}]}",
            "prefix_list_id": null,
            "private_dns_enabled": true,
            "requester_managed": false,
            "route_table_ids": [],
            "security_group_ids": [
              "sg-028aeb160aa580052"
            ],
            "service_name": "com.amazonaws.eu-central-1.ssmmessages",
            "state": "available",
            "subnet_ids": [
              "subnet-0197df41affb2d92d",
              "subnet-03b10924d502d91b6",
              "subnet-0521f8466a40b394c"
            ],
            "tags": {},
            "tags_all": {
              "Environment": "prod",
              "ManagedBy": "terraform",
              "Project": "CAP"
            },
            "timeouts": null,
            "vpc_endpoint_type": "Interface",
            "vpc_id": "vpc-04ceed96ed33eb80a"
          },
          "sensitive_attributes": [],
          "private": "eyJlMmJmYjczMC1lY2FhLTExZTYtOGY4OC0zNDM2M2JjN2M0YzAiOnsiY3JlYXRlIjo2MDAwMDAwMDAwMDAsImRlbGV0ZSI6NjAwMDAwMDAwMDAwLCJ1cGRhdGUiOjYwMDAwMDAwMDAwMH19",
          "dependencies": [
            "aws_security_group.vpce"
          ]
        }
      ]
    },
    {
      "mode": "managed",
      "type": "aws_vpc_endpoint",
      "name": "sts",
      "provider": "provider[\"registry.terraform.io/hashicorp/aws\"]",
      "instances": [
        {
          "schema_version": 0,
          "attributes": {
            "arn": "arn:aws:ec2:eu-central-1:585008045756:vpc-endpoint/vpce-0e4137bde4c4079aa",
            "auto_accept": null,
            "cidr_blocks": [],
            "dns_entry": [
              {
                "dns_name": "vpce-0e4137bde4c4079aa-11ui2upw.sts.eu-central-1.vpce.amazonaws.com",
                "hosted_zone_id": "Z273ZU8SZ5RJPC"
              },
              {
                "dns_name": "vpce-0e4137bde4c4079aa-11ui2upw-eu-central-1b.sts.eu-central-1.vpce.amazonaws.com",
                "hosted_zone_id": "Z273ZU8SZ5RJPC"
              },
              {
                "dns_name": "vpce-0e4137bde4c4079aa-11ui2upw-eu-central-1a.sts.eu-central-1.vpce.amazonaws.com",
                "hosted_zone_id": "Z273ZU8SZ5RJPC"
              },
              {
                "dns_name": "vpce-0e4137bde4c4079aa-11ui2upw-eu-central-1c.sts.eu-central-1.vpce.amazonaws.com",
                "hosted_zone_id": "Z273ZU8SZ5RJPC"
              },
              {
                "dns_name": "sts.eu-central-1.amazonaws.com",
                "hosted_zone_id": "Z034183421DTKOWNLL3EN"
              }
            ],
            "dns_options": [
              {
                "dns_record_ip_type": "ipv4",
                "private_dns_only_for_inbound_resolver_endpoint": false
              }
            ],
            "id": "vpce-0e4137bde4c4079aa",
            "ip_address_type": "ipv4",
            "network_interface_ids": [
              "eni-006385ab9798e65f6",
              "eni-011008d1f8304b498",
              "eni-06a7838758c8a2c21"
            ],
            "owner_id": "585008045756",
            "policy": "{\"Statement\":[{\"Action\":\"*\",\"Effect\":\"Allow\",\"Principal\":\"*\",\"Resource\":\"*\"}]}",
            "prefix_list_id": null,
            "private_dns_enabled": true,
            "requester_managed": false,
            "route_table_ids": [],
            "security_group_ids": [
              "sg-028aeb160aa580052"
            ],
            "service_name": "com.amazonaws.eu-central-1.sts",
            "state": "available",
            "subnet_ids": [
              "subnet-0197df41affb2d92d",
              "subnet-03b10924d502d91b6",
              "subnet-0521f8466a40b394c"
            ],
            "tags": {},
            "tags_all": {
              "Environment": "prod",
              "ManagedBy": "terraform",
              "Project": "CAP"
            },
            "timeouts": null,
            "vpc_endpoint_type": "Interface",
            "vpc_id": "vpc-04ceed96ed33eb80a"
          },
          "sensitive_attributes": [],
          "private": "eyJlMmJmYjczMC1lY2FhLTExZTYtOGY4OC0zNDM2M2JjN2M0YzAiOnsiY3JlYXRlIjo2MDAwMDAwMDAwMDAsImRlbGV0ZSI6NjAwMDAwMDAwMDAwLCJ1cGRhdGUiOjYwMDAwMDAwMDAwMH19",
          "dependencies": [
            "aws_security_group.vpce"
          ]
        }
      ]
    },
    {
      "mode": "managed",
      "type": "aws_vpc_peering_connection",
      "name": "core_tenant",
      "provider": "provider[\"registry.terraform.io/hashicorp/aws\"]",
      "instances": [
        {
          "status": "tainted",
          "schema_version": 0,
          "attributes": {
            "accept_status": null,
            "accepter": [
              {
                "allow_remote_vpc_dns_resolution": true
              }
            ],
            "auto_accept": true,
            "id": "pcx-0c6a103c6fc5c6d90",
            "peer_owner_id": null,
            "peer_region": null,
            "peer_vpc_id": "vpc-00fcae467a4f3d877",
            "requester": [
              {
                "allow_remote_vpc_dns_resolution": true
              }
            ],
            "tags": {
              "Environment": "prod",
              "ManagedBy": "terraform",
              "Name": "core-tenant-peering-prod",
              "Project": "CAP",
              "Side": "Requester"
            },
            "tags_all": {
              "Environment": "prod",
              "ManagedBy": "terraform",
              "Name": "core-tenant-peering-prod",
              "Project": "CAP",
              "Side": "Requester"
            },
            "timeouts": null,
            "vpc_id": "vpc-04ceed96ed33eb80a"
          },
          "sensitive_attributes": [],
          "private": "eyJlMmJmYjczMC1lY2FhLTExZTYtOGY4OC0zNDM2M2JjN2M0YzAiOnsiY3JlYXRlIjo2MDAwMDAwMDAwMCwiZGVsZXRlIjo2MDAwMDAwMDAwMCwidXBkYXRlIjo2MDAwMDAwMDAwMH19",
          "dependencies": [
            "data.aws_vpc.core",
            "data.aws_vpc.tenant"
          ],
          "create_before_destroy": true
        }
      ]
    },
    {
      "mode": "managed",
      "type": "null_resource",
      "name": "vpc_destroy_check",
      "provider": "provider[\"registry.terraform.io/hashicorp/null\"]",
      "instances": [
        {
          "schema_version": 0,
          "attributes": {
            "id": "4125511108173677279",
            "triggers": {
              "vpc_id": "vpc-04ceed96ed33eb80a"
            }
          },
          "sensitive_attributes": []
        }
      ]
    },
    {
      "mode": "managed",
      "type": "random_password",
      "name": "aurora_master_password",
      "provider": "provider[\"registry.terraform.io/hashicorp/random\"]",
      "instances": [
        {
          "schema_version": 3,
          "attributes": {
            "bcrypt_hash": "$2a$10$EcwcbFhiANSUbVhrEfp7je0D4VOXDpm1uWvjPMJ4xvv3cnB7oANOu",
            "id": "none",
            "keepers": null,
            "length": 16,
            "lower": true,
            "min_lower": 0,
            "min_numeric": 0,
            "min_special": 0,
            "min_upper": 0,
            "number": true,
            "numeric": true,
            "override_special": "!#$%\u0026*()-_=+[]{}\u003c\u003e:?",
            "result": "CPx4XEG\u003c0CPW=YDn",
            "special": true,
            "upper": true
          },
          "sensitive_attributes": [
            [
              {
                "type": "get_attr",
                "value": "result"
              }
            ],
            [
              {
                "type": "get_attr",
                "value": "bcrypt_hash"
              }
            ]
          ]
        }
      ]
    },
    {
      "mode": "managed",
      "type": "random_password",
      "name": "master_password",
      "provider": "provider[\"registry.terraform.io/hashicorp/random\"]",
      "instances": [
        {
          "schema_version": 3,
          "attributes": {
            "bcrypt_hash": "$2a$10$IyDE5BlkUWHh53Iw7w//EuG0YN.zBRqhXMXHVDQdMFarPizpkI0Qy",
            "id": "none",
            "keepers": null,
            "length": 16,
            "lower": true,
            "min_lower": 0,
            "min_numeric": 0,
            "min_special": 0,
            "min_upper": 0,
            "number": true,
            "numeric": true,
            "override_special": "!#$%\u0026*()-_=+[]{}\u003c\u003e:?",
            "result": "V}i?giHrJNJIJ_pS",
            "special": true,
            "upper": true
          },
          "sensitive_attributes": [
            [
              {
                "type": "get_attr",
                "value": "bcrypt_hash"
              }
            ],
            [
              {
                "type": "get_attr",
                "value": "result"
              }
            ]
          ]
        }
      ]
    },
    {
      "mode": "managed",
      "type": "time_sleep",
      "name": "wait_for_role_propagation",
      "provider": "provider[\"registry.terraform.io/hashicorp/time\"]",
      "instances": [
        {
          "schema_version": 0,
          "attributes": {
            "create_duration": "20s",
            "destroy_duration": null,
            "id": "2025-01-05T15:25:56Z",
            "triggers": null
          },
          "sensitive_attributes": [],
          "dependencies": [
            "aws_iam_role.lambda_execution",
            "aws_iam_role_policy.lambda_custom",
            "aws_iam_role_policy_attachment.lambda_basic",
            "aws_iam_role_policy_attachment.lambda_vpc_access_execution"
          ]
        }
      ]
    },
    {
      "module": "module.agaile_secrets",
      "mode": "data",
      "type": "aws_caller_identity",
      "name": "current",
      "provider": "provider[\"registry.terraform.io/hashicorp/aws\"]",
      "instances": [
        {
          "schema_version": 0,
          "attributes": {
            "account_id": "585008045756",
            "arn": "arn:aws:iam::585008045756:user/system/terraform-user",
            "id": "585008045756",
            "user_id": "AIDAYQNJSL26DAZWLWE5O"
          },
          "sensitive_attributes": []
        }
      ]
    },
    {
      "module": "module.agaile_secrets",
      "mode": "data",
      "type": "aws_region",
      "name": "current",
      "provider": "provider[\"registry.terraform.io/hashicorp/aws\"]",
      "instances": [
        {
          "schema_version": 0,
          "attributes": {
            "description": "Europe (Frankfurt)",
            "endpoint": "ec2.eu-central-1.amazonaws.com",
            "id": "eu-central-1",
            "name": "eu-central-1"
          },
          "sensitive_attributes": []
        }
      ]
    },
    {
      "module": "module.agaile_secrets",
      "mode": "managed",
      "type": "aws_secretsmanager_secret",
      "name": "this",
      "provider": "provider[\"registry.terraform.io/hashicorp/aws\"]",
      "instances": [
        {
          "schema_version": 0,
          "attributes": {
            "arn": "arn:aws:secretsmanager:eu-central-1:585008045756:secret:agaile-prod-backend-secrets-Pz9E78",
            "description": "",
            "force_overwrite_replica_secret": false,
            "id": "arn:aws:secretsmanager:eu-central-1:585008045756:secret:agaile-prod-backend-secrets-Pz9E78",
            "kms_key_id": "",
            "name": "agaile-prod-backend-secrets",
            "name_prefix": "",
            "policy": "",
            "recovery_window_in_days": 30,
            "replica": [],
            "tags": {
              "Tenant": "agaile-prod"
            },
            "tags_all": {
              "Environment": "prod",
              "ManagedBy": "terraform",
              "Project": "CAP",
              "Tenant": "agaile-prod"
            }
          },
          "sensitive_attributes": [],
          "private": "bnVsbA=="
        }
      ]
    },
    {
      "module": "module.agaile_secrets",
      "mode": "managed",
      "type": "aws_secretsmanager_secret_version",
      "name": "this",
      "provider": "provider[\"registry.terraform.io/hashicorp/aws\"]",
      "instances": [
        {
          "schema_version": 0,
          "attributes": {
            "arn": "arn:aws:secretsmanager:eu-central-1:585008045756:secret:agaile-prod-backend-secrets-Pz9E78",
            "id": "arn:aws:secretsmanager:eu-central-1:585008045756:secret:agaile-prod-backend-secrets-Pz9E78|terraform-20250118170157852100000003",
            "secret_binary": "",
            "secret_id": "arn:aws:secretsmanager:eu-central-1:585008045756:secret:agaile-prod-backend-secrets-Pz9E78",
            "secret_string": "{\"openai_api_key\":\"\",\"pinecone_key\":\"\",\"postgres_db_username\":\"\"}",
            "version_id": "terraform-20250118170157852100000003",
            "version_stages": [
              "AWSCURRENT"
            ]
          },
          "sensitive_attributes": [
            [
              {
                "type": "get_attr",
                "value": "secret_binary"
              }
            ],
            [
              {
                "type": "get_attr",
                "value": "secret_string"
              }
            ]
          ],
          "private": "bnVsbA==",
          "dependencies": [
            "module.agaile_secrets.aws_secretsmanager_secret.this"
          ]
        }
      ]
    },
    {
      "module": "module.agaile_shared_kms",
      "mode": "data",
      "type": "aws_caller_identity",
      "name": "current",
      "provider": "provider[\"registry.terraform.io/hashicorp/aws\"]",
      "instances": [
        {
          "schema_version": 0,
          "attributes": {
            "account_id": "585008045756",
            "arn": "arn:aws:iam::585008045756:user/system/terraform-user",
            "id": "585008045756",
            "user_id": "AIDAYQNJSL26DAZWLWE5O"
          },
          "sensitive_attributes": []
        }
      ]
    },
    {
      "module": "module.agaile_shared_kms",
      "mode": "data",
      "type": "aws_iam_policy_document",
      "name": "key_access",
      "provider": "provider[\"registry.terraform.io/hashicorp/aws\"]",
      "instances": [
        {
          "schema_version": 0,
          "attributes": {
            "id": "4070990834",
            "json": "{\n  \"Version\": \"2012-10-17\",\n  \"Statement\": [\n    {\n      \"Sid\": \"Enable IAM User Permissions\",\n      \"Effect\": \"Allow\",\n      \"Action\": \"kms:*\",\n      \"Resource\": \"*\",\n      \"Principal\": {\n        \"AWS\": \"arn:aws:iam::585008045756:root\"\n      }\n    }\n  ]\n}",
            "override_json": null,
            "override_policy_documents": null,
            "policy_id": null,
            "source_json": null,
            "source_policy_documents": null,
            "statement": [
              {
                "actions": [
                  "kms:*"
                ],
                "condition": [],
                "effect": "Allow",
                "not_actions": [],
                "not_principals": [],
                "not_resources": [],
                "principals": [
                  {
                    "identifiers": [
                      "arn:aws:iam::585008045756:root"
                    ],
                    "type": "AWS"
                  }
                ],
                "resources": [
                  "*"
                ],
                "sid": "Enable IAM User Permissions"
              }
            ],
            "version": "2012-10-17"
          },
          "sensitive_attributes": []
        }
      ]
    },
    {
      "module": "module.agaile_shared_kms",
      "mode": "managed",
      "type": "aws_kms_alias",
      "name": "custom-alias",
      "provider": "provider[\"registry.terraform.io/hashicorp/aws\"]",
      "instances": [
        {
          "schema_version": 0,
          "attributes": {
            "arn": "arn:aws:kms:eu-central-1:585008045756:alias/agaile-shared-prod-key",
            "id": "alias/agaile-shared-prod-key",
            "name": "alias/agaile-shared-prod-key",
            "name_prefix": "",
            "target_key_arn": "arn:aws:kms:eu-central-1:585008045756:key/276a120b-c981-4033-a7e2-67ead0142afc",
            "target_key_id": "276a120b-c981-4033-a7e2-67ead0142afc"
          },
          "sensitive_attributes": [],
          "private": "bnVsbA==",
          "dependencies": [
            "module.agaile_shared_kms.aws_kms_key.custom"
          ]
        }
      ]
    },
    {
      "module": "module.agaile_shared_kms",
      "mode": "managed",
      "type": "aws_kms_key",
      "name": "custom",
      "provider": "provider[\"registry.terraform.io/hashicorp/aws\"]",
      "instances": [
        {
          "schema_version": 0,
          "attributes": {
            "arn": "arn:aws:kms:eu-central-1:585008045756:key/276a120b-c981-4033-a7e2-67ead0142afc",
            "bypass_policy_lockout_safety_check": false,
            "custom_key_store_id": "",
            "customer_master_key_spec": "SYMMETRIC_DEFAULT",
            "deletion_window_in_days": null,
            "description": "Custom KMS Key",
            "enable_key_rotation": true,
            "id": "276a120b-c981-4033-a7e2-67ead0142afc",
            "is_enabled": true,
            "key_id": "276a120b-c981-4033-a7e2-67ead0142afc",
            "key_usage": "ENCRYPT_DECRYPT",
            "multi_region": false,
            "policy": "{\"Statement\":[{\"Action\":\"kms:*\",\"Effect\":\"Allow\",\"Principal\":{\"AWS\":\"arn:aws:iam::585008045756:root\"},\"Resource\":\"*\",\"Sid\":\"Enable IAM User Permissions\"}],\"Version\":\"2012-10-17\"}",
            "tags": {
              "Tenant": "agaile-shared-prod"
            },
            "tags_all": {
              "Environment": "prod",
              "ManagedBy": "terraform",
              "Project": "CAP",
              "Tenant": "agaile-shared-prod"
            },
            "timeouts": null,
            "xks_key_id": ""
          },
          "sensitive_attributes": [],
          "private": "eyJlMmJmYjczMC1lY2FhLTExZTYtOGY4OC0zNDM2M2JjN2M0YzAiOnsiY3JlYXRlIjoxMjAwMDAwMDAwMDB9fQ=="
        }
      ]
    },
    {
      "module": "module.agaile_shared_kms",
      "mode": "managed",
      "type": "aws_kms_key_policy",
      "name": "access",
      "provider": "provider[\"registry.terraform.io/hashicorp/aws\"]",
      "instances": [
        {
          "schema_version": 0,
          "attributes": {
            "bypass_policy_lockout_safety_check": false,
            "id": "276a120b-c981-4033-a7e2-67ead0142afc",
            "key_id": "276a120b-c981-4033-a7e2-67ead0142afc",
            "policy": "{\"Statement\":[{\"Action\":\"kms:*\",\"Effect\":\"Allow\",\"Principal\":{\"AWS\":\"arn:aws:iam::585008045756:root\"},\"Resource\":\"*\",\"Sid\":\"Enable IAM User Permissions\"}],\"Version\":\"2012-10-17\"}"
          },
          "sensitive_attributes": [],
          "private": "bnVsbA==",
          "dependencies": [
            "module.agaile_shared_kms.aws_kms_key.custom",
            "module.agaile_shared_kms.data.aws_caller_identity.current",
            "module.agaile_shared_kms.data.aws_iam_policy_document.key_access"
          ]
        }
      ]
    },
    {
      "module": "module.agaile_shared_s3_scraper_data",
      "mode": "managed",
      "type": "aws_s3_bucket",
      "name": "this",
      "provider": "provider[\"registry.terraform.io/hashicorp/aws\"]",
      "instances": [
        {
          "schema_version": 0,
          "attributes": {
            "acceleration_status": "",
            "acl": null,
            "arn": "arn:aws:s3:::agaile-shared-prod-scraper-data-cc008d02",
            "bucket": "agaile-shared-prod-scraper-data-cc008d02",
            "bucket_domain_name": "agaile-shared-prod-scraper-data-cc008d02.s3.amazonaws.com",
            "bucket_prefix": "",
            "bucket_regional_domain_name": "agaile-shared-prod-scraper-data-cc008d02.s3.eu-central-1.amazonaws.com",
            "cors_rule": [],
            "force_destroy": false,
            "grant": [
              {
                "id": "57e90a2c7797120bdd70f96433b0a904664e98ecede30114511569f5384c9c4b",
                "permissions": [
                  "FULL_CONTROL"
                ],
                "type": "CanonicalUser",
                "uri": ""
              }
            ],
            "hosted_zone_id": "Z21DNDUVLTQW6Q",
            "id": "agaile-shared-prod-scraper-data-cc008d02",
            "lifecycle_rule": [],
            "logging": [],
            "object_lock_configuration": [],
            "object_lock_enabled": false,
            "policy": "",
            "region": "eu-central-1",
            "replication_configuration": [],
            "request_payer": "BucketOwner",
            "server_side_encryption_configuration": [
              {
                "rule": [
                  {
                    "apply_server_side_encryption_by_default": [
                      {
                        "kms_master_key_id": "",
                        "sse_algorithm": "AES256"
                      }
                    ],
                    "bucket_key_enabled": false
                  }
                ]
              }
            ],
            "tags": {
              "Tenant": "agaile-shared-prod"
            },
            "tags_all": {
              "Environment": "prod",
              "ManagedBy": "terraform",
              "Project": "CAP",
              "Tenant": "agaile-shared-prod"
            },
            "timeouts": null,
            "versioning": [
              {
                "enabled": false,
                "mfa_delete": false
              }
            ],
            "website": [],
            "website_domain": null,
            "website_endpoint": null
          },
          "sensitive_attributes": [],
          "private": "eyJlMmJmYjczMC1lY2FhLTExZTYtOGY4OC0zNDM2M2JjN2M0YzAiOnsiY3JlYXRlIjoxMjAwMDAwMDAwMDAwLCJkZWxldGUiOjM2MDAwMDAwMDAwMDAsInJlYWQiOjEyMDAwMDAwMDAwMDAsInVwZGF0ZSI6MTIwMDAwMDAwMDAwMH19",
          "dependencies": [
            "module.agaile_shared_s3_scraper_data.random_id.s3_random"
          ]
        }
      ]
    },
    {
      "module": "module.agaile_shared_s3_scraper_data",
      "mode": "managed",
      "type": "random_id",
      "name": "s3_random",
      "provider": "provider[\"registry.terraform.io/hashicorp/random\"]",
      "instances": [
        {
          "schema_version": 0,
          "attributes": {
            "b64_std": "zACNAg==",
            "b64_url": "zACNAg",
            "byte_length": 4,
            "dec": "3422588162",
            "hex": "cc008d02",
            "id": "zACNAg",
            "keepers": null,
            "prefix": null
          },
          "sensitive_attributes": []
        }
      ]
    },
    {
      "module": "module.convert10_secrets",
      "mode": "data",
      "type": "aws_caller_identity",
      "name": "current",
      "provider": "provider[\"registry.terraform.io/hashicorp/aws\"]",
      "instances": [
        {
          "schema_version": 0,
          "attributes": {
            "account_id": "585008045756",
            "arn": "arn:aws:iam::585008045756:user/system/terraform-user",
            "id": "585008045756",
            "user_id": "AIDAYQNJSL26DAZWLWE5O"
          },
          "sensitive_attributes": []
        }
      ]
    },
    {
      "module": "module.convert10_secrets",
      "mode": "data",
      "type": "aws_region",
      "name": "current",
      "provider": "provider[\"registry.terraform.io/hashicorp/aws\"]",
      "instances": [
        {
          "schema_version": 0,
          "attributes": {
            "description": "Europe (Frankfurt)",
            "endpoint": "ec2.eu-central-1.amazonaws.com",
            "id": "eu-central-1",
            "name": "eu-central-1"
          },
          "sensitive_attributes": []
        }
      ]
    },
    {
      "module": "module.convert10_secrets",
      "mode": "managed",
      "type": "aws_secretsmanager_secret",
      "name": "this",
      "provider": "provider[\"registry.terraform.io/hashicorp/aws\"]",
      "instances": [
        {
          "schema_version": 0,
          "attributes": {
            "arn": "arn:aws:secretsmanager:eu-central-1:585008045756:secret:convert10-prod-backend-secrets-7ikeO2",
            "description": "",
            "force_overwrite_replica_secret": false,
            "id": "arn:aws:secretsmanager:eu-central-1:585008045756:secret:convert10-prod-backend-secrets-7ikeO2",
            "kms_key_id": "",
            "name": "convert10-prod-backend-secrets",
            "name_prefix": "",
            "policy": "",
            "recovery_window_in_days": 30,
            "replica": [],
            "tags": {
              "Tenant": "convert10-prod"
            },
            "tags_all": {
              "Environment": "prod",
              "ManagedBy": "terraform",
              "Project": "CAP",
              "Tenant": "convert10-prod"
            }
          },
          "sensitive_attributes": [],
          "private": "bnVsbA=="
        }
      ]
    },
    {
      "module": "module.convert10_secrets",
      "mode": "managed",
      "type": "aws_secretsmanager_secret_version",
      "name": "this",
      "provider": "provider[\"registry.terraform.io/hashicorp/aws\"]",
      "instances": [
        {
          "schema_version": 0,
          "attributes": {
            "arn": "arn:aws:secretsmanager:eu-central-1:585008045756:secret:convert10-prod-backend-secrets-7ikeO2",
            "id": "arn:aws:secretsmanager:eu-central-1:585008045756:secret:convert10-prod-backend-secrets-7ikeO2|terraform-20250109144345575500000001",
            "secret_binary": "",
            "secret_id": "arn:aws:secretsmanager:eu-central-1:585008045756:secret:convert10-prod-backend-secrets-7ikeO2",
            "secret_string": "{\"openai_api_key\":\"\",\"pinecone_key\":\"\",\"postgres_db_username\":\"\"}",
            "version_id": "terraform-20250109144345575500000001",
            "version_stages": [
              "AWSPREVIOUS"
            ]
          },
          "sensitive_attributes": [
            [
              {
                "type": "get_attr",
                "value": "secret_binary"
              }
            ],
            [
              {
                "type": "get_attr",
                "value": "secret_string"
              }
            ]
          ],
          "private": "bnVsbA==",
          "dependencies": [
            "module.convert10_secrets.aws_secretsmanager_secret.this"
          ]
        }
      ]
    },
    {
      "module": "module.security",
      "mode": "data",
      "type": "aws_security_group",
      "name": "default",
      "provider": "provider[\"registry.terraform.io/hashicorp/aws\"]",
      "instances": [
        {
          "schema_version": 0,
          "attributes": {
            "arn": "arn:aws:ec2:eu-central-1:585008045756:security-group/sg-01ac87d4e210fbb61",
            "description": "default VPC security group",
            "filter": null,
            "id": "sg-01ac87d4e210fbb61",
            "name": "default",
            "tags": {
              "Environment": "prod",
              "Name": "agile-prod-vpc-default",
              "Terraform": "true"
            },
            "timeouts": null,
            "vpc_id": "vpc-04ceed96ed33eb80a"
          },
          "sensitive_attributes": []
        }
      ]
    },
    {
      "module": "module.security",
      "mode": "data",
      "type": "aws_security_group",
      "name": "lambda_sg",
      "provider": "provider[\"registry.terraform.io/hashicorp/aws\"]",
      "instances": [
        {
          "schema_version": 0,
          "attributes": {
            "arn": "arn:aws:ec2:eu-central-1:585008045756:security-group/sg-004bc883b88f8e3df",
            "description": "Security group for Lambda functions",
            "filter": null,
            "id": "sg-004bc883b88f8e3df",
            "name": "lambda-prod-sg",
            "tags": {
              "Environment": "prod",
              "Name": "lambda-prod-sg"
            },
            "timeouts": null,
            "vpc_id": "vpc-04ceed96ed33eb80a"
          },
          "sensitive_attributes": []
        }
      ]
    },
    {
      "module": "module.zohlar_secrets",
      "mode": "data",
      "type": "aws_caller_identity",
      "name": "current",
      "provider": "provider[\"registry.terraform.io/hashicorp/aws\"]",
      "instances": [
        {
          "schema_version": 0,
          "attributes": {
            "account_id": "585008045756",
            "arn": "arn:aws:iam::585008045756:user/system/terraform-user",
            "id": "585008045756",
            "user_id": "AIDAYQNJSL26DAZWLWE5O"
          },
          "sensitive_attributes": []
        }
      ]
    },
    {
      "module": "module.zohlar_secrets",
      "mode": "data",
      "type": "aws_region",
      "name": "current",
      "provider": "provider[\"registry.terraform.io/hashicorp/aws\"]",
      "instances": [
        {
          "schema_version": 0,
          "attributes": {
            "description": "Europe (Frankfurt)",
            "endpoint": "ec2.eu-central-1.amazonaws.com",
            "id": "eu-central-1",
            "name": "eu-central-1"
          },
          "sensitive_attributes": []
        }
      ]
    },
    {
      "module": "module.zohlar_secrets",
      "mode": "managed",
      "type": "aws_secretsmanager_secret",
      "name": "this",
      "provider": "provider[\"registry.terraform.io/hashicorp/aws\"]",
      "instances": [
        {
          "schema_version": 0,
          "attributes": {
            "arn": "arn:aws:secretsmanager:eu-central-1:585008045756:secret:zohlar-prod-backend-secrets-D0P5gs",
            "description": "",
            "force_overwrite_replica_secret": false,
            "id": "arn:aws:secretsmanager:eu-central-1:585008045756:secret:zohlar-prod-backend-secrets-D0P5gs",
            "kms_key_id": "",
            "name": "zohlar-prod-backend-secrets",
            "name_prefix": "",
            "policy": "",
            "recovery_window_in_days": 30,
            "replica": [],
            "tags": {
              "Tenant": "zohlar-prod"
            },
            "tags_all": {
              "Environment": "prod",
              "ManagedBy": "terraform",
              "Project": "CAP",
              "Tenant": "zohlar-prod"
            }
          },
          "sensitive_attributes": [],
          "private": "bnVsbA=="
        }
      ]
    },
    {
      "module": "module.zohlar_secrets",
      "mode": "managed",
      "type": "aws_secretsmanager_secret_version",
      "name": "this",
      "provider": "provider[\"registry.terraform.io/hashicorp/aws\"]",
      "instances": [
        {
          "schema_version": 0,
          "attributes": {
            "arn": "arn:aws:secretsmanager:eu-central-1:585008045756:secret:zohlar-prod-backend-secrets-D0P5gs",
            "id": "arn:aws:secretsmanager:eu-central-1:585008045756:secret:zohlar-prod-backend-secrets-D0P5gs|terraform-20250118170203746600000004",
            "secret_binary": "",
            "secret_id": "arn:aws:secretsmanager:eu-central-1:585008045756:secret:zohlar-prod-backend-secrets-D0P5gs",
            "secret_string": "{\"openai_api_key\":\"\",\"pinecone_key\":\"\",\"postgres_db_username\":\"\"}",
            "version_id": "terraform-20250118170203746600000004",
            "version_stages": [
              "AWSCURRENT"
            ]
          },
          "sensitive_attributes": [
            [
              {
                "type": "get_attr",
                "value": "secret_string"
              }
            ],
            [
              {
                "type": "get_attr",
                "value": "secret_binary"
              }
            ]
          ],
          "private": "bnVsbA==",
          "dependencies": [
            "module.zohlar_secrets.aws_secretsmanager_secret.this"
          ]
        }
      ]
    }
  ],
  "check_results": null
}

