{
  "version": 4,
  "terraform_version": "1.10.4",
  "serial": 25,
  "lineage": "2d05c26b-a41d-530f-0e5a-add7bb2e0cbc",
  "outputs": {
    "alb_dns_name": {
      "value": "rooftopsolar-alb-tf-389377262.eu-central-1.elb.amazonaws.com",
      "type": "string"
    },
    "alb_security_group_id": {
      "value": "sg-07561088b258da1de",
      "type": "string"
    },
    "alb_zone_id": {
      "value": "Z215JYRZR1TBD5",
      "type": "string"
    },
    "cloudwatch_log_group_name": {
      "value": "/ecs/rooftopsolar-ecs-svc-tf",
      "type": "string"
    },
    "ecs_cluster_name": {
      "value": "ecs-rooftopsolar",
      "type": "string"
    },
    "ecs_tasks_security_group_id": {
      "value": "sg-0b9c0dc988f53569e",
      "type": "string"
    },
    "service_name": {
      "value": "rooftopsolar-ecs-svc-tf",
      "type": "string"
    },
    "target_group_arn": {
      "value": "arn:aws:elasticloadbalancing:eu-central-1:533267288999:targetgroup/rooftopsolar-alb-tg-tf-5fc01e85/72b5026ffb9e239d",
      "type": "string"
    },
    "task_definition_arn": {
      "value": "arn:aws:ecs:eu-central-1:533267288999:task-definition/rooftopsolar-ecs-task-tf:1",
      "type": "string"
    }
  },
  "resources": [
    {
      "mode": "data",
      "type": "aws_acm_certificate",
      "name": "main",
      "provider": "provider[\"registry.terraform.io/hashicorp/aws\"]",
      "instances": [
        {
          "schema_version": 0,
          "attributes": {
            "arn": "arn:aws:acm:eu-central-1:533267288999:certificate/89b9b117-239f-4cd8-b061-027a70bece85",
            "certificate": "-----BEGIN CERTIFICATE-----\nMIIF1DCCBLygAwIBAgIQArauSs6OvkMHJrCrUKLyITANBgkqhkiG9w0BAQsFADA8\nMQswCQYDVQQGEwJVUzEPMA0GA1UEChMGQW1hem9uMRwwGgYDVQQDExNBbWF6b24g\nUlNBIDIwNDggTTAyMB4XDTI0MTIyMDAwMDAwMFoXDTI2MDExODIzNTk1OVowHjEc\nMBoGA1UEAwwTKi53aWRnZXQuYWdhaWxlLmNvbTCCASIwDQYJKoZIhvcNAQEBBQAD\nggEPADCCAQoCggEBALDiskM/vQHuVJLf6/Vc/N0QpqG9hBNGLcocsFqKyYPESpM0\nXbjQet6whpsZy/9A0c261eMyo4+lykyQu5bfSPVSRESRKZwaGSTqpRZqDGRxnXHi\nZOZtHSXTsvIOCt5TUHKbgy+B2sSywtiKG0+3JA0G9VrWkr4dcBKay32cWjkqzjbL\nfcyBOm6mOnbTnJdrKqqTat3piJPflXjTX5CFTXtYDyS5pS5XkGXB7cnquavFq/Xj\nAYSj/PWDIRrmrYEbm1AGPQVAT/tGXA7WLIxP+r8aPiJROOBeSBAhnAzwJsPQxe7a\nJfVtJ32TUN7hbJw85C3kpCIjePs73ZNT+cg9NqUCAwEAAaOCAu4wggLqMB8GA1Ud\nIwQYMBaAFMAxUs1aUMOCfHRxzsvpnPl664LiMB0GA1UdDgQWBBQwZDufx5YV5iAj\nB33tBRK7l0AThDAeBgNVHREEFzAVghMqLndpZGdldC5hZ2FpbGUuY29tMBMGA1Ud\nIAQMMAowCAYGZ4EMAQIBMA4GA1UdDwEB/wQEAwIFoDAdBgNVHSUEFjAUBggrBgEF\nBQcDAQYIKwYBBQUHAwIwOwYDVR0fBDQwMjAwoC6gLIYqaHR0cDovL2NybC5yMm0w\nMi5hbWF6b250cnVzdC5jb20vcjJtMDIuY3JsMHUGCCsGAQUFBwEBBGkwZzAtBggr\nBgEFBQcwAYYhaHR0cDovL29jc3AucjJtMDIuYW1hem9udHJ1c3QuY29tMDYGCCsG\nAQUFBzAChipodHRwOi8vY3J0LnIybTAyLmFtYXpvbnRydXN0LmNvbS9yMm0wMi5j\nZXIwDAYDVR0TAQH/BAIwADCCAYAGCisGAQQB1nkCBAIEggFwBIIBbAFqAHYADleU\nvPOuqT4zGyyZB7P3kN+bwj1xMiXdIaklrGHFTiEAAAGT5GNjIgAABAMARzBFAiBz\nhStTCeBm8EBsZadL7MKrMgOPJAefg2TImysqbpPu9QIhAKOWjSpc5WpZOxcIR7MO\nliEoU61hVIHn1B+7S/NN+1D+AHcAZBHEbKQS7KeJHKICLgC8q08oB9QeNSer6v7V\nA8l9zfAAAAGT5GNjQAAABAMASDBGAiEAw+jBjvnvJPgUKXbIV479Jey+EoTuR2yx\nqSWxLKhfVZ4CIQDioquDl2Ey3cHFkmabFuLWeufgDWDQ77QLGE2yd2IPGQB3AEmc\nm2neHXzs/DbezYdkprhbrwqHgBnRVVL76esp3fjDAAABk+RjY1IAAAQDAEgwRgIh\nAJsgXdbm28YolK/hHZNfkrAcpX5lVI5JLe/wA41D81yiAiEA32ajJKt1eNlq8gVL\nA+9mGnpO7w0CTY8j30VM2RGbgK4wDQYJKoZIhvcNAQELBQADggEBAKa4Ws79EwS7\nEuh0M7i/QoFYlo7/IIeqZxqUkvQstBnuilLGNDg2DuQ0Gl0NR7cCvRvOEjzUt3Ce\n+pDKA0bMqecvb2Id9kECRxVp9Te8XKZqtrkLaBQWFtXnvF63wk8kuju/3+2FWjCb\nZgv+g+RI3oJ/W+m0ccq2KBdfxHmfBZHwWifQNX8VeLpRI8buGNJmz1Ik6NOe9pjL\nSMqkVDcDl+fMkiCB/JjJfeRRMOL0XowzUzb/hMRd04Iy+MduG3AnzmhOV5dl9ufb\noIWSn+WD3nmpxqYt92jH74ECqSvDVI/m6ENHV8krQPlQT3FNvg2YVJKNeB23G/4d\nVU1NIos5oys=\n-----END CERTIFICATE-----\n",
            "certificate_chain": "-----BEGIN CERTIFICATE-----\nMIIEXjCCA0agAwIBAgITB3MSSkvL1E7HtTvq8ZSELToPoTANBgkqhkiG9w0BAQsF\nADA5MQswCQYDVQQGEwJVUzEPMA0GA1UEChMGQW1hem9uMRkwFwYDVQQDExBBbWF6\nb24gUm9vdCBDQSAxMB4XDTIyMDgyMzIyMjUzMFoXDTMwMDgyMzIyMjUzMFowPDEL\nMAkGA1UEBhMCVVMxDzANBgNVBAoTBkFtYXpvbjEcMBoGA1UEAxMTQW1hem9uIFJT\nQSAyMDQ4IE0wMjCCASIwDQYJKoZIhvcNAQEBBQADggEPADCCAQoCggEBALtDGMZa\nqHneKei1by6+pUPPLljTB143Si6VpEWPc6mSkFhZb/6qrkZyoHlQLbDYnI2D7hD0\nsdzEqfnuAjIsuXQLG3A8TvX6V3oFNBFVe8NlLJHvBseKY88saLwufxkZVwk74g4n\nWlNMXzla9Y5F3wwRHwMVH443xGz6UtGSZSqQ94eFx5X7Tlqt8whi8qCaKdZ5rNak\n+r9nUThOeClqFd4oXych//Rc7Y0eX1KNWHYSI1Nk31mYgiK3JvH063g+K9tHA63Z\neTgKgndlh+WI+zv7i44HepRZjA1FYwYZ9Vv/9UkC5Yz8/yU65fgjaE+wVHM4e/Yy\nC2osrPWE7gJ+dXMCAwEAAaOCAVowggFWMBIGA1UdEwEB/wQIMAYBAf8CAQAwDgYD\nVR0PAQH/BAQDAgGGMB0GA1UdJQQWMBQGCCsGAQUFBwMBBggrBgEFBQcDAjAdBgNV\nHQ4EFgQUwDFSzVpQw4J8dHHOy+mc+XrrguIwHwYDVR0jBBgwFoAUhBjMhTTsvAyU\nlC4IWZzHshBOCggwewYIKwYBBQUHAQEEbzBtMC8GCCsGAQUFBzABhiNodHRwOi8v\nb2NzcC5yb290Y2ExLmFtYXpvbnRydXN0LmNvbTA6BggrBgEFBQcwAoYuaHR0cDov\nL2NydC5yb290Y2ExLmFtYXpvbnRydXN0LmNvbS9yb290Y2ExLmNlcjA/BgNVHR8E\nODA2MDSgMqAwhi5odHRwOi8vY3JsLnJvb3RjYTEuYW1hem9udHJ1c3QuY29tL3Jv\nb3RjYTEuY3JsMBMGA1UdIAQMMAowCAYGZ4EMAQIBMA0GCSqGSIb3DQEBCwUAA4IB\nAQAtTi6Fs0Azfi+iwm7jrz+CSxHH+uHl7Law3MQSXVtR8RV53PtR6r/6gNpqlzdo\nZq4FKbADi1v9Bun8RY8D51uedRfjsbeodizeBB8nXmeyD33Ep7VATj4ozcd31YFV\nfgRhvTSxNrrTlNpWkUk0m3BMPv8sg381HhA6uEYokE5q9uws/3YkKqRiEz3TsaWm\nJqIRZhMbgAfp7O7FUwFIb7UIspogZSKxPIWJpxiPo3TcBambbVtQOcNRWz5qCQdD\nslI2yayq0n2TXoHyNCLEH8rpsJRVILFsg0jc7BaFrMnF462+ajSehgj12IidNeRN\n4zl+EoNaWdpnWndvSpAEkq2P\n-----END CERTIFICATE-----\n-----BEGIN CERTIFICATE-----\nMIIEkjCCA3qgAwIBAgITBn+USionzfP6wq4rAfkI7rnExjANBgkqhkiG9w0BAQsF\nADCBmDELMAkGA1UEBhMCVVMxEDAOBgNVBAgTB0FyaXpvbmExEzARBgNVBAcTClNj\nb3R0c2RhbGUxJTAjBgNVBAoTHFN0YXJmaWVsZCBUZWNobm9sb2dpZXMsIEluYy4x\nOzA5BgNVBAMTMlN0YXJmaWVsZCBTZXJ2aWNlcyBSb290IENlcnRpZmljYXRlIEF1\ndGhvcml0eSAtIEcyMB4XDTE1MDUyNTEyMDAwMFoXDTM3MTIzMTAxMDAwMFowOTEL\nMAkGA1UEBhMCVVMxDzANBgNVBAoTBkFtYXpvbjEZMBcGA1UEAxMQQW1hem9uIFJv\nb3QgQ0EgMTCCASIwDQYJKoZIhvcNAQEBBQADggEPADCCAQoCggEBALJ4gHHKeNXj\nca9HgFB0fW7Y14h29Jlo91ghYPl0hAEvrAIthtOgQ3pOsqTQNroBvo3bSMgHFzZM\n9O6II8c+6zf1tRn4SWiw3te5djgdYZ6k/oI2peVKVuRF4fn9tBb6dNqcmzU5L/qw\nIFAGbHrQgLKm+a/sRxmPUDgH3KKHOVj4utWp+UhnMJbulHheb4mjUcAwhmahRWa6\nVOujw5H5SNz/0egwLX0tdHA114gk957EWW67c4cX8jJGKLhD+rcdqsq08p8kDi1L\n93FcXmn/6pUCyziKrlA4b9v7LWIbxcceVOF34GfID5yHI9Y/QCB/IIDEgEw+OyQm\njgSubJrIqg0CAwEAAaOCATEwggEtMA8GA1UdEwEB/wQFMAMBAf8wDgYDVR0PAQH/\nBAQDAgGGMB0GA1UdDgQWBBSEGMyFNOy8DJSULghZnMeyEE4KCDAfBgNVHSMEGDAW\ngBScXwDfqgHXMCs4iKK4bUqc8hGRgzB4BggrBgEFBQcBAQRsMGowLgYIKwYBBQUH\nMAGGImh0dHA6Ly9vY3NwLnJvb3RnMi5hbWF6b250cnVzdC5jb20wOAYIKwYBBQUH\nMAKGLGh0dHA6Ly9jcnQucm9vdGcyLmFtYXpvbnRydXN0LmNvbS9yb290ZzIuY2Vy\nMD0GA1UdHwQ2MDQwMqAwoC6GLGh0dHA6Ly9jcmwucm9vdGcyLmFtYXpvbnRydXN0\nLmNvbS9yb290ZzIuY3JsMBEGA1UdIAQKMAgwBgYEVR0gADANBgkqhkiG9w0BAQsF\nAAOCAQEAYjdCXLwQtT6LLOkMm2xF4gcAevnFWAu5CIw+7bMlPLVvUOTNNWqnkzSW\nMiGpSESrnO09tKpzbeR/FoCJbM8oAxiDR3mjEH4wW6w7sGDgd9QIpuEdfF7Au/ma\neyKdpwAJfqxGF4PcnCZXmTA5YpaP7dreqsXMGz7KQ2hsVxa81Q4gLv7/wmpdLqBK\nbRRYh5TmOTFffHPLkIhqhBGWJ6bt2YFGpn6jcgAKUj6DiAdjd4lpFw85hdKrCEVN\n0FE6/V1dN2RMfjCyVSRCnTawXZwXgWHxyvkQAiSr6w10kY17RSlQOYiypok1JR4U\nakcjMS9cmvqtmg5iUaQqqcT5NJ0hGA==\n-----END CERTIFICATE-----\n",
            "domain": "*.widget.agaile.com",
            "id": "arn:aws:acm:eu-central-1:533267288999:certificate/89b9b117-239f-4cd8-b061-027a70bece85",
            "key_types": null,
            "most_recent": true,
            "status": "ISSUED",
            "statuses": [
              "ISSUED"
            ],
            "tags": {},
            "types": null
          },
          "sensitive_attributes": []
        }
      ]
    },
    {
      "mode": "data",
      "type": "aws_route53_zone",
      "name": "main",
      "provider": "provider[\"registry.terraform.io/hashicorp/aws\"]",
      "instances": [
        {
          "schema_version": 0,
          "attributes": {
            "arn": "arn:aws:route53:::hostedzone/Z002557731GHNGBNDS79E",
            "caller_reference": "terraform-20250126113301465000000001",
            "comment": "Managed by Terraform",
            "id": "Z002557731GHNGBNDS79E",
            "linked_service_description": null,
            "linked_service_principal": null,
            "name": "widget.agaile.com",
            "name_servers": [
              "ns-558.awsdns-05.net",
              "ns-156.awsdns-19.com",
              "ns-1318.awsdns-36.org",
              "ns-1987.awsdns-56.co.uk"
            ],
            "primary_name_server": "ns-558.awsdns-05.net",
            "private_zone": false,
            "resource_record_set_count": 6,
            "tags": {
              "Environment": "dev",
              "ManagedBy": "terraform"
            },
            "vpc_id": null,
            "zone_id": "Z002557731GHNGBNDS79E"
          },
          "sensitive_attributes": []
        }
      ]
    },
    {
      "mode": "data",
      "type": "aws_subnets",
      "name": "private",
      "provider": "provider[\"registry.terraform.io/hashicorp/aws\"]",
      "instances": [
        {
          "schema_version": 0,
          "attributes": {
            "filter": [
              {
                "name": "vpc-id",
                "values": [
                  "vpc-0e103eb0fa0b43069"
                ]
              }
            ],
            "id": "eu-central-1",
            "ids": [
              "subnet-0152b5fd0e3ec8f37",
              "subnet-056ffc9ad0fc0c3d2",
              "subnet-0ecc8f55c2c12b41e"
            ],
            "tags": {
              "Tier": "private"
            },
            "timeouts": null
          },
          "sensitive_attributes": []
        }
      ]
    },
    {
      "mode": "data",
      "type": "aws_subnets",
      "name": "public",
      "provider": "provider[\"registry.terraform.io/hashicorp/aws\"]",
      "instances": [
        {
          "schema_version": 0,
          "attributes": {
            "filter": [
              {
                "name": "vpc-id",
                "values": [
                  "vpc-0e103eb0fa0b43069"
                ]
              }
            ],
            "id": "eu-central-1",
            "ids": [
              "subnet-04761a6b10a70675e",
              "subnet-0dfaaf8eb56358aeb",
              "subnet-091bbca9d2986d0a7"
            ],
            "tags": {
              "Tier": "public"
            },
            "timeouts": null
          },
          "sensitive_attributes": []
        }
      ]
    },
    {
      "mode": "data",
      "type": "aws_vpc",
      "name": "core",
      "provider": "provider[\"registry.terraform.io/hashicorp/aws\"]",
      "instances": [
        {
          "schema_version": 0,
          "attributes": {
            "arn": "arn:aws:ec2:eu-central-1:533267288999:vpc/vpc-0e103eb0fa0b43069",
            "cidr_block": "10.1.0.0/16",
            "cidr_block_associations": [
              {
                "association_id": "vpc-cidr-assoc-08b8417bd9a89781a",
                "cidr_block": "10.1.0.0/16",
                "state": "associated"
              }
            ],
            "default": false,
            "dhcp_options_id": "dopt-05eb89b5d44f2661b",
            "enable_dns_hostnames": true,
            "enable_dns_support": true,
            "enable_network_address_usage_metrics": false,
            "filter": [
              {
                "name": "tag:Module",
                "values": [
                  "network"
                ]
              },
              {
                "name": "tag:Name",
                "values": [
                  "cap-dev-vpc"
                ]
              },
              {
                "name": "tag:Purpose",
                "values": [
                  "main"
                ]
              }
            ],
            "id": "vpc-0e103eb0fa0b43069",
            "instance_tenancy": "default",
            "ipv6_association_id": "",
            "ipv6_cidr_block": "",
            "main_route_table_id": "rtb-015b42bab721deaa7",
            "owner_id": "533267288999",
            "state": null,
            "tags": {
              "Environment": "dev",
              "ManagedBy": "terraform",
              "Module": "network",
              "Name": "cap-dev-vpc",
              "Project": "cap",
              "Purpose": "main"
            },
            "timeouts": null
          },
          "sensitive_attributes": []
        }
      ]
    },
    {
      "mode": "managed",
      "type": "aws_route53_record",
      "name": "alb",
      "provider": "provider[\"registry.terraform.io/hashicorp/aws\"]",
      "instances": [
        {
          "schema_version": 2,
          "attributes": {
            "alias": [
              {
                "evaluate_target_health": true,
                "name": "rooftopsolar-alb-tf-389377262.eu-central-1.elb.amazonaws.com",
                "zone_id": "Z215JYRZR1TBD5"
              }
            ],
            "allow_overwrite": null,
            "cidr_routing_policy": [],
            "failover_routing_policy": [],
            "fqdn": "rooftopsolar.widget.agaile.com",
            "geolocation_routing_policy": [],
            "geoproximity_routing_policy": [],
            "health_check_id": "",
            "id": "Z002557731GHNGBNDS79E_rooftopsolar.widget.agaile.com_A",
            "latency_routing_policy": [],
            "multivalue_answer_routing_policy": false,
            "name": "rooftopsolar.widget.agaile.com",
            "records": [],
            "set_identifier": "",
            "ttl": 0,
            "type": "A",
            "weighted_routing_policy": [],
            "zone_id": "Z002557731GHNGBNDS79E"
          },
          "sensitive_attributes": [],
          "private": "eyJzY2hlbWFfdmVyc2lvbiI6IjIifQ==",
          "dependencies": [
            "data.aws_route53_zone.main",
            "data.aws_subnets.public",
            "data.aws_vpc.core",
            "module.alb.aws_lb.alb",
            "module.security.aws_security_group.alb"
          ]
        }
      ]
    },
    {
      "mode": "managed",
      "type": "aws_secretsmanager_secret",
      "name": "rooftopsolar_env",
      "provider": "provider[\"registry.terraform.io/hashicorp/aws\"]",
      "instances": [
        {
          "schema_version": 0,
          "attributes": {
            "arn": "arn:aws:secretsmanager:eu-central-1:533267288999:secret:rooftopsolar/env/dev-z10V3x",
            "description": "",
            "force_overwrite_replica_secret": false,
            "id": "arn:aws:secretsmanager:eu-central-1:533267288999:secret:rooftopsolar/env/dev-z10V3x",
            "kms_key_id": "",
            "name": "rooftopsolar/env/dev",
            "name_prefix": "",
            "policy": "",
            "recovery_window_in_days": 30,
            "replica": [],
            "tags": {
              "Environment": "dev",
              "ManagedBy": "terraform",
              "Name": "rooftopsolar-env-secrets",
              "Project": "CAP"
            },
            "tags_all": {
              "Environment": "dev",
              "ManagedBy": "terraform",
              "Name": "rooftopsolar-env-secrets",
              "Project": "CAP"
            }
          },
          "sensitive_attributes": [],
          "private": "bnVsbA=="
        }
      ]
    },
    {
      "mode": "managed",
      "type": "aws_secretsmanager_secret_version",
      "name": "rooftopsolar_env",
      "provider": "provider[\"registry.terraform.io/hashicorp/aws\"]",
      "instances": [
        {
          "schema_version": 0,
          "attributes": {
            "arn": "arn:aws:secretsmanager:eu-central-1:533267288999:secret:rooftopsolar/env/dev-z10V3x",
            "id": "arn:aws:secretsmanager:eu-central-1:533267288999:secret:rooftopsolar/env/dev-z10V3x|terraform-20250128100446625800000001",
            "secret_binary": "",
            "secret_id": "arn:aws:secretsmanager:eu-central-1:533267288999:secret:rooftopsolar/env/dev-z10V3x",
            "secret_string": "{\"LANGCHAIN_API_KEY\":\"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\",\"LANGGRAPH_API_URL\":\"https://cap-engine-dev-4208d61fda535e3ca2f1cc909135c696.us.langgraph.app\",\"NEXT_PUBLIC_LANGGRAPH_ASSISTANT_ID\":\"6ada6340-487f-4e34-908a-bb97892b1aaf\"}",
            "version_id": "terraform-20250128100446625800000001",
            "version_stages": [
              "AWSCURRENT"
            ]
          },
          "sensitive_attributes": [
            [
              {
                "type": "get_attr",
                "value": "secret_binary"
              }
            ],
            [
              {
                "type": "get_attr",
                "value": "secret_string"
              }
            ]
          ],
          "private": "bnVsbA==",
          "dependencies": [
            "aws_secretsmanager_secret.rooftopsolar_env"
          ]
        }
      ]
    },
    {
      "module": "module.alb",
      "mode": "managed",
      "type": "aws_lb",
      "name": "alb",
      "provider": "provider[\"registry.terraform.io/hashicorp/aws\"]",
      "instances": [
        {
          "schema_version": 0,
          "attributes": {
            "access_logs": [
              {
                "bucket": "",
                "enabled": false,
                "prefix": ""
              }
            ],
            "arn": "arn:aws:elasticloadbalancing:eu-central-1:533267288999:loadbalancer/app/rooftopsolar-alb-tf/0a544201a059eb6c",
            "arn_suffix": "app/rooftopsolar-alb-tf/0a544201a059eb6c",
            "client_keep_alive": 3600,
            "connection_logs": [
              {
                "bucket": "",
                "enabled": false,
                "prefix": ""
              }
            ],
            "customer_owned_ipv4_pool": "",
            "desync_mitigation_mode": "defensive",
            "dns_name": "rooftopsolar-alb-tf-389377262.eu-central-1.elb.amazonaws.com",
            "dns_record_client_routing_policy": null,
            "drop_invalid_header_fields": false,
            "enable_cross_zone_load_balancing": true,
            "enable_deletion_protection": false,
            "enable_http2": true,
            "enable_tls_version_and_cipher_suite_headers": false,
            "enable_waf_fail_open": false,
            "enable_xff_client_port": false,
            "enable_zonal_shift": false,
            "enforce_security_group_inbound_rules_on_private_link_traffic": "",
            "id": "arn:aws:elasticloadbalancing:eu-central-1:533267288999:loadbalancer/app/rooftopsolar-alb-tf/0a544201a059eb6c",
            "idle_timeout": 60,
            "internal": false,
            "ip_address_type": "ipv4",
            "load_balancer_type": "application",
            "name": "rooftopsolar-alb-tf",
            "name_prefix": "",
            "preserve_host_header": false,
            "security_groups": [
              "sg-07561088b258da1de"
            ],
            "subnet_mapping": [
              {
                "allocation_id": "",
                "ipv6_address": "",
                "outpost_id": "",
                "private_ipv4_address": "",
                "subnet_id": "subnet-04761a6b10a70675e"
              },
              {
                "allocation_id": "",
                "ipv6_address": "",
                "outpost_id": "",
                "private_ipv4_address": "",
                "subnet_id": "subnet-091bbca9d2986d0a7"
              },
              {
                "allocation_id": "",
                "ipv6_address": "",
                "outpost_id": "",
                "private_ipv4_address": "",
                "subnet_id": "subnet-0dfaaf8eb56358aeb"
              }
            ],
            "subnets": [
              "subnet-04761a6b10a70675e",
              "subnet-091bbca9d2986d0a7",
              "subnet-0dfaaf8eb56358aeb"
            ],
            "tags": {
              "Environment": "dev",
              "ManagedBy": "terraform",
              "Name": "rooftopsolar-alb-tf",
              "Project": "CAP"
            },
            "tags_all": {
              "Environment": "dev",
              "ManagedBy": "terraform",
              "Name": "rooftopsolar-alb-tf",
              "Project": "CAP"
            },
            "timeouts": null,
            "vpc_id": "vpc-0e103eb0fa0b43069",
            "xff_header_processing_mode": "append",
            "zone_id": "Z215JYRZR1TBD5"
          },
          "sensitive_attributes": [],
          "private": "eyJlMmJmYjczMC1lY2FhLTExZTYtOGY4OC0zNDM2M2JjN2M0YzAiOnsiY3JlYXRlIjo2MDAwMDAwMDAwMDAsImRlbGV0ZSI6NjAwMDAwMDAwMDAwLCJ1cGRhdGUiOjYwMDAwMDAwMDAwMH19",
          "dependencies": [
            "data.aws_subnets.public",
            "data.aws_vpc.core",
            "module.security.aws_security_group.alb"
          ],
          "create_before_destroy": true
        }
      ]
    },
    {
      "module": "module.alb",
      "mode": "managed",
      "type": "aws_lb_listener",
      "name": "http",
      "provider": "provider[\"registry.terraform.io/hashicorp/aws\"]",
      "instances": [
        {
          "schema_version": 0,
          "attributes": {
            "alpn_policy": null,
            "arn": "arn:aws:elasticloadbalancing:eu-central-1:533267288999:listener/app/rooftopsolar-alb-tf/0a544201a059eb6c/f4ef9624f05147a0",
            "certificate_arn": null,
            "default_action": [
              {
                "authenticate_cognito": [],
                "authenticate_oidc": [],
                "fixed_response": [],
                "forward": [],
                "order": 1,
                "redirect": [
                  {
                    "host": "#{host}",
                    "path": "/#{path}",
                    "port": "443",
                    "protocol": "HTTPS",
                    "query": "#{query}",
                    "status_code": "HTTP_301"
                  }
                ],
                "target_group_arn": "",
                "type": "redirect"
              }
            ],
            "id": "arn:aws:elasticloadbalancing:eu-central-1:533267288999:listener/app/rooftopsolar-alb-tf/0a544201a059eb6c/f4ef9624f05147a0",
            "load_balancer_arn": "arn:aws:elasticloadbalancing:eu-central-1:533267288999:loadbalancer/app/rooftopsolar-alb-tf/0a544201a059eb6c",
            "mutual_authentication": [],
            "port": 80,
            "protocol": "HTTP",
            "routing_http_request_x_amzn_mtls_clientcert_header_name": null,
            "routing_http_request_x_amzn_mtls_clientcert_issuer_header_name": null,
            "routing_http_request_x_amzn_mtls_clientcert_leaf_header_name": null,
            "routing_http_request_x_amzn_mtls_clientcert_serial_number_header_name": null,
            "routing_http_request_x_amzn_mtls_clientcert_subject_header_name": null,
            "routing_http_request_x_amzn_mtls_clientcert_validity_header_name": null,
            "routing_http_request_x_amzn_tls_cipher_suite_header_name": null,
            "routing_http_request_x_amzn_tls_version_header_name": null,
            "routing_http_response_access_control_allow_credentials_header_value": "",
            "routing_http_response_access_control_allow_headers_header_value": "",
            "routing_http_response_access_control_allow_methods_header_value": "",
            "routing_http_response_access_control_allow_origin_header_value": "",
            "routing_http_response_access_control_expose_headers_header_value": "",
            "routing_http_response_access_control_max_age_header_value": "",
            "routing_http_response_content_security_policy_header_value": "",
            "routing_http_response_server_enabled": false,
            "routing_http_response_strict_transport_security_header_value": "",
            "routing_http_response_x_content_type_options_header_value": "",
            "routing_http_response_x_frame_options_header_value": "",
            "ssl_policy": "",
            "tags": {
              "Environment": "dev",
              "ManagedBy": "terraform",
              "Name": "rooftopsolar-alb-tf",
              "Project": "CAP"
            },
            "tags_all": {
              "Environment": "dev",
              "ManagedBy": "terraform",
              "Name": "rooftopsolar-alb-tf",
              "Project": "CAP"
            },
            "tcp_idle_timeout_seconds": null,
            "timeouts": null
          },
          "sensitive_attributes": [],
          "private": "eyJlMmJmYjczMC1lY2FhLTExZTYtOGY4OC0zNDM2M2JjN2M0YzAiOnsiY3JlYXRlIjozMDAwMDAwMDAwMDAsInVwZGF0ZSI6MzAwMDAwMDAwMDAwfX0=",
          "dependencies": [
            "data.aws_subnets.public",
            "data.aws_vpc.core",
            "module.alb.aws_lb.alb",
            "module.security.aws_security_group.alb"
          ],
          "create_before_destroy": true
        }
      ]
    },
    {
      "module": "module.alb",
      "mode": "managed",
      "type": "aws_lb_listener",
      "name": "https",
      "provider": "provider[\"registry.terraform.io/hashicorp/aws\"]",
      "instances": [
        {
          "schema_version": 0,
          "attributes": {
            "alpn_policy": null,
            "arn": "arn:aws:elasticloadbalancing:eu-central-1:533267288999:listener/app/rooftopsolar-alb-tf/0a544201a059eb6c/5a1a7b7ffb6dd0d1",
            "certificate_arn": "arn:aws:acm:eu-central-1:533267288999:certificate/89b9b117-239f-4cd8-b061-027a70bece85",
            "default_action": [
              {
                "authenticate_cognito": [],
                "authenticate_oidc": [],
                "fixed_response": [],
                "forward": [],
                "order": 1,
                "redirect": [],
                "target_group_arn": "arn:aws:elasticloadbalancing:eu-central-1:533267288999:targetgroup/rooftopsolar-alb-tg-tf-5fc01e85/72b5026ffb9e239d",
                "type": "forward"
              }
            ],
            "id": "arn:aws:elasticloadbalancing:eu-central-1:533267288999:listener/app/rooftopsolar-alb-tf/0a544201a059eb6c/5a1a7b7ffb6dd0d1",
            "load_balancer_arn": "arn:aws:elasticloadbalancing:eu-central-1:533267288999:loadbalancer/app/rooftopsolar-alb-tf/0a544201a059eb6c",
            "mutual_authentication": [
              {
                "advertise_trust_store_ca_names": "",
                "ignore_client_certificate_expiry": false,
                "mode": "off",
                "trust_store_arn": ""
              }
            ],
            "port": 443,
            "protocol": "HTTPS",
            "routing_http_request_x_amzn_mtls_clientcert_header_name": "",
            "routing_http_request_x_amzn_mtls_clientcert_issuer_header_name": "",
            "routing_http_request_x_amzn_mtls_clientcert_leaf_header_name": "",
            "routing_http_request_x_amzn_mtls_clientcert_serial_number_header_name": "",
            "routing_http_request_x_amzn_mtls_clientcert_subject_header_name": "",
            "routing_http_request_x_amzn_mtls_clientcert_validity_header_name": "",
            "routing_http_request_x_amzn_tls_cipher_suite_header_name": "",
            "routing_http_request_x_amzn_tls_version_header_name": "",
            "routing_http_response_access_control_allow_credentials_header_value": "",
            "routing_http_response_access_control_allow_headers_header_value": "",
            "routing_http_response_access_control_allow_methods_header_value": "",
            "routing_http_response_access_control_allow_origin_header_value": "",
            "routing_http_response_access_control_expose_headers_header_value": "",
            "routing_http_response_access_control_max_age_header_value": "",
            "routing_http_response_content_security_policy_header_value": "",
            "routing_http_response_server_enabled": false,
            "routing_http_response_strict_transport_security_header_value": "",
            "routing_http_response_x_content_type_options_header_value": "",
            "routing_http_response_x_frame_options_header_value": "",
            "ssl_policy": "ELBSecurityPolicy-2016-08",
            "tags": {},
            "tags_all": {},
            "tcp_idle_timeout_seconds": null,
            "timeouts": null
          },
          "sensitive_attributes": [],
          "private": "eyJlMmJmYjczMC1lY2FhLTExZTYtOGY4OC0zNDM2M2JjN2M0YzAiOnsiY3JlYXRlIjozMDAwMDAwMDAwMDAsInVwZGF0ZSI6MzAwMDAwMDAwMDAwfX0=",
          "dependencies": [
            "data.aws_acm_certificate.main",
            "data.aws_subnets.public",
            "data.aws_vpc.core",
            "module.alb.aws_lb.alb",
            "module.alb.aws_lb_target_group.target_group",
            "module.alb.random_id.target_group_suffix",
            "module.security.aws_security_group.alb"
          ],
          "create_before_destroy": true
        }
      ]
    },
    {
      "module": "module.alb",
      "mode": "managed",
      "type": "aws_lb_target_group",
      "name": "target_group",
      "provider": "provider[\"registry.terraform.io/hashicorp/aws\"]",
      "instances": [
        {
          "schema_version": 0,
          "attributes": {
            "arn": "arn:aws:elasticloadbalancing:eu-central-1:533267288999:targetgroup/rooftopsolar-alb-tg-tf-5fc01e85/72b5026ffb9e239d",
            "arn_suffix": "targetgroup/rooftopsolar-alb-tg-tf-5fc01e85/72b5026ffb9e239d",
            "connection_termination": null,
            "deregistration_delay": "300",
            "health_check": [
              {
                "enabled": true,
                "healthy_threshold": 2,
                "interval": 30,
                "matcher": "200",
                "path": "/api/health",
                "port": "traffic-port",
                "protocol": "HTTP",
                "timeout": 5,
                "unhealthy_threshold": 2
              }
            ],
            "id": "arn:aws:elasticloadbalancing:eu-central-1:533267288999:targetgroup/rooftopsolar-alb-tg-tf-5fc01e85/72b5026ffb9e239d",
            "ip_address_type": "ipv4",
            "lambda_multi_value_headers_enabled": false,
            "load_balancer_arns": [
              "arn:aws:elasticloadbalancing:eu-central-1:533267288999:loadbalancer/app/rooftopsolar-alb-tf/0a544201a059eb6c"
            ],
            "load_balancing_algorithm_type": "round_robin",
            "load_balancing_anomaly_mitigation": "off",
            "load_balancing_cross_zone_enabled": "use_load_balancer_configuration",
            "name": "rooftopsolar-alb-tg-tf-5fc01e85",
            "name_prefix": "",
            "port": 3000,
            "preserve_client_ip": null,
            "protocol": "HTTP",
            "protocol_version": "HTTP1",
            "proxy_protocol_v2": false,
            "slow_start": 0,
            "stickiness": [
              {
                "cookie_duration": 86400,
                "cookie_name": "",
                "enabled": false,
                "type": "lb_cookie"
              }
            ],
            "tags": {
              "Environment": "dev",
              "ManagedBy": "terraform",
              "Name": "rooftopsolar-alb-tg-tf",
              "Project": "CAP"
            },
            "tags_all": {
              "Environment": "dev",
              "ManagedBy": "terraform",
              "Name": "rooftopsolar-alb-tg-tf",
              "Project": "CAP"
            },
            "target_failover": [
              {
                "on_deregistration": null,
                "on_unhealthy": null
              }
            ],
            "target_group_health": [
              {
                "dns_failover": [
                  {
                    "minimum_healthy_targets_count": "1",
                    "minimum_healthy_targets_percentage": "off"
                  }
                ],
                "unhealthy_state_routing": [
                  {
                    "minimum_healthy_targets_count": 1,
                    "minimum_healthy_targets_percentage": "off"
                  }
                ]
              }
            ],
            "target_health_state": [
              {
                "enable_unhealthy_connection_termination": null,
                "unhealthy_draining_interval": null
              }
            ],
            "target_type": "ip",
            "vpc_id": "vpc-0e103eb0fa0b43069"
          },
          "sensitive_attributes": [],
          "private": "bnVsbA==",
          "dependencies": [
            "data.aws_vpc.core",
            "module.alb.random_id.target_group_suffix"
          ],
          "create_before_destroy": true
        }
      ]
    },
    {
      "module": "module.alb",
      "mode": "managed",
      "type": "random_id",
      "name": "target_group_suffix",
      "provider": "provider[\"registry.terraform.io/hashicorp/random\"]",
      "instances": [
        {
          "schema_version": 0,
          "attributes": {
            "b64_std": "X8AehQ==",
            "b64_url": "X8AehQ",
            "byte_length": 4,
            "dec": "1606426245",
            "hex": "5fc01e85",
            "id": "X8AehQ",
            "keepers": null,
            "prefix": null
          },
          "sensitive_attributes": [],
          "create_before_destroy": true
        }
      ]
    },
    {
      "module": "module.ecs",
      "mode": "managed",
      "type": "aws_cloudwatch_log_group",
      "name": "ecs",
      "provider": "provider[\"registry.terraform.io/hashicorp/aws\"]",
      "instances": [
        {
          "schema_version": 0,
          "attributes": {
            "arn": "arn:aws:logs:eu-central-1:533267288999:log-group:/ecs/rooftopsolar-ecs-svc-tf",
            "id": "/ecs/rooftopsolar-ecs-svc-tf",
            "kms_key_id": "",
            "log_group_class": "STANDARD",
            "name": "/ecs/rooftopsolar-ecs-svc-tf",
            "name_prefix": "",
            "retention_in_days": 1,
            "skip_destroy": false,
            "tags": {
              "Environment": "dev",
              "ManagedBy": "terraform",
              "Project": "CAP"
            },
            "tags_all": {
              "Environment": "dev",
              "ManagedBy": "terraform",
              "Project": "CAP"
            }
          },
          "sensitive_attributes": [],
          "private": "bnVsbA=="
        }
      ]
    },
    {
      "module": "module.ecs",
      "mode": "managed",
      "type": "aws_ecs_cluster",
      "name": "main",
      "provider": "provider[\"registry.terraform.io/hashicorp/aws\"]",
      "instances": [
        {
          "schema_version": 0,
          "attributes": {
            "arn": "arn:aws:ecs:eu-central-1:533267288999:cluster/ecs-rooftopsolar",
            "configuration": [],
            "id": "arn:aws:ecs:eu-central-1:533267288999:cluster/ecs-rooftopsolar",
            "name": "ecs-rooftopsolar",
            "service_connect_defaults": [],
            "setting": [
              {
                "name": "containerInsights",
                "value": "enabled"
              }
            ],
            "tags": {
              "Environment": "dev",
              "ManagedBy": "terraform",
              "Name": "ecs-rooftopsolar",
              "Project": "CAP"
            },
            "tags_all": {
              "Environment": "dev",
              "ManagedBy": "terraform",
              "Name": "ecs-rooftopsolar",
              "Project": "CAP"
            }
          },
          "sensitive_attributes": [],
          "private": "bnVsbA=="
        }
      ]
    },
    {
      "module": "module.ecs",
      "mode": "managed",
      "type": "aws_ecs_service",
      "name": "main",
      "provider": "provider[\"registry.terraform.io/hashicorp/aws\"]",
      "instances": [
        {
          "schema_version": 1,
          "attributes": {
            "alarms": [],
            "availability_zone_rebalancing": "DISABLED",
            "capacity_provider_strategy": [],
            "cluster": "arn:aws:ecs:eu-central-1:533267288999:cluster/ecs-rooftopsolar",
            "deployment_circuit_breaker": [
              {
                "enable": true,
                "rollback": true
              }
            ],
            "deployment_controller": [
              {
                "type": "ECS"
              }
            ],
            "deployment_maximum_percent": 200,
            "deployment_minimum_healthy_percent": 100,
            "desired_count": 1,
            "enable_ecs_managed_tags": false,
            "enable_execute_command": false,
            "force_delete": null,
            "force_new_deployment": null,
            "health_check_grace_period_seconds": 60,
            "iam_role": "/aws-service-role/ecs.amazonaws.com/AWSServiceRoleForECS",
            "id": "arn:aws:ecs:eu-central-1:533267288999:service/ecs-rooftopsolar/rooftopsolar-ecs-svc-tf",
            "launch_type": "FARGATE",
            "load_balancer": [
              {
                "container_name": "rooftopsolar-container-tf",
                "container_port": 3000,
                "elb_name": "",
                "target_group_arn": "arn:aws:elasticloadbalancing:eu-central-1:533267288999:targetgroup/rooftopsolar-alb-tg-tf-5fc01e85/72b5026ffb9e239d"
              }
            ],
            "name": "rooftopsolar-ecs-svc-tf",
            "network_configuration": [
              {
                "assign_public_ip": false,
                "security_groups": [
                  "sg-0b9c0dc988f53569e"
                ],
                "subnets": [
                  "subnet-0152b5fd0e3ec8f37",
                  "subnet-056ffc9ad0fc0c3d2",
                  "subnet-0ecc8f55c2c12b41e"
                ]
              }
            ],
            "ordered_placement_strategy": [],
            "placement_constraints": [],
            "platform_version": "LATEST",
            "propagate_tags": "NONE",
            "scheduling_strategy": "REPLICA",
            "service_connect_configuration": [],
            "service_registries": [],
            "tags": {
              "Environment": "dev",
              "ManagedBy": "terraform",
              "Name": "rooftopsolar-ecs-svc-tf",
              "Project": "CAP"
            },
            "tags_all": {
              "Environment": "dev",
              "ManagedBy": "terraform",
              "Name": "rooftopsolar-ecs-svc-tf",
              "Project": "CAP"
            },
            "task_definition": "arn:aws:ecs:eu-central-1:533267288999:task-definition/rooftopsolar-ecs-task-tf:2",
            "timeouts": null,
            "triggers": {},
            "volume_configuration": [],
            "vpc_lattice_configurations": [],
            "wait_for_steady_state": false
          },
          "sensitive_attributes": [],
          "private": "eyJlMmJmYjczMC1lY2FhLTExZTYtOGY4OC0zNDM2M2JjN2M0YzAiOnsiY3JlYXRlIjoxMjAwMDAwMDAwMDAwLCJkZWxldGUiOjEyMDAwMDAwMDAwMDAsInVwZGF0ZSI6MTIwMDAwMDAwMDAwMH0sInNjaGVtYV92ZXJzaW9uIjoiMSJ9",
          "dependencies": [
            "aws_secretsmanager_secret.rooftopsolar_env",
            "data.aws_subnets.private",
            "data.aws_vpc.core",
            "module.alb.aws_lb_target_group.target_group",
            "module.alb.random_id.target_group_suffix",
            "module.ecs.aws_ecs_cluster.main",
            "module.ecs.aws_ecs_task_definition.main",
            "module.security.aws_iam_role.ecs_task_execution",
            "module.security.aws_security_group.alb",
            "module.security.aws_security_group.ecs_tasks"
          ]
        }
      ]
    },
    {
      "module": "module.ecs",
      "mode": "managed",
      "type": "aws_ecs_task_definition",
      "name": "main",
      "provider": "provider[\"registry.terraform.io/hashicorp/aws\"]",
      "instances": [
        {
          "schema_version": 1,
          "attributes": {
            "arn": "arn:aws:ecs:eu-central-1:533267288999:task-definition/rooftopsolar-ecs-task-tf:1",
            "arn_without_revision": "arn:aws:ecs:eu-central-1:533267288999:task-definition/rooftopsolar-ecs-task-tf",
            "container_definitions": "[{\"environment\":[{\"name\":\"API_URL\",\"value\":\"https://api.widget.agaile.com\"},{\"name\":\"APP_URL\",\"value\":\"https://rooftopsolar.widget.agaile.com\"},{\"name\":\"PORT\",\"value\":\"3000\"}],\"essential\":true,\"image\":\"533267288999.dkr.ecr.eu-central-1.amazonaws.com/cap-frontend:rooftopsolar\",\"logConfiguration\":{\"logDriver\":\"awslogs\",\"options\":{\"awslogs-group\":\"/ecs/rooftopsolar-ecs-svc-tf\",\"awslogs-region\":\"eu-central-1\",\"awslogs-stream-prefix\":\"ecs\"}},\"mountPoints\":[],\"name\":\"rooftopsolar-container-tf\",\"portMappings\":[{\"containerPort\":3000,\"hostPort\":3000,\"protocol\":\"tcp\"}],\"secrets\":[{\"name\":\"LANGCHAIN_API_KEY\",\"valueFrom\":\"arn:aws:secretsmanager:eu-central-1:533267288999:secret:rooftopsolar/env/dev-z10V3x:LANGCHAIN_API_KEY::\"},{\"name\":\"LANGGRAPH_API_URL\",\"valueFrom\":\"arn:aws:secretsmanager:eu-central-1:533267288999:secret:rooftopsolar/env/dev-z10V3x:LANGGRAPH_API_URL::\"},{\"name\":\"NEXT_PUBLIC_LANGGRAPH_ASSISTANT_ID\",\"valueFrom\":\"arn:aws:secretsmanager:eu-central-1:533267288999:secret:rooftopsolar/env/dev-z10V3x:NEXT_PUBLIC_LANGGRAPH_ASSISTANT_ID::\"}],\"systemControls\":[],\"volumesFrom\":[]}]",
            "cpu": "256",
            "ephemeral_storage": [],
            "execution_role_arn": "arn:aws:iam::533267288999:role/rooftopsolar-ecs-role-tf",
            "family": "rooftopsolar-ecs-task-tf",
            "id": "rooftopsolar-ecs-task-tf",
            "inference_accelerator": [],
            "ipc_mode": "",
            "memory": "512",
            "network_mode": "awsvpc",
            "pid_mode": "",
            "placement_constraints": [],
            "proxy_configuration": [],
            "requires_compatibilities": [
              "FARGATE"
            ],
            "revision": 1,
            "runtime_platform": [
              {
                "cpu_architecture": "ARM64",
                "operating_system_family": "LINUX"
              }
            ],
            "skip_destroy": false,
            "tags": {
              "Environment": "dev",
              "ManagedBy": "terraform",
              "Name": "rooftopsolar-ecs-task-tf",
              "Project": "CAP"
            },
            "tags_all": {
              "Environment": "dev",
              "ManagedBy": "terraform",
              "Name": "rooftopsolar-ecs-task-tf",
              "Project": "CAP"
            },
            "task_role_arn": "",
            "track_latest": false,
            "volume": []
          },
          "sensitive_attributes": [],
          "private": "eyJzY2hlbWFfdmVyc2lvbiI6IjEifQ==",
          "dependencies": [
            "aws_secretsmanager_secret.rooftopsolar_env",
            "module.security.aws_iam_role.ecs_task_execution"
          ]
        }
      ]
    },
    {
      "module": "module.security",
      "mode": "data",
      "type": "aws_caller_identity",
      "name": "current",
      "provider": "provider[\"registry.terraform.io/hashicorp/aws\"]",
      "instances": [
        {
          "schema_version": 0,
          "attributes": {
            "account_id": "533267288999",
            "arn": "arn:aws:sts::533267288999:assumed-role/AWSReservedSSO_AdministratorAccess_f61e98aab84798ce/ivoagaile",
            "id": "533267288999",
            "user_id": "AROAXYKJVCOT4T3QTITO3:ivoagaile"
          },
          "sensitive_attributes": []
        }
      ]
    },
    {
      "module": "module.security",
      "mode": "managed",
      "type": "aws_iam_policy",
      "name": "secrets_access",
      "provider": "provider[\"registry.terraform.io/hashicorp/aws\"]",
      "instances": [
        {
          "schema_version": 0,
          "attributes": {
            "arn": "arn:aws:iam::533267288999:policy/rooftopsolar-secrets-policy-tf",
            "attachment_count": 1,
            "description": "",
            "id": "arn:aws:iam::533267288999:policy/rooftopsolar-secrets-policy-tf",
            "name": "rooftopsolar-secrets-policy-tf",
            "name_prefix": "",
            "path": "/",
            "policy": "{\"Statement\":[{\"Action\":[\"secretsmanager:GetSecretValue\",\"secretsmanager:DescribeSecret\"],\"Effect\":\"Allow\",\"Resource\":[\"arn:aws:secretsmanager:eu-central-1:533267288999:secret:rooftopsolar/env/*\"]}],\"Version\":\"2012-10-17\"}",
            "policy_id": "ANPAXYKJVCOT2YJAVS5BX",
            "tags": {},
            "tags_all": {}
          },
          "sensitive_attributes": [],
          "private": "bnVsbA==",
          "dependencies": [
            "module.security.data.aws_caller_identity.current"
          ]
        }
      ]
    },
    {
      "module": "module.security",
      "mode": "managed",
      "type": "aws_iam_role",
      "name": "ecs_task_execution",
      "provider": "provider[\"registry.terraform.io/hashicorp/aws\"]",
      "instances": [
        {
          "schema_version": 0,
          "attributes": {
            "arn": "arn:aws:iam::533267288999:role/rooftopsolar-ecs-role-tf",
            "assume_role_policy": "{\"Statement\":[{\"Action\":\"sts:AssumeRole\",\"Effect\":\"Allow\",\"Principal\":{\"Service\":\"ecs-tasks.amazonaws.com\"}}],\"Version\":\"2012-10-17\"}",
            "create_date": "2025-01-28T09:00:32Z",
            "description": "",
            "force_detach_policies": false,
            "id": "rooftopsolar-ecs-role-tf",
            "inline_policy": [],
            "managed_policy_arns": [
              "arn:aws:iam::533267288999:policy/rooftopsolar-secrets-policy-tf",
              "arn:aws:iam::aws:policy/service-role/AmazonECSTaskExecutionRolePolicy"
            ],
            "max_session_duration": 3600,
            "name": "rooftopsolar-ecs-role-tf",
            "name_prefix": "",
            "path": "/",
            "permissions_boundary": "",
            "tags": {
              "Environment": "dev",
              "ManagedBy": "terraform",
              "Name": "rooftopsolar-ecs-role-tf",
              "Project": "CAP",
              "Purpose": "ecs"
            },
            "tags_all": {
              "Environment": "dev",
              "ManagedBy": "terraform",
              "Name": "rooftopsolar-ecs-role-tf",
              "Project": "CAP",
              "Purpose": "ecs"
            },
            "unique_id": "AROAXYKJVCOT7ZR24D4TH"
          },
          "sensitive_attributes": [],
          "private": "bnVsbA=="
        }
      ]
    },
    {
      "module": "module.security",
      "mode": "managed",
      "type": "aws_iam_role_policy_attachment",
      "name": "ecs_task_execution",
      "provider": "provider[\"registry.terraform.io/hashicorp/aws\"]",
      "instances": [
        {
          "schema_version": 0,
          "attributes": {
            "id": "rooftopsolar-ecs-role-tf-20250128090032950400000004",
            "policy_arn": "arn:aws:iam::aws:policy/service-role/AmazonECSTaskExecutionRolePolicy",
            "role": "rooftopsolar-ecs-role-tf"
          },
          "sensitive_attributes": [],
          "private": "bnVsbA==",
          "dependencies": [
            "module.security.aws_iam_role.ecs_task_execution"
          ]
        }
      ]
    },
    {
      "module": "module.security",
      "mode": "managed",
      "type": "aws_iam_role_policy_attachment",
      "name": "ecs_task_execution_secrets",
      "provider": "provider[\"registry.terraform.io/hashicorp/aws\"]",
      "instances": [
        {
          "schema_version": 0,
          "attributes": {
            "id": "rooftopsolar-ecs-role-tf-20250128090032944600000003",
            "policy_arn": "arn:aws:iam::533267288999:policy/rooftopsolar-secrets-policy-tf",
            "role": "rooftopsolar-ecs-role-tf"
          },
          "sensitive_attributes": [],
          "private": "bnVsbA==",
          "dependencies": [
            "module.security.aws_iam_policy.secrets_access",
            "module.security.aws_iam_role.ecs_task_execution",
            "module.security.data.aws_caller_identity.current"
          ]
        }
      ]
    },
    {
      "module": "module.security",
      "mode": "managed",
      "type": "aws_security_group",
      "name": "alb",
      "provider": "provider[\"registry.terraform.io/hashicorp/aws\"]",
      "instances": [
        {
          "schema_version": 1,
          "attributes": {
            "arn": "arn:aws:ec2:eu-central-1:533267288999:security-group/sg-07561088b258da1de",
            "description": "Security group for rooftopsolar ALB",
            "egress": [
              {
                "cidr_blocks": [
                  "0.0.0.0/0"
                ],
                "description": "",
                "from_port": 0,
                "ipv6_cidr_blocks": [],
                "prefix_list_ids": [],
                "protocol": "-1",
                "security_groups": [],
                "self": false,
                "to_port": 0
              }
            ],
            "id": "sg-07561088b258da1de",
            "ingress": [
              {
                "cidr_blocks": [
                  "0.0.0.0/0"
                ],
                "description": "Allow HTTP inbound",
                "from_port": 80,
                "ipv6_cidr_blocks": [],
                "prefix_list_ids": [],
                "protocol": "tcp",
                "security_groups": [],
                "self": false,
                "to_port": 80
              },
              {
                "cidr_blocks": [
                  "0.0.0.0/0"
                ],
                "description": "Allow HTTPS inbound",
                "from_port": 443,
                "ipv6_cidr_blocks": [],
                "prefix_list_ids": [],
                "protocol": "tcp",
                "security_groups": [],
                "self": false,
                "to_port": 443
              }
            ],
            "name": "rooftopsolar-alb-sg-tf",
            "name_prefix": "",
            "owner_id": "533267288999",
            "revoke_rules_on_delete": false,
            "tags": {
              "Environment": "dev",
              "ManagedBy": "terraform",
              "Project": "CAP"
            },
            "tags_all": {
              "Environment": "dev",
              "ManagedBy": "terraform",
              "Project": "CAP"
            },
            "timeouts": null,
            "vpc_id": "vpc-0e103eb0fa0b43069"
          },
          "sensitive_attributes": [],
          "private": "eyJlMmJmYjczMC1lY2FhLTExZTYtOGY4OC0zNDM2M2JjN2M0YzAiOnsiY3JlYXRlIjo2MDAwMDAwMDAwMDAsImRlbGV0ZSI6OTAwMDAwMDAwMDAwfSwic2NoZW1hX3ZlcnNpb24iOiIxIn0=",
          "dependencies": [
            "data.aws_vpc.core"
          ],
          "create_before_destroy": true
        }
      ]
    },
    {
      "module": "module.security",
      "mode": "managed",
      "type": "aws_security_group",
      "name": "ecs_tasks",
      "provider": "provider[\"registry.terraform.io/hashicorp/aws\"]",
      "instances": [
        {
          "schema_version": 1,
          "attributes": {
            "arn": "arn:aws:ec2:eu-central-1:533267288999:security-group/sg-0b9c0dc988f53569e",
            "description": "Security group for rooftopsolar ECS tasks",
            "egress": [
              {
                "cidr_blocks": [
                  "0.0.0.0/0"
                ],
                "description": "",
                "from_port": 0,
                "ipv6_cidr_blocks": [],
                "prefix_list_ids": [],
                "protocol": "-1",
                "security_groups": [],
                "self": false,
                "to_port": 0
              }
            ],
            "id": "sg-0b9c0dc988f53569e",
            "ingress": [
              {
                "cidr_blocks": [],
                "description": "Allow inbound and health checks from ALB",
                "from_port": 3000,
                "ipv6_cidr_blocks": [],
                "prefix_list_ids": [],
                "protocol": "tcp",
                "security_groups": [
                  "sg-07561088b258da1de"
                ],
                "self": false,
                "to_port": 3000
              }
            ],
            "name": "rooftopsolar-ecs-sg-tf",
            "name_prefix": "",
            "owner_id": "533267288999",
            "revoke_rules_on_delete": false,
            "tags": {
              "Environment": "dev",
              "ManagedBy": "terraform",
              "Project": "CAP"
            },
            "tags_all": {
              "Environment": "dev",
              "ManagedBy": "terraform",
              "Project": "CAP"
            },
            "timeouts": null,
            "vpc_id": "vpc-0e103eb0fa0b43069"
          },
          "sensitive_attributes": [],
          "private": "eyJlMmJmYjczMC1lY2FhLTExZTYtOGY4OC0zNDM2M2JjN2M0YzAiOnsiY3JlYXRlIjo2MDAwMDAwMDAwMDAsImRlbGV0ZSI6OTAwMDAwMDAwMDAwfSwic2NoZW1hX3ZlcnNpb24iOiIxIn0=",
          "dependencies": [
            "data.aws_vpc.core",
            "module.security.aws_security_group.alb"
          ]
        }
      ]
    }
  ],
  "check_results": null
}
